{
  "version": 4,
  "terraform_version": "1.10.3",
  "serial": 87,
  "lineage": "c82383e2-ffdf-3e38-fa2e-96fa02ccdcdd",
  "outputs": {},
  "resources": [
    {
      "mode": "data",
      "type": "aws_acm_certificate",
      "name": "ljhun_cert",
      "provider": "provider[\"registry.terraform.io/hashicorp/aws\"].us_east_1",
      "instances": [
        {
          "schema_version": 0,
          "attributes": {
            "arn": "arn:aws:acm:us-east-1:481665107235:certificate/0b0b9bba-e9da-4432-8937-4d8104a2b864",
            "certificate": "-----BEGIN CERTIFICATE-----\nMIIF0zCCBLugAwIBAgIQC1A7s7YPO+WF/B2MGIM/KDANBgkqhkiG9w0BAQsFADA8\nMQswCQYDVQQGEwJVUzEPMA0GA1UEChMGQW1hem9uMRwwGgYDVQQDExNBbWF6b24g\nUlNBIDIwNDggTTAzMB4XDTI0MTAyODAwMDAwMFoXDTI1MTEyNjIzNTk1OVowGTEX\nMBUGA1UEAxMOd3d3LmxqaHVuLnNob3AwggEiMA0GCSqGSIb3DQEBAQUAA4IBDwAw\nggEKAoIBAQDyMqGdqW+ldostLrnPRQJJEN/Q5lMTCqsUY4nmVhD0YU51XeLD/qbR\nPhldZZk+bNNxGfwNaz/4caCFaBE0RcwpEY6R9NE19BUFuG36GRbXSAwwacxS/n43\nclMoYZiIYXzal9628YWTc5Hl1yk/trxkV1XBEtW3XFUvdKtixoLQuytNQCcMhZdq\nEl1N4W05u5S4+WIICtnaFTSS6wOW9Uo68ZWMkp94iJZDmSxXhpb+nlghNfv5ZiFu\nHJOzkr1SrU1adItYtF4qx+aQOfVNy3E/ezHCwt8zCwIN0KXF7n5UoBNCnWztJB6E\n7IdtZBnf3s0i1RJdGCNuyArc/whOfCe/AgMBAAGjggLyMIIC7jAfBgNVHSMEGDAW\ngBRV2Rhf0hzMAeFYtL6r2VVCAdcuAjAdBgNVHQ4EFgQUE/1/tj60BEta1u7KUaD1\nm3u/hXgwJQYDVR0RBB4wHIIOd3d3LmxqaHVuLnNob3CCCmxqaHVuLnNob3AwEwYD\nVR0gBAwwCjAIBgZngQwBAgEwDgYDVR0PAQH/BAQDAgWgMB0GA1UdJQQWMBQGCCsG\nAQUFBwMBBggrBgEFBQcDAjA7BgNVHR8ENDAyMDCgLqAshipodHRwOi8vY3JsLnIy\nbTAzLmFtYXpvbnRydXN0LmNvbS9yMm0wMy5jcmwwdQYIKwYBBQUHAQEEaTBnMC0G\nCCsGAQUFBzABhiFodHRwOi8vb2NzcC5yMm0wMy5hbWF6b250cnVzdC5jb20wNgYI\nKwYBBQUHMAKGKmh0dHA6Ly9jcnQucjJtMDMuYW1hem9udHJ1c3QuY29tL3IybTAz\nLmNlcjAMBgNVHRMBAf8EAjAAMIIBfQYKKwYBBAHWeQIEAgSCAW0EggFpAWcAdgAS\n8U40vVNyTIQGGcOPP3oT+Oe1YoeInG0wBYTr5YYmOgAAAZLUSN8mAAAEAwBHMEUC\nIQCNYHDa+PsTKCcI7SPrmoGcNTOjdHbYg3XisBCs1ldoxwIgCfOj/5CaHSg8KHzC\n7+iemY/xHGfSfvmkMjretr/JhPcAdgB9WR4S4XgqexxhZ3xe/fjQh1wUoE6VnrkD\nL9kOjC55uAAAAZLUSN7UAAAEAwBHMEUCIQDjX7csPM7Y3mtwGI0Vc5ghfE8/CrNl\nNToRpWRwpRDz5QIgZUUqCjUcNm4O7eHubJCUcUvgyCrchacUgqm74TxUvDcAdQDm\n0jFjQHeMwRBBBtdxuc7B0kD2loSG+7qHMh39HjeOUAAAAZLUSN7jAAAEAwBGMEQC\nIGSUSlKbYNaZXFmMLLT6lxAUfDXlEfjKhDBFMzYU9u0xAiAjHgJdIOo53Gjy//l+\noKQR27pcgUV9d5BIdRfAA/A2/zANBgkqhkiG9w0BAQsFAAOCAQEAd3fQyC7Ank6n\nF7ygYA7HErnxTFUhFmiPyC6ra+dLubXjRpE4uSvVDGVBAU/U3naULnY5RuRQYWic\np3FyCBtCInYjFEVS0q2deCQ9cV5/S5Qp8jKdeRun8NX7c33IlMnCbNPNd6gmfpdx\n61FhVzHnsPKy5KHDr7t6ExLZkxk8kotLBDxg2ZQD1dw3/EWuFAd2GqqTJGxVNkRV\nGlTGEJAHgxpb9QPd5d80NqujTVKxCmVJeWa0fbrYNhXiy+2Yy4AV3hPoaWrNaLF+\nSHJjzshJ+Zp46lCM8a4YGuA/aIJn8XgIt7CTVTpitXdTgejcfZdRMHjz8J5ferXo\n6CwkNxmc5A==\n-----END CERTIFICATE-----\n",
            "certificate_chain": "-----BEGIN CERTIFICATE-----\nMIIEXjCCA0agAwIBAgITB3MSTNQG0mfAmRzdKZqfODF5hTANBgkqhkiG9w0BAQsF\nADA5MQswCQYDVQQGEwJVUzEPMA0GA1UEChMGQW1hem9uMRkwFwYDVQQDExBBbWF6\nb24gUm9vdCBDQSAxMB4XDTIyMDgyMzIyMjYwNFoXDTMwMDgyMzIyMjYwNFowPDEL\nMAkGA1UEBhMCVVMxDzANBgNVBAoTBkFtYXpvbjEcMBoGA1UEAxMTQW1hem9uIFJT\nQSAyMDQ4IE0wMzCCASIwDQYJKoZIhvcNAQEBBQADggEPADCCAQoCggEBALd/pVko\n8vuM475Tf45HV3BbCl/B9Jy89G1CRkFjcPY06WA9lS+7dWbUA7GtWUKoksr69hKM\nwcMsNpxlw7b3jeXFgxB09/nmalcAWtnLzF+LaDKEA5DQmvKzuh1nfIfqEiKCQSmX\nXh09Xs+dO7cm5qbaL2hhNJCSAejciwcvOFgFNgEMR42wm6KIFHsQW28jhA+1u/M0\np6fVwReuEgZfLfdx82Px0LJck3lST3EB/JfbdsdOzzzg5YkY1dfuqf8y5fUeZ7Cz\nWXbTjujwX/TovmeWKA36VLCz75azW6tDNuDn66FOpADZZ9omVaF6BqNJiLMVl6P3\n/c0OiUMC6Z5OfKcCAwEAAaOCAVowggFWMBIGA1UdEwEB/wQIMAYBAf8CAQAwDgYD\nVR0PAQH/BAQDAgGGMB0GA1UdJQQWMBQGCCsGAQUFBwMBBggrBgEFBQcDAjAdBgNV\nHQ4EFgQUVdkYX9IczAHhWLS+q9lVQgHXLgIwHwYDVR0jBBgwFoAUhBjMhTTsvAyU\nlC4IWZzHshBOCggwewYIKwYBBQUHAQEEbzBtMC8GCCsGAQUFBzABhiNodHRwOi8v\nb2NzcC5yb290Y2ExLmFtYXpvbnRydXN0LmNvbTA6BggrBgEFBQcwAoYuaHR0cDov\nL2NydC5yb290Y2ExLmFtYXpvbnRydXN0LmNvbS9yb290Y2ExLmNlcjA/BgNVHR8E\nODA2MDSgMqAwhi5odHRwOi8vY3JsLnJvb3RjYTEuYW1hem9udHJ1c3QuY29tL3Jv\nb3RjYTEuY3JsMBMGA1UdIAQMMAowCAYGZ4EMAQIBMA0GCSqGSIb3DQEBCwUAA4IB\nAQAGjeWm2cC+3z2MzSCnte46/7JZvj3iQZDY7EvODNdZF41n71Lrk9kbfNwerK0d\nVNzW36Wefr7j7ZSwBVg50W5ay65jNSN74TTQV1yt4WnSbVvN6KlMs1hiyOZdoHKs\nKDV2UGNxbdoBYCQNa2GYF8FQIWLugNp35aSOpMy6cFlymFQomIrnOQHwK1nvVY4q\nxDSJMU/gNJz17D8ArPN3ngnyZ2TwepJ0uBINz3G5te2rdFUF4i4Y3Bb7FUlHDYm4\nu8aIRGpk2ZpfXmxaoxnbIBZRvGLPSUuPwnwoUOMsJ8jirI5vs2dvchPb7MtI1rle\ni02f2ivH2vxkjDLltSpe2fiC\n-----END CERTIFICATE-----\n-----BEGIN CERTIFICATE-----\nMIIEkjCCA3qgAwIBAgITBn+USionzfP6wq4rAfkI7rnExjANBgkqhkiG9w0BAQsF\nADCBmDELMAkGA1UEBhMCVVMxEDAOBgNVBAgTB0FyaXpvbmExEzARBgNVBAcTClNj\nb3R0c2RhbGUxJTAjBgNVBAoTHFN0YXJmaWVsZCBUZWNobm9sb2dpZXMsIEluYy4x\nOzA5BgNVBAMTMlN0YXJmaWVsZCBTZXJ2aWNlcyBSb290IENlcnRpZmljYXRlIEF1\ndGhvcml0eSAtIEcyMB4XDTE1MDUyNTEyMDAwMFoXDTM3MTIzMTAxMDAwMFowOTEL\nMAkGA1UEBhMCVVMxDzANBgNVBAoTBkFtYXpvbjEZMBcGA1UEAxMQQW1hem9uIFJv\nb3QgQ0EgMTCCASIwDQYJKoZIhvcNAQEBBQADggEPADCCAQoCggEBALJ4gHHKeNXj\nca9HgFB0fW7Y14h29Jlo91ghYPl0hAEvrAIthtOgQ3pOsqTQNroBvo3bSMgHFzZM\n9O6II8c+6zf1tRn4SWiw3te5djgdYZ6k/oI2peVKVuRF4fn9tBb6dNqcmzU5L/qw\nIFAGbHrQgLKm+a/sRxmPUDgH3KKHOVj4utWp+UhnMJbulHheb4mjUcAwhmahRWa6\nVOujw5H5SNz/0egwLX0tdHA114gk957EWW67c4cX8jJGKLhD+rcdqsq08p8kDi1L\n93FcXmn/6pUCyziKrlA4b9v7LWIbxcceVOF34GfID5yHI9Y/QCB/IIDEgEw+OyQm\njgSubJrIqg0CAwEAAaOCATEwggEtMA8GA1UdEwEB/wQFMAMBAf8wDgYDVR0PAQH/\nBAQDAgGGMB0GA1UdDgQWBBSEGMyFNOy8DJSULghZnMeyEE4KCDAfBgNVHSMEGDAW\ngBScXwDfqgHXMCs4iKK4bUqc8hGRgzB4BggrBgEFBQcBAQRsMGowLgYIKwYBBQUH\nMAGGImh0dHA6Ly9vY3NwLnJvb3RnMi5hbWF6b250cnVzdC5jb20wOAYIKwYBBQUH\nMAKGLGh0dHA6Ly9jcnQucm9vdGcyLmFtYXpvbnRydXN0LmNvbS9yb290ZzIuY2Vy\nMD0GA1UdHwQ2MDQwMqAwoC6GLGh0dHA6Ly9jcmwucm9vdGcyLmFtYXpvbnRydXN0\nLmNvbS9yb290ZzIuY3JsMBEGA1UdIAQKMAgwBgYEVR0gADANBgkqhkiG9w0BAQsF\nAAOCAQEAYjdCXLwQtT6LLOkMm2xF4gcAevnFWAu5CIw+7bMlPLVvUOTNNWqnkzSW\nMiGpSESrnO09tKpzbeR/FoCJbM8oAxiDR3mjEH4wW6w7sGDgd9QIpuEdfF7Au/ma\neyKdpwAJfqxGF4PcnCZXmTA5YpaP7dreqsXMGz7KQ2hsVxa81Q4gLv7/wmpdLqBK\nbRRYh5TmOTFffHPLkIhqhBGWJ6bt2YFGpn6jcgAKUj6DiAdjd4lpFw85hdKrCEVN\n0FE6/V1dN2RMfjCyVSRCnTawXZwXgWHxyvkQAiSr6w10kY17RSlQOYiypok1JR4U\nakcjMS9cmvqtmg5iUaQqqcT5NJ0hGA==\n-----END CERTIFICATE-----\n",
            "domain": "www.ljhun.shop",
            "id": "arn:aws:acm:us-east-1:481665107235:certificate/0b0b9bba-e9da-4432-8937-4d8104a2b864",
            "key_types": null,
            "most_recent": false,
            "status": "ISSUED",
            "statuses": [
              "ISSUED"
            ],
            "tags": {},
            "types": null
          },
          "sensitive_attributes": []
        }
      ]
    },
    {
      "mode": "data",
      "type": "aws_caller_identity",
      "name": "current",
      "provider": "provider[\"registry.terraform.io/hashicorp/aws\"]",
      "instances": [
        {
          "schema_version": 0,
          "attributes": {
            "account_id": "481665107235",
            "arn": "arn:aws:sts::481665107235:assumed-role/S3WebRole/S3Session",
            "id": "481665107235",
            "user_id": "AROAXAJL2IUR36UHJJCPS:S3Session"
          },
          "sensitive_attributes": []
        }
      ]
    },
    {
      "mode": "data",
      "type": "aws_ecr_repository",
      "name": "user_login_repo",
      "provider": "provider[\"registry.terraform.io/hashicorp/aws\"]",
      "instances": [
        {
          "schema_version": 0,
          "attributes": {
            "arn": "arn:aws:ecr:ap-northeast-2:481665107235:repository/user-login-service",
            "encryption_configuration": [
              {
                "encryption_type": "AES256",
                "kms_key": ""
              }
            ],
            "id": "user-login-service",
            "image_scanning_configuration": [
              {
                "scan_on_push": true
              }
            ],
            "image_tag_mutability": "MUTABLE",
            "most_recent_image_tags": [
              "latest"
            ],
            "name": "user-login-service",
            "registry_id": "481665107235",
            "repository_url": "481665107235.dkr.ecr.ap-northeast-2.amazonaws.com/user-login-service",
            "tags": {}
          },
          "sensitive_attributes": []
        }
      ]
    },
    {
      "mode": "data",
      "type": "aws_ecr_repository",
      "name": "user_registration_repo",
      "provider": "provider[\"registry.terraform.io/hashicorp/aws\"]",
      "instances": [
        {
          "schema_version": 0,
          "attributes": {
            "arn": "arn:aws:ecr:ap-northeast-2:481665107235:repository/user-registration-service",
            "encryption_configuration": [
              {
                "encryption_type": "AES256",
                "kms_key": ""
              }
            ],
            "id": "user-registration-service",
            "image_scanning_configuration": [
              {
                "scan_on_push": true
              }
            ],
            "image_tag_mutability": "MUTABLE",
            "most_recent_image_tags": [
              "latest"
            ],
            "name": "user-registration-service",
            "registry_id": "481665107235",
            "repository_url": "481665107235.dkr.ecr.ap-northeast-2.amazonaws.com/user-registration-service",
            "tags": {}
          },
          "sensitive_attributes": []
        }
      ]
    },
    {
      "mode": "managed",
      "type": "aws_iam_openid_connect_provider",
      "name": "eks_oidc",
      "provider": "provider[\"registry.terraform.io/hashicorp/aws\"]",
      "instances": [
        {
          "schema_version": 0,
          "attributes": {
            "arn": "arn:aws:iam::481665107235:oidc-provider/oidc.eks.ap-northeast-2.amazonaws.com/id/328FEF0CD6A591BB6355CD4F41D789AB",
            "client_id_list": [
              "sts.amazonaws.com"
            ],
            "id": "arn:aws:iam::481665107235:oidc-provider/oidc.eks.ap-northeast-2.amazonaws.com/id/328FEF0CD6A591BB6355CD4F41D789AB",
            "tags": null,
            "tags_all": {},
            "thumbprint_list": [
              "9e99a48a9960b14926bb7f3b02e22da2b0ab7280"
            ],
            "url": "oidc.eks.ap-northeast-2.amazonaws.com/id/328FEF0CD6A591BB6355CD4F41D789AB"
          },
          "sensitive_attributes": [],
          "private": "bnVsbA=="
        }
      ]
    },
    {
      "mode": "managed",
      "type": "aws_iam_policy",
      "name": "alb_controller_policy",
      "provider": "provider[\"registry.terraform.io/hashicorp/aws\"]",
      "instances": [
        {
          "schema_version": 0,
          "attributes": {
            "arn": "arn:aws:iam::481665107235:policy/AWSLoadBalancerControllerIAMPolicy",
            "attachment_count": 1,
            "description": "Policy for AWS Load Balancer Controller",
            "id": "arn:aws:iam::481665107235:policy/AWSLoadBalancerControllerIAMPolicy",
            "name": "AWSLoadBalancerControllerIAMPolicy",
            "name_prefix": "",
            "path": "/",
            "policy": "{\"Statement\":[{\"Action\":[\"iam:CreateServiceLinkedRole\",\"ec2:Describe*\",\"ec2:Get*\",\"ec2:AuthorizeSecurityGroupIngress\",\"ec2:RevokeSecurityGroupIngress\",\"ec2:CreateSecurityGroup\",\"ec2:DeleteSecurityGroup\",\"ec2:CreateTags\",\"ec2:DeleteTags\",\"elasticloadbalancing:*\",\"cognito-idp:DescribeUserPoolClient\",\"acm:ListCertificates\",\"acm:DescribeCertificate\",\"iam:ListServerCertificates\",\"iam:GetServerCertificate\",\"waf-regional:GetWebACL\",\"waf-regional:GetWebACLForResource\",\"waf-regional:AssociateWebACL\",\"waf-regional:DisassociateWebACL\",\"wafv2:GetWebACL\",\"wafv2:GetWebACLForResource\",\"wafv2:AssociateWebACL\",\"wafv2:DisassociateWebACL\",\"shield:GetSubscriptionState\",\"shield:DescribeProtection\",\"shield:CreateProtection\",\"shield:DeleteProtection\"],\"Effect\":\"Allow\",\"Resource\":\"*\"}],\"Version\":\"2012-10-17\"}",
            "policy_id": "ANPAXAJL2IUR6HKTZLGOC",
            "tags": {},
            "tags_all": {}
          },
          "sensitive_attributes": [],
          "private": "bnVsbA=="
        }
      ]
    },
    {
      "mode": "managed",
      "type": "aws_iam_role",
      "name": "eks_oidc_role",
      "provider": "provider[\"registry.terraform.io/hashicorp/aws\"]",
      "instances": [
        {
          "schema_version": 0,
          "attributes": {
            "arn": "arn:aws:iam::481665107235:role/eks-oidc-role",
            "assume_role_policy": "{\"Statement\":[{\"Action\":\"sts:AssumeRoleWithWebIdentity\",\"Condition\":{\"StringEquals\":{\"oidc.eks.ap-northeast-2.amazonaws.com/id/328FEF0CD6A591BB6355CD4F41D789AB:sub\":\"system:serviceaccount:kube-system:aws-load-balancer-controller\"}},\"Effect\":\"Allow\",\"Principal\":{\"Federated\":\"arn:aws:iam::481665107235:oidc-provider/oidc.eks.ap-northeast-2.amazonaws.com/id/328FEF0CD6A591BB6355CD4F41D789AB\"}}],\"Version\":\"2012-10-17\"}",
            "create_date": "2024-12-06T07:56:57Z",
            "description": "",
            "force_detach_policies": false,
            "id": "eks-oidc-role",
            "inline_policy": [],
            "managed_policy_arns": [
              "arn:aws:iam::481665107235:policy/AWSLoadBalancerControllerIAMPolicy"
            ],
            "max_session_duration": 3600,
            "name": "eks-oidc-role",
            "name_prefix": "",
            "path": "/",
            "permissions_boundary": "",
            "tags": {},
            "tags_all": {},
            "unique_id": "AROAXAJL2IUR4536JNBQR"
          },
          "sensitive_attributes": [],
          "private": "bnVsbA==",
          "dependencies": [
            "data.aws_caller_identity.current"
          ]
        }
      ]
    },
    {
      "mode": "managed",
      "type": "aws_iam_role_policy_attachment",
      "name": "alb_controller_policy_attachment",
      "provider": "provider[\"registry.terraform.io/hashicorp/aws\"]",
      "instances": [
        {
          "schema_version": 0,
          "attributes": {
            "id": "eks-oidc-role-20241206075656673400000001",
            "policy_arn": "arn:aws:iam::481665107235:policy/AWSLoadBalancerControllerIAMPolicy",
            "role": "eks-oidc-role"
          },
          "sensitive_attributes": [],
          "private": "bnVsbA==",
          "dependencies": [
            "aws_iam_policy.alb_controller_policy",
            "aws_iam_role.eks_oidc_role",
            "data.aws_caller_identity.current"
          ]
        }
      ]
    },
    {
      "mode": "managed",
      "type": "helm_release",
      "name": "alb_controller",
      "provider": "provider[\"registry.terraform.io/hashicorp/helm\"]",
      "instances": [
        {
          "schema_version": 1,
          "attributes": {
            "atomic": false,
            "chart": "aws-load-balancer-controller",
            "cleanup_on_fail": false,
            "create_namespace": false,
            "dependency_update": false,
            "description": null,
            "devel": null,
            "disable_crd_hooks": false,
            "disable_openapi_validation": false,
            "disable_webhooks": false,
            "force_update": false,
            "id": "aws-load-balancer-controller",
            "keyring": null,
            "lint": false,
            "manifest": null,
            "max_history": 0,
            "metadata": [
              {
                "app_version": "v2.11.0",
                "chart": "aws-load-balancer-controller",
                "first_deployed": 1735802848,
                "last_deployed": 1735802848,
                "name": "aws-load-balancer-controller",
                "namespace": "kube-system",
                "notes": "AWS Load Balancer controller installed!\n",
                "revision": 1,
                "values": "{\"clusterName\":\"eks-cluster\",\"region\":\"ap-northeast-2\",\"serviceAccount\":{\"annotations\":{\"eks.amazonaws.com/role-arn\":\"arn:aws:iam::481665107235:role/eks-oidc-role\"},\"create\":true},\"vpcId\":\"vpc-0f84f61a2eeb84e0e\"}",
                "version": "1.11.0"
              }
            ],
            "name": "aws-load-balancer-controller",
            "namespace": "kube-system",
            "pass_credentials": false,
            "postrender": [],
            "recreate_pods": false,
            "render_subchart_notes": true,
            "replace": false,
            "repository": "https://aws.github.io/eks-charts",
            "repository_ca_file": null,
            "repository_cert_file": null,
            "repository_key_file": null,
            "repository_password": null,
            "repository_username": null,
            "reset_values": false,
            "reuse_values": false,
            "set": [
              {
                "name": "clusterName",
                "type": "",
                "value": "eks-cluster"
              },
              {
                "name": "region",
                "type": "",
                "value": "ap-northeast-2"
              },
              {
                "name": "serviceAccount.annotations.eks\\.amazonaws\\.com/role-arn",
                "type": "",
                "value": "arn:aws:iam::481665107235:role/eks-oidc-role"
              },
              {
                "name": "serviceAccount.create",
                "type": "",
                "value": "true"
              },
              {
                "name": "vpcId",
                "type": "",
                "value": "vpc-0f84f61a2eeb84e0e"
              }
            ],
            "set_list": [],
            "set_sensitive": [],
            "skip_crds": false,
            "status": "deployed",
            "timeout": 300,
            "upgrade_install": null,
            "values": null,
            "verify": false,
            "version": "1.11.0",
            "wait": true,
            "wait_for_jobs": false
          },
          "sensitive_attributes": [
            [
              {
                "type": "get_attr",
                "value": "repository_password"
              }
            ]
          ],
          "private": "eyJzY2hlbWFfdmVyc2lvbiI6IjEifQ==",
          "dependencies": [
            "aws_iam_role.eks_oidc_role",
            "data.aws_caller_identity.current"
          ]
        }
      ]
    },
    {
      "mode": "managed",
      "type": "kubernetes_deployment",
      "name": "app_one",
      "provider": "provider[\"registry.terraform.io/hashicorp/kubernetes\"]",
      "instances": [
        {
          "schema_version": 1,
          "attributes": {
            "id": "default/app-one",
            "metadata": [
              {
                "annotations": null,
                "generate_name": "",
                "generation": 1,
                "labels": null,
                "name": "app-one",
                "namespace": "default",
                "resource_version": "2405",
                "uid": "1cbd100d-e159-4751-985a-e05be9212bb3"
              }
            ],
            "spec": [
              {
                "min_ready_seconds": 0,
                "paused": false,
                "progress_deadline_seconds": 600,
                "replicas": "2",
                "revision_history_limit": 10,
                "selector": [
                  {
                    "match_expressions": [],
                    "match_labels": {
                      "app": "app-one"
                    }
                  }
                ],
                "strategy": [
                  {
                    "rolling_update": [
                      {
                        "max_surge": "25%",
                        "max_unavailable": "25%"
                      }
                    ],
                    "type": "RollingUpdate"
                  }
                ],
                "template": [
                  {
                    "metadata": [
                      {
                        "annotations": null,
                        "generate_name": "",
                        "generation": 0,
                        "labels": {
                          "app": "app-one"
                        },
                        "name": "",
                        "namespace": "",
                        "resource_version": "",
                        "uid": ""
                      }
                    ],
                    "spec": [
                      {
                        "active_deadline_seconds": 0,
                        "affinity": [],
                        "automount_service_account_token": true,
                        "container": [
                          {
                            "args": null,
                            "command": null,
                            "env": [
                              {
                                "name": "DB_HOST",
                                "value": "mydb-instance.cxwqcoa0so3k.ap-northeast-2.rds.amazonaws.com:3306",
                                "value_from": []
                              },
                              {
                                "name": "DB_USER",
                                "value": "admin",
                                "value_from": []
                              },
                              {
                                "name": "DB_PASSWORD",
                                "value": "hi8857036",
                                "value_from": []
                              },
                              {
                                "name": "DB_NAME",
                                "value": "mydb",
                                "value_from": []
                              }
                            ],
                            "env_from": [],
                            "image": "481665107235.dkr.ecr.ap-northeast-2.amazonaws.com/user-registration-service",
                            "image_pull_policy": "Always",
                            "lifecycle": [],
                            "liveness_probe": [
                              {
                                "exec": [],
                                "failure_threshold": 3,
                                "grpc": [],
                                "http_get": [
                                  {
                                    "host": "",
                                    "http_header": [],
                                    "path": "/healthz",
                                    "port": "5000",
                                    "scheme": "HTTP"
                                  }
                                ],
                                "initial_delay_seconds": 5,
                                "period_seconds": 10,
                                "success_threshold": 1,
                                "tcp_socket": [],
                                "timeout_seconds": 1
                              }
                            ],
                            "name": "app-one-container",
                            "port": [
                              {
                                "container_port": 5000,
                                "host_ip": "",
                                "host_port": 0,
                                "name": "",
                                "protocol": "TCP"
                              }
                            ],
                            "readiness_probe": [
                              {
                                "exec": [],
                                "failure_threshold": 3,
                                "grpc": [],
                                "http_get": [
                                  {
                                    "host": "",
                                    "http_header": [],
                                    "path": "/healthz",
                                    "port": "5000",
                                    "scheme": "HTTP"
                                  }
                                ],
                                "initial_delay_seconds": 5,
                                "period_seconds": 10,
                                "success_threshold": 1,
                                "tcp_socket": [],
                                "timeout_seconds": 1
                              }
                            ],
                            "resources": [
                              {
                                "limits": {},
                                "requests": {}
                              }
                            ],
                            "security_context": [],
                            "startup_probe": [],
                            "stdin": false,
                            "stdin_once": false,
                            "termination_message_path": "/dev/termination-log",
                            "termination_message_policy": "File",
                            "tty": false,
                            "volume_device": [],
                            "volume_mount": [],
                            "working_dir": ""
                          }
                        ],
                        "dns_config": [],
                        "dns_policy": "ClusterFirst",
                        "enable_service_links": true,
                        "host_aliases": [],
                        "host_ipc": false,
                        "host_network": false,
                        "host_pid": false,
                        "hostname": "",
                        "image_pull_secrets": [],
                        "init_container": [],
                        "node_name": "",
                        "node_selector": null,
                        "os": [],
                        "priority_class_name": "",
                        "readiness_gate": [],
                        "restart_policy": "Always",
                        "runtime_class_name": "",
                        "scheduler_name": "default-scheduler",
                        "security_context": [],
                        "service_account_name": "",
                        "share_process_namespace": false,
                        "subdomain": "",
                        "termination_grace_period_seconds": 30,
                        "toleration": [],
                        "topology_spread_constraint": [],
                        "volume": []
                      }
                    ]
                  }
                ]
              }
            ],
            "timeouts": null,
            "wait_for_rollout": true
          },
          "sensitive_attributes": [],
          "private": "eyJlMmJmYjczMC1lY2FhLTExZTYtOGY4OC0zNDM2M2JjN2M0YzAiOnsiY3JlYXRlIjo2MDAwMDAwMDAwMDAsImRlbGV0ZSI6NjAwMDAwMDAwMDAwLCJ1cGRhdGUiOjYwMDAwMDAwMDAwMH0sInNjaGVtYV92ZXJzaW9uIjoiMSJ9",
          "dependencies": [
            "aws_iam_role.eks_oidc_role",
            "data.aws_caller_identity.current",
            "data.aws_ecr_repository.user_registration_repo"
          ]
        }
      ]
    },
    {
      "mode": "managed",
      "type": "kubernetes_deployment",
      "name": "app_two",
      "provider": "provider[\"registry.terraform.io/hashicorp/kubernetes\"]",
      "instances": [
        {
          "schema_version": 1,
          "attributes": {
            "id": "default/app-two",
            "metadata": [
              {
                "annotations": null,
                "generate_name": "",
                "generation": 1,
                "labels": null,
                "name": "app-two",
                "namespace": "default",
                "resource_version": "2401",
                "uid": "7a96b82b-1eb6-4d14-8903-4e582d56f9d3"
              }
            ],
            "spec": [
              {
                "min_ready_seconds": 0,
                "paused": false,
                "progress_deadline_seconds": 600,
                "replicas": "2",
                "revision_history_limit": 10,
                "selector": [
                  {
                    "match_expressions": [],
                    "match_labels": {
                      "app": "app-two"
                    }
                  }
                ],
                "strategy": [
                  {
                    "rolling_update": [
                      {
                        "max_surge": "25%",
                        "max_unavailable": "25%"
                      }
                    ],
                    "type": "RollingUpdate"
                  }
                ],
                "template": [
                  {
                    "metadata": [
                      {
                        "annotations": null,
                        "generate_name": "",
                        "generation": 0,
                        "labels": {
                          "app": "app-two"
                        },
                        "name": "",
                        "namespace": "",
                        "resource_version": "",
                        "uid": ""
                      }
                    ],
                    "spec": [
                      {
                        "active_deadline_seconds": 0,
                        "affinity": [],
                        "automount_service_account_token": true,
                        "container": [
                          {
                            "args": null,
                            "command": null,
                            "env": [],
                            "env_from": [],
                            "image": "481665107235.dkr.ecr.ap-northeast-2.amazonaws.com/user-login-service",
                            "image_pull_policy": "Always",
                            "lifecycle": [],
                            "liveness_probe": [
                              {
                                "exec": [],
                                "failure_threshold": 3,
                                "grpc": [],
                                "http_get": [
                                  {
                                    "host": "",
                                    "http_header": [],
                                    "path": "/healthz",
                                    "port": "5000",
                                    "scheme": "HTTP"
                                  }
                                ],
                                "initial_delay_seconds": 5,
                                "period_seconds": 10,
                                "success_threshold": 1,
                                "tcp_socket": [],
                                "timeout_seconds": 1
                              }
                            ],
                            "name": "app-two-container",
                            "port": [
                              {
                                "container_port": 5000,
                                "host_ip": "",
                                "host_port": 0,
                                "name": "",
                                "protocol": "TCP"
                              }
                            ],
                            "readiness_probe": [
                              {
                                "exec": [],
                                "failure_threshold": 3,
                                "grpc": [],
                                "http_get": [
                                  {
                                    "host": "",
                                    "http_header": [],
                                    "path": "/healthz",
                                    "port": "5000",
                                    "scheme": "HTTP"
                                  }
                                ],
                                "initial_delay_seconds": 5,
                                "period_seconds": 10,
                                "success_threshold": 1,
                                "tcp_socket": [],
                                "timeout_seconds": 1
                              }
                            ],
                            "resources": [
                              {
                                "limits": {},
                                "requests": {}
                              }
                            ],
                            "security_context": [],
                            "startup_probe": [],
                            "stdin": false,
                            "stdin_once": false,
                            "termination_message_path": "/dev/termination-log",
                            "termination_message_policy": "File",
                            "tty": false,
                            "volume_device": [],
                            "volume_mount": [],
                            "working_dir": ""
                          }
                        ],
                        "dns_config": [],
                        "dns_policy": "ClusterFirst",
                        "enable_service_links": true,
                        "host_aliases": [],
                        "host_ipc": false,
                        "host_network": false,
                        "host_pid": false,
                        "hostname": "",
                        "image_pull_secrets": [],
                        "init_container": [],
                        "node_name": "",
                        "node_selector": null,
                        "os": [],
                        "priority_class_name": "",
                        "readiness_gate": [],
                        "restart_policy": "Always",
                        "runtime_class_name": "",
                        "scheduler_name": "default-scheduler",
                        "security_context": [],
                        "service_account_name": "",
                        "share_process_namespace": false,
                        "subdomain": "",
                        "termination_grace_period_seconds": 30,
                        "toleration": [],
                        "topology_spread_constraint": [],
                        "volume": []
                      }
                    ]
                  }
                ]
              }
            ],
            "timeouts": null,
            "wait_for_rollout": true
          },
          "sensitive_attributes": [],
          "private": "eyJlMmJmYjczMC1lY2FhLTExZTYtOGY4OC0zNDM2M2JjN2M0YzAiOnsiY3JlYXRlIjo2MDAwMDAwMDAwMDAsImRlbGV0ZSI6NjAwMDAwMDAwMDAwLCJ1cGRhdGUiOjYwMDAwMDAwMDAwMH0sInNjaGVtYV92ZXJzaW9uIjoiMSJ9",
          "dependencies": [
            "aws_iam_role.eks_oidc_role",
            "data.aws_caller_identity.current",
            "data.aws_ecr_repository.user_login_repo"
          ]
        }
      ]
    },
    {
      "mode": "managed",
      "type": "kubernetes_manifest",
      "name": "app_ingress",
      "provider": "provider[\"registry.terraform.io/hashicorp/kubernetes\"]",
      "instances": [
        {
          "schema_version": 1,
          "attributes": {
            "computed_fields": null,
            "field_manager": [],
            "manifest": {
              "value": {
                "apiVersion": "networking.k8s.io/v1",
                "kind": "Ingress",
                "metadata": {
                  "annotations": {
                    "alb.ingress.kubernetes.io/allow-headers": "*",
                    "alb.ingress.kubernetes.io/allow-methods": "GET,POST,PUT,DELETE,OPTIONS",
                    "alb.ingress.kubernetes.io/allow-origin": "*",
                    "alb.ingress.kubernetes.io/certificate-arn": "arn:aws:acm:us-east-1:481665107235:certificate/0b0b9bba-e9da-4432-8937-4d8104a2b864",
                    "alb.ingress.kubernetes.io/expose-headers": "Authorization,Content-Type",
                    "alb.ingress.kubernetes.io/healthcheck-interval-seconds": "30",
                    "alb.ingress.kubernetes.io/healthcheck-path": "/healthz",
                    "alb.ingress.kubernetes.io/healthcheck-port": "5000",
                    "alb.ingress.kubernetes.io/healthcheck-timeout-seconds": "5",
                    "alb.ingress.kubernetes.io/listen-ports": "[{\"HTTP\":80}, {\"HTTPS\":443}]",
                    "alb.ingress.kubernetes.io/scheme": "internet-facing",
                    "alb.ingress.kubernetes.io/security-groups": "sg-0c3bd6c8fe8bb7708",
                    "alb.ingress.kubernetes.io/success-codes": "200",
                    "alb.ingress.kubernetes.io/target-type": "ip",
                    "kubernetes.io/ingress.class": "alb"
                  },
                  "name": "app-ingress",
                  "namespace": "default"
                },
                "spec": {
                  "ingressClassName": "alb",
                  "rules": [
                    {
                      "host": "ljhun.shop",
                      "http": {
                        "paths": [
                          {
                            "backend": {
                              "service": {
                                "name": "app-one-service",
                                "port": {
                                  "number": 80
                                }
                              }
                            },
                            "path": "/app-one",
                            "pathType": "Prefix"
                          },
                          {
                            "backend": {
                              "service": {
                                "name": "app-two-service",
                                "port": {
                                  "number": 80
                                }
                              }
                            },
                            "path": "/app-two",
                            "pathType": "Prefix"
                          }
                        ]
                      }
                    },
                    {
                      "host": "www.ljhun.shop",
                      "http": {
                        "paths": [
                          {
                            "backend": {
                              "service": {
                                "name": "app-one-service",
                                "port": {
                                  "number": 80
                                }
                              }
                            },
                            "path": "/app-one",
                            "pathType": "Prefix"
                          },
                          {
                            "backend": {
                              "service": {
                                "name": "app-two-service",
                                "port": {
                                  "number": 80
                                }
                              }
                            },
                            "path": "/app-two",
                            "pathType": "Prefix"
                          }
                        ]
                      }
                    }
                  ]
                }
              },
              "type": [
                "object",
                {
                  "apiVersion": "string",
                  "kind": "string",
                  "metadata": [
                    "object",
                    {
                      "annotations": [
                        "object",
                        {
                          "alb.ingress.kubernetes.io/allow-headers": "string",
                          "alb.ingress.kubernetes.io/allow-methods": "string",
                          "alb.ingress.kubernetes.io/allow-origin": "string",
                          "alb.ingress.kubernetes.io/certificate-arn": "string",
                          "alb.ingress.kubernetes.io/expose-headers": "string",
                          "alb.ingress.kubernetes.io/healthcheck-interval-seconds": "string",
                          "alb.ingress.kubernetes.io/healthcheck-path": "string",
                          "alb.ingress.kubernetes.io/healthcheck-port": "string",
                          "alb.ingress.kubernetes.io/healthcheck-timeout-seconds": "string",
                          "alb.ingress.kubernetes.io/listen-ports": "string",
                          "alb.ingress.kubernetes.io/scheme": "string",
                          "alb.ingress.kubernetes.io/security-groups": "string",
                          "alb.ingress.kubernetes.io/success-codes": "string",
                          "alb.ingress.kubernetes.io/target-type": "string",
                          "kubernetes.io/ingress.class": "string"
                        }
                      ],
                      "name": "string",
                      "namespace": "string"
                    }
                  ],
                  "spec": [
                    "object",
                    {
                      "ingressClassName": "string",
                      "rules": [
                        "tuple",
                        [
                          [
                            "object",
                            {
                              "host": "string",
                              "http": [
                                "object",
                                {
                                  "paths": [
                                    "tuple",
                                    [
                                      [
                                        "object",
                                        {
                                          "backend": [
                                            "object",
                                            {
                                              "service": [
                                                "object",
                                                {
                                                  "name": "string",
                                                  "port": [
                                                    "object",
                                                    {
                                                      "number": "number"
                                                    }
                                                  ]
                                                }
                                              ]
                                            }
                                          ],
                                          "path": "string",
                                          "pathType": "string"
                                        }
                                      ],
                                      [
                                        "object",
                                        {
                                          "backend": [
                                            "object",
                                            {
                                              "service": [
                                                "object",
                                                {
                                                  "name": "string",
                                                  "port": [
                                                    "object",
                                                    {
                                                      "number": "number"
                                                    }
                                                  ]
                                                }
                                              ]
                                            }
                                          ],
                                          "path": "string",
                                          "pathType": "string"
                                        }
                                      ]
                                    ]
                                  ]
                                }
                              ]
                            }
                          ],
                          [
                            "object",
                            {
                              "host": "string",
                              "http": [
                                "object",
                                {
                                  "paths": [
                                    "tuple",
                                    [
                                      [
                                        "object",
                                        {
                                          "backend": [
                                            "object",
                                            {
                                              "service": [
                                                "object",
                                                {
                                                  "name": "string",
                                                  "port": [
                                                    "object",
                                                    {
                                                      "number": "number"
                                                    }
                                                  ]
                                                }
                                              ]
                                            }
                                          ],
                                          "path": "string",
                                          "pathType": "string"
                                        }
                                      ],
                                      [
                                        "object",
                                        {
                                          "backend": [
                                            "object",
                                            {
                                              "service": [
                                                "object",
                                                {
                                                  "name": "string",
                                                  "port": [
                                                    "object",
                                                    {
                                                      "number": "number"
                                                    }
                                                  ]
                                                }
                                              ]
                                            }
                                          ],
                                          "path": "string",
                                          "pathType": "string"
                                        }
                                      ]
                                    ]
                                  ]
                                }
                              ]
                            }
                          ]
                        ]
                      ]
                    }
                  ]
                }
              ]
            },
            "object": {
              "value": {
                "apiVersion": "networking.k8s.io/v1",
                "kind": "Ingress",
                "metadata": {
                  "annotations": {
                    "alb.ingress.kubernetes.io/allow-headers": "*",
                    "alb.ingress.kubernetes.io/allow-methods": "GET,POST,PUT,DELETE,OPTIONS",
                    "alb.ingress.kubernetes.io/allow-origin": "*",
                    "alb.ingress.kubernetes.io/certificate-arn": "arn:aws:acm:us-east-1:481665107235:certificate/0b0b9bba-e9da-4432-8937-4d8104a2b864",
                    "alb.ingress.kubernetes.io/expose-headers": "Authorization,Content-Type",
                    "alb.ingress.kubernetes.io/healthcheck-interval-seconds": "30",
                    "alb.ingress.kubernetes.io/healthcheck-path": "/healthz",
                    "alb.ingress.kubernetes.io/healthcheck-port": "5000",
                    "alb.ingress.kubernetes.io/healthcheck-timeout-seconds": "5",
                    "alb.ingress.kubernetes.io/listen-ports": "[{\"HTTP\":80}, {\"HTTPS\":443}]",
                    "alb.ingress.kubernetes.io/scheme": "internet-facing",
                    "alb.ingress.kubernetes.io/security-groups": "sg-0c3bd6c8fe8bb7708",
                    "alb.ingress.kubernetes.io/success-codes": "200",
                    "alb.ingress.kubernetes.io/target-type": "ip",
                    "kubernetes.io/ingress.class": "alb"
                  },
                  "creationTimestamp": null,
                  "deletionGracePeriodSeconds": null,
                  "deletionTimestamp": null,
                  "finalizers": null,
                  "generateName": null,
                  "generation": null,
                  "labels": null,
                  "managedFields": null,
                  "name": "app-ingress",
                  "namespace": "default",
                  "ownerReferences": null,
                  "resourceVersion": null,
                  "selfLink": null,
                  "uid": null
                },
                "spec": {
                  "defaultBackend": {
                    "resource": {
                      "apiGroup": null,
                      "kind": null,
                      "name": null
                    },
                    "service": {
                      "name": null,
                      "port": {
                        "name": null,
                        "number": null
                      }
                    }
                  },
                  "ingressClassName": "alb",
                  "rules": [
                    {
                      "host": "ljhun.shop",
                      "http": {
                        "paths": [
                          {
                            "backend": {
                              "resource": {
                                "apiGroup": null,
                                "kind": null,
                                "name": null
                              },
                              "service": {
                                "name": "app-one-service",
                                "port": {
                                  "name": null,
                                  "number": 80
                                }
                              }
                            },
                            "path": "/app-one",
                            "pathType": "Prefix"
                          },
                          {
                            "backend": {
                              "resource": {
                                "apiGroup": null,
                                "kind": null,
                                "name": null
                              },
                              "service": {
                                "name": "app-two-service",
                                "port": {
                                  "name": null,
                                  "number": 80
                                }
                              }
                            },
                            "path": "/app-two",
                            "pathType": "Prefix"
                          }
                        ]
                      }
                    },
                    {
                      "host": "www.ljhun.shop",
                      "http": {
                        "paths": [
                          {
                            "backend": {
                              "resource": {
                                "apiGroup": null,
                                "kind": null,
                                "name": null
                              },
                              "service": {
                                "name": "app-one-service",
                                "port": {
                                  "name": null,
                                  "number": 80
                                }
                              }
                            },
                            "path": "/app-one",
                            "pathType": "Prefix"
                          },
                          {
                            "backend": {
                              "resource": {
                                "apiGroup": null,
                                "kind": null,
                                "name": null
                              },
                              "service": {
                                "name": "app-two-service",
                                "port": {
                                  "name": null,
                                  "number": 80
                                }
                              }
                            },
                            "path": "/app-two",
                            "pathType": "Prefix"
                          }
                        ]
                      }
                    }
                  ],
                  "tls": null
                }
              },
              "type": [
                "object",
                {
                  "apiVersion": "string",
                  "kind": "string",
                  "metadata": [
                    "object",
                    {
                      "annotations": [
                        "map",
                        "string"
                      ],
                      "creationTimestamp": "string",
                      "deletionGracePeriodSeconds": "number",
                      "deletionTimestamp": "string",
                      "finalizers": [
                        "list",
                        "string"
                      ],
                      "generateName": "string",
                      "generation": "number",
                      "labels": [
                        "map",
                        "string"
                      ],
                      "managedFields": [
                        "tuple",
                        [
                          [
                            "object",
                            {
                              "apiVersion": "string",
                              "fieldsType": "string",
                              "fieldsV1": "dynamic",
                              "manager": "string",
                              "operation": "string",
                              "subresource": "string",
                              "time": "string"
                            }
                          ]
                        ]
                      ],
                      "name": "string",
                      "namespace": "string",
                      "ownerReferences": [
                        "list",
                        [
                          "object",
                          {
                            "apiVersion": "string",
                            "blockOwnerDeletion": "bool",
                            "controller": "bool",
                            "kind": "string",
                            "name": "string",
                            "uid": "string"
                          }
                        ]
                      ],
                      "resourceVersion": "string",
                      "selfLink": "string",
                      "uid": "string"
                    }
                  ],
                  "spec": [
                    "object",
                    {
                      "defaultBackend": [
                        "object",
                        {
                          "resource": [
                            "object",
                            {
                              "apiGroup": "string",
                              "kind": "string",
                              "name": "string"
                            }
                          ],
                          "service": [
                            "object",
                            {
                              "name": "string",
                              "port": [
                                "object",
                                {
                                  "name": "string",
                                  "number": "number"
                                }
                              ]
                            }
                          ]
                        }
                      ],
                      "ingressClassName": "string",
                      "rules": [
                        "list",
                        [
                          "object",
                          {
                            "host": "string",
                            "http": [
                              "object",
                              {
                                "paths": [
                                  "list",
                                  [
                                    "object",
                                    {
                                      "backend": [
                                        "object",
                                        {
                                          "resource": [
                                            "object",
                                            {
                                              "apiGroup": "string",
                                              "kind": "string",
                                              "name": "string"
                                            }
                                          ],
                                          "service": [
                                            "object",
                                            {
                                              "name": "string",
                                              "port": [
                                                "object",
                                                {
                                                  "name": "string",
                                                  "number": "number"
                                                }
                                              ]
                                            }
                                          ]
                                        }
                                      ],
                                      "path": "string",
                                      "pathType": "string"
                                    }
                                  ]
                                ]
                              }
                            ]
                          }
                        ]
                      ],
                      "tls": [
                        "list",
                        [
                          "object",
                          {
                            "hosts": [
                              "list",
                              "string"
                            ],
                            "secretName": "string"
                          }
                        ]
                      ]
                    }
                  ]
                }
              ]
            },
            "timeouts": [],
            "wait": [],
            "wait_for": null
          },
          "sensitive_attributes": [],
          "dependencies": [
            "aws_iam_role.eks_oidc_role",
            "data.aws_acm_certificate.ljhun_cert",
            "data.aws_caller_identity.current",
            "helm_release.alb_controller",
            "kubernetes_service.app_one_service",
            "kubernetes_service.app_two_service"
          ]
        }
      ]
    },
    {
      "mode": "managed",
      "type": "kubernetes_service",
      "name": "app_one_service",
      "provider": "provider[\"registry.terraform.io/hashicorp/kubernetes\"]",
      "instances": [
        {
          "schema_version": 1,
          "attributes": {
            "id": "default/app-one-service",
            "metadata": [
              {
                "annotations": null,
                "generate_name": "",
                "generation": 0,
                "labels": null,
                "name": "app-one-service",
                "namespace": "default",
                "resource_version": "2235",
                "uid": "8b9c4989-b65a-44aa-80d4-837aa39edc3d"
              }
            ],
            "spec": [
              {
                "allocate_load_balancer_node_ports": true,
                "cluster_ip": "172.20.141.80",
                "cluster_ips": [
                  "172.20.141.80"
                ],
                "external_ips": null,
                "external_name": "",
                "external_traffic_policy": "",
                "health_check_node_port": 0,
                "internal_traffic_policy": "Cluster",
                "ip_families": [
                  "IPv4"
                ],
                "ip_family_policy": "SingleStack",
                "load_balancer_class": "",
                "load_balancer_ip": "",
                "load_balancer_source_ranges": null,
                "port": [
                  {
                    "app_protocol": "",
                    "name": "",
                    "node_port": 0,
                    "port": 80,
                    "protocol": "TCP",
                    "target_port": "5000"
                  }
                ],
                "publish_not_ready_addresses": false,
                "selector": {
                  "app": "app-one"
                },
                "session_affinity": "None",
                "session_affinity_config": [],
                "type": "ClusterIP"
              }
            ],
            "status": [
              {
                "load_balancer": [
                  {
                    "ingress": []
                  }
                ]
              }
            ],
            "timeouts": null,
            "wait_for_load_balancer": true
          },
          "sensitive_attributes": [],
          "private": "eyJlMmJmYjczMC1lY2FhLTExZTYtOGY4OC0zNDM2M2JjN2M0YzAiOnsiY3JlYXRlIjo2MDAwMDAwMDAwMDB9LCJzY2hlbWFfdmVyc2lvbiI6IjEifQ==",
          "dependencies": [
            "aws_iam_role.eks_oidc_role",
            "data.aws_caller_identity.current"
          ]
        }
      ]
    },
    {
      "mode": "managed",
      "type": "kubernetes_service",
      "name": "app_two_service",
      "provider": "provider[\"registry.terraform.io/hashicorp/kubernetes\"]",
      "instances": [
        {
          "schema_version": 1,
          "attributes": {
            "id": "default/app-two-service",
            "metadata": [
              {
                "annotations": null,
                "generate_name": "",
                "generation": 0,
                "labels": null,
                "name": "app-two-service",
                "namespace": "default",
                "resource_version": "2234",
                "uid": "837eb0e4-d7a1-464d-8b87-e2d2ae8bf1b6"
              }
            ],
            "spec": [
              {
                "allocate_load_balancer_node_ports": true,
                "cluster_ip": "172.20.10.106",
                "cluster_ips": [
                  "172.20.10.106"
                ],
                "external_ips": null,
                "external_name": "",
                "external_traffic_policy": "",
                "health_check_node_port": 0,
                "internal_traffic_policy": "Cluster",
                "ip_families": [
                  "IPv4"
                ],
                "ip_family_policy": "SingleStack",
                "load_balancer_class": "",
                "load_balancer_ip": "",
                "load_balancer_source_ranges": null,
                "port": [
                  {
                    "app_protocol": "",
                    "name": "",
                    "node_port": 0,
                    "port": 80,
                    "protocol": "TCP",
                    "target_port": "5000"
                  }
                ],
                "publish_not_ready_addresses": false,
                "selector": {
                  "app": "app-two"
                },
                "session_affinity": "None",
                "session_affinity_config": [],
                "type": "ClusterIP"
              }
            ],
            "status": [
              {
                "load_balancer": [
                  {
                    "ingress": []
                  }
                ]
              }
            ],
            "timeouts": null,
            "wait_for_load_balancer": true
          },
          "sensitive_attributes": [],
          "private": "eyJlMmJmYjczMC1lY2FhLTExZTYtOGY4OC0zNDM2M2JjN2M0YzAiOnsiY3JlYXRlIjo2MDAwMDAwMDAwMDB9LCJzY2hlbWFfdmVyc2lvbiI6IjEifQ==",
          "dependencies": [
            "aws_iam_role.eks_oidc_role",
            "data.aws_caller_identity.current"
          ]
        }
      ]
    }
  ],
  "check_results": null
}
