{
  "version": 4,
  "terraform_version": "1.5.7",
  "serial": 631,
  "lineage": "9b7c0eed-bf0a-c16c-8bfe-a01e5a1970c0",
  "outputs": {},
  "resources": [
    {
      "mode": "data",
      "type": "aws_vpc",
      "name": "eks_vpc",
      "provider": "provider[\"registry.terraform.io/hashicorp/aws\"]",
      "instances": [
        {
          "schema_version": 0,
          "attributes": {
            "arn": "arn:aws:ec2:ap-northeast-2:481665107235:vpc/vpc-003b912da94b9e72f",
            "cidr_block": "10.0.0.0/16",
            "cidr_block_associations": [
              {
                "association_id": "vpc-cidr-assoc-0a144e415cde9bc9b",
                "cidr_block": "10.0.0.0/16",
                "state": "associated"
              }
            ],
            "default": false,
            "dhcp_options_id": "dopt-0e947c4030c41c9bf",
            "enable_dns_hostnames": false,
            "enable_dns_support": true,
            "enable_network_address_usage_metrics": false,
            "filter": null,
            "id": "vpc-003b912da94b9e72f",
            "instance_tenancy": "default",
            "ipv6_association_id": "",
            "ipv6_cidr_block": "",
            "main_route_table_id": "rtb-05369487a5f9f0a42",
            "owner_id": "481665107235",
            "state": null,
            "tags": {
              "Name": "eks-vpc"
            },
            "timeouts": null
          },
          "sensitive_attributes": []
        }
      ]
    },
    {
      "mode": "data",
      "type": "google_compute_subnetwork",
      "name": "gcp_subnet",
      "provider": "provider[\"registry.terraform.io/hashicorp/google\"]",
      "instances": [
        {
          "schema_version": 0,
          "attributes": {
            "description": "",
            "gateway_address": "10.10.1.1",
            "id": "projects/peppy-arcadia-432311-g5/regions/asia-northeast3/subnetworks/private-subnet",
            "internal_ipv6_prefix": "",
            "ip_cidr_range": "10.10.1.0/24",
            "name": "private-subnet",
            "network": "https://www.googleapis.com/compute/v1/projects/peppy-arcadia-432311-g5/global/networks/gcp-dr-vpc",
            "private_ip_google_access": true,
            "project": "peppy-arcadia-432311-g5",
            "region": "asia-northeast3",
            "secondary_ip_range": [
              {
                "ip_cidr_range": "10.4.0.0/14",
                "range_name": "pods"
              },
              {
                "ip_cidr_range": "10.2.0.0/16",
                "range_name": "services"
              }
            ],
            "self_link": "https://www.googleapis.com/compute/v1/projects/peppy-arcadia-432311-g5/regions/asia-northeast3/subnetworks/private-subnet",
            "subnetwork_id": 5786870450463554398
          },
          "sensitive_attributes": []
        }
      ]
    },
    {
      "mode": "data",
      "type": "terraform_remote_state",
      "name": "gcp",
      "provider": "provider[\"terraform.io/builtin/terraform\"]",
      "instances": [
        {
          "schema_version": 0,
          "attributes": {
            "backend": "gcs",
            "config": {
              "value": {
                "bucket": "my-terraform-db-info",
                "prefix": "cloudsql-state"
              },
              "type": [
                "object",
                {
                  "bucket": "string",
                  "prefix": "string"
                }
              ]
            },
            "defaults": null,
            "outputs": {
              "value": {
                "cloud_sql_db_name": "mydb",
                "cloud_sql_private_ip": "10.200.0.11",
                "cloud_sql_user": "root",
                "gcp_vpc_id": "projects/peppy-arcadia-432311-g5/global/networks/gcp-dr-vpc",
                "ingress_ip": "34.160.71.31",
                "lb_ip_address": "34.95.92.224"
              },
              "type": [
                "object",
                {
                  "cloud_sql_db_name": "string",
                  "cloud_sql_private_ip": "string",
                  "cloud_sql_user": "string",
                  "gcp_vpc_id": "string",
                  "ingress_ip": "string",
                  "lb_ip_address": "string"
                }
              ]
            },
            "workspace": null
          },
          "sensitive_attributes": []
        }
      ]
    },
    {
      "mode": "data",
      "type": "terraform_remote_state",
      "name": "network",
      "provider": "provider[\"terraform.io/builtin/terraform\"]",
      "instances": [
        {
          "schema_version": 0,
          "attributes": {
            "backend": "s3",
            "config": {
              "value": {
                "bucket": "terraformstorage3",
                "dynamodb_table": "terraform-lock",
                "key": "terraform/terraform.tfstate",
                "region": "ap-northeast-2"
              },
              "type": [
                "object",
                {
                  "bucket": "string",
                  "dynamodb_table": "string",
                  "key": "string",
                  "region": "string"
                }
              ]
            },
            "defaults": null,
            "outputs": {
              "value": {
                "private_route_table_id": "rtb-0f880a45034d6a4ef",
                "private_subnet_cidrs": [
                  "10.0.2.0/24",
                  "10.0.3.0/24"
                ],
                "private_subnet_ids": [
                  "subnet-07760fe6293829172",
                  "subnet-00e0e38b93685a7ea"
                ],
                "rds_endpoint": "mydb-instance.cxwqcoa0so3k.ap-northeast-2.rds.amazonaws.com:3306",
                "vpc_id": "vpc-003b912da94b9e72f"
              },
              "type": [
                "object",
                {
                  "private_route_table_id": "string",
                  "private_subnet_cidrs": [
                    "tuple",
                    [
                      "string",
                      "string"
                    ]
                  ],
                  "private_subnet_ids": [
                    "tuple",
                    [
                      "string",
                      "string"
                    ]
                  ],
                  "rds_endpoint": "string",
                  "vpc_id": "string"
                }
              ]
            },
            "workspace": null
          },
          "sensitive_attributes": []
        }
      ]
    },
    {
      "mode": "managed",
      "type": "aws_customer_gateway",
      "name": "gcp_ip",
      "provider": "provider[\"registry.terraform.io/hashicorp/aws\"]",
      "instances": [
        {
          "schema_version": 0,
          "attributes": {
            "arn": "arn:aws:ec2:ap-northeast-2:481665107235:customer-gateway/cgw-017063ffa9a8c4ac6",
            "bgp_asn": "65000",
            "bgp_asn_extended": "",
            "certificate_arn": "",
            "device_name": "",
            "id": "cgw-017063ffa9a8c4ac6",
            "ip_address": "34.64.64.49",
            "tags": {
              "Name": "gcp-customer-gateway"
            },
            "tags_all": {
              "Name": "gcp-customer-gateway"
            },
            "type": "ipsec.1"
          },
          "sensitive_attributes": [],
          "private": "bnVsbA==",
          "dependencies": [
            "data.terraform_remote_state.gcp",
            "google_compute_ha_vpn_gateway.gcp_vpn_gw"
          ]
        }
      ]
    },
    {
      "mode": "managed",
      "type": "aws_route",
      "name": "vpn_route",
      "provider": "provider[\"registry.terraform.io/hashicorp/aws\"]",
      "instances": [
        {
          "schema_version": 0,
          "attributes": {
            "carrier_gateway_id": "",
            "core_network_arn": "",
            "destination_cidr_block": "10.200.0.0/16",
            "destination_ipv6_cidr_block": "",
            "destination_prefix_list_id": "",
            "egress_only_gateway_id": "",
            "gateway_id": "vgw-054ccbc4b8a46bef4",
            "id": "r-rtb-0f880a45034d6a4ef4252409353",
            "instance_id": "",
            "instance_owner_id": "",
            "local_gateway_id": "",
            "nat_gateway_id": "",
            "network_interface_id": "",
            "origin": "CreateRoute",
            "route_table_id": "rtb-0f880a45034d6a4ef",
            "state": "active",
            "timeouts": null,
            "transit_gateway_id": "",
            "vpc_endpoint_id": "",
            "vpc_peering_connection_id": ""
          },
          "sensitive_attributes": [],
          "private": "eyJlMmJmYjczMC1lY2FhLTExZTYtOGY4OC0zNDM2M2JjN2M0YzAiOnsiY3JlYXRlIjozMDAwMDAwMDAwMDAsImRlbGV0ZSI6MzAwMDAwMDAwMDAwLCJ1cGRhdGUiOjEyMDAwMDAwMDAwMH19",
          "dependencies": [
            "aws_vpn_gateway.vpn_gw",
            "data.terraform_remote_state.network"
          ]
        }
      ]
    },
    {
      "mode": "managed",
      "type": "aws_vpn_connection",
      "name": "aws_gcp_vpn",
      "provider": "provider[\"registry.terraform.io/hashicorp/aws\"]",
      "instances": [
        {
          "schema_version": 0,
          "attributes": {
            "arn": "arn:aws:ec2:ap-northeast-2:481665107235:vpn-connection/vpn-0398428ec68c3b961",
            "core_network_arn": "",
            "core_network_attachment_arn": "",
            "customer_gateway_configuration": "\u003c?xml version=\"1.0\" encoding=\"UTF-8\"?\u003e\n\u003cvpn_connection id=\"vpn-0398428ec68c3b961\"\u003e\n  \u003ccustomer_gateway_id\u003ecgw-017063ffa9a8c4ac6\u003c/customer_gateway_id\u003e\n  \u003cvpn_gateway_id\u003evgw-054ccbc4b8a46bef4\u003c/vpn_gateway_id\u003e\n  \u003cvpn_connection_type\u003eipsec.1\u003c/vpn_connection_type\u003e\n  \u003cipsec_tunnel\u003e\n    \u003ccustomer_gateway\u003e\n      \u003ctunnel_outside_address\u003e\n        \u003cip_address\u003e34.64.64.49\u003c/ip_address\u003e\n      \u003c/tunnel_outside_address\u003e\n      \u003ctunnel_inside_address\u003e\n        \u003cip_address\u003e169.254.46.234\u003c/ip_address\u003e\n        \u003cnetwork_mask\u003e255.255.255.252\u003c/network_mask\u003e\n        \u003cnetwork_cidr\u003e30\u003c/network_cidr\u003e\n      \u003c/tunnel_inside_address\u003e\n      \u003cbgp\u003e\n        \u003casn\u003e65000\u003c/asn\u003e\n        \u003chold_time\u003e30\u003c/hold_time\u003e\n      \u003c/bgp\u003e\n    \u003c/customer_gateway\u003e\n    \u003cvpn_gateway\u003e\n      \u003ctunnel_outside_address\u003e\n        \u003cip_address\u003e15.164.56.210\u003c/ip_address\u003e\n      \u003c/tunnel_outside_address\u003e\n      \u003ctunnel_inside_address\u003e\n        \u003cip_address\u003e169.254.46.233\u003c/ip_address\u003e\n        \u003cnetwork_mask\u003e255.255.255.252\u003c/network_mask\u003e\n        \u003cnetwork_cidr\u003e30\u003c/network_cidr\u003e\n      \u003c/tunnel_inside_address\u003e\n      \u003cbgp\u003e\n        \u003casn\u003e64512\u003c/asn\u003e\n        \u003chold_time\u003e30\u003c/hold_time\u003e\n      \u003c/bgp\u003e\n    \u003c/vpn_gateway\u003e\n    \u003cike\u003e\n      \u003cauthentication_protocol\u003esha1\u003c/authentication_protocol\u003e\n      \u003cencryption_protocol\u003eaes-128-cbc\u003c/encryption_protocol\u003e\n      \u003clifetime\u003e28800\u003c/lifetime\u003e\n      \u003cperfect_forward_secrecy\u003egroup2\u003c/perfect_forward_secrecy\u003e\n      \u003cmode\u003emain\u003c/mode\u003e\n      \u003cpre_shared_key\u003eDCJTzBbfsoeCfG.L_yVeBNMiOnf3eT_Y\u003c/pre_shared_key\u003e\n    \u003c/ike\u003e\n    \u003cipsec\u003e\n      \u003cprotocol\u003eesp\u003c/protocol\u003e\n      \u003cauthentication_protocol\u003ehmac-sha1-96\u003c/authentication_protocol\u003e\n      \u003cencryption_protocol\u003eaes-128-cbc\u003c/encryption_protocol\u003e\n      \u003clifetime\u003e3600\u003c/lifetime\u003e\n      \u003cperfect_forward_secrecy\u003egroup2\u003c/perfect_forward_secrecy\u003e\n      \u003cmode\u003etunnel\u003c/mode\u003e\n      \u003cclear_df_bit\u003etrue\u003c/clear_df_bit\u003e\n      \u003cfragmentation_before_encryption\u003etrue\u003c/fragmentation_before_encryption\u003e\n      \u003ctcp_mss_adjustment\u003e1379\u003c/tcp_mss_adjustment\u003e\n      \u003cdead_peer_detection\u003e\n        \u003cinterval\u003e10\u003c/interval\u003e\n        \u003cretries\u003e3\u003c/retries\u003e\n      \u003c/dead_peer_detection\u003e\n    \u003c/ipsec\u003e\n  \u003c/ipsec_tunnel\u003e\n  \u003cipsec_tunnel\u003e\n    \u003ccustomer_gateway\u003e\n      \u003ctunnel_outside_address\u003e\n        \u003cip_address\u003e34.64.64.49\u003c/ip_address\u003e\n      \u003c/tunnel_outside_address\u003e\n      \u003ctunnel_inside_address\u003e\n        \u003cip_address\u003e169.254.107.174\u003c/ip_address\u003e\n        \u003cnetwork_mask\u003e255.255.255.252\u003c/network_mask\u003e\n        \u003cnetwork_cidr\u003e30\u003c/network_cidr\u003e\n      \u003c/tunnel_inside_address\u003e\n      \u003cbgp\u003e\n        \u003casn\u003e65000\u003c/asn\u003e\n        \u003chold_time\u003e30\u003c/hold_time\u003e\n      \u003c/bgp\u003e\n    \u003c/customer_gateway\u003e\n    \u003cvpn_gateway\u003e\n      \u003ctunnel_outside_address\u003e\n        \u003cip_address\u003e43.203.23.1\u003c/ip_address\u003e\n      \u003c/tunnel_outside_address\u003e\n      \u003ctunnel_inside_address\u003e\n        \u003cip_address\u003e169.254.107.173\u003c/ip_address\u003e\n        \u003cnetwork_mask\u003e255.255.255.252\u003c/network_mask\u003e\n        \u003cnetwork_cidr\u003e30\u003c/network_cidr\u003e\n      \u003c/tunnel_inside_address\u003e\n      \u003cbgp\u003e\n        \u003casn\u003e64512\u003c/asn\u003e\n        \u003chold_time\u003e30\u003c/hold_time\u003e\n      \u003c/bgp\u003e\n    \u003c/vpn_gateway\u003e\n    \u003cike\u003e\n      \u003cauthentication_protocol\u003esha1\u003c/authentication_protocol\u003e\n      \u003cencryption_protocol\u003eaes-128-cbc\u003c/encryption_protocol\u003e\n      \u003clifetime\u003e28800\u003c/lifetime\u003e\n      \u003cperfect_forward_secrecy\u003egroup2\u003c/perfect_forward_secrecy\u003e\n      \u003cmode\u003emain\u003c/mode\u003e\n      \u003cpre_shared_key\u003ecJzMlneTa9SDFmXjwdqJ9Q8Bi.uvHk38\u003c/pre_shared_key\u003e\n    \u003c/ike\u003e\n    \u003cipsec\u003e\n      \u003cprotocol\u003eesp\u003c/protocol\u003e\n      \u003cauthentication_protocol\u003ehmac-sha1-96\u003c/authentication_protocol\u003e\n      \u003cencryption_protocol\u003eaes-128-cbc\u003c/encryption_protocol\u003e\n      \u003clifetime\u003e3600\u003c/lifetime\u003e\n      \u003cperfect_forward_secrecy\u003egroup2\u003c/perfect_forward_secrecy\u003e\n      \u003cmode\u003etunnel\u003c/mode\u003e\n      \u003cclear_df_bit\u003etrue\u003c/clear_df_bit\u003e\n      \u003cfragmentation_before_encryption\u003etrue\u003c/fragmentation_before_encryption\u003e\n      \u003ctcp_mss_adjustment\u003e1379\u003c/tcp_mss_adjustment\u003e\n      \u003cdead_peer_detection\u003e\n        \u003cinterval\u003e10\u003c/interval\u003e\n        \u003cretries\u003e3\u003c/retries\u003e\n      \u003c/dead_peer_detection\u003e\n    \u003c/ipsec\u003e\n  \u003c/ipsec_tunnel\u003e\n\u003c/vpn_connection\u003e\n",
            "customer_gateway_id": "cgw-017063ffa9a8c4ac6",
            "enable_acceleration": false,
            "id": "vpn-0398428ec68c3b961",
            "local_ipv4_network_cidr": "0.0.0.0/0",
            "local_ipv6_network_cidr": "",
            "outside_ip_address_type": "PublicIpv4",
            "remote_ipv4_network_cidr": "0.0.0.0/0",
            "remote_ipv6_network_cidr": "",
            "routes": [],
            "static_routes_only": false,
            "tags": {
              "Name": "aws-to-gcp-vpn-interface"
            },
            "tags_all": {
              "Name": "aws-to-gcp-vpn-interface"
            },
            "transit_gateway_attachment_id": "",
            "transit_gateway_id": "",
            "transport_transit_gateway_attachment_id": "",
            "tunnel1_address": "15.164.56.210",
            "tunnel1_bgp_asn": "64512",
            "tunnel1_bgp_holdtime": 30,
            "tunnel1_cgw_inside_address": "169.254.46.234",
            "tunnel1_dpd_timeout_action": "",
            "tunnel1_dpd_timeout_seconds": 0,
            "tunnel1_enable_tunnel_lifecycle_control": false,
            "tunnel1_ike_versions": null,
            "tunnel1_inside_cidr": "169.254.46.232/30",
            "tunnel1_inside_ipv6_cidr": "",
            "tunnel1_log_options": [
              {
                "cloudwatch_log_options": [
                  {
                    "log_enabled": false,
                    "log_group_arn": "",
                    "log_output_format": ""
                  }
                ]
              }
            ],
            "tunnel1_phase1_dh_group_numbers": null,
            "tunnel1_phase1_encryption_algorithms": null,
            "tunnel1_phase1_integrity_algorithms": null,
            "tunnel1_phase1_lifetime_seconds": 0,
            "tunnel1_phase2_dh_group_numbers": null,
            "tunnel1_phase2_encryption_algorithms": null,
            "tunnel1_phase2_integrity_algorithms": null,
            "tunnel1_phase2_lifetime_seconds": 0,
            "tunnel1_preshared_key": "DCJTzBbfsoeCfG.L_yVeBNMiOnf3eT_Y",
            "tunnel1_rekey_fuzz_percentage": 0,
            "tunnel1_rekey_margin_time_seconds": 0,
            "tunnel1_replay_window_size": 0,
            "tunnel1_startup_action": "",
            "tunnel1_vgw_inside_address": "169.254.46.233",
            "tunnel2_address": "43.203.23.1",
            "tunnel2_bgp_asn": "64512",
            "tunnel2_bgp_holdtime": 30,
            "tunnel2_cgw_inside_address": "169.254.107.174",
            "tunnel2_dpd_timeout_action": "",
            "tunnel2_dpd_timeout_seconds": 0,
            "tunnel2_enable_tunnel_lifecycle_control": false,
            "tunnel2_ike_versions": null,
            "tunnel2_inside_cidr": "169.254.107.172/30",
            "tunnel2_inside_ipv6_cidr": "",
            "tunnel2_log_options": [
              {
                "cloudwatch_log_options": [
                  {
                    "log_enabled": false,
                    "log_group_arn": "",
                    "log_output_format": ""
                  }
                ]
              }
            ],
            "tunnel2_phase1_dh_group_numbers": null,
            "tunnel2_phase1_encryption_algorithms": null,
            "tunnel2_phase1_integrity_algorithms": null,
            "tunnel2_phase1_lifetime_seconds": 0,
            "tunnel2_phase2_dh_group_numbers": null,
            "tunnel2_phase2_encryption_algorithms": null,
            "tunnel2_phase2_integrity_algorithms": null,
            "tunnel2_phase2_lifetime_seconds": 0,
            "tunnel2_preshared_key": "cJzMlneTa9SDFmXjwdqJ9Q8Bi.uvHk38",
            "tunnel2_rekey_fuzz_percentage": 0,
            "tunnel2_rekey_margin_time_seconds": 0,
            "tunnel2_replay_window_size": 0,
            "tunnel2_startup_action": "",
            "tunnel2_vgw_inside_address": "169.254.107.173",
            "tunnel_inside_ip_version": "ipv4",
            "type": "ipsec.1",
            "vgw_telemetry": [
              {
                "accepted_route_count": 0,
                "certificate_arn": "",
                "last_status_change": "2025-02-21T05:59:26Z",
                "outside_ip_address": "15.164.56.210",
                "status": "DOWN",
                "status_message": "IPSEC IS DOWN"
              },
              {
                "accepted_route_count": 0,
                "certificate_arn": "",
                "last_status_change": "2025-02-21T05:59:27Z",
                "outside_ip_address": "43.203.23.1",
                "status": "DOWN",
                "status_message": "IPSEC IS DOWN"
              }
            ],
            "vpn_gateway_id": "vgw-054ccbc4b8a46bef4"
          },
          "sensitive_attributes": [],
          "private": "bnVsbA==",
          "dependencies": [
            "aws_customer_gateway.gcp_ip",
            "aws_vpn_gateway.vpn_gw",
            "data.terraform_remote_state.gcp",
            "data.terraform_remote_state.network",
            "google_compute_ha_vpn_gateway.gcp_vpn_gw"
          ]
        }
      ]
    },
    {
      "mode": "managed",
      "type": "aws_vpn_gateway",
      "name": "vpn_gw",
      "provider": "provider[\"registry.terraform.io/hashicorp/aws\"]",
      "instances": [
        {
          "schema_version": 0,
          "attributes": {
            "amazon_side_asn": "64512",
            "arn": "arn:aws:ec2:ap-northeast-2:481665107235:vpn-gateway/vgw-054ccbc4b8a46bef4",
            "availability_zone": null,
            "id": "vgw-054ccbc4b8a46bef4",
            "tags": {
              "Name": "aws-vpn-gateway"
            },
            "tags_all": {
              "Name": "aws-vpn-gateway"
            },
            "vpc_id": "vpc-003b912da94b9e72f"
          },
          "sensitive_attributes": [],
          "private": "bnVsbA==",
          "dependencies": [
            "data.terraform_remote_state.network"
          ]
        }
      ]
    },
    {
      "mode": "managed",
      "type": "google_compute_external_vpn_gateway",
      "name": "aws_external_gw",
      "provider": "provider[\"registry.terraform.io/hashicorp/google\"]",
      "instances": [
        {
          "schema_version": 0,
          "attributes": {
            "description": "",
            "effective_labels": {
              "goog-terraform-provisioned": "true"
            },
            "id": "projects/peppy-arcadia-432311-g5/global/externalVpnGateways/aws-external-gateway",
            "interface": [
              {
                "id": 0,
                "ip_address": "15.164.56.210",
                "ipv6_address": ""
              },
              {
                "id": 1,
                "ip_address": "43.203.23.1",
                "ipv6_address": ""
              }
            ],
            "label_fingerprint": "vezUS-42LLM=",
            "labels": null,
            "name": "aws-external-gateway",
            "project": "peppy-arcadia-432311-g5",
            "redundancy_type": "TWO_IPS_REDUNDANCY",
            "self_link": "https://www.googleapis.com/compute/v1/projects/peppy-arcadia-432311-g5/global/externalVpnGateways/aws-external-gateway",
            "terraform_labels": {
              "goog-terraform-provisioned": "true"
            },
            "timeouts": null
          },
          "sensitive_attributes": [],
          "private": "eyJlMmJmYjczMC1lY2FhLTExZTYtOGY4OC0zNDM2M2JjN2M0YzAiOnsiY3JlYXRlIjoxMjAwMDAwMDAwMDAwLCJkZWxldGUiOjEyMDAwMDAwMDAwMDAsInVwZGF0ZSI6MTIwMDAwMDAwMDAwMH19",
          "dependencies": [
            "aws_customer_gateway.gcp_ip",
            "aws_vpn_connection.aws_gcp_vpn",
            "aws_vpn_gateway.vpn_gw",
            "data.terraform_remote_state.gcp",
            "data.terraform_remote_state.network",
            "google_compute_ha_vpn_gateway.gcp_vpn_gw"
          ]
        }
      ]
    },
    {
      "mode": "managed",
      "type": "google_compute_ha_vpn_gateway",
      "name": "gcp_vpn_gw",
      "provider": "provider[\"registry.terraform.io/hashicorp/google\"]",
      "instances": [
        {
          "schema_version": 1,
          "attributes": {
            "description": "",
            "gateway_ip_version": "IPV4",
            "id": "projects/peppy-arcadia-432311-g5/regions/asia-northeast3/vpnGateways/gcp-vpn-gateway",
            "name": "gcp-vpn-gateway",
            "network": "https://www.googleapis.com/compute/v1/projects/peppy-arcadia-432311-g5/global/networks/gcp-dr-vpc",
            "project": "peppy-arcadia-432311-g5",
            "region": "asia-northeast3",
            "self_link": "https://www.googleapis.com/compute/v1/projects/peppy-arcadia-432311-g5/regions/asia-northeast3/vpnGateways/gcp-vpn-gateway",
            "stack_type": "IPV4_ONLY",
            "timeouts": null,
            "vpn_interfaces": [
              {
                "id": 0,
                "interconnect_attachment": "",
                "ip_address": "34.64.64.49"
              },
              {
                "id": 1,
                "interconnect_attachment": "",
                "ip_address": "34.64.131.152"
              }
            ]
          },
          "sensitive_attributes": [],
          "private": "eyJlMmJmYjczMC1lY2FhLTExZTYtOGY4OC0zNDM2M2JjN2M0YzAiOnsiY3JlYXRlIjoxMjAwMDAwMDAwMDAwLCJkZWxldGUiOjEyMDAwMDAwMDAwMDB9LCJzY2hlbWFfdmVyc2lvbiI6IjEifQ==",
          "dependencies": [
            "data.terraform_remote_state.gcp"
          ]
        }
      ]
    },
    {
      "mode": "managed",
      "type": "google_compute_route",
      "name": "aws_routes",
      "provider": "provider[\"registry.terraform.io/hashicorp/google\"]",
      "instances": [
        {
          "schema_version": 0,
          "attributes": {
            "description": "",
            "dest_range": "10.0.0.0/16",
            "id": "projects/peppy-arcadia-432311-g5/global/routes/gcp-to-aws-route",
            "name": "gcp-to-aws-route",
            "network": "https://www.googleapis.com/compute/v1/projects/peppy-arcadia-432311-g5/global/networks/gcp-dr-vpc",
            "next_hop_gateway": "",
            "next_hop_ilb": "",
            "next_hop_instance": "",
            "next_hop_instance_zone": null,
            "next_hop_inter_region_cost": "",
            "next_hop_ip": "",
            "next_hop_med": "",
            "next_hop_network": "",
            "next_hop_origin": "",
            "next_hop_vpn_tunnel": "https://www.googleapis.com/compute/v1/projects/peppy-arcadia-432311-g5/regions/asia-northeast3/vpnTunnels/aws-to-gcp-vpn-1",
            "priority": 1000,
            "project": "peppy-arcadia-432311-g5",
            "self_link": "https://www.googleapis.com/compute/v1/projects/peppy-arcadia-432311-g5/global/routes/gcp-to-aws-route",
            "tags": null,
            "timeouts": null
          },
          "sensitive_attributes": [],
          "private": "eyJlMmJmYjczMC1lY2FhLTExZTYtOGY4OC0zNDM2M2JjN2M0YzAiOnsiY3JlYXRlIjoxMjAwMDAwMDAwMDAwLCJkZWxldGUiOjEyMDAwMDAwMDAwMDB9fQ==",
          "dependencies": [
            "aws_customer_gateway.gcp_ip",
            "aws_vpn_connection.aws_gcp_vpn",
            "aws_vpn_gateway.vpn_gw",
            "data.terraform_remote_state.gcp",
            "data.terraform_remote_state.network",
            "google_compute_external_vpn_gateway.aws_external_gw",
            "google_compute_ha_vpn_gateway.gcp_vpn_gw",
            "google_compute_router.gcp_router",
            "google_compute_vpn_tunnel.vpn_tunnel_1"
          ]
        }
      ]
    },
    {
      "mode": "managed",
      "type": "google_compute_route",
      "name": "aws_routes_backup",
      "provider": "provider[\"registry.terraform.io/hashicorp/google\"]",
      "instances": [
        {
          "schema_version": 0,
          "attributes": {
            "description": "",
            "dest_range": "10.0.0.0/16",
            "id": "projects/peppy-arcadia-432311-g5/global/routes/gcp-to-aws-route-backup",
            "name": "gcp-to-aws-route-backup",
            "network": "https://www.googleapis.com/compute/v1/projects/peppy-arcadia-432311-g5/global/networks/gcp-dr-vpc",
            "next_hop_gateway": "",
            "next_hop_ilb": "",
            "next_hop_instance": "",
            "next_hop_instance_zone": null,
            "next_hop_inter_region_cost": "",
            "next_hop_ip": "",
            "next_hop_med": "",
            "next_hop_network": "",
            "next_hop_origin": "",
            "next_hop_vpn_tunnel": "https://www.googleapis.com/compute/v1/projects/peppy-arcadia-432311-g5/regions/asia-northeast3/vpnTunnels/aws-to-gcp-vpn-2",
            "priority": 2000,
            "project": "peppy-arcadia-432311-g5",
            "self_link": "https://www.googleapis.com/compute/v1/projects/peppy-arcadia-432311-g5/global/routes/gcp-to-aws-route-backup",
            "tags": null,
            "timeouts": null
          },
          "sensitive_attributes": [],
          "private": "eyJlMmJmYjczMC1lY2FhLTExZTYtOGY4OC0zNDM2M2JjN2M0YzAiOnsiY3JlYXRlIjoxMjAwMDAwMDAwMDAwLCJkZWxldGUiOjEyMDAwMDAwMDAwMDB9fQ==",
          "dependencies": [
            "aws_customer_gateway.gcp_ip",
            "aws_vpn_connection.aws_gcp_vpn",
            "aws_vpn_gateway.vpn_gw",
            "data.terraform_remote_state.gcp",
            "data.terraform_remote_state.network",
            "google_compute_external_vpn_gateway.aws_external_gw",
            "google_compute_ha_vpn_gateway.gcp_vpn_gw",
            "google_compute_router.gcp_router",
            "google_compute_vpn_tunnel.vpn_tunnel_2"
          ]
        }
      ]
    },
    {
      "mode": "managed",
      "type": "google_compute_router",
      "name": "gcp_router",
      "provider": "provider[\"registry.terraform.io/hashicorp/google\"]",
      "instances": [
        {
          "schema_version": 0,
          "attributes": {
            "bgp": [
              {
                "advertise_mode": "DEFAULT",
                "advertised_groups": null,
                "advertised_ip_ranges": [],
                "asn": 65000,
                "identifier_range": "",
                "keepalive_interval": 20
              }
            ],
            "creation_timestamp": "2025-02-20T21:56:10.247-08:00",
            "description": "",
            "encrypted_interconnect_router": false,
            "id": "projects/peppy-arcadia-432311-g5/regions/asia-northeast3/routers/gcp-router",
            "name": "gcp-router",
            "network": "https://www.googleapis.com/compute/v1/projects/peppy-arcadia-432311-g5/global/networks/gcp-dr-vpc",
            "project": "peppy-arcadia-432311-g5",
            "region": "asia-northeast3",
            "self_link": "https://www.googleapis.com/compute/v1/projects/peppy-arcadia-432311-g5/regions/asia-northeast3/routers/gcp-router",
            "timeouts": null
          },
          "sensitive_attributes": [],
          "private": "eyJlMmJmYjczMC1lY2FhLTExZTYtOGY4OC0zNDM2M2JjN2M0YzAiOnsiY3JlYXRlIjoxMjAwMDAwMDAwMDAwLCJkZWxldGUiOjEyMDAwMDAwMDAwMDAsInVwZGF0ZSI6MTIwMDAwMDAwMDAwMH19",
          "dependencies": [
            "data.terraform_remote_state.gcp"
          ]
        }
      ]
    },
    {
      "mode": "managed",
      "type": "google_compute_router_interface",
      "name": "aws_router_interface_1",
      "provider": "provider[\"registry.terraform.io/hashicorp/google\"]",
      "instances": [
        {
          "schema_version": 0,
          "attributes": {
            "id": "asia-northeast3/gcp-router/aws-router-interface-1",
            "interconnect_attachment": "",
            "ip_range": "169.254.46.234/30",
            "ip_version": "IPV4",
            "name": "aws-router-interface-1",
            "private_ip_address": "",
            "project": "peppy-arcadia-432311-g5",
            "redundant_interface": "",
            "region": "asia-northeast3",
            "router": "gcp-router",
            "subnetwork": "",
            "timeouts": null,
            "vpn_tunnel": "https://www.googleapis.com/compute/v1/projects/peppy-arcadia-432311-g5/regions/asia-northeast3/vpnTunnels/aws-to-gcp-vpn-1"
          },
          "sensitive_attributes": [],
          "private": "eyJlMmJmYjczMC1lY2FhLTExZTYtOGY4OC0zNDM2M2JjN2M0YzAiOnsiY3JlYXRlIjoyNDAwMDAwMDAwMDAsImRlbGV0ZSI6MjQwMDAwMDAwMDAwfX0=",
          "dependencies": [
            "aws_customer_gateway.gcp_ip",
            "aws_vpn_connection.aws_gcp_vpn",
            "aws_vpn_gateway.vpn_gw",
            "data.terraform_remote_state.gcp",
            "data.terraform_remote_state.network",
            "google_compute_external_vpn_gateway.aws_external_gw",
            "google_compute_ha_vpn_gateway.gcp_vpn_gw",
            "google_compute_router.gcp_router",
            "google_compute_vpn_tunnel.vpn_tunnel_1"
          ]
        }
      ]
    },
    {
      "mode": "managed",
      "type": "google_compute_router_interface",
      "name": "aws_router_interface_2",
      "provider": "provider[\"registry.terraform.io/hashicorp/google\"]",
      "instances": [
        {
          "schema_version": 0,
          "attributes": {
            "id": "asia-northeast3/gcp-router/aws-router-interface-2",
            "interconnect_attachment": "",
            "ip_range": "169.254.107.174/30",
            "ip_version": "IPV4",
            "name": "aws-router-interface-2",
            "private_ip_address": "",
            "project": "peppy-arcadia-432311-g5",
            "redundant_interface": "",
            "region": "asia-northeast3",
            "router": "gcp-router",
            "subnetwork": "",
            "timeouts": null,
            "vpn_tunnel": "https://www.googleapis.com/compute/v1/projects/peppy-arcadia-432311-g5/regions/asia-northeast3/vpnTunnels/aws-to-gcp-vpn-2"
          },
          "sensitive_attributes": [],
          "private": "eyJlMmJmYjczMC1lY2FhLTExZTYtOGY4OC0zNDM2M2JjN2M0YzAiOnsiY3JlYXRlIjoyNDAwMDAwMDAwMDAsImRlbGV0ZSI6MjQwMDAwMDAwMDAwfX0=",
          "dependencies": [
            "aws_customer_gateway.gcp_ip",
            "aws_vpn_connection.aws_gcp_vpn",
            "aws_vpn_gateway.vpn_gw",
            "data.terraform_remote_state.gcp",
            "data.terraform_remote_state.network",
            "google_compute_external_vpn_gateway.aws_external_gw",
            "google_compute_ha_vpn_gateway.gcp_vpn_gw",
            "google_compute_router.gcp_router",
            "google_compute_vpn_tunnel.vpn_tunnel_2"
          ]
        }
      ]
    },
    {
      "mode": "managed",
      "type": "google_compute_router_peer",
      "name": "aws_bgp_peer_1",
      "provider": "provider[\"registry.terraform.io/hashicorp/google\"]",
      "instances": [
        {
          "schema_version": 0,
          "attributes": {
            "advertise_mode": "CUSTOM",
            "advertised_groups": null,
            "advertised_ip_ranges": [
              {
                "description": "",
                "range": "10.200.0.0/16"
              },
              {
                "description": "",
                "range": "10.10.0.0/24"
              },
              {
                "description": "",
                "range": "10.10.1.0/24"
              }
            ],
            "advertised_route_priority": 100,
            "bfd": [
              {
                "min_receive_interval": 1000,
                "min_transmit_interval": 1000,
                "multiplier": 5,
                "session_initialization_mode": "DISABLED"
              }
            ],
            "custom_learned_ip_ranges": [],
            "custom_learned_route_priority": 0,
            "enable": true,
            "enable_ipv4": true,
            "enable_ipv6": false,
            "id": "projects/peppy-arcadia-432311-g5/regions/asia-northeast3/routers/gcp-router/aws-bgp-peer-1",
            "interface": "aws-router-interface-1",
            "ip_address": "169.254.46.234",
            "ipv4_nexthop_address": "",
            "ipv6_nexthop_address": "",
            "is_advertised_route_priority_set": true,
            "is_custom_learned_priority_set": null,
            "management_type": "",
            "md5_authentication_key": [],
            "name": "aws-bgp-peer-1",
            "peer_asn": 64512,
            "peer_ip_address": "169.254.46.233",
            "peer_ipv4_nexthop_address": "",
            "peer_ipv6_nexthop_address": "",
            "project": "peppy-arcadia-432311-g5",
            "region": "asia-northeast3",
            "router": "gcp-router",
            "router_appliance_instance": "",
            "timeouts": null,
            "zero_advertised_route_priority": null,
            "zero_custom_learned_route_priority": false
          },
          "sensitive_attributes": [],
          "private": "eyJlMmJmYjczMC1lY2FhLTExZTYtOGY4OC0zNDM2M2JjN2M0YzAiOnsiY3JlYXRlIjoxMjAwMDAwMDAwMDAwLCJkZWxldGUiOjEyMDAwMDAwMDAwMDAsInVwZGF0ZSI6MTIwMDAwMDAwMDAwMH19",
          "dependencies": [
            "aws_customer_gateway.gcp_ip",
            "aws_vpn_connection.aws_gcp_vpn",
            "aws_vpn_gateway.vpn_gw",
            "data.terraform_remote_state.gcp",
            "data.terraform_remote_state.network",
            "google_compute_external_vpn_gateway.aws_external_gw",
            "google_compute_ha_vpn_gateway.gcp_vpn_gw",
            "google_compute_router.gcp_router",
            "google_compute_router_interface.aws_router_interface_1",
            "google_compute_vpn_tunnel.vpn_tunnel_1"
          ]
        }
      ]
    },
    {
      "mode": "managed",
      "type": "google_compute_router_peer",
      "name": "aws_bgp_peer_2",
      "provider": "provider[\"registry.terraform.io/hashicorp/google\"]",
      "instances": [
        {
          "schema_version": 0,
          "attributes": {
            "advertise_mode": "CUSTOM",
            "advertised_groups": null,
            "advertised_ip_ranges": [
              {
                "description": "",
                "range": "10.200.0.0/16"
              },
              {
                "description": "",
                "range": "10.10.0.0/24"
              },
              {
                "description": "",
                "range": "10.10.1.0/24"
              }
            ],
            "advertised_route_priority": 100,
            "bfd": [
              {
                "min_receive_interval": 1000,
                "min_transmit_interval": 1000,
                "multiplier": 5,
                "session_initialization_mode": "DISABLED"
              }
            ],
            "custom_learned_ip_ranges": [],
            "custom_learned_route_priority": 0,
            "enable": true,
            "enable_ipv4": true,
            "enable_ipv6": false,
            "id": "projects/peppy-arcadia-432311-g5/regions/asia-northeast3/routers/gcp-router/aws-bgp-peer-2",
            "interface": "aws-router-interface-2",
            "ip_address": "169.254.107.174",
            "ipv4_nexthop_address": "",
            "ipv6_nexthop_address": "",
            "is_advertised_route_priority_set": true,
            "is_custom_learned_priority_set": null,
            "management_type": "",
            "md5_authentication_key": [],
            "name": "aws-bgp-peer-2",
            "peer_asn": 64512,
            "peer_ip_address": "169.254.107.173",
            "peer_ipv4_nexthop_address": "",
            "peer_ipv6_nexthop_address": "",
            "project": "peppy-arcadia-432311-g5",
            "region": "asia-northeast3",
            "router": "gcp-router",
            "router_appliance_instance": "",
            "timeouts": null,
            "zero_advertised_route_priority": null,
            "zero_custom_learned_route_priority": false
          },
          "sensitive_attributes": [],
          "private": "eyJlMmJmYjczMC1lY2FhLTExZTYtOGY4OC0zNDM2M2JjN2M0YzAiOnsiY3JlYXRlIjoxMjAwMDAwMDAwMDAwLCJkZWxldGUiOjEyMDAwMDAwMDAwMDAsInVwZGF0ZSI6MTIwMDAwMDAwMDAwMH19",
          "dependencies": [
            "aws_customer_gateway.gcp_ip",
            "aws_vpn_connection.aws_gcp_vpn",
            "aws_vpn_gateway.vpn_gw",
            "data.terraform_remote_state.gcp",
            "data.terraform_remote_state.network",
            "google_compute_external_vpn_gateway.aws_external_gw",
            "google_compute_ha_vpn_gateway.gcp_vpn_gw",
            "google_compute_router.gcp_router",
            "google_compute_router_interface.aws_router_interface_2",
            "google_compute_vpn_tunnel.vpn_tunnel_2"
          ]
        }
      ]
    },
    {
      "mode": "managed",
      "type": "google_compute_vpn_tunnel",
      "name": "vpn_tunnel_1",
      "provider": "provider[\"registry.terraform.io/hashicorp/google\"]",
      "instances": [
        {
          "schema_version": 0,
          "attributes": {
            "creation_timestamp": "2025-02-20T22:00:11.588-08:00",
            "description": "",
            "detailed_status": "Tunnel is up and running.",
            "effective_labels": {
              "goog-terraform-provisioned": "true"
            },
            "id": "projects/peppy-arcadia-432311-g5/regions/asia-northeast3/vpnTunnels/aws-to-gcp-vpn-1",
            "ike_version": 2,
            "label_fingerprint": "vezUS-42LLM=",
            "labels": null,
            "local_traffic_selector": [
              "0.0.0.0/0"
            ],
            "name": "aws-to-gcp-vpn-1",
            "peer_external_gateway": "https://www.googleapis.com/compute/v1/projects/peppy-arcadia-432311-g5/global/externalVpnGateways/aws-external-gateway",
            "peer_external_gateway_interface": 0,
            "peer_gcp_gateway": "",
            "peer_ip": "15.164.56.210",
            "project": "peppy-arcadia-432311-g5",
            "region": "asia-northeast3",
            "remote_traffic_selector": [
              "0.0.0.0/0"
            ],
            "router": "https://www.googleapis.com/compute/v1/projects/peppy-arcadia-432311-g5/regions/asia-northeast3/routers/gcp-router",
            "self_link": "https://www.googleapis.com/compute/v1/projects/peppy-arcadia-432311-g5/regions/asia-northeast3/vpnTunnels/aws-to-gcp-vpn-1",
            "shared_secret": "DCJTzBbfsoeCfG.L_yVeBNMiOnf3eT_Y",
            "shared_secret_hash": "DOAqAVHuBw7ZdxlcbFyVuwrCJng0",
            "target_vpn_gateway": "",
            "terraform_labels": {
              "goog-terraform-provisioned": "true"
            },
            "timeouts": null,
            "tunnel_id": "8778263276037712004",
            "vpn_gateway": "https://www.googleapis.com/compute/v1/projects/peppy-arcadia-432311-g5/regions/asia-northeast3/vpnGateways/gcp-vpn-gateway",
            "vpn_gateway_interface": 0
          },
          "sensitive_attributes": [
            [
              {
                "type": "get_attr",
                "value": "shared_secret"
              }
            ]
          ],
          "private": "eyJlMmJmYjczMC1lY2FhLTExZTYtOGY4OC0zNDM2M2JjN2M0YzAiOnsiY3JlYXRlIjoxMjAwMDAwMDAwMDAwLCJkZWxldGUiOjEyMDAwMDAwMDAwMDAsInVwZGF0ZSI6MTIwMDAwMDAwMDAwMH19",
          "dependencies": [
            "aws_customer_gateway.gcp_ip",
            "aws_vpn_connection.aws_gcp_vpn",
            "aws_vpn_gateway.vpn_gw",
            "data.terraform_remote_state.gcp",
            "data.terraform_remote_state.network",
            "google_compute_external_vpn_gateway.aws_external_gw",
            "google_compute_ha_vpn_gateway.gcp_vpn_gw",
            "google_compute_router.gcp_router"
          ]
        }
      ]
    },
    {
      "mode": "managed",
      "type": "google_compute_vpn_tunnel",
      "name": "vpn_tunnel_2",
      "provider": "provider[\"registry.terraform.io/hashicorp/google\"]",
      "instances": [
        {
          "schema_version": 0,
          "attributes": {
            "creation_timestamp": "2025-02-20T22:00:11.293-08:00",
            "description": "",
            "detailed_status": "Tunnel is up and running.",
            "effective_labels": {
              "goog-terraform-provisioned": "true"
            },
            "id": "projects/peppy-arcadia-432311-g5/regions/asia-northeast3/vpnTunnels/aws-to-gcp-vpn-2",
            "ike_version": 2,
            "label_fingerprint": "vezUS-42LLM=",
            "labels": null,
            "local_traffic_selector": [
              "0.0.0.0/0"
            ],
            "name": "aws-to-gcp-vpn-2",
            "peer_external_gateway": "https://www.googleapis.com/compute/v1/projects/peppy-arcadia-432311-g5/global/externalVpnGateways/aws-external-gateway",
            "peer_external_gateway_interface": 1,
            "peer_gcp_gateway": "",
            "peer_ip": "43.203.23.1",
            "project": "peppy-arcadia-432311-g5",
            "region": "asia-northeast3",
            "remote_traffic_selector": [
              "0.0.0.0/0"
            ],
            "router": "https://www.googleapis.com/compute/v1/projects/peppy-arcadia-432311-g5/regions/asia-northeast3/routers/gcp-router",
            "self_link": "https://www.googleapis.com/compute/v1/projects/peppy-arcadia-432311-g5/regions/asia-northeast3/vpnTunnels/aws-to-gcp-vpn-2",
            "shared_secret": "cJzMlneTa9SDFmXjwdqJ9Q8Bi.uvHk38",
            "shared_secret_hash": "jIkYNj-8g2Qlfus4ydc97_qmiLbH",
            "target_vpn_gateway": "",
            "terraform_labels": {
              "goog-terraform-provisioned": "true"
            },
            "timeouts": null,
            "tunnel_id": "6085037572756973700",
            "vpn_gateway": "https://www.googleapis.com/compute/v1/projects/peppy-arcadia-432311-g5/regions/asia-northeast3/vpnGateways/gcp-vpn-gateway",
            "vpn_gateway_interface": 0
          },
          "sensitive_attributes": [
            [
              {
                "type": "get_attr",
                "value": "shared_secret"
              }
            ]
          ],
          "private": "eyJlMmJmYjczMC1lY2FhLTExZTYtOGY4OC0zNDM2M2JjN2M0YzAiOnsiY3JlYXRlIjoxMjAwMDAwMDAwMDAwLCJkZWxldGUiOjEyMDAwMDAwMDAwMDAsInVwZGF0ZSI6MTIwMDAwMDAwMDAwMH19",
          "dependencies": [
            "aws_customer_gateway.gcp_ip",
            "aws_vpn_connection.aws_gcp_vpn",
            "aws_vpn_gateway.vpn_gw",
            "data.terraform_remote_state.gcp",
            "data.terraform_remote_state.network",
            "google_compute_external_vpn_gateway.aws_external_gw",
            "google_compute_ha_vpn_gateway.gcp_vpn_gw",
            "google_compute_router.gcp_router"
          ]
        }
      ]
    }
  ],
  "check_results": null
}
