{
  "version": 4,
  "terraform_version": "1.9.8",
  "serial": 104,
  "lineage": "1796ea61-7c9d-ea0e-cb2a-25b529dc6bad",
  "outputs": {},
  "resources": [
    {
      "mode": "data",
      "type": "aws_acm_certificate",
      "name": "ljhun_cert",
      "provider": "provider[\"registry.terraform.io/hashicorp/aws\"].us_east_1",
      "instances": [
        {
          "schema_version": 0,
          "attributes": {
            "arn": "arn:aws:acm:us-east-1:481665107235:certificate/0b0b9bba-e9da-4432-8937-4d8104a2b864",
            "certificate": "-----BEGIN CERTIFICATE-----\nMIIF0zCCBLugAwIBAgIQC1A7s7YPO+WF/B2MGIM/KDANBgkqhkiG9w0BAQsFADA8\nMQswCQYDVQQGEwJVUzEPMA0GA1UEChMGQW1hem9uMRwwGgYDVQQDExNBbWF6b24g\nUlNBIDIwNDggTTAzMB4XDTI0MTAyODAwMDAwMFoXDTI1MTEyNjIzNTk1OVowGTEX\nMBUGA1UEAxMOd3d3LmxqaHVuLnNob3AwggEiMA0GCSqGSIb3DQEBAQUAA4IBDwAw\nggEKAoIBAQDyMqGdqW+ldostLrnPRQJJEN/Q5lMTCqsUY4nmVhD0YU51XeLD/qbR\nPhldZZk+bNNxGfwNaz/4caCFaBE0RcwpEY6R9NE19BUFuG36GRbXSAwwacxS/n43\nclMoYZiIYXzal9628YWTc5Hl1yk/trxkV1XBEtW3XFUvdKtixoLQuytNQCcMhZdq\nEl1N4W05u5S4+WIICtnaFTSS6wOW9Uo68ZWMkp94iJZDmSxXhpb+nlghNfv5ZiFu\nHJOzkr1SrU1adItYtF4qx+aQOfVNy3E/ezHCwt8zCwIN0KXF7n5UoBNCnWztJB6E\n7IdtZBnf3s0i1RJdGCNuyArc/whOfCe/AgMBAAGjggLyMIIC7jAfBgNVHSMEGDAW\ngBRV2Rhf0hzMAeFYtL6r2VVCAdcuAjAdBgNVHQ4EFgQUE/1/tj60BEta1u7KUaD1\nm3u/hXgwJQYDVR0RBB4wHIIOd3d3LmxqaHVuLnNob3CCCmxqaHVuLnNob3AwEwYD\nVR0gBAwwCjAIBgZngQwBAgEwDgYDVR0PAQH/BAQDAgWgMB0GA1UdJQQWMBQGCCsG\nAQUFBwMBBggrBgEFBQcDAjA7BgNVHR8ENDAyMDCgLqAshipodHRwOi8vY3JsLnIy\nbTAzLmFtYXpvbnRydXN0LmNvbS9yMm0wMy5jcmwwdQYIKwYBBQUHAQEEaTBnMC0G\nCCsGAQUFBzABhiFodHRwOi8vb2NzcC5yMm0wMy5hbWF6b250cnVzdC5jb20wNgYI\nKwYBBQUHMAKGKmh0dHA6Ly9jcnQucjJtMDMuYW1hem9udHJ1c3QuY29tL3IybTAz\nLmNlcjAMBgNVHRMBAf8EAjAAMIIBfQYKKwYBBAHWeQIEAgSCAW0EggFpAWcAdgAS\n8U40vVNyTIQGGcOPP3oT+Oe1YoeInG0wBYTr5YYmOgAAAZLUSN8mAAAEAwBHMEUC\nIQCNYHDa+PsTKCcI7SPrmoGcNTOjdHbYg3XisBCs1ldoxwIgCfOj/5CaHSg8KHzC\n7+iemY/xHGfSfvmkMjretr/JhPcAdgB9WR4S4XgqexxhZ3xe/fjQh1wUoE6VnrkD\nL9kOjC55uAAAAZLUSN7UAAAEAwBHMEUCIQDjX7csPM7Y3mtwGI0Vc5ghfE8/CrNl\nNToRpWRwpRDz5QIgZUUqCjUcNm4O7eHubJCUcUvgyCrchacUgqm74TxUvDcAdQDm\n0jFjQHeMwRBBBtdxuc7B0kD2loSG+7qHMh39HjeOUAAAAZLUSN7jAAAEAwBGMEQC\nIGSUSlKbYNaZXFmMLLT6lxAUfDXlEfjKhDBFMzYU9u0xAiAjHgJdIOo53Gjy//l+\noKQR27pcgUV9d5BIdRfAA/A2/zANBgkqhkiG9w0BAQsFAAOCAQEAd3fQyC7Ank6n\nF7ygYA7HErnxTFUhFmiPyC6ra+dLubXjRpE4uSvVDGVBAU/U3naULnY5RuRQYWic\np3FyCBtCInYjFEVS0q2deCQ9cV5/S5Qp8jKdeRun8NX7c33IlMnCbNPNd6gmfpdx\n61FhVzHnsPKy5KHDr7t6ExLZkxk8kotLBDxg2ZQD1dw3/EWuFAd2GqqTJGxVNkRV\nGlTGEJAHgxpb9QPd5d80NqujTVKxCmVJeWa0fbrYNhXiy+2Yy4AV3hPoaWrNaLF+\nSHJjzshJ+Zp46lCM8a4YGuA/aIJn8XgIt7CTVTpitXdTgejcfZdRMHjz8J5ferXo\n6CwkNxmc5A==\n-----END CERTIFICATE-----\n",
            "certificate_chain": "-----BEGIN CERTIFICATE-----\nMIIEXjCCA0agAwIBAgITB3MSTNQG0mfAmRzdKZqfODF5hTANBgkqhkiG9w0BAQsF\nADA5MQswCQYDVQQGEwJVUzEPMA0GA1UEChMGQW1hem9uMRkwFwYDVQQDExBBbWF6\nb24gUm9vdCBDQSAxMB4XDTIyMDgyMzIyMjYwNFoXDTMwMDgyMzIyMjYwNFowPDEL\nMAkGA1UEBhMCVVMxDzANBgNVBAoTBkFtYXpvbjEcMBoGA1UEAxMTQW1hem9uIFJT\nQSAyMDQ4IE0wMzCCASIwDQYJKoZIhvcNAQEBBQADggEPADCCAQoCggEBALd/pVko\n8vuM475Tf45HV3BbCl/B9Jy89G1CRkFjcPY06WA9lS+7dWbUA7GtWUKoksr69hKM\nwcMsNpxlw7b3jeXFgxB09/nmalcAWtnLzF+LaDKEA5DQmvKzuh1nfIfqEiKCQSmX\nXh09Xs+dO7cm5qbaL2hhNJCSAejciwcvOFgFNgEMR42wm6KIFHsQW28jhA+1u/M0\np6fVwReuEgZfLfdx82Px0LJck3lST3EB/JfbdsdOzzzg5YkY1dfuqf8y5fUeZ7Cz\nWXbTjujwX/TovmeWKA36VLCz75azW6tDNuDn66FOpADZZ9omVaF6BqNJiLMVl6P3\n/c0OiUMC6Z5OfKcCAwEAAaOCAVowggFWMBIGA1UdEwEB/wQIMAYBAf8CAQAwDgYD\nVR0PAQH/BAQDAgGGMB0GA1UdJQQWMBQGCCsGAQUFBwMBBggrBgEFBQcDAjAdBgNV\nHQ4EFgQUVdkYX9IczAHhWLS+q9lVQgHXLgIwHwYDVR0jBBgwFoAUhBjMhTTsvAyU\nlC4IWZzHshBOCggwewYIKwYBBQUHAQEEbzBtMC8GCCsGAQUFBzABhiNodHRwOi8v\nb2NzcC5yb290Y2ExLmFtYXpvbnRydXN0LmNvbTA6BggrBgEFBQcwAoYuaHR0cDov\nL2NydC5yb290Y2ExLmFtYXpvbnRydXN0LmNvbS9yb290Y2ExLmNlcjA/BgNVHR8E\nODA2MDSgMqAwhi5odHRwOi8vY3JsLnJvb3RjYTEuYW1hem9udHJ1c3QuY29tL3Jv\nb3RjYTEuY3JsMBMGA1UdIAQMMAowCAYGZ4EMAQIBMA0GCSqGSIb3DQEBCwUAA4IB\nAQAGjeWm2cC+3z2MzSCnte46/7JZvj3iQZDY7EvODNdZF41n71Lrk9kbfNwerK0d\nVNzW36Wefr7j7ZSwBVg50W5ay65jNSN74TTQV1yt4WnSbVvN6KlMs1hiyOZdoHKs\nKDV2UGNxbdoBYCQNa2GYF8FQIWLugNp35aSOpMy6cFlymFQomIrnOQHwK1nvVY4q\nxDSJMU/gNJz17D8ArPN3ngnyZ2TwepJ0uBINz3G5te2rdFUF4i4Y3Bb7FUlHDYm4\nu8aIRGpk2ZpfXmxaoxnbIBZRvGLPSUuPwnwoUOMsJ8jirI5vs2dvchPb7MtI1rle\ni02f2ivH2vxkjDLltSpe2fiC\n-----END CERTIFICATE-----\n-----BEGIN CERTIFICATE-----\nMIIEkjCCA3qgAwIBAgITBn+USionzfP6wq4rAfkI7rnExjANBgkqhkiG9w0BAQsF\nADCBmDELMAkGA1UEBhMCVVMxEDAOBgNVBAgTB0FyaXpvbmExEzARBgNVBAcTClNj\nb3R0c2RhbGUxJTAjBgNVBAoTHFN0YXJmaWVsZCBUZWNobm9sb2dpZXMsIEluYy4x\nOzA5BgNVBAMTMlN0YXJmaWVsZCBTZXJ2aWNlcyBSb290IENlcnRpZmljYXRlIEF1\ndGhvcml0eSAtIEcyMB4XDTE1MDUyNTEyMDAwMFoXDTM3MTIzMTAxMDAwMFowOTEL\nMAkGA1UEBhMCVVMxDzANBgNVBAoTBkFtYXpvbjEZMBcGA1UEAxMQQW1hem9uIFJv\nb3QgQ0EgMTCCASIwDQYJKoZIhvcNAQEBBQADggEPADCCAQoCggEBALJ4gHHKeNXj\nca9HgFB0fW7Y14h29Jlo91ghYPl0hAEvrAIthtOgQ3pOsqTQNroBvo3bSMgHFzZM\n9O6II8c+6zf1tRn4SWiw3te5djgdYZ6k/oI2peVKVuRF4fn9tBb6dNqcmzU5L/qw\nIFAGbHrQgLKm+a/sRxmPUDgH3KKHOVj4utWp+UhnMJbulHheb4mjUcAwhmahRWa6\nVOujw5H5SNz/0egwLX0tdHA114gk957EWW67c4cX8jJGKLhD+rcdqsq08p8kDi1L\n93FcXmn/6pUCyziKrlA4b9v7LWIbxcceVOF34GfID5yHI9Y/QCB/IIDEgEw+OyQm\njgSubJrIqg0CAwEAAaOCATEwggEtMA8GA1UdEwEB/wQFMAMBAf8wDgYDVR0PAQH/\nBAQDAgGGMB0GA1UdDgQWBBSEGMyFNOy8DJSULghZnMeyEE4KCDAfBgNVHSMEGDAW\ngBScXwDfqgHXMCs4iKK4bUqc8hGRgzB4BggrBgEFBQcBAQRsMGowLgYIKwYBBQUH\nMAGGImh0dHA6Ly9vY3NwLnJvb3RnMi5hbWF6b250cnVzdC5jb20wOAYIKwYBBQUH\nMAKGLGh0dHA6Ly9jcnQucm9vdGcyLmFtYXpvbnRydXN0LmNvbS9yb290ZzIuY2Vy\nMD0GA1UdHwQ2MDQwMqAwoC6GLGh0dHA6Ly9jcmwucm9vdGcyLmFtYXpvbnRydXN0\nLmNvbS9yb290ZzIuY3JsMBEGA1UdIAQKMAgwBgYEVR0gADANBgkqhkiG9w0BAQsF\nAAOCAQEAYjdCXLwQtT6LLOkMm2xF4gcAevnFWAu5CIw+7bMlPLVvUOTNNWqnkzSW\nMiGpSESrnO09tKpzbeR/FoCJbM8oAxiDR3mjEH4wW6w7sGDgd9QIpuEdfF7Au/ma\neyKdpwAJfqxGF4PcnCZXmTA5YpaP7dreqsXMGz7KQ2hsVxa81Q4gLv7/wmpdLqBK\nbRRYh5TmOTFffHPLkIhqhBGWJ6bt2YFGpn6jcgAKUj6DiAdjd4lpFw85hdKrCEVN\n0FE6/V1dN2RMfjCyVSRCnTawXZwXgWHxyvkQAiSr6w10kY17RSlQOYiypok1JR4U\nakcjMS9cmvqtmg5iUaQqqcT5NJ0hGA==\n-----END CERTIFICATE-----\n",
            "domain": "www.ljhun.shop",
            "id": "arn:aws:acm:us-east-1:481665107235:certificate/0b0b9bba-e9da-4432-8937-4d8104a2b864",
            "key_types": null,
            "most_recent": false,
            "status": "ISSUED",
            "statuses": [
              "ISSUED"
            ],
            "tags": {},
            "types": null
          },
          "sensitive_attributes": []
        }
      ]
    },
    {
      "mode": "data",
      "type": "aws_route53_zone",
      "name": "ljhun_zone",
      "provider": "provider[\"registry.terraform.io/hashicorp/aws\"]",
      "instances": [
        {
          "schema_version": 0,
          "attributes": {
            "arn": "arn:aws:route53:::hostedzone/Z003422921ZWRSU9KTPP7",
            "caller_reference": "19886be2-6406-4c4d-9c54-8924618ea1d0",
            "comment": "",
            "id": "Z003422921ZWRSU9KTPP7",
            "linked_service_description": null,
            "linked_service_principal": null,
            "name": "ljhun.shop",
            "name_servers": [
              "ns-1566.awsdns-03.co.uk",
              "ns-1122.awsdns-12.org",
              "ns-98.awsdns-12.com",
              "ns-901.awsdns-48.net"
            ],
            "primary_name_server": "ns-1566.awsdns-03.co.uk",
            "private_zone": false,
            "resource_record_set_count": 4,
            "tags": {},
            "vpc_id": null,
            "zone_id": "Z003422921ZWRSU9KTPP7"
          },
          "sensitive_attributes": []
        }
      ]
    },
    {
      "mode": "managed",
      "type": "aws_cloudfront_distribution",
      "name": "frontend_distribution",
      "provider": "provider[\"registry.terraform.io/hashicorp/aws\"]",
      "instances": [
        {
          "schema_version": 1,
          "attributes": {
            "aliases": [
              "ljhun.shop",
              "www.ljhun.shop"
            ],
            "arn": "arn:aws:cloudfront::481665107235:distribution/EA8TG0OS3GZSY",
            "caller_reference": "terraform-20241113150610714000000002",
            "comment": null,
            "continuous_deployment_policy_id": "",
            "custom_error_response": [],
            "default_cache_behavior": [
              {
                "allowed_methods": [
                  "GET",
                  "HEAD"
                ],
                "cache_policy_id": "",
                "cached_methods": [
                  "GET",
                  "HEAD"
                ],
                "compress": false,
                "default_ttl": 3600,
                "field_level_encryption_id": "",
                "forwarded_values": [
                  {
                    "cookies": [
                      {
                        "forward": "none",
                        "whitelisted_names": []
                      }
                    ],
                    "headers": [],
                    "query_string": false,
                    "query_string_cache_keys": []
                  }
                ],
                "function_association": [],
                "lambda_function_association": [],
                "max_ttl": 86400,
                "min_ttl": 0,
                "origin_request_policy_id": "",
                "realtime_log_config_arn": "",
                "response_headers_policy_id": "",
                "smooth_streaming": false,
                "target_origin_id": "S3-frontend",
                "trusted_key_groups": [],
                "trusted_signers": [],
                "viewer_protocol_policy": "redirect-to-https"
              }
            ],
            "default_root_object": "index.html",
            "domain_name": "d2b91w4ygv6v3m.cloudfront.net",
            "enabled": true,
            "etag": "E2VQT1RKYRB5X6",
            "hosted_zone_id": "Z2FDTNDATAQYW2",
            "http_version": "http2",
            "id": "EA8TG0OS3GZSY",
            "in_progress_validation_batches": 0,
            "is_ipv6_enabled": true,
            "last_modified_time": "2024-11-13 15:06:11.092 +0000 UTC",
            "logging_config": [],
            "ordered_cache_behavior": [],
            "origin": [
              {
                "connection_attempts": 3,
                "connection_timeout": 10,
                "custom_header": [],
                "custom_origin_config": [],
                "domain_name": "shoppingwebfrontend.s3.ap-northeast-2.amazonaws.com",
                "origin_access_control_id": "",
                "origin_id": "S3-frontend",
                "origin_path": "",
                "origin_shield": [],
                "s3_origin_config": [
                  {
                    "origin_access_identity": "origin-access-identity/cloudfront/E1PNUUMVJVKM5R"
                  }
                ]
              }
            ],
            "origin_group": [],
            "price_class": "PriceClass_All",
            "restrictions": [
              {
                "geo_restriction": [
                  {
                    "locations": [],
                    "restriction_type": "none"
                  }
                ]
              }
            ],
            "retain_on_delete": false,
            "staging": false,
            "status": "Deployed",
            "tags": null,
            "tags_all": {},
            "trusted_key_groups": [
              {
                "enabled": false,
                "items": []
              }
            ],
            "trusted_signers": [
              {
                "enabled": false,
                "items": []
              }
            ],
            "viewer_certificate": [
              {
                "acm_certificate_arn": "arn:aws:acm:us-east-1:481665107235:certificate/0b0b9bba-e9da-4432-8937-4d8104a2b864",
                "cloudfront_default_certificate": false,
                "iam_certificate_id": "",
                "minimum_protocol_version": "TLSv1.2_2019",
                "ssl_support_method": "sni-only"
              }
            ],
            "wait_for_deployment": true,
            "web_acl_id": ""
          },
          "sensitive_attributes": [],
          "private": "eyJzY2hlbWFfdmVyc2lvbiI6IjEifQ==",
          "dependencies": [
            "aws_cloudfront_origin_access_identity.s3_identity",
            "aws_s3_bucket.frontend_bucket",
            "data.aws_acm_certificate.ljhun_cert"
          ]
        }
      ]
    },
    {
      "mode": "managed",
      "type": "aws_cloudfront_origin_access_identity",
      "name": "s3_identity",
      "provider": "provider[\"registry.terraform.io/hashicorp/aws\"]",
      "instances": [
        {
          "schema_version": 0,
          "attributes": {
            "caller_reference": "terraform-20241113150608698700000001",
            "cloudfront_access_identity_path": "origin-access-identity/cloudfront/E1PNUUMVJVKM5R",
            "comment": "OAI for S3 frontend bucket",
            "etag": "E32BHXGG2LYZP1",
            "iam_arn": "arn:aws:iam::cloudfront:user/CloudFront Origin Access Identity E1PNUUMVJVKM5R",
            "id": "E1PNUUMVJVKM5R",
            "s3_canonical_user_id": "7998f486f093446b98a8280f4119f735ab29c242dad9e85f2de33020b418848fb4e183825e33965d0d062fe7cb64f9a6"
          },
          "sensitive_attributes": [],
          "private": "bnVsbA=="
        }
      ]
    },
    {
      "mode": "managed",
      "type": "aws_route53_record",
      "name": "frontend_alias",
      "provider": "provider[\"registry.terraform.io/hashicorp/aws\"]",
      "instances": [
        {
          "schema_version": 2,
          "attributes": {
            "alias": [
              {
                "evaluate_target_health": false,
                "name": "d2b91w4ygv6v3m.cloudfront.net",
                "zone_id": "Z2FDTNDATAQYW2"
              }
            ],
            "allow_overwrite": null,
            "cidr_routing_policy": [],
            "failover_routing_policy": [],
            "fqdn": "www.ljhun.shop",
            "geolocation_routing_policy": [],
            "geoproximity_routing_policy": [],
            "health_check_id": "",
            "id": "Z003422921ZWRSU9KTPP7_www.ljhun.shop_A",
            "latency_routing_policy": [],
            "multivalue_answer_routing_policy": false,
            "name": "www.ljhun.shop",
            "records": null,
            "set_identifier": "",
            "ttl": 0,
            "type": "A",
            "weighted_routing_policy": [],
            "zone_id": "Z003422921ZWRSU9KTPP7"
          },
          "sensitive_attributes": [],
          "private": "eyJzY2hlbWFfdmVyc2lvbiI6IjIifQ==",
          "dependencies": [
            "aws_cloudfront_distribution.frontend_distribution",
            "aws_cloudfront_origin_access_identity.s3_identity",
            "aws_s3_bucket.frontend_bucket",
            "data.aws_acm_certificate.ljhun_cert",
            "data.aws_route53_zone.ljhun_zone"
          ]
        }
      ]
    },
    {
      "mode": "managed",
      "type": "aws_route53_record",
      "name": "frontend_alias1",
      "provider": "provider[\"registry.terraform.io/hashicorp/aws\"]",
      "instances": [
        {
          "status": "tainted",
          "schema_version": 2,
          "attributes": {
            "alias": [
              {
                "evaluate_target_health": false,
                "name": "d2b91w4ygv6v3m.cloudfront.net",
                "zone_id": "Z2FDTNDATAQYW2"
              }
            ],
            "allow_overwrite": null,
            "cidr_routing_policy": [],
            "failover_routing_policy": [],
            "fqdn": null,
            "geolocation_routing_policy": [],
            "geoproximity_routing_policy": [],
            "health_check_id": null,
            "id": "Z003422921ZWRSU9KTPP7_ljhun.shop_A",
            "latency_routing_policy": [],
            "multivalue_answer_routing_policy": null,
            "name": "ljhun.shop",
            "records": null,
            "set_identifier": null,
            "ttl": null,
            "type": "A",
            "weighted_routing_policy": [],
            "zone_id": "Z003422921ZWRSU9KTPP7"
          },
          "sensitive_attributes": [],
          "private": "eyJzY2hlbWFfdmVyc2lvbiI6IjIifQ==",
          "dependencies": [
            "aws_cloudfront_distribution.frontend_distribution",
            "aws_cloudfront_origin_access_identity.s3_identity",
            "aws_s3_bucket.frontend_bucket",
            "data.aws_acm_certificate.ljhun_cert",
            "data.aws_route53_zone.ljhun_zone"
          ]
        }
      ]
    },
    {
      "mode": "managed",
      "type": "aws_s3_bucket",
      "name": "frontend_bucket",
      "provider": "provider[\"registry.terraform.io/hashicorp/aws\"]",
      "instances": [
        {
          "schema_version": 0,
          "attributes": {
            "acceleration_status": "",
            "acl": null,
            "arn": "arn:aws:s3:::shoppingwebfrontend",
            "bucket": "shoppingwebfrontend",
            "bucket_domain_name": "shoppingwebfrontend.s3.amazonaws.com",
            "bucket_prefix": "",
            "bucket_regional_domain_name": "shoppingwebfrontend.s3.ap-northeast-2.amazonaws.com",
            "cors_rule": [],
            "force_destroy": false,
            "grant": [
              {
                "id": "b75bc6f973778518a134566cb227b88d702da7e609b7bfac1c86d5531eafdfab",
                "permissions": [
                  "FULL_CONTROL"
                ],
                "type": "CanonicalUser",
                "uri": ""
              }
            ],
            "hosted_zone_id": "Z3W03O7B5YMIYP",
            "id": "shoppingwebfrontend",
            "lifecycle_rule": [],
            "logging": [],
            "object_lock_configuration": [],
            "object_lock_enabled": false,
            "policy": "",
            "region": "ap-northeast-2",
            "replication_configuration": [],
            "request_payer": "BucketOwner",
            "server_side_encryption_configuration": [
              {
                "rule": [
                  {
                    "apply_server_side_encryption_by_default": [
                      {
                        "kms_master_key_id": "",
                        "sse_algorithm": "AES256"
                      }
                    ],
                    "bucket_key_enabled": false
                  }
                ]
              }
            ],
            "tags": null,
            "tags_all": {},
            "timeouts": null,
            "versioning": [
              {
                "enabled": false,
                "mfa_delete": false
              }
            ],
            "website": [
              {
                "error_document": "error.html",
                "index_document": "index.html",
                "redirect_all_requests_to": "",
                "routing_rules": ""
              }
            ],
            "website_domain": "s3-website.ap-northeast-2.amazonaws.com",
            "website_endpoint": "shoppingwebfrontend.s3-website.ap-northeast-2.amazonaws.com"
          },
          "sensitive_attributes": [],
          "private": "eyJlMmJmYjczMC1lY2FhLTExZTYtOGY4OC0zNDM2M2JjN2M0YzAiOnsiY3JlYXRlIjoxMjAwMDAwMDAwMDAwLCJkZWxldGUiOjM2MDAwMDAwMDAwMDAsInJlYWQiOjEyMDAwMDAwMDAwMDAsInVwZGF0ZSI6MTIwMDAwMDAwMDAwMH19"
        }
      ]
    },
    {
      "mode": "managed",
      "type": "aws_s3_bucket_policy",
      "name": "frontend_bucket_policy",
      "provider": "provider[\"registry.terraform.io/hashicorp/aws\"]",
      "instances": [
        {
          "schema_version": 0,
          "attributes": {
            "bucket": "shoppingwebfrontend",
            "id": "shoppingwebfrontend",
            "policy": "{\"Statement\":[{\"Action\":\"s3:GetObject\",\"Effect\":\"Allow\",\"Principal\":{\"AWS\":\"arn:aws:iam::cloudfront:user/CloudFront Origin Access Identity E1PNUUMVJVKM5R\"},\"Resource\":\"arn:aws:s3:::shoppingwebfrontend/*\"}],\"Version\":\"2012-10-17\"}"
          },
          "sensitive_attributes": [],
          "private": "bnVsbA==",
          "dependencies": [
            "aws_cloudfront_origin_access_identity.s3_identity",
            "aws_s3_bucket.frontend_bucket"
          ]
        }
      ]
    },
    {
      "mode": "managed",
      "type": "aws_s3_bucket_public_access_block",
      "name": "block_public_access",
      "provider": "provider[\"registry.terraform.io/hashicorp/aws\"]",
      "instances": [
        {
          "schema_version": 0,
          "attributes": {
            "block_public_acls": false,
            "block_public_policy": false,
            "bucket": "shoppingwebfrontend",
            "id": "shoppingwebfrontend",
            "ignore_public_acls": false,
            "restrict_public_buckets": false
          },
          "sensitive_attributes": [],
          "private": "bnVsbA==",
          "dependencies": [
            "aws_s3_bucket.frontend_bucket"
          ]
        }
      ]
    }
  ],
  "check_results": null
}
