{
  "version": 4,
  "terraform_version": "1.5.7",
  "serial": 460,
  "lineage": "bd48d731-13f6-32f9-d2e6-82822f3d77c8",
  "outputs": {},
  "resources": [
    {
      "mode": "data",
      "type": "google_client_config",
      "name": "default",
      "provider": "provider[\"registry.terraform.io/hashicorp/google\"]",
      "instances": [
        {
          "schema_version": 0,
          "attributes": {
            "access_token": "ya29.a0ARW5m752T3FslSqJH44IT9eqgd2DTfdY_MhX1YjZdKfDgk473p83l00tCcklNWgBbQHj7sQPNuU7ncbOlgYYOMeYyHVPL8Q501-76UtTKWQ7jGj7E8tzc4j4uXDQji1phFQUfpdjCAbl5iAsDFrx3NxyHYfBxw81UB5wsjV-HgaCgYKAZsSARISFQHGX2MimmtBTHUS9w--l-rM_JLhpw0177",
            "default_labels": {},
            "id": "projects/peppy-arcadia-432311-g5/regions/asia-northeast3/zones/",
            "project": "peppy-arcadia-432311-g5",
            "region": "asia-northeast3",
            "zone": ""
          },
          "sensitive_attributes": []
        }
      ]
    },
    {
      "module": "module.cloud_sql",
      "mode": "managed",
      "type": "google_sql_database",
      "name": "default_db",
      "provider": "provider[\"registry.terraform.io/hashicorp/google\"]",
      "instances": [
        {
          "schema_version": 0,
          "attributes": {
            "charset": "utf8mb4",
            "collation": "utf8mb4_0900_ai_ci",
            "deletion_policy": "DELETE",
            "id": "projects/peppy-arcadia-432311-g5/instances/mydb-instance/databases/mydb",
            "instance": "mydb-instance",
            "name": "mydb",
            "project": "peppy-arcadia-432311-g5",
            "self_link": "https://sqladmin.googleapis.com/sql/v1beta4/projects/peppy-arcadia-432311-g5/instances/mydb-instance/databases/mydb",
            "timeouts": null
          },
          "sensitive_attributes": [],
          "private": "eyJlMmJmYjczMC1lY2FhLTExZTYtOGY4OC0zNDM2M2JjN2M0YzAiOnsiY3JlYXRlIjoxMjAwMDAwMDAwMDAwLCJkZWxldGUiOjEyMDAwMDAwMDAwMDAsInVwZGF0ZSI6MTIwMDAwMDAwMDAwMH19",
          "dependencies": [
            "module.cloud_sql.google_sql_database_instance.mysql_instance",
            "module.network.google_compute_global_address.private_ip_range",
            "module.network.google_compute_network.main_vpc",
            "module.network.google_compute_router.nat_router",
            "module.network.google_compute_router_nat.nat_config",
            "module.network.google_compute_subnetwork.private_subnet",
            "module.network.google_compute_subnetwork.public_subnet",
            "module.network.google_service_networking_connection.private_vpc_connection"
          ]
        }
      ]
    },
    {
      "module": "module.cloud_sql",
      "mode": "managed",
      "type": "google_sql_database_instance",
      "name": "mysql_instance",
      "provider": "provider[\"registry.terraform.io/hashicorp/google\"]",
      "instances": [
        {
          "schema_version": 0,
          "attributes": {
            "available_maintenance_versions": [],
            "clone": [],
            "connection_name": "peppy-arcadia-432311-g5:asia-northeast3:mydb-instance",
            "database_version": "MYSQL_8_0",
            "deletion_protection": false,
            "dns_name": "",
            "encryption_key_name": null,
            "first_ip_address": "10.3.0.5",
            "id": "mydb-instance",
            "instance_type": "CLOUD_SQL_INSTANCE",
            "ip_address": [
              {
                "ip_address": "10.3.0.5",
                "time_to_retire": "",
                "type": "PRIVATE"
              }
            ],
            "maintenance_version": "MYSQL_8_0_31.R20241208.01_00",
            "master_instance_name": "",
            "name": "mydb-instance",
            "private_ip_address": "10.3.0.5",
            "project": "peppy-arcadia-432311-g5",
            "psc_service_attachment_link": "",
            "public_ip_address": "",
            "region": "asia-northeast3",
            "replica_configuration": [],
            "replica_names": [],
            "restore_backup_context": [],
            "root_password": null,
            "self_link": "https://sqladmin.googleapis.com/sql/v1beta4/projects/peppy-arcadia-432311-g5/instances/mydb-instance",
            "server_ca_cert": [
              {
                "cert": "-----BEGIN CERTIFICATE-----\nMIIDfzCCAmegAwIBAgIBADANBgkqhkiG9w0BAQsFADB3MS0wKwYDVQQuEyQ4N2Q4\nZmJlZS1lMDM1LTQ3YmQtODc5MS0zOGJkMDA3ZmEzYzExIzAhBgNVBAMTGkdvb2ds\nZSBDbG91ZCBTUUwgU2VydmVyIENBMRQwEgYDVQQKEwtHb29nbGUsIEluYzELMAkG\nA1UEBhMCVVMwHhcNMjUwMTE2MTIzMzMxWhcNMzUwMTE0MTIzNDMxWjB3MS0wKwYD\nVQQuEyQ4N2Q4ZmJlZS1lMDM1LTQ3YmQtODc5MS0zOGJkMDA3ZmEzYzExIzAhBgNV\nBAMTGkdvb2dsZSBDbG91ZCBTUUwgU2VydmVyIENBMRQwEgYDVQQKEwtHb29nbGUs\nIEluYzELMAkGA1UEBhMCVVMwggEiMA0GCSqGSIb3DQEBAQUAA4IBDwAwggEKAoIB\nAQCxMHmYQnm3kwOyC50gOXLFjJdRhBZNIFcicHaa8tjfcu1DNWRfAe0t0IKPeHdr\nQRXd8/HcLEoEAHTCsEFz1HBt3tEvo4ebTf0gdanXBN5Gy5mvLL5O4dnktcXZrfCR\noww3JLRVhBl8uaDWh6Bx6ShB9+wDVJoRS9hsA7pR8xZSFsZF8UkjGrvo0yp8HFHS\nATGlLAitJ2Hk96qhRQ2WvnBRbmzEw3/vRndKfvsge4UgBJfFnxE91CgIMimR+7vP\nxUREPexTiGhp/EmJTWOCxiIM1vLNHgmw3gX++TsyWeneYDDSXy7qXm1cK6tcDcjm\nfaa64w4AG9UNAt8B6QAM3n8LAgMBAAGjFjAUMBIGA1UdEwEB/wQIMAYBAf8CAQAw\nDQYJKoZIhvcNAQELBQADggEBAA5U6PbzWowj98NXUO7//syOJzk3D+brJ3gYCsPB\n8IAcpI54CYXJESp2l/09HuKyEZ7q13rJ+SjpivwK+6uMVAOdSpaWRRkqifISZTBr\nBZNXVs9ylitzKhaZqoANzyPda6m9r2GHu5W6EaSlIY+0GPd1w/iW9coFBleVZSwO\ntdcGs6b+/K0NJ7K4g4ax7uwtLYRPAtOnPeEBkHdj0mNkyTmfAyUlSUyb6ld+h00r\nYc5ifZVM7IDE6QCxc3GH6/zi5+uLHeSSLzm7+zSvqKMwr9v8j7Jne2hLx5+e9+uS\nwQ8epGjD1CbzL1xxT2a86jl4Kg6JKj+i4mQsMYZ5BIT9yKM=\n-----END CERTIFICATE-----",
                "common_name": "C=US,O=Google\\, Inc,CN=Google Cloud SQL Server CA,dnQualifier=87d8fbee-e035-47bd-8791-38bd007fa3c1",
                "create_time": "2025-01-16T12:33:31.094Z",
                "expiration_time": "2035-01-14T12:34:31.094Z",
                "sha1_fingerprint": "795b272de092fdac1086c2e19460199b8b3c06f3"
              }
            ],
            "service_account_email_address": "p134982172036-cokpio@gcp-sa-cloud-sql.iam.gserviceaccount.com",
            "settings": [
              {
                "activation_policy": "ALWAYS",
                "active_directory_config": [],
                "advanced_machine_features": [],
                "availability_type": "ZONAL",
                "backup_configuration": [
                  {
                    "backup_retention_settings": [
                      {
                        "retained_backups": 7,
                        "retention_unit": "COUNT"
                      }
                    ],
                    "binary_log_enabled": false,
                    "enabled": false,
                    "location": "",
                    "point_in_time_recovery_enabled": false,
                    "start_time": "22:00",
                    "transaction_log_retention_days": 7
                  }
                ],
                "collation": "",
                "connector_enforcement": "NOT_REQUIRED",
                "data_cache_config": [
                  {
                    "data_cache_enabled": false
                  }
                ],
                "database_flags": [],
                "deletion_protection_enabled": false,
                "deny_maintenance_period": [],
                "disk_autoresize": true,
                "disk_autoresize_limit": 0,
                "disk_size": 10,
                "disk_type": "PD_SSD",
                "edition": "ENTERPRISE",
                "enable_dataplex_integration": false,
                "enable_google_ml_integration": false,
                "insights_config": [],
                "ip_configuration": [
                  {
                    "allocated_ip_range": "",
                    "authorized_networks": [],
                    "enable_private_path_for_google_cloud_services": false,
                    "ipv4_enabled": false,
                    "private_network": "projects/peppy-arcadia-432311-g5/global/networks/gcp-dr-vpc",
                    "psc_config": [],
                    "server_ca_mode": "GOOGLE_MANAGED_INTERNAL_CA",
                    "server_ca_pool": "",
                    "ssl_mode": "ALLOW_UNENCRYPTED_AND_ENCRYPTED"
                  }
                ],
                "location_preference": [
                  {
                    "follow_gae_application": "",
                    "secondary_zone": "",
                    "zone": "asia-northeast3-c"
                  }
                ],
                "maintenance_window": [],
                "password_validation_policy": [],
                "pricing_plan": "PER_USE",
                "sql_server_audit_config": [],
                "tier": "db-f1-micro",
                "time_zone": "",
                "user_labels": {},
                "version": 2
              }
            ],
            "timeouts": null
          },
          "sensitive_attributes": [],
          "private": "eyJlMmJmYjczMC1lY2FhLTExZTYtOGY4OC0zNDM2M2JjN2M0YzAiOnsiY3JlYXRlIjo1NDAwMDAwMDAwMDAwLCJkZWxldGUiOjU0MDAwMDAwMDAwMDAsInVwZGF0ZSI6NTQwMDAwMDAwMDAwMH19",
          "dependencies": [
            "module.network.google_compute_global_address.private_ip_range",
            "module.network.google_compute_network.main_vpc",
            "module.network.google_compute_router.nat_router",
            "module.network.google_compute_router_nat.nat_config",
            "module.network.google_compute_subnetwork.private_subnet",
            "module.network.google_compute_subnetwork.public_subnet",
            "module.network.google_service_networking_connection.private_vpc_connection"
          ]
        }
      ]
    },
    {
      "module": "module.cloud_sql",
      "mode": "managed",
      "type": "google_sql_user",
      "name": "root_user",
      "provider": "provider[\"registry.terraform.io/hashicorp/google\"]",
      "instances": [
        {
          "schema_version": 1,
          "attributes": {
            "deletion_policy": null,
            "host": "%",
            "id": "root/%/mydb-instance",
            "instance": "mydb-instance",
            "name": "root",
            "password": "hi8857036",
            "password_policy": [],
            "project": "peppy-arcadia-432311-g5",
            "sql_server_user_details": [],
            "timeouts": null,
            "type": ""
          },
          "sensitive_attributes": [],
          "private": "eyJlMmJmYjczMC1lY2FhLTExZTYtOGY4OC0zNDM2M2JjN2M0YzAiOnsiY3JlYXRlIjo2MDAwMDAwMDAwMDAsImRlbGV0ZSI6NjAwMDAwMDAwMDAwLCJ1cGRhdGUiOjYwMDAwMDAwMDAwMH0sInNjaGVtYV92ZXJzaW9uIjoiMSJ9",
          "dependencies": [
            "module.cloud_sql.google_sql_database_instance.mysql_instance",
            "module.network.google_compute_global_address.private_ip_range",
            "module.network.google_compute_network.main_vpc",
            "module.network.google_compute_router.nat_router",
            "module.network.google_compute_router_nat.nat_config",
            "module.network.google_compute_subnetwork.private_subnet",
            "module.network.google_compute_subnetwork.public_subnet",
            "module.network.google_service_networking_connection.private_vpc_connection"
          ]
        }
      ]
    },
    {
      "module": "module.gke",
      "mode": "managed",
      "type": "google_container_cluster",
      "name": "gke_cluster",
      "provider": "provider[\"registry.terraform.io/hashicorp/google\"]",
      "instances": [
        {
          "schema_version": 2,
          "attributes": {
            "addons_config": [
              {
                "cloudrun_config": [],
                "config_connector_config": [],
                "dns_cache_config": [],
                "gce_persistent_disk_csi_driver_config": [
                  {
                    "enabled": true
                  }
                ],
                "gcp_filestore_csi_driver_config": [],
                "gcs_fuse_csi_driver_config": [],
                "gke_backup_agent_config": [],
                "horizontal_pod_autoscaling": [],
                "http_load_balancing": [],
                "network_policy_config": [
                  {
                    "disabled": true
                  }
                ],
                "parallelstore_csi_driver_config": [],
                "ray_operator_config": [],
                "stateful_ha_config": []
              }
            ],
            "allow_net_admin": null,
            "authenticator_groups_config": [],
            "binary_authorization": [
              {
                "enabled": false,
                "evaluation_mode": ""
              }
            ],
            "cluster_autoscaling": [
              {
                "auto_provisioning_defaults": [],
                "auto_provisioning_locations": [],
                "autoscaling_profile": "BALANCED",
                "enabled": false,
                "resource_limits": []
              }
            ],
            "cluster_ipv4_cidr": "10.1.0.0/16",
            "confidential_nodes": [],
            "control_plane_endpoints_config": [
              {
                "dns_endpoint_config": [
                  {
                    "allow_external_traffic": false,
                    "endpoint": "gke-b49ff530ade04c46adc8ac07a264f63bd272-134982172036.asia-northeast3.gke.goog"
                  }
                ]
              }
            ],
            "cost_management_config": [],
            "database_encryption": [
              {
                "key_name": "",
                "state": "DECRYPTED"
              }
            ],
            "datapath_provider": "",
            "default_max_pods_per_node": 110,
            "default_snat_status": [
              {
                "disabled": false
              }
            ],
            "deletion_protection": false,
            "description": "",
            "dns_config": [],
            "effective_labels": {
              "goog-terraform-provisioned": "true"
            },
            "enable_autopilot": false,
            "enable_cilium_clusterwide_network_policy": false,
            "enable_fqdn_network_policy": false,
            "enable_intranode_visibility": false,
            "enable_k8s_beta_apis": [],
            "enable_kubernetes_alpha": false,
            "enable_l4_ilb_subsetting": false,
            "enable_legacy_abac": false,
            "enable_multi_networking": false,
            "enable_shielded_nodes": true,
            "enable_tpu": false,
            "endpoint": "34.64.71.230",
            "enterprise_config": [
              {
                "cluster_tier": "STANDARD",
                "desired_tier": ""
              }
            ],
            "fleet": [],
            "gateway_api_config": [],
            "id": "projects/peppy-arcadia-432311-g5/locations/asia-northeast3/clusters/gcp-dr-gke",
            "identity_service_config": [],
            "initial_node_count": 1,
            "ip_allocation_policy": [
              {
                "additional_pod_ranges_config": [],
                "cluster_ipv4_cidr_block": "10.1.0.0/16",
                "cluster_secondary_range_name": "pods",
                "pod_cidr_overprovision_config": [
                  {
                    "disabled": false
                  }
                ],
                "services_ipv4_cidr_block": "10.2.0.0/16",
                "services_secondary_range_name": "services",
                "stack_type": "IPV4"
              }
            ],
            "label_fingerprint": "78cdf2f6",
            "location": "asia-northeast3",
            "logging_config": [
              {
                "enable_components": [
                  "SYSTEM_COMPONENTS",
                  "WORKLOADS"
                ]
              }
            ],
            "logging_service": "logging.googleapis.com/kubernetes",
            "maintenance_policy": [],
            "master_auth": [
              {
                "client_certificate": "",
                "client_certificate_config": [
                  {
                    "issue_client_certificate": false
                  }
                ],
                "client_key": "",
                "cluster_ca_certificate": "LS0tLS1CRUdJTiBDRVJUSUZJQ0FURS0tLS0tCk1JSUVMRENDQXBTZ0F3SUJBZ0lRUlVuUnZaVTlLRXhOaFVzK1RENzlGakFOQmdrcWhraUc5dzBCQVFzRkFEQXYKTVMwd0t3WURWUVFERXlRMllqQm1abUZrWlMweVkyTmtMVFF4TlRFdFlXTm1aaTB4Wm1Nd01tRTBNbUk0TnpJdwpJQmNOTWpVd01URTJNVEV6TVRNNVdoZ1BNakExTlRBeE1Ea3hNak14TXpsYU1DOHhMVEFyQmdOVkJBTVRKRFppCk1HWm1ZV1JsTFRKalkyUXROREUxTVMxaFkyWm1MVEZtWXpBeVlUUXlZamczTWpDQ0FhSXdEUVlKS29aSWh2Y04KQVFFQkJRQURnZ0dQQURDQ0FZb0NnZ0dCQUtXZXVTejA3ZCt4T0xZNmZaRnFZb1JKT2g4azZyU2tnL1pRalZTcgpwQlkzZWEvaHRYTEJRVDMyZ3YrRHNUVDRUTFQvUGNwSjBWZGFGWUtQR1ZUSDJDKzR6Z0QyZ0tyTXd0d1VxQysrCmI0YjJ2azBBa2lWVHBqb05YZHdZY0M5cllqblhONFNXUVdrQUl5eUpIT2crT1ZUbFNWM2ZLMHRSWjZLeU9QMUIKL3hsOHAyQmpBOEZqdzNzdkNRRHVQQTZjN09CQWduNC9teFRCcVFmbTdGcnN4VXhsZ1JjS1Fmc2xPcXc1dTFzRgppakNpMnY0QjhzUW1rSkV1NFNsYlU0ci9LUXJPcUliODArTVFPSjBCMEtrSzdsQ29BRENQbGxQNUM4MWRWZWFYCmlWNnRZRVJ2QlpRVUxKNUQwOG9lbTlobHJEbHJacUVPUUhZaFdOZ21BaEwyVzJCUkxkRlhGdEhDdDBuQVJvZ1EKQTJLK3MyVGh0M1lQVjBOWFBaZzIwVDFMNzg5Y084Wm5SYXdUeTVHZzJDRW14ZU1qZGNBc2hCZVJ3RGMwQzNMegpJZVpRSmRQL24zLzJuWkdZRTBCRkNtNkRGVEkvUUs1Y3YwNUhlaEFVMHdHTzZaMlpJaW0rd1E1RlR3TFlZZTJXCmxlM0VsZ0l1aGVEMUpRTzRhbVBJcG8xWUxRSURBUUFCbzBJd1FEQU9CZ05WSFE4QkFmOEVCQU1DQWdRd0R3WUQKVlIwVEFRSC9CQVV3QXdFQi96QWRCZ05WSFE0RUZnUVVxODJFNi9Vc2kzZXFZRnA4YktZazNlb1dqbGN3RFFZSgpLb1pJaHZjTkFRRUxCUUFEZ2dHQkFHcUp5ckVxZmZPK3hscnpqVEJCV1V6RU91cmVKbVF6TlNNaGdqalhkYmE3ClIyR0NoRlcyNGZsa2hmQzVlRzI4VjFIKzY5K2JkNVlDcXZQdWVUT2NJOTM5QjlCU3U5dEJsZjkzWG5LeFo3MWwKbWUwUVZCOERxVTU4REFVUnJWcE9YVmY4Y3dvOUxXSW1yK0QwenUwazRjcEdVWG1SSW0yQ29CQVVoakNxMDlveQpucllrR2x5NkxybmF5L1M3QUR6c25hOWlYbnZ6aVluWHU5dmpsNWJSckNsMHRCa1JCdW44R1V4SktvdGM1R2hiCmUzd3c3V21IRVpUWCsrZCtpTEIrZXQvMEo3RWhoMVdzSkpVK1UwZnRnUjUrWWNuUWE3MUt3U0RrNlp0dFB1QmoKK3daMmVJMW40Z3RWV0pyWEpGZG1uOFFtbzhMdkpYVUVYOEJvNnQ5WE1ERlRHYnhDZEdpeEIwOElxeDBaSjJrUwo4bDVvY29zVFdEVXBKaXo5ZjhKaTRDUWtEeitwUDNZYVRsaDRUQkFhKzF5K1N2TkhOZXo3L2dOUk5rMUlHUUx4CmF1N2VabjFxbGlMUW1kN0RNWkJyNjFmWlV4WjE5OUZzR1dLby9oZzJ2UEJHVkJJM1MvZmQ2aXZBNjNRdDI0TmsKMlp5akFpaWRaRUhKbEphUmQ5cFVzUT09Ci0tLS0tRU5EIENFUlRJRklDQVRFLS0tLS0K"
              }
            ],
            "master_authorized_networks_config": [],
            "master_version": "1.30.6-gke.1596000",
            "mesh_certificates": [],
            "min_master_version": null,
            "monitoring_config": [
              {
                "advanced_datapath_observability_config": [
                  {
                    "enable_metrics": false,
                    "enable_relay": false
                  }
                ],
                "enable_components": [
                  "SYSTEM_COMPONENTS",
                  "STATEFULSET",
                  "STORAGE",
                  "HPA",
                  "POD",
                  "DAEMONSET",
                  "DEPLOYMENT",
                  "KUBELET",
                  "CADVISOR"
                ],
                "managed_prometheus": [
                  {
                    "enabled": true
                  }
                ]
              }
            ],
            "monitoring_service": "monitoring.googleapis.com/kubernetes",
            "name": "gcp-dr-gke",
            "network": "projects/peppy-arcadia-432311-g5/global/networks/gcp-dr-vpc",
            "network_policy": [
              {
                "enabled": false,
                "provider": "PROVIDER_UNSPECIFIED"
              }
            ],
            "networking_mode": "VPC_NATIVE",
            "node_config": [
              {
                "advanced_machine_features": [],
                "boot_disk_kms_key": "",
                "confidential_nodes": [],
                "containerd_config": [],
                "disk_size_gb": 20,
                "disk_type": "pd-balanced",
                "effective_taints": [],
                "enable_confidential_storage": false,
                "ephemeral_storage_local_ssd_config": [],
                "fast_socket": [],
                "gcfs_config": [],
                "guest_accelerator": [],
                "gvnic": [],
                "host_maintenance_policy": [],
                "image_type": "COS_CONTAINERD",
                "kubelet_config": [
                  {
                    "cpu_cfs_quota": false,
                    "cpu_cfs_quota_period": "",
                    "cpu_manager_policy": "",
                    "insecure_kubelet_readonly_port_enabled": "TRUE",
                    "pod_pids_limit": 0
                  }
                ],
                "labels": {},
                "linux_node_config": [],
                "local_nvme_ssd_block_config": [],
                "local_ssd_count": 0,
                "local_ssd_encryption_mode": "",
                "logging_variant": "DEFAULT",
                "machine_type": "e2-medium",
                "metadata": {
                  "disable-legacy-endpoints": "true"
                },
                "min_cpu_platform": "",
                "node_group": "",
                "oauth_scopes": [
                  "https://www.googleapis.com/auth/cloud-platform"
                ],
                "preemptible": false,
                "reservation_affinity": [],
                "resource_labels": {},
                "resource_manager_tags": {},
                "secondary_boot_disks": [],
                "service_account": "default",
                "shielded_instance_config": [
                  {
                    "enable_integrity_monitoring": true,
                    "enable_secure_boot": false
                  }
                ],
                "sole_tenant_config": [],
                "spot": false,
                "storage_pools": [],
                "tags": [],
                "taint": [],
                "workload_metadata_config": []
              }
            ],
            "node_locations": [
              "asia-northeast3-a",
              "asia-northeast3-b",
              "asia-northeast3-c"
            ],
            "node_pool": [
              {
                "autoscaling": [],
                "initial_node_count": 2,
                "instance_group_urls": [
                  "https://www.googleapis.com/compute/v1/projects/peppy-arcadia-432311-g5/zones/asia-northeast3-a/instanceGroupManagers/gke-gcp-dr-gke-gcp-dr-gke-nodepool-4792ed00-grp",
                  "https://www.googleapis.com/compute/v1/projects/peppy-arcadia-432311-g5/zones/asia-northeast3-b/instanceGroupManagers/gke-gcp-dr-gke-gcp-dr-gke-nodepool-3b3a9b51-grp"
                ],
                "managed_instance_group_urls": [
                  "https://www.googleapis.com/compute/v1/projects/peppy-arcadia-432311-g5/zones/asia-northeast3-a/instanceGroups/gke-gcp-dr-gke-gcp-dr-gke-nodepool-4792ed00-grp",
                  "https://www.googleapis.com/compute/v1/projects/peppy-arcadia-432311-g5/zones/asia-northeast3-b/instanceGroups/gke-gcp-dr-gke-gcp-dr-gke-nodepool-3b3a9b51-grp"
                ],
                "management": [
                  {
                    "auto_repair": true,
                    "auto_upgrade": true
                  }
                ],
                "max_pods_per_node": 110,
                "name": "gcp-dr-gke-nodepool",
                "name_prefix": "",
                "network_config": [
                  {
                    "additional_node_network_configs": [],
                    "additional_pod_network_configs": [],
                    "create_pod_range": false,
                    "enable_private_nodes": false,
                    "network_performance_config": [],
                    "pod_cidr_overprovision_config": [],
                    "pod_ipv4_cidr_block": "10.1.0.0/16",
                    "pod_range": "pods"
                  }
                ],
                "node_config": [
                  {
                    "advanced_machine_features": [],
                    "boot_disk_kms_key": "",
                    "confidential_nodes": [],
                    "containerd_config": [],
                    "disk_size_gb": 20,
                    "disk_type": "pd-balanced",
                    "effective_taints": [],
                    "enable_confidential_storage": false,
                    "ephemeral_storage_local_ssd_config": [],
                    "fast_socket": [],
                    "gcfs_config": [],
                    "guest_accelerator": [],
                    "gvnic": [],
                    "host_maintenance_policy": [],
                    "image_type": "COS_CONTAINERD",
                    "kubelet_config": [
                      {
                        "cpu_cfs_quota": false,
                        "cpu_cfs_quota_period": "",
                        "cpu_manager_policy": "",
                        "insecure_kubelet_readonly_port_enabled": "TRUE",
                        "pod_pids_limit": 0
                      }
                    ],
                    "labels": {},
                    "linux_node_config": [],
                    "local_nvme_ssd_block_config": [],
                    "local_ssd_count": 0,
                    "local_ssd_encryption_mode": "",
                    "logging_variant": "DEFAULT",
                    "machine_type": "e2-medium",
                    "metadata": {
                      "disable-legacy-endpoints": "true"
                    },
                    "min_cpu_platform": "",
                    "node_group": "",
                    "oauth_scopes": [
                      "https://www.googleapis.com/auth/cloud-platform"
                    ],
                    "preemptible": false,
                    "reservation_affinity": [],
                    "resource_labels": {},
                    "resource_manager_tags": {},
                    "secondary_boot_disks": [],
                    "service_account": "default",
                    "shielded_instance_config": [
                      {
                        "enable_integrity_monitoring": true,
                        "enable_secure_boot": false
                      }
                    ],
                    "sole_tenant_config": [],
                    "spot": false,
                    "storage_pools": [],
                    "tags": [],
                    "taint": [],
                    "workload_metadata_config": []
                  }
                ],
                "node_count": 2,
                "node_locations": [
                  "asia-northeast3-a",
                  "asia-northeast3-b"
                ],
                "placement_policy": [],
                "queued_provisioning": [],
                "upgrade_settings": [
                  {
                    "blue_green_settings": [],
                    "max_surge": 1,
                    "max_unavailable": 0,
                    "strategy": "SURGE"
                  }
                ],
                "version": "1.30.6-gke.1596000"
              }
            ],
            "node_pool_auto_config": [],
            "node_pool_defaults": [
              {
                "node_config_defaults": [
                  {
                    "containerd_config": [],
                    "gcfs_config": [],
                    "insecure_kubelet_readonly_port_enabled": "FALSE",
                    "logging_variant": "DEFAULT"
                  }
                ]
              }
            ],
            "node_version": "1.30.6-gke.1596000",
            "notification_config": [
              {
                "pubsub": [
                  {
                    "enabled": false,
                    "filter": [],
                    "topic": ""
                  }
                ]
              }
            ],
            "operation": null,
            "private_cluster_config": [
              {
                "enable_private_endpoint": false,
                "enable_private_nodes": false,
                "master_global_access_config": [
                  {
                    "enabled": false
                  }
                ],
                "master_ipv4_cidr_block": "",
                "peering_name": "",
                "private_endpoint": "10.0.1.2",
                "private_endpoint_subnetwork": "",
                "public_endpoint": "34.64.71.230"
              }
            ],
            "private_ipv6_google_access": "",
            "project": "peppy-arcadia-432311-g5",
            "release_channel": [
              {
                "channel": "REGULAR"
              }
            ],
            "remove_default_node_pool": false,
            "resource_labels": {},
            "resource_usage_export_config": [],
            "secret_manager_config": [
              {
                "enabled": false
              }
            ],
            "security_posture_config": [
              {
                "mode": "BASIC",
                "vulnerability_mode": "VULNERABILITY_MODE_UNSPECIFIED"
              }
            ],
            "self_link": "https://container.googleapis.com/v1/projects/peppy-arcadia-432311-g5/locations/asia-northeast3/clusters/gcp-dr-gke",
            "service_external_ips_config": [
              {
                "enabled": false
              }
            ],
            "services_ipv4_cidr": "10.2.0.0/16",
            "subnetwork": "projects/peppy-arcadia-432311-g5/regions/asia-northeast3/subnetworks/private-subnet",
            "terraform_labels": {
              "goog-terraform-provisioned": "true"
            },
            "timeouts": null,
            "tpu_ipv4_cidr_block": "",
            "user_managed_keys_config": [],
            "vertical_pod_autoscaling": [],
            "workload_identity_config": []
          },
          "sensitive_attributes": [],
          "private": "eyJlMmJmYjczMC1lY2FhLTExZTYtOGY4OC0zNDM2M2JjN2M0YzAiOnsiY3JlYXRlIjoyNDAwMDAwMDAwMDAwLCJkZWxldGUiOjI0MDAwMDAwMDAwMDAsInJlYWQiOjI0MDAwMDAwMDAwMDAsInVwZGF0ZSI6MzYwMDAwMDAwMDAwMH0sInNjaGVtYV92ZXJzaW9uIjoiMiJ9",
          "dependencies": [
            "module.network.google_compute_network.main_vpc",
            "module.network.google_compute_subnetwork.private_subnet"
          ]
        }
      ]
    },
    {
      "module": "module.gke",
      "mode": "managed",
      "type": "google_container_node_pool",
      "name": "primary_nodes",
      "provider": "provider[\"registry.terraform.io/hashicorp/google\"]",
      "instances": [
        {
          "schema_version": 1,
          "attributes": {
            "autoscaling": [],
            "cluster": "gcp-dr-gke",
            "id": "projects/peppy-arcadia-432311-g5/locations/asia-northeast3/clusters/gcp-dr-gke/nodePools/gcp-dr-gke-nodepool",
            "initial_node_count": 2,
            "instance_group_urls": [
              "https://www.googleapis.com/compute/v1/projects/peppy-arcadia-432311-g5/zones/asia-northeast3-a/instanceGroupManagers/gke-gcp-dr-gke-gcp-dr-gke-nodepool-4792ed00-grp",
              "https://www.googleapis.com/compute/v1/projects/peppy-arcadia-432311-g5/zones/asia-northeast3-b/instanceGroupManagers/gke-gcp-dr-gke-gcp-dr-gke-nodepool-3b3a9b51-grp"
            ],
            "location": "asia-northeast3",
            "managed_instance_group_urls": [
              "https://www.googleapis.com/compute/v1/projects/peppy-arcadia-432311-g5/zones/asia-northeast3-a/instanceGroups/gke-gcp-dr-gke-gcp-dr-gke-nodepool-4792ed00-grp",
              "https://www.googleapis.com/compute/v1/projects/peppy-arcadia-432311-g5/zones/asia-northeast3-b/instanceGroups/gke-gcp-dr-gke-gcp-dr-gke-nodepool-3b3a9b51-grp"
            ],
            "management": [
              {
                "auto_repair": true,
                "auto_upgrade": true
              }
            ],
            "max_pods_per_node": 110,
            "name": "gcp-dr-gke-nodepool",
            "name_prefix": "",
            "network_config": [
              {
                "additional_node_network_configs": [],
                "additional_pod_network_configs": [],
                "create_pod_range": false,
                "enable_private_nodes": false,
                "network_performance_config": [],
                "pod_cidr_overprovision_config": [],
                "pod_ipv4_cidr_block": "10.1.0.0/16",
                "pod_range": "pods"
              }
            ],
            "node_config": [
              {
                "advanced_machine_features": [],
                "boot_disk_kms_key": "",
                "confidential_nodes": [],
                "containerd_config": [],
                "disk_size_gb": 20,
                "disk_type": "pd-balanced",
                "effective_taints": [],
                "enable_confidential_storage": false,
                "ephemeral_storage_local_ssd_config": [],
                "fast_socket": [],
                "gcfs_config": [],
                "guest_accelerator": [],
                "gvnic": [],
                "host_maintenance_policy": [],
                "image_type": "COS_CONTAINERD",
                "kubelet_config": [
                  {
                    "cpu_cfs_quota": false,
                    "cpu_cfs_quota_period": "",
                    "cpu_manager_policy": "",
                    "insecure_kubelet_readonly_port_enabled": "TRUE",
                    "pod_pids_limit": 0
                  }
                ],
                "labels": {},
                "linux_node_config": [],
                "local_nvme_ssd_block_config": [],
                "local_ssd_count": 0,
                "local_ssd_encryption_mode": "",
                "logging_variant": "DEFAULT",
                "machine_type": "e2-medium",
                "metadata": {
                  "disable-legacy-endpoints": "true"
                },
                "min_cpu_platform": "",
                "node_group": "",
                "oauth_scopes": [
                  "https://www.googleapis.com/auth/cloud-platform"
                ],
                "preemptible": false,
                "reservation_affinity": [],
                "resource_labels": {},
                "resource_manager_tags": {},
                "secondary_boot_disks": [],
                "service_account": "default",
                "shielded_instance_config": [
                  {
                    "enable_integrity_monitoring": true,
                    "enable_secure_boot": false
                  }
                ],
                "sole_tenant_config": [],
                "spot": false,
                "storage_pools": [],
                "tags": [],
                "taint": [],
                "workload_metadata_config": []
              }
            ],
            "node_count": 2,
            "node_locations": [
              "asia-northeast3-a",
              "asia-northeast3-b"
            ],
            "operation": null,
            "placement_policy": [],
            "project": "peppy-arcadia-432311-g5",
            "queued_provisioning": [],
            "timeouts": null,
            "upgrade_settings": [
              {
                "blue_green_settings": [],
                "max_surge": 1,
                "max_unavailable": 0,
                "strategy": "SURGE"
              }
            ],
            "version": "1.30.6-gke.1596000"
          },
          "sensitive_attributes": [],
          "private": "eyJlMmJmYjczMC1lY2FhLTExZTYtOGY4OC0zNDM2M2JjN2M0YzAiOnsiY3JlYXRlIjoxODAwMDAwMDAwMDAwLCJkZWxldGUiOjE4MDAwMDAwMDAwMDAsInVwZGF0ZSI6MTgwMDAwMDAwMDAwMH0sInNjaGVtYV92ZXJzaW9uIjoiMSJ9",
          "dependencies": [
            "module.gke.google_container_cluster.gke_cluster",
            "module.network.google_compute_network.main_vpc",
            "module.network.google_compute_subnetwork.private_subnet"
          ]
        }
      ]
    },
    {
      "module": "module.gke",
      "mode": "managed",
      "type": "null_resource",
      "name": "delete_default_node_pool",
      "provider": "provider[\"registry.terraform.io/hashicorp/null\"]",
      "instances": [
        {
          "schema_version": 0,
          "attributes": {
            "id": "1073278892703358695",
            "triggers": {
              "cluster_name": "gcp-dr-gke"
            }
          },
          "sensitive_attributes": [],
          "dependencies": [
            "module.gke.google_container_cluster.gke_cluster",
            "module.gke.google_container_node_pool.primary_nodes",
            "module.network.google_compute_network.main_vpc",
            "module.network.google_compute_subnetwork.private_subnet"
          ]
        }
      ]
    },
    {
      "module": "module.network",
      "mode": "managed",
      "type": "google_compute_global_address",
      "name": "private_ip_range",
      "provider": "provider[\"registry.terraform.io/hashicorp/google\"]",
      "instances": [
        {
          "schema_version": 0,
          "attributes": {
            "address": "10.3.0.0",
            "address_type": "INTERNAL",
            "creation_timestamp": "2025-01-16T04:30:36.105-08:00",
            "description": "",
            "effective_labels": {
              "goog-terraform-provisioned": "true"
            },
            "id": "projects/peppy-arcadia-432311-g5/global/addresses/cloudsql-private-ip-range",
            "ip_version": "",
            "label_fingerprint": "vezUS-42LLM=",
            "labels": {},
            "name": "cloudsql-private-ip-range",
            "network": "https://www.googleapis.com/compute/v1/projects/peppy-arcadia-432311-g5/global/networks/gcp-dr-vpc",
            "prefix_length": 16,
            "project": "peppy-arcadia-432311-g5",
            "purpose": "VPC_PEERING",
            "self_link": "https://www.googleapis.com/compute/v1/projects/peppy-arcadia-432311-g5/global/addresses/cloudsql-private-ip-range",
            "terraform_labels": {
              "goog-terraform-provisioned": "true"
            },
            "timeouts": null
          },
          "sensitive_attributes": [],
          "private": "eyJlMmJmYjczMC1lY2FhLTExZTYtOGY4OC0zNDM2M2JjN2M0YzAiOnsiY3JlYXRlIjoxMjAwMDAwMDAwMDAwLCJkZWxldGUiOjEyMDAwMDAwMDAwMDAsInVwZGF0ZSI6MTIwMDAwMDAwMDAwMH19",
          "dependencies": [
            "module.network.google_compute_network.main_vpc"
          ]
        }
      ]
    },
    {
      "module": "module.network",
      "mode": "managed",
      "type": "google_compute_network",
      "name": "main_vpc",
      "provider": "provider[\"registry.terraform.io/hashicorp/google\"]",
      "instances": [
        {
          "schema_version": 0,
          "attributes": {
            "auto_create_subnetworks": false,
            "delete_default_routes_on_create": false,
            "description": "",
            "enable_ula_internal_ipv6": false,
            "gateway_ipv4": "",
            "id": "projects/peppy-arcadia-432311-g5/global/networks/gcp-dr-vpc",
            "internal_ipv6_range": "",
            "mtu": 0,
            "name": "gcp-dr-vpc",
            "network_firewall_policy_enforcement_order": "AFTER_CLASSIC_FIREWALL",
            "network_id": "2758866606399767866",
            "numeric_id": "2758866606399767866",
            "project": "peppy-arcadia-432311-g5",
            "routing_mode": "REGIONAL",
            "self_link": "https://www.googleapis.com/compute/v1/projects/peppy-arcadia-432311-g5/global/networks/gcp-dr-vpc",
            "timeouts": null
          },
          "sensitive_attributes": [],
          "private": "eyJlMmJmYjczMC1lY2FhLTExZTYtOGY4OC0zNDM2M2JjN2M0YzAiOnsiY3JlYXRlIjoxMjAwMDAwMDAwMDAwLCJkZWxldGUiOjEyMDAwMDAwMDAwMDAsInVwZGF0ZSI6MTIwMDAwMDAwMDAwMH19"
        }
      ]
    },
    {
      "module": "module.network",
      "mode": "managed",
      "type": "google_compute_router",
      "name": "nat_router",
      "provider": "provider[\"registry.terraform.io/hashicorp/google\"]",
      "instances": [
        {
          "schema_version": 0,
          "attributes": {
            "bgp": [],
            "creation_timestamp": "2025-01-16T04:30:36.383-08:00",
            "description": "",
            "encrypted_interconnect_router": false,
            "id": "projects/peppy-arcadia-432311-g5/regions/asia-northeast3/routers/nat-router",
            "name": "nat-router",
            "network": "https://www.googleapis.com/compute/v1/projects/peppy-arcadia-432311-g5/global/networks/gcp-dr-vpc",
            "project": "peppy-arcadia-432311-g5",
            "region": "asia-northeast3",
            "self_link": "https://www.googleapis.com/compute/v1/projects/peppy-arcadia-432311-g5/regions/asia-northeast3/routers/nat-router",
            "timeouts": null
          },
          "sensitive_attributes": [],
          "private": "eyJlMmJmYjczMC1lY2FhLTExZTYtOGY4OC0zNDM2M2JjN2M0YzAiOnsiY3JlYXRlIjoxMjAwMDAwMDAwMDAwLCJkZWxldGUiOjEyMDAwMDAwMDAwMDAsInVwZGF0ZSI6MTIwMDAwMDAwMDAwMH19",
          "dependencies": [
            "module.network.google_compute_network.main_vpc"
          ]
        }
      ]
    },
    {
      "module": "module.network",
      "mode": "managed",
      "type": "google_compute_router_nat",
      "name": "nat_config",
      "provider": "provider[\"registry.terraform.io/hashicorp/google\"]",
      "instances": [
        {
          "schema_version": 0,
          "attributes": {
            "auto_network_tier": "PREMIUM",
            "drain_nat_ips": [],
            "enable_dynamic_port_allocation": false,
            "enable_endpoint_independent_mapping": false,
            "endpoint_types": [
              "ENDPOINT_TYPE_VM"
            ],
            "icmp_idle_timeout_sec": 30,
            "id": "peppy-arcadia-432311-g5/asia-northeast3/nat-router/cloud-nat",
            "initial_nat_ips": null,
            "log_config": [],
            "max_ports_per_vm": 0,
            "min_ports_per_vm": 0,
            "name": "cloud-nat",
            "nat_ip_allocate_option": "AUTO_ONLY",
            "nat_ips": [],
            "project": "peppy-arcadia-432311-g5",
            "region": "asia-northeast3",
            "router": "nat-router",
            "rules": [],
            "source_subnetwork_ip_ranges_to_nat": "LIST_OF_SUBNETWORKS",
            "subnetwork": [
              {
                "name": "https://www.googleapis.com/compute/v1/projects/peppy-arcadia-432311-g5/regions/asia-northeast3/subnetworks/private-subnet",
                "secondary_ip_range_names": [],
                "source_ip_ranges_to_nat": [
                  "ALL_IP_RANGES"
                ]
              }
            ],
            "tcp_established_idle_timeout_sec": 1200,
            "tcp_time_wait_timeout_sec": 120,
            "tcp_transitory_idle_timeout_sec": 30,
            "timeouts": null,
            "udp_idle_timeout_sec": 30
          },
          "sensitive_attributes": [],
          "private": "eyJlMmJmYjczMC1lY2FhLTExZTYtOGY4OC0zNDM2M2JjN2M0YzAiOnsiY3JlYXRlIjoxMjAwMDAwMDAwMDAwLCJkZWxldGUiOjEyMDAwMDAwMDAwMDAsInVwZGF0ZSI6MTIwMDAwMDAwMDAwMH19",
          "dependencies": [
            "module.network.google_compute_network.main_vpc",
            "module.network.google_compute_router.nat_router",
            "module.network.google_compute_subnetwork.private_subnet"
          ]
        }
      ]
    },
    {
      "module": "module.network",
      "mode": "managed",
      "type": "google_compute_subnetwork",
      "name": "private_subnet",
      "provider": "provider[\"registry.terraform.io/hashicorp/google\"]",
      "instances": [
        {
          "schema_version": 0,
          "attributes": {
            "creation_timestamp": "2025-01-16T04:30:36.962-08:00",
            "description": "",
            "external_ipv6_prefix": "",
            "fingerprint": null,
            "gateway_address": "10.0.1.1",
            "id": "projects/peppy-arcadia-432311-g5/regions/asia-northeast3/subnetworks/private-subnet",
            "internal_ipv6_prefix": "",
            "ip_cidr_range": "10.0.1.0/24",
            "ipv6_access_type": "",
            "ipv6_cidr_range": "",
            "log_config": [],
            "name": "private-subnet",
            "network": "https://www.googleapis.com/compute/v1/projects/peppy-arcadia-432311-g5/global/networks/gcp-dr-vpc",
            "private_ip_google_access": true,
            "private_ipv6_google_access": "DISABLE_GOOGLE_ACCESS",
            "project": "peppy-arcadia-432311-g5",
            "purpose": "PRIVATE",
            "region": "asia-northeast3",
            "reserved_internal_range": "",
            "role": "",
            "secondary_ip_range": [
              {
                "ip_cidr_range": "10.1.0.0/16",
                "range_name": "pods",
                "reserved_internal_range": ""
              },
              {
                "ip_cidr_range": "10.2.0.0/16",
                "range_name": "services",
                "reserved_internal_range": ""
              }
            ],
            "self_link": "https://www.googleapis.com/compute/v1/projects/peppy-arcadia-432311-g5/regions/asia-northeast3/subnetworks/private-subnet",
            "send_secondary_ip_range_if_empty": null,
            "stack_type": "IPV4_ONLY",
            "subnetwork_id": 3074003762954978563,
            "timeouts": null
          },
          "sensitive_attributes": [],
          "private": "eyJlMmJmYjczMC1lY2FhLTExZTYtOGY4OC0zNDM2M2JjN2M0YzAiOnsiY3JlYXRlIjoxMjAwMDAwMDAwMDAwLCJkZWxldGUiOjEyMDAwMDAwMDAwMDAsInVwZGF0ZSI6MTIwMDAwMDAwMDAwMH19",
          "dependencies": [
            "module.network.google_compute_network.main_vpc"
          ]
        }
      ]
    },
    {
      "module": "module.network",
      "mode": "managed",
      "type": "google_compute_subnetwork",
      "name": "public_subnet",
      "provider": "provider[\"registry.terraform.io/hashicorp/google\"]",
      "instances": [
        {
          "schema_version": 0,
          "attributes": {
            "creation_timestamp": "2025-01-16T04:30:37.138-08:00",
            "description": "",
            "external_ipv6_prefix": "",
            "fingerprint": null,
            "gateway_address": "10.0.0.1",
            "id": "projects/peppy-arcadia-432311-g5/regions/asia-northeast3/subnetworks/public-subnet",
            "internal_ipv6_prefix": "",
            "ip_cidr_range": "10.0.0.0/24",
            "ipv6_access_type": "",
            "ipv6_cidr_range": "",
            "log_config": [],
            "name": "public-subnet",
            "network": "https://www.googleapis.com/compute/v1/projects/peppy-arcadia-432311-g5/global/networks/gcp-dr-vpc",
            "private_ip_google_access": false,
            "private_ipv6_google_access": "DISABLE_GOOGLE_ACCESS",
            "project": "peppy-arcadia-432311-g5",
            "purpose": "PRIVATE",
            "region": "asia-northeast3",
            "reserved_internal_range": "",
            "role": "",
            "secondary_ip_range": [],
            "self_link": "https://www.googleapis.com/compute/v1/projects/peppy-arcadia-432311-g5/regions/asia-northeast3/subnetworks/public-subnet",
            "send_secondary_ip_range_if_empty": null,
            "stack_type": "IPV4_ONLY",
            "subnetwork_id": 6237791387470087426,
            "timeouts": null
          },
          "sensitive_attributes": [],
          "private": "eyJlMmJmYjczMC1lY2FhLTExZTYtOGY4OC0zNDM2M2JjN2M0YzAiOnsiY3JlYXRlIjoxMjAwMDAwMDAwMDAwLCJkZWxldGUiOjEyMDAwMDAwMDAwMDAsInVwZGF0ZSI6MTIwMDAwMDAwMDAwMH19",
          "dependencies": [
            "module.network.google_compute_network.main_vpc"
          ]
        }
      ]
    },
    {
      "module": "module.network",
      "mode": "managed",
      "type": "google_service_networking_connection",
      "name": "private_vpc_connection",
      "provider": "provider[\"registry.terraform.io/hashicorp/google\"]",
      "instances": [
        {
          "schema_version": 0,
          "attributes": {
            "deletion_policy": null,
            "id": "https%3A%2F%2Fwww.googleapis.com%2Fcompute%2Fv1%2Fprojects%2Fpeppy-arcadia-432311-g5%2Fglobal%2Fnetworks%2Fgcp-dr-vpc:servicenetworking.googleapis.com",
            "network": "https://www.googleapis.com/compute/v1/projects/peppy-arcadia-432311-g5/global/networks/gcp-dr-vpc",
            "peering": "servicenetworking-googleapis-com",
            "reserved_peering_ranges": [
              "cloudsql-private-ip-range"
            ],
            "service": "servicenetworking.googleapis.com",
            "timeouts": null,
            "update_on_creation_fail": null
          },
          "sensitive_attributes": [],
          "private": "eyJlMmJmYjczMC1lY2FhLTExZTYtOGY4OC0zNDM2M2JjN2M0YzAiOnsiY3JlYXRlIjo2MDAwMDAwMDAwMDAsImRlbGV0ZSI6NjAwMDAwMDAwMDAwLCJ1cGRhdGUiOjYwMDAwMDAwMDAwMH19",
          "dependencies": [
            "module.network.google_compute_global_address.private_ip_range",
            "module.network.google_compute_network.main_vpc"
          ]
        }
      ]
    },
    {
      "module": "module.route53",
      "mode": "data",
      "type": "aws_route53_zone",
      "name": "main_zone",
      "provider": "module.route53.provider[\"registry.terraform.io/hashicorp/aws\"]",
      "instances": [
        {
          "schema_version": 0,
          "attributes": {
            "arn": "arn:aws:route53:::hostedzone/Z003422921ZWRSU9KTPP7",
            "caller_reference": "19886be2-6406-4c4d-9c54-8924618ea1d0",
            "comment": "",
            "id": "Z003422921ZWRSU9KTPP7",
            "linked_service_description": null,
            "linked_service_principal": null,
            "name": "ljhun.shop",
            "name_servers": [
              "ns-1566.awsdns-03.co.uk",
              "ns-1122.awsdns-12.org",
              "ns-98.awsdns-12.com",
              "ns-901.awsdns-48.net"
            ],
            "primary_name_server": "ns-1566.awsdns-03.co.uk",
            "private_zone": false,
            "resource_record_set_count": 6,
            "tags": {},
            "vpc_id": null,
            "zone_id": "Z003422921ZWRSU9KTPP7"
          },
          "sensitive_attributes": []
        }
      ]
    },
    {
      "module": "module.route53",
      "mode": "managed",
      "type": "aws_route53_record",
      "name": "a_record",
      "provider": "module.route53.provider[\"registry.terraform.io/hashicorp/aws\"]",
      "instances": [
        {
          "schema_version": 2,
          "attributes": {
            "alias": [],
            "allow_overwrite": null,
            "cidr_routing_policy": [],
            "failover_routing_policy": [],
            "fqdn": "ljhun.shop",
            "geolocation_routing_policy": [],
            "geoproximity_routing_policy": [],
            "health_check_id": "",
            "id": "Z003422921ZWRSU9KTPP7_ljhun.shop_A",
            "latency_routing_policy": [],
            "multivalue_answer_routing_policy": false,
            "name": "ljhun.shop",
            "records": [
              "34.120.174.252"
            ],
            "set_identifier": "",
            "ttl": 300,
            "type": "A",
            "weighted_routing_policy": [],
            "zone_id": "Z003422921ZWRSU9KTPP7"
          },
          "sensitive_attributes": [],
          "private": "eyJzY2hlbWFfdmVyc2lvbiI6IjIifQ==",
          "dependencies": [
            "module.gke.google_container_cluster.gke_cluster",
            "module.gke.google_container_node_pool.primary_nodes",
            "module.gke.null_resource.delete_default_node_pool",
            "module.network.google_compute_network.main_vpc",
            "module.network.google_compute_subnetwork.private_subnet",
            "module.route53.data.aws_route53_zone.main_zone",
            "module.storage_and_lb.google_compute_backend_bucket.gcs_backend",
            "module.storage_and_lb.google_compute_backend_service.gke_backend_service",
            "module.storage_and_lb.google_compute_global_forwarding_rule.https_rule",
            "module.storage_and_lb.google_compute_health_check.gke_http_health_check",
            "module.storage_and_lb.google_compute_managed_ssl_certificate.lb_cert",
            "module.storage_and_lb.google_compute_network_endpoint_group.app_neg",
            "module.storage_and_lb.google_compute_target_https_proxy.https_proxy",
            "module.storage_and_lb.google_compute_url_map.lb_url_map",
            "module.storage_and_lb.google_storage_bucket.frontend_bucket"
          ]
        }
      ]
    },
    {
      "module": "module.route53",
      "mode": "managed",
      "type": "aws_route53_record",
      "name": "www_a_record",
      "provider": "module.route53.provider[\"registry.terraform.io/hashicorp/aws\"]",
      "instances": [
        {
          "schema_version": 2,
          "attributes": {
            "alias": [],
            "allow_overwrite": null,
            "cidr_routing_policy": [],
            "failover_routing_policy": [],
            "fqdn": "www.ljhun.shop",
            "geolocation_routing_policy": [],
            "geoproximity_routing_policy": [],
            "health_check_id": "",
            "id": "Z003422921ZWRSU9KTPP7_www.ljhun.shop_A",
            "latency_routing_policy": [],
            "multivalue_answer_routing_policy": false,
            "name": "www.ljhun.shop",
            "records": [
              "34.120.174.252"
            ],
            "set_identifier": "",
            "ttl": 300,
            "type": "A",
            "weighted_routing_policy": [],
            "zone_id": "Z003422921ZWRSU9KTPP7"
          },
          "sensitive_attributes": [],
          "private": "eyJzY2hlbWFfdmVyc2lvbiI6IjIifQ==",
          "dependencies": [
            "module.gke.google_container_cluster.gke_cluster",
            "module.gke.google_container_node_pool.primary_nodes",
            "module.gke.null_resource.delete_default_node_pool",
            "module.network.google_compute_network.main_vpc",
            "module.network.google_compute_subnetwork.private_subnet",
            "module.route53.data.aws_route53_zone.main_zone",
            "module.storage_and_lb.google_compute_backend_bucket.gcs_backend",
            "module.storage_and_lb.google_compute_backend_service.gke_backend_service",
            "module.storage_and_lb.google_compute_global_forwarding_rule.https_rule",
            "module.storage_and_lb.google_compute_health_check.gke_http_health_check",
            "module.storage_and_lb.google_compute_managed_ssl_certificate.lb_cert",
            "module.storage_and_lb.google_compute_network_endpoint_group.app_neg",
            "module.storage_and_lb.google_compute_target_https_proxy.https_proxy",
            "module.storage_and_lb.google_compute_url_map.lb_url_map",
            "module.storage_and_lb.google_storage_bucket.frontend_bucket"
          ]
        }
      ]
    },
    {
      "module": "module.storage_and_lb",
      "mode": "managed",
      "type": "google_compute_backend_bucket",
      "name": "gcs_backend",
      "provider": "provider[\"registry.terraform.io/hashicorp/google\"]",
      "instances": [
        {
          "schema_version": 0,
          "attributes": {
            "bucket_name": "shoppingwebfrontend-gcp",
            "cdn_policy": [
              {
                "bypass_cache_on_request_headers": [],
                "cache_key_policy": [],
                "cache_mode": "CACHE_ALL_STATIC",
                "client_ttl": 3600,
                "default_ttl": 3600,
                "max_ttl": 86400,
                "negative_caching": true,
                "negative_caching_policy": [],
                "request_coalescing": true,
                "serve_while_stale": 86400,
                "signed_url_cache_max_age_sec": 0
              }
            ],
            "compression_mode": "",
            "creation_timestamp": "2025-01-16T04:43:24.405-08:00",
            "custom_response_headers": [],
            "description": "",
            "edge_security_policy": "",
            "enable_cdn": true,
            "id": "projects/peppy-arcadia-432311-g5/global/backendBuckets/gcs-backend",
            "name": "gcs-backend",
            "project": "peppy-arcadia-432311-g5",
            "self_link": "https://www.googleapis.com/compute/v1/projects/peppy-arcadia-432311-g5/global/backendBuckets/gcs-backend",
            "timeouts": null
          },
          "sensitive_attributes": [],
          "private": "eyJlMmJmYjczMC1lY2FhLTExZTYtOGY4OC0zNDM2M2JjN2M0YzAiOnsiY3JlYXRlIjoxMjAwMDAwMDAwMDAwLCJkZWxldGUiOjEyMDAwMDAwMDAwMDAsInVwZGF0ZSI6MTIwMDAwMDAwMDAwMH19",
          "dependencies": [
            "module.gke.google_container_cluster.gke_cluster",
            "module.gke.google_container_node_pool.primary_nodes",
            "module.gke.null_resource.delete_default_node_pool",
            "module.network.google_compute_network.main_vpc",
            "module.network.google_compute_subnetwork.private_subnet",
            "module.storage_and_lb.google_storage_bucket.frontend_bucket"
          ]
        }
      ]
    },
    {
      "module": "module.storage_and_lb",
      "mode": "managed",
      "type": "google_compute_backend_service",
      "name": "gke_backend_service",
      "provider": "provider[\"registry.terraform.io/hashicorp/google\"]",
      "instances": [
        {
          "schema_version": 1,
          "attributes": {
            "affinity_cookie_ttl_sec": 0,
            "backend": [
              {
                "balancing_mode": "RATE",
                "capacity_scaler": 1,
                "description": "",
                "group": "https://www.googleapis.com/compute/v1/projects/peppy-arcadia-432311-g5/zones/asia-northeast3-a/networkEndpointGroups/app-neg-gcp-dr-gke-nodepool-grp",
                "max_connections": 0,
                "max_connections_per_endpoint": 0,
                "max_connections_per_instance": 0,
                "max_rate": 0,
                "max_rate_per_endpoint": 50,
                "max_rate_per_instance": 0,
                "max_utilization": 0
              },
              {
                "balancing_mode": "RATE",
                "capacity_scaler": 1,
                "description": "",
                "group": "https://www.googleapis.com/compute/v1/projects/peppy-arcadia-432311-g5/zones/asia-northeast3-b/networkEndpointGroups/app-neg-gcp-dr-gke-nodepool-grp",
                "max_connections": 0,
                "max_connections_per_endpoint": 0,
                "max_connections_per_instance": 0,
                "max_rate": 0,
                "max_rate_per_endpoint": 50,
                "max_rate_per_instance": 0,
                "max_utilization": 0
              }
            ],
            "cdn_policy": [],
            "circuit_breakers": [],
            "compression_mode": "",
            "connection_draining_timeout_sec": 300,
            "consistent_hash": [],
            "creation_timestamp": "2025-01-16T04:43:37.447-08:00",
            "custom_request_headers": [],
            "custom_response_headers": [],
            "description": "",
            "edge_security_policy": "",
            "enable_cdn": false,
            "fingerprint": "oP91SPIAdBg=",
            "generated_id": 6410036197563121686,
            "health_checks": [
              "https://www.googleapis.com/compute/v1/projects/peppy-arcadia-432311-g5/global/healthChecks/gke-http-health-check"
            ],
            "iap": [],
            "id": "projects/peppy-arcadia-432311-g5/global/backendServices/gke-backend-service",
            "ip_address_selection_policy": "",
            "load_balancing_scheme": "EXTERNAL",
            "locality_lb_policies": [],
            "locality_lb_policy": "",
            "log_config": [],
            "name": "gke-backend-service",
            "outlier_detection": [],
            "port_name": "http",
            "project": "peppy-arcadia-432311-g5",
            "protocol": "HTTP",
            "security_policy": "",
            "security_settings": [],
            "self_link": "https://www.googleapis.com/compute/v1/projects/peppy-arcadia-432311-g5/global/backendServices/gke-backend-service",
            "service_lb_policy": "",
            "session_affinity": "NONE",
            "strong_session_affinity_cookie": [],
            "timeout_sec": 30,
            "timeouts": null
          },
          "sensitive_attributes": [],
          "private": "eyJlMmJmYjczMC1lY2FhLTExZTYtOGY4OC0zNDM2M2JjN2M0YzAiOnsiY3JlYXRlIjoxMjAwMDAwMDAwMDAwLCJkZWxldGUiOjEyMDAwMDAwMDAwMDAsInVwZGF0ZSI6MTIwMDAwMDAwMDAwMH0sInNjaGVtYV92ZXJzaW9uIjoiMSJ9",
          "dependencies": [
            "module.gke.google_container_cluster.gke_cluster",
            "module.gke.google_container_node_pool.primary_nodes",
            "module.gke.null_resource.delete_default_node_pool",
            "module.network.google_compute_network.main_vpc",
            "module.network.google_compute_subnetwork.private_subnet",
            "module.storage_and_lb.google_compute_health_check.gke_http_health_check",
            "module.storage_and_lb.google_compute_network_endpoint_group.app_neg"
          ]
        }
      ]
    },
    {
      "module": "module.storage_and_lb",
      "mode": "managed",
      "type": "google_compute_global_forwarding_rule",
      "name": "http_rule",
      "provider": "provider[\"registry.terraform.io/hashicorp/google\"]",
      "instances": [
        {
          "schema_version": 0,
          "attributes": {
            "base_forwarding_rule": "",
            "description": "",
            "effective_labels": {},
            "forwarding_rule_id": 6974941834277896669,
            "id": "projects/peppy-arcadia-432311-g5/global/forwardingRules/lb-http-forwarding-rule",
            "ip_address": "34.8.113.230",
            "ip_protocol": "TCP",
            "ip_version": "",
            "label_fingerprint": "42WmSpB8rSM=",
            "labels": {},
            "load_balancing_scheme": "EXTERNAL",
            "metadata_filters": [],
            "name": "lb-http-forwarding-rule",
            "network": "",
            "network_tier": "PREMIUM",
            "no_automate_dns_zone": null,
            "port_range": "80-80",
            "project": "peppy-arcadia-432311-g5",
            "psc_connection_id": "",
            "psc_connection_status": "",
            "self_link": "https://www.googleapis.com/compute/v1/projects/peppy-arcadia-432311-g5/global/forwardingRules/lb-http-forwarding-rule",
            "service_directory_registrations": [],
            "source_ip_ranges": [],
            "subnetwork": "",
            "target": "https://www.googleapis.com/compute/v1/projects/peppy-arcadia-432311-g5/global/targetHttpProxies/lb-http-proxy",
            "terraform_labels": {},
            "timeouts": null
          },
          "sensitive_attributes": [],
          "private": "eyJlMmJmYjczMC1lY2FhLTExZTYtOGY4OC0zNDM2M2JjN2M0YzAiOnsiY3JlYXRlIjoxMjAwMDAwMDAwMDAwLCJkZWxldGUiOjEyMDAwMDAwMDAwMDAsInVwZGF0ZSI6MTIwMDAwMDAwMDAwMH19",
          "dependencies": [
            "module.gke.google_container_cluster.gke_cluster",
            "module.gke.google_container_node_pool.primary_nodes",
            "module.gke.null_resource.delete_default_node_pool",
            "module.network.google_compute_network.main_vpc",
            "module.network.google_compute_subnetwork.private_subnet",
            "module.storage_and_lb.google_compute_backend_bucket.gcs_backend",
            "module.storage_and_lb.google_compute_backend_service.gke_backend_service",
            "module.storage_and_lb.google_compute_health_check.gke_http_health_check",
            "module.storage_and_lb.google_compute_network_endpoint_group.app_neg",
            "module.storage_and_lb.google_compute_target_http_proxy.http_proxy",
            "module.storage_and_lb.google_compute_url_map.lb_url_map",
            "module.storage_and_lb.google_storage_bucket.frontend_bucket"
          ]
        }
      ]
    },
    {
      "module": "module.storage_and_lb",
      "mode": "managed",
      "type": "google_compute_global_forwarding_rule",
      "name": "https_rule",
      "provider": "provider[\"registry.terraform.io/hashicorp/google\"]",
      "instances": [
        {
          "schema_version": 0,
          "attributes": {
            "base_forwarding_rule": "",
            "description": "",
            "effective_labels": {},
            "forwarding_rule_id": 3348526665082159580,
            "id": "projects/peppy-arcadia-432311-g5/global/forwardingRules/lb-https-forwarding-rule",
            "ip_address": "34.120.174.252",
            "ip_protocol": "TCP",
            "ip_version": "",
            "label_fingerprint": "42WmSpB8rSM=",
            "labels": {},
            "load_balancing_scheme": "EXTERNAL",
            "metadata_filters": [],
            "name": "lb-https-forwarding-rule",
            "network": "",
            "network_tier": "PREMIUM",
            "no_automate_dns_zone": null,
            "port_range": "443-443",
            "project": "peppy-arcadia-432311-g5",
            "psc_connection_id": "",
            "psc_connection_status": "",
            "self_link": "https://www.googleapis.com/compute/v1/projects/peppy-arcadia-432311-g5/global/forwardingRules/lb-https-forwarding-rule",
            "service_directory_registrations": [],
            "source_ip_ranges": [],
            "subnetwork": "",
            "target": "https://www.googleapis.com/compute/v1/projects/peppy-arcadia-432311-g5/global/targetHttpsProxies/lb-https-proxy",
            "terraform_labels": {},
            "timeouts": null
          },
          "sensitive_attributes": [],
          "private": "eyJlMmJmYjczMC1lY2FhLTExZTYtOGY4OC0zNDM2M2JjN2M0YzAiOnsiY3JlYXRlIjoxMjAwMDAwMDAwMDAwLCJkZWxldGUiOjEyMDAwMDAwMDAwMDAsInVwZGF0ZSI6MTIwMDAwMDAwMDAwMH19",
          "dependencies": [
            "module.gke.google_container_cluster.gke_cluster",
            "module.gke.google_container_node_pool.primary_nodes",
            "module.gke.null_resource.delete_default_node_pool",
            "module.network.google_compute_network.main_vpc",
            "module.network.google_compute_subnetwork.private_subnet",
            "module.storage_and_lb.google_compute_backend_bucket.gcs_backend",
            "module.storage_and_lb.google_compute_backend_service.gke_backend_service",
            "module.storage_and_lb.google_compute_health_check.gke_http_health_check",
            "module.storage_and_lb.google_compute_managed_ssl_certificate.lb_cert",
            "module.storage_and_lb.google_compute_network_endpoint_group.app_neg",
            "module.storage_and_lb.google_compute_target_https_proxy.https_proxy",
            "module.storage_and_lb.google_compute_url_map.lb_url_map",
            "module.storage_and_lb.google_storage_bucket.frontend_bucket"
          ]
        }
      ]
    },
    {
      "module": "module.storage_and_lb",
      "mode": "managed",
      "type": "google_compute_health_check",
      "name": "gke_http_health_check",
      "provider": "provider[\"registry.terraform.io/hashicorp/google\"]",
      "instances": [
        {
          "schema_version": 0,
          "attributes": {
            "check_interval_sec": 5,
            "creation_timestamp": "2025-01-16T04:43:21.804-08:00",
            "description": "",
            "grpc_health_check": [],
            "healthy_threshold": 2,
            "http2_health_check": [],
            "http_health_check": [
              {
                "host": "",
                "port": 80,
                "port_name": "",
                "port_specification": "",
                "proxy_header": "NONE",
                "request_path": "/",
                "response": ""
              }
            ],
            "https_health_check": [],
            "id": "projects/peppy-arcadia-432311-g5/global/healthChecks/gke-http-health-check",
            "log_config": [
              {
                "enable": false
              }
            ],
            "name": "gke-http-health-check",
            "project": "peppy-arcadia-432311-g5",
            "self_link": "https://www.googleapis.com/compute/v1/projects/peppy-arcadia-432311-g5/global/healthChecks/gke-http-health-check",
            "source_regions": [],
            "ssl_health_check": [],
            "tcp_health_check": [],
            "timeout_sec": 5,
            "timeouts": null,
            "type": "HTTP",
            "unhealthy_threshold": 2
          },
          "sensitive_attributes": [],
          "private": "eyJlMmJmYjczMC1lY2FhLTExZTYtOGY4OC0zNDM2M2JjN2M0YzAiOnsiY3JlYXRlIjoxMjAwMDAwMDAwMDAwLCJkZWxldGUiOjEyMDAwMDAwMDAwMDAsInVwZGF0ZSI6MTIwMDAwMDAwMDAwMH19",
          "dependencies": [
            "module.gke.google_container_cluster.gke_cluster",
            "module.gke.google_container_node_pool.primary_nodes",
            "module.gke.null_resource.delete_default_node_pool",
            "module.network.google_compute_network.main_vpc",
            "module.network.google_compute_subnetwork.private_subnet"
          ]
        }
      ]
    },
    {
      "module": "module.storage_and_lb",
      "mode": "managed",
      "type": "google_compute_managed_ssl_certificate",
      "name": "lb_cert",
      "provider": "provider[\"registry.terraform.io/hashicorp/google\"]",
      "instances": [
        {
          "schema_version": 0,
          "attributes": {
            "certificate_id": 5109739852336021510,
            "creation_timestamp": "2025-01-16T04:43:22.218-08:00",
            "description": "",
            "expire_time": "2025-04-16T05:43:24.000-07:00",
            "id": "projects/peppy-arcadia-432311-g5/global/sslCertificates/lb-managed-cert",
            "managed": [
              {
                "domains": [
                  "ljhun.shop",
                  "www.ljhun.shop"
                ]
              }
            ],
            "name": "lb-managed-cert",
            "project": "peppy-arcadia-432311-g5",
            "self_link": "https://www.googleapis.com/compute/v1/projects/peppy-arcadia-432311-g5/global/sslCertificates/lb-managed-cert",
            "subject_alternative_names": [
              "ljhun.shop",
              "www.ljhun.shop"
            ],
            "timeouts": null,
            "type": "MANAGED"
          },
          "sensitive_attributes": [],
          "private": "eyJlMmJmYjczMC1lY2FhLTExZTYtOGY4OC0zNDM2M2JjN2M0YzAiOnsiY3JlYXRlIjoxODAwMDAwMDAwMDAwLCJkZWxldGUiOjE4MDAwMDAwMDAwMDB9fQ==",
          "dependencies": [
            "module.gke.google_container_cluster.gke_cluster",
            "module.gke.google_container_node_pool.primary_nodes",
            "module.gke.null_resource.delete_default_node_pool",
            "module.network.google_compute_network.main_vpc",
            "module.network.google_compute_subnetwork.private_subnet"
          ]
        }
      ]
    },
    {
      "module": "module.storage_and_lb",
      "mode": "managed",
      "type": "google_compute_network_endpoint_group",
      "name": "app_neg",
      "provider": "provider[\"registry.terraform.io/hashicorp/google\"]",
      "instances": [
        {
          "index_key": "0",
          "schema_version": 0,
          "attributes": {
            "default_port": 5000,
            "description": "",
            "id": "projects/peppy-arcadia-432311-g5/zones/asia-northeast3-a/networkEndpointGroups/app-neg-gcp-dr-gke-nodepool-grp",
            "name": "app-neg-gcp-dr-gke-nodepool-grp",
            "network": "https://www.googleapis.com/compute/v1/projects/peppy-arcadia-432311-g5/global/networks/gcp-dr-vpc",
            "network_endpoint_type": "GCE_VM_IP_PORT",
            "project": "peppy-arcadia-432311-g5",
            "self_link": "https://www.googleapis.com/compute/v1/projects/peppy-arcadia-432311-g5/zones/asia-northeast3-a/networkEndpointGroups/app-neg-gcp-dr-gke-nodepool-grp",
            "size": 0,
            "subnetwork": "https://www.googleapis.com/compute/v1/projects/peppy-arcadia-432311-g5/regions/asia-northeast3/subnetworks/private-subnet",
            "timeouts": null,
            "zone": "asia-northeast3-a"
          },
          "sensitive_attributes": [],
          "private": "eyJlMmJmYjczMC1lY2FhLTExZTYtOGY4OC0zNDM2M2JjN2M0YzAiOnsiY3JlYXRlIjoxMjAwMDAwMDAwMDAwLCJkZWxldGUiOjEyMDAwMDAwMDAwMDB9fQ==",
          "dependencies": [
            "module.gke.google_container_cluster.gke_cluster",
            "module.gke.google_container_node_pool.primary_nodes",
            "module.gke.null_resource.delete_default_node_pool",
            "module.network.google_compute_network.main_vpc",
            "module.network.google_compute_subnetwork.private_subnet"
          ]
        },
        {
          "index_key": "1",
          "schema_version": 0,
          "attributes": {
            "default_port": 5000,
            "description": "",
            "id": "projects/peppy-arcadia-432311-g5/zones/asia-northeast3-b/networkEndpointGroups/app-neg-gcp-dr-gke-nodepool-grp",
            "name": "app-neg-gcp-dr-gke-nodepool-grp",
            "network": "https://www.googleapis.com/compute/v1/projects/peppy-arcadia-432311-g5/global/networks/gcp-dr-vpc",
            "network_endpoint_type": "GCE_VM_IP_PORT",
            "project": "peppy-arcadia-432311-g5",
            "self_link": "https://www.googleapis.com/compute/v1/projects/peppy-arcadia-432311-g5/zones/asia-northeast3-b/networkEndpointGroups/app-neg-gcp-dr-gke-nodepool-grp",
            "size": 0,
            "subnetwork": "https://www.googleapis.com/compute/v1/projects/peppy-arcadia-432311-g5/regions/asia-northeast3/subnetworks/private-subnet",
            "timeouts": null,
            "zone": "asia-northeast3-b"
          },
          "sensitive_attributes": [],
          "private": "eyJlMmJmYjczMC1lY2FhLTExZTYtOGY4OC0zNDM2M2JjN2M0YzAiOnsiY3JlYXRlIjoxMjAwMDAwMDAwMDAwLCJkZWxldGUiOjEyMDAwMDAwMDAwMDB9fQ==",
          "dependencies": [
            "module.gke.google_container_cluster.gke_cluster",
            "module.gke.google_container_node_pool.primary_nodes",
            "module.gke.null_resource.delete_default_node_pool",
            "module.network.google_compute_network.main_vpc",
            "module.network.google_compute_subnetwork.private_subnet"
          ]
        }
      ]
    },
    {
      "module": "module.storage_and_lb",
      "mode": "managed",
      "type": "google_compute_target_http_proxy",
      "name": "http_proxy",
      "provider": "provider[\"registry.terraform.io/hashicorp/google\"]",
      "instances": [
        {
          "schema_version": 0,
          "attributes": {
            "creation_timestamp": "2025-01-16T04:44:22.871-08:00",
            "description": "",
            "http_keep_alive_timeout_sec": 0,
            "id": "projects/peppy-arcadia-432311-g5/global/targetHttpProxies/lb-http-proxy",
            "name": "lb-http-proxy",
            "project": "peppy-arcadia-432311-g5",
            "proxy_bind": false,
            "proxy_id": 442851834728890825,
            "self_link": "https://www.googleapis.com/compute/v1/projects/peppy-arcadia-432311-g5/global/targetHttpProxies/lb-http-proxy",
            "timeouts": null,
            "url_map": "https://www.googleapis.com/compute/v1/projects/peppy-arcadia-432311-g5/global/urlMaps/lb-url-map"
          },
          "sensitive_attributes": [],
          "private": "eyJlMmJmYjczMC1lY2FhLTExZTYtOGY4OC0zNDM2M2JjN2M0YzAiOnsiY3JlYXRlIjoxMjAwMDAwMDAwMDAwLCJkZWxldGUiOjEyMDAwMDAwMDAwMDAsInVwZGF0ZSI6MTIwMDAwMDAwMDAwMH19",
          "dependencies": [
            "module.gke.google_container_cluster.gke_cluster",
            "module.gke.google_container_node_pool.primary_nodes",
            "module.gke.null_resource.delete_default_node_pool",
            "module.network.google_compute_network.main_vpc",
            "module.network.google_compute_subnetwork.private_subnet",
            "module.storage_and_lb.google_compute_backend_bucket.gcs_backend",
            "module.storage_and_lb.google_compute_backend_service.gke_backend_service",
            "module.storage_and_lb.google_compute_health_check.gke_http_health_check",
            "module.storage_and_lb.google_compute_network_endpoint_group.app_neg",
            "module.storage_and_lb.google_compute_url_map.lb_url_map",
            "module.storage_and_lb.google_storage_bucket.frontend_bucket"
          ]
        }
      ]
    },
    {
      "module": "module.storage_and_lb",
      "mode": "managed",
      "type": "google_compute_target_https_proxy",
      "name": "https_proxy",
      "provider": "provider[\"registry.terraform.io/hashicorp/google\"]",
      "instances": [
        {
          "schema_version": 0,
          "attributes": {
            "certificate_manager_certificates": [],
            "certificate_map": "",
            "creation_timestamp": "2025-01-16T04:44:22.480-08:00",
            "description": "",
            "http_keep_alive_timeout_sec": 0,
            "id": "projects/peppy-arcadia-432311-g5/global/targetHttpsProxies/lb-https-proxy",
            "name": "lb-https-proxy",
            "project": "peppy-arcadia-432311-g5",
            "proxy_bind": false,
            "proxy_id": 1520173505380172233,
            "quic_override": "NONE",
            "self_link": "https://www.googleapis.com/compute/v1/projects/peppy-arcadia-432311-g5/global/targetHttpsProxies/lb-https-proxy",
            "server_tls_policy": "",
            "ssl_certificates": [
              "https://www.googleapis.com/compute/v1/projects/peppy-arcadia-432311-g5/global/sslCertificates/lb-managed-cert"
            ],
            "ssl_policy": "",
            "timeouts": null,
            "tls_early_data": "DISABLED",
            "url_map": "https://www.googleapis.com/compute/v1/projects/peppy-arcadia-432311-g5/global/urlMaps/lb-url-map"
          },
          "sensitive_attributes": [],
          "private": "eyJlMmJmYjczMC1lY2FhLTExZTYtOGY4OC0zNDM2M2JjN2M0YzAiOnsiY3JlYXRlIjoxMjAwMDAwMDAwMDAwLCJkZWxldGUiOjEyMDAwMDAwMDAwMDAsInVwZGF0ZSI6MTIwMDAwMDAwMDAwMH19",
          "dependencies": [
            "module.gke.google_container_cluster.gke_cluster",
            "module.gke.google_container_node_pool.primary_nodes",
            "module.gke.null_resource.delete_default_node_pool",
            "module.network.google_compute_network.main_vpc",
            "module.network.google_compute_subnetwork.private_subnet",
            "module.storage_and_lb.google_compute_backend_bucket.gcs_backend",
            "module.storage_and_lb.google_compute_backend_service.gke_backend_service",
            "module.storage_and_lb.google_compute_health_check.gke_http_health_check",
            "module.storage_and_lb.google_compute_managed_ssl_certificate.lb_cert",
            "module.storage_and_lb.google_compute_network_endpoint_group.app_neg",
            "module.storage_and_lb.google_compute_url_map.lb_url_map",
            "module.storage_and_lb.google_storage_bucket.frontend_bucket"
          ]
        }
      ]
    },
    {
      "module": "module.storage_and_lb",
      "mode": "managed",
      "type": "google_compute_url_map",
      "name": "lb_url_map",
      "provider": "provider[\"registry.terraform.io/hashicorp/google\"]",
      "instances": [
        {
          "schema_version": 0,
          "attributes": {
            "creation_timestamp": "2025-01-16T04:44:10.642-08:00",
            "default_route_action": [],
            "default_service": "https://www.googleapis.com/compute/v1/projects/peppy-arcadia-432311-g5/global/backendBuckets/gcs-backend",
            "default_url_redirect": [],
            "description": "",
            "fingerprint": "6HG7AAsZw0Y=",
            "header_action": [],
            "host_rule": [
              {
                "description": "",
                "hosts": [
                  "ljhun.shop",
                  "www.ljhun.shop"
                ],
                "path_matcher": "web-paths"
              }
            ],
            "id": "projects/peppy-arcadia-432311-g5/global/urlMaps/lb-url-map",
            "map_id": 2668540420507910645,
            "name": "lb-url-map",
            "path_matcher": [
              {
                "default_route_action": [],
                "default_service": "https://www.googleapis.com/compute/v1/projects/peppy-arcadia-432311-g5/global/backendBuckets/gcs-backend",
                "default_url_redirect": [],
                "description": "",
                "header_action": [],
                "name": "web-paths",
                "path_rule": [
                  {
                    "paths": [
                      "/app-one/*",
                      "/app-two/*"
                    ],
                    "route_action": [],
                    "service": "https://www.googleapis.com/compute/v1/projects/peppy-arcadia-432311-g5/global/backendServices/gke-backend-service",
                    "url_redirect": []
                  },
                  {
                    "paths": [
                      "/*"
                    ],
                    "route_action": [],
                    "service": "https://www.googleapis.com/compute/v1/projects/peppy-arcadia-432311-g5/global/backendBuckets/gcs-backend",
                    "url_redirect": []
                  }
                ],
                "route_rules": []
              }
            ],
            "project": "peppy-arcadia-432311-g5",
            "self_link": "https://www.googleapis.com/compute/v1/projects/peppy-arcadia-432311-g5/global/urlMaps/lb-url-map",
            "test": [],
            "timeouts": null
          },
          "sensitive_attributes": [],
          "private": "eyJlMmJmYjczMC1lY2FhLTExZTYtOGY4OC0zNDM2M2JjN2M0YzAiOnsiY3JlYXRlIjoxMjAwMDAwMDAwMDAwLCJkZWxldGUiOjEyMDAwMDAwMDAwMDAsInVwZGF0ZSI6MTIwMDAwMDAwMDAwMH19",
          "dependencies": [
            "module.gke.google_container_cluster.gke_cluster",
            "module.gke.google_container_node_pool.primary_nodes",
            "module.gke.null_resource.delete_default_node_pool",
            "module.network.google_compute_subnetwork.private_subnet",
            "module.storage_and_lb.google_compute_backend_bucket.gcs_backend",
            "module.storage_and_lb.google_compute_backend_service.gke_backend_service"
          ]
        }
      ]
    },
    {
      "module": "module.storage_and_lb",
      "mode": "managed",
      "type": "google_storage_bucket",
      "name": "frontend_bucket",
      "provider": "provider[\"registry.terraform.io/hashicorp/google\"]",
      "instances": [
        {
          "schema_version": 3,
          "attributes": {
            "autoclass": [],
            "cors": [],
            "custom_placement_config": [],
            "default_event_based_hold": false,
            "effective_labels": {
              "goog-terraform-provisioned": "true"
            },
            "enable_object_retention": false,
            "encryption": [],
            "force_destroy": true,
            "hierarchical_namespace": [
              {
                "enabled": false
              }
            ],
            "id": "shoppingwebfrontend-gcp",
            "labels": {},
            "lifecycle_rule": [],
            "location": "ASIA-NORTHEAST3",
            "logging": [],
            "name": "shoppingwebfrontend-gcp",
            "project": "peppy-arcadia-432311-g5",
            "project_number": 134982172036,
            "public_access_prevention": "inherited",
            "requester_pays": false,
            "retention_policy": [],
            "rpo": null,
            "self_link": "https://www.googleapis.com/storage/v1/b/shoppingwebfrontend-gcp",
            "soft_delete_policy": [
              {
                "effective_time": "2025-01-16T12:43:23.581Z",
                "retention_duration_seconds": 604800
              }
            ],
            "storage_class": "STANDARD",
            "terraform_labels": {
              "goog-terraform-provisioned": "true"
            },
            "timeouts": null,
            "uniform_bucket_level_access": false,
            "url": "gs://shoppingwebfrontend-gcp",
            "versioning": [],
            "website": [
              {
                "main_page_suffix": "login.html",
                "not_found_page": "error.html"
              }
            ]
          },
          "sensitive_attributes": [],
          "private": "eyJlMmJmYjczMC1lY2FhLTExZTYtOGY4OC0zNDM2M2JjN2M0YzAiOnsiY3JlYXRlIjo2MDAwMDAwMDAwMDAsInJlYWQiOjI0MDAwMDAwMDAwMCwidXBkYXRlIjoyNDAwMDAwMDAwMDB9LCJzY2hlbWFfdmVyc2lvbiI6IjMifQ==",
          "dependencies": [
            "module.gke.google_container_cluster.gke_cluster",
            "module.gke.google_container_node_pool.primary_nodes",
            "module.gke.null_resource.delete_default_node_pool",
            "module.network.google_compute_network.main_vpc",
            "module.network.google_compute_subnetwork.private_subnet"
          ]
        }
      ]
    },
    {
      "module": "module.storage_and_lb",
      "mode": "managed",
      "type": "google_storage_bucket_iam_binding",
      "name": "all_users_read",
      "provider": "provider[\"registry.terraform.io/hashicorp/google\"]",
      "instances": [
        {
          "schema_version": 0,
          "attributes": {
            "bucket": "b/shoppingwebfrontend-gcp",
            "condition": [],
            "etag": "CAI=",
            "id": "b/shoppingwebfrontend-gcp/roles/storage.objectViewer",
            "members": [
              "allUsers"
            ],
            "role": "roles/storage.objectViewer"
          },
          "sensitive_attributes": [],
          "private": "bnVsbA==",
          "dependencies": [
            "module.gke.google_container_cluster.gke_cluster",
            "module.gke.google_container_node_pool.primary_nodes",
            "module.gke.null_resource.delete_default_node_pool",
            "module.network.google_compute_network.main_vpc",
            "module.network.google_compute_subnetwork.private_subnet",
            "module.storage_and_lb.google_storage_bucket.frontend_bucket"
          ]
        }
      ]
    },
    {
      "module": "module.storage_and_lb",
      "mode": "managed",
      "type": "google_storage_bucket_object",
      "name": "html_files",
      "provider": "provider[\"registry.terraform.io/hashicorp/google\"]",
      "instances": [
        {
          "index_key": "login.html",
          "schema_version": 0,
          "attributes": {
            "bucket": "shoppingwebfrontend-gcp",
            "cache_control": "",
            "content": null,
            "content_disposition": "",
            "content_encoding": "",
            "content_language": "",
            "content_type": "text/html",
            "crc32c": "sB/HYw==",
            "customer_encryption": [],
            "detect_md5hash": "twht0fRexNADdKgyg32axA==",
            "event_based_hold": false,
            "generation": 1737032900087794,
            "id": "shoppingwebfrontend-gcp-login.html",
            "kms_key_name": "",
            "md5hash": "twht0fRexNADdKgyg32axA==",
            "media_link": "https://storage.googleapis.com/download/storage/v1/b/shoppingwebfrontend-gcp/o/login.html?generation=1737032900087794\u0026alt=media",
            "metadata": null,
            "name": "login.html",
            "output_name": "login.html",
            "retention": [],
            "self_link": "https://www.googleapis.com/storage/v1/b/shoppingwebfrontend-gcp/o/login.html",
            "source": "../html/login.html",
            "storage_class": "STANDARD",
            "temporary_hold": false,
            "timeouts": null
          },
          "sensitive_attributes": [],
          "private": "eyJlMmJmYjczMC1lY2FhLTExZTYtOGY4OC0zNDM2M2JjN2M0YzAiOnsiY3JlYXRlIjoyNDAwMDAwMDAwMDAsImRlbGV0ZSI6MjQwMDAwMDAwMDAwLCJ1cGRhdGUiOjI0MDAwMDAwMDAwMH19",
          "dependencies": [
            "module.gke.google_container_cluster.gke_cluster",
            "module.gke.google_container_node_pool.primary_nodes",
            "module.gke.null_resource.delete_default_node_pool",
            "module.network.google_compute_subnetwork.private_subnet",
            "module.storage_and_lb.google_storage_bucket.frontend_bucket"
          ]
        },
        {
          "index_key": "main.html",
          "schema_version": 0,
          "attributes": {
            "bucket": "shoppingwebfrontend-gcp",
            "cache_control": "",
            "content": null,
            "content_disposition": "",
            "content_encoding": "",
            "content_language": "",
            "content_type": "text/html",
            "crc32c": "mIbSIw==",
            "customer_encryption": [],
            "detect_md5hash": "WzXjsnJNm+MfUuh+39h9xQ==",
            "event_based_hold": false,
            "generation": 1737032900093547,
            "id": "shoppingwebfrontend-gcp-main.html",
            "kms_key_name": "",
            "md5hash": "WzXjsnJNm+MfUuh+39h9xQ==",
            "media_link": "https://storage.googleapis.com/download/storage/v1/b/shoppingwebfrontend-gcp/o/main.html?generation=1737032900093547\u0026alt=media",
            "metadata": null,
            "name": "main.html",
            "output_name": "main.html",
            "retention": [],
            "self_link": "https://www.googleapis.com/storage/v1/b/shoppingwebfrontend-gcp/o/main.html",
            "source": "../html/main.html",
            "storage_class": "STANDARD",
            "temporary_hold": false,
            "timeouts": null
          },
          "sensitive_attributes": [],
          "private": "eyJlMmJmYjczMC1lY2FhLTExZTYtOGY4OC0zNDM2M2JjN2M0YzAiOnsiY3JlYXRlIjoyNDAwMDAwMDAwMDAsImRlbGV0ZSI6MjQwMDAwMDAwMDAwLCJ1cGRhdGUiOjI0MDAwMDAwMDAwMH19",
          "dependencies": [
            "module.gke.google_container_cluster.gke_cluster",
            "module.gke.google_container_node_pool.primary_nodes",
            "module.gke.null_resource.delete_default_node_pool",
            "module.network.google_compute_subnetwork.private_subnet",
            "module.storage_and_lb.google_storage_bucket.frontend_bucket"
          ]
        },
        {
          "index_key": "signup.html",
          "schema_version": 0,
          "attributes": {
            "bucket": "shoppingwebfrontend-gcp",
            "cache_control": "",
            "content": null,
            "content_disposition": "",
            "content_encoding": "",
            "content_language": "",
            "content_type": "text/html",
            "crc32c": "+7x7zQ==",
            "customer_encryption": [],
            "detect_md5hash": "TQmmCAiEtaXIen5DZDP/ZQ==",
            "event_based_hold": false,
            "generation": 1737032900088845,
            "id": "shoppingwebfrontend-gcp-signup.html",
            "kms_key_name": "",
            "md5hash": "TQmmCAiEtaXIen5DZDP/ZQ==",
            "media_link": "https://storage.googleapis.com/download/storage/v1/b/shoppingwebfrontend-gcp/o/signup.html?generation=1737032900088845\u0026alt=media",
            "metadata": null,
            "name": "signup.html",
            "output_name": "signup.html",
            "retention": [],
            "self_link": "https://www.googleapis.com/storage/v1/b/shoppingwebfrontend-gcp/o/signup.html",
            "source": "../html/signup.html",
            "storage_class": "STANDARD",
            "temporary_hold": false,
            "timeouts": null
          },
          "sensitive_attributes": [],
          "private": "eyJlMmJmYjczMC1lY2FhLTExZTYtOGY4OC0zNDM2M2JjN2M0YzAiOnsiY3JlYXRlIjoyNDAwMDAwMDAwMDAsImRlbGV0ZSI6MjQwMDAwMDAwMDAwLCJ1cGRhdGUiOjI0MDAwMDAwMDAwMH19",
          "dependencies": [
            "module.gke.google_container_cluster.gke_cluster",
            "module.gke.google_container_node_pool.primary_nodes",
            "module.gke.null_resource.delete_default_node_pool",
            "module.network.google_compute_subnetwork.private_subnet",
            "module.storage_and_lb.google_storage_bucket.frontend_bucket"
          ]
        }
      ]
    }
  ],
  "check_results": null
}
