{
  "version": 4,
  "terraform_version": "1.5.7",
  "serial": 21,
  "lineage": "5e8b9601-8136-a89b-34fa-21ce70af5059",
  "outputs": {},
  "resources": [
    {
      "mode": "data",
      "type": "google_client_config",
      "name": "default",
      "provider": "provider[\"registry.terraform.io/hashicorp/google\"]",
      "instances": [
        {
          "schema_version": 0,
          "attributes": {
            "access_token": "ya29.a0ARW5m762qmb9mZDtpzS6vHkDkvlEB1qJGRhueaQ07ZTp6Ii2FBqIjMW8THljbORqia0uobR_uASOW00gKm_ct67fAZgjlSfssfCdVrRXlGRmMlqOu45dZy9ARbSzjgFnHO8_P4PDpfJQfmocX1sLEuZ2nju6pbi3OIjY-ooxiQaCgYKAcASARISFQHGX2MiuzjRMkWo-OO-_YzDGPBC4g0177",
            "default_labels": {},
            "id": "projects/peppy-arcadia-432311-g5/regions/asia-northeast3/zones/",
            "project": "peppy-arcadia-432311-g5",
            "region": "asia-northeast3",
            "zone": ""
          },
          "sensitive_attributes": []
        }
      ]
    },
    {
      "module": "module.cloud_sql",
      "mode": "managed",
      "type": "google_sql_database",
      "name": "default_db",
      "provider": "provider[\"registry.terraform.io/hashicorp/google\"]",
      "instances": [
        {
          "schema_version": 0,
          "attributes": {
            "charset": "utf8mb4",
            "collation": "utf8mb4_0900_ai_ci",
            "deletion_policy": "DELETE",
            "id": "projects/peppy-arcadia-432311-g5/instances/mydb-instance/databases/mydb",
            "instance": "mydb-instance",
            "name": "mydb",
            "project": "peppy-arcadia-432311-g5",
            "self_link": "https://sqladmin.googleapis.com/sql/v1beta4/projects/peppy-arcadia-432311-g5/instances/mydb-instance/databases/mydb",
            "timeouts": null
          },
          "sensitive_attributes": [],
          "private": "eyJlMmJmYjczMC1lY2FhLTExZTYtOGY4OC0zNDM2M2JjN2M0YzAiOnsiY3JlYXRlIjoxMjAwMDAwMDAwMDAwLCJkZWxldGUiOjEyMDAwMDAwMDAwMDAsInVwZGF0ZSI6MTIwMDAwMDAwMDAwMH19",
          "dependencies": [
            "module.cloud_sql.google_sql_database_instance.mysql_instance",
            "module.network.google_compute_global_address.private_ip_range",
            "module.network.google_compute_network.main_vpc",
            "module.network.google_compute_router.nat_router",
            "module.network.google_compute_router_nat.nat_config",
            "module.network.google_compute_subnetwork.private_subnet",
            "module.network.google_compute_subnetwork.public_subnet",
            "module.network.google_service_networking_connection.private_vpc_connection"
          ]
        }
      ]
    },
    {
      "module": "module.cloud_sql",
      "mode": "managed",
      "type": "google_sql_database_instance",
      "name": "mysql_instance",
      "provider": "provider[\"registry.terraform.io/hashicorp/google\"]",
      "instances": [
        {
          "schema_version": 0,
          "attributes": {
            "available_maintenance_versions": [],
            "clone": [],
            "connection_name": "peppy-arcadia-432311-g5:asia-northeast3:mydb-instance",
            "database_version": "MYSQL_8_0",
            "deletion_protection": false,
            "dns_name": "",
            "encryption_key_name": null,
            "first_ip_address": "10.3.0.21",
            "id": "mydb-instance",
            "instance_type": "CLOUD_SQL_INSTANCE",
            "ip_address": [
              {
                "ip_address": "10.3.0.21",
                "time_to_retire": "",
                "type": "PRIVATE"
              }
            ],
            "maintenance_version": "MYSQL_8_0_37.R20241208.01_00",
            "master_instance_name": "",
            "name": "mydb-instance",
            "private_ip_address": "10.3.0.21",
            "project": "peppy-arcadia-432311-g5",
            "psc_service_attachment_link": "",
            "public_ip_address": "",
            "region": "asia-northeast3",
            "replica_configuration": [],
            "replica_names": [],
            "replication_cluster": [
              {
                "dr_replica": false,
                "failover_dr_replica_name": ""
              }
            ],
            "restore_backup_context": [],
            "root_password": null,
            "self_link": "https://sqladmin.googleapis.com/sql/v1beta4/projects/peppy-arcadia-432311-g5/instances/mydb-instance",
            "server_ca_cert": [
              {
                "cert": "-----BEGIN CERTIFICATE-----\nMIIDfzCCAmegAwIBAgIBADANBgkqhkiG9w0BAQsFADB3MS0wKwYDVQQuEyQzYjMw\nMTUzYi1hNmRiLTQ5ZDktODRiOC0yZTAwMGM1ODhiYjAxIzAhBgNVBAMTGkdvb2ds\nZSBDbG91ZCBTUUwgU2VydmVyIENBMRQwEgYDVQQKEwtHb29nbGUsIEluYzELMAkG\nA1UEBhMCVVMwHhcNMjUwMTIyMDUzNzEzWhcNMzUwMTIwMDUzODEzWjB3MS0wKwYD\nVQQuEyQzYjMwMTUzYi1hNmRiLTQ5ZDktODRiOC0yZTAwMGM1ODhiYjAxIzAhBgNV\nBAMTGkdvb2dsZSBDbG91ZCBTUUwgU2VydmVyIENBMRQwEgYDVQQKEwtHb29nbGUs\nIEluYzELMAkGA1UEBhMCVVMwggEiMA0GCSqGSIb3DQEBAQUAA4IBDwAwggEKAoIB\nAQD2rAPnsp4E2paZFKewZfYioZl8JN+UurDcwDaPy9AF2LCAbF67+cqrei3Q+qZl\nD9GrkCYNTpI55h7tqvgi1/Hu6pYjrzYEtZE9VDzUbKYI0RusiYyXPaJS+cTMrtQv\n3YSGn4fFVPz9zZTuoeT00YXdQYYrsP9HuWNxBhXkNZxUre1t4ELG4TS0mb2pMoft\n6FOykfWLPxU/3gtYAWK4qtSJQqWG5gOIJL3WdLbxIf+TSZrij9GgLf2l+miTviKU\nt9ILhro5gTdxh92X+LPR+AChNFnesLIgVnNTx99ziG607Anf39xK0QMn/QJnYVQf\nKGYOFXOgPO9r3UnWL/Y5TkY3AgMBAAGjFjAUMBIGA1UdEwEB/wQIMAYBAf8CAQAw\nDQYJKoZIhvcNAQELBQADggEBALL/x6weSm1kR7SSwoZv9MAcVf2hFUtUJXn6DNL6\nj7RSd8xGjSasCsxhhJWEIcCHDT6pHKNCiNosdvRU0X8ttziI8ahhp2fliQHrEk4C\n85PAyTeZoffrq7qhlQL8X0ryRA2hmKjyI9PqYmcfxMPIbzsjiHUpR3wl8Iz00gNN\nS4xVhD5aSXFwdJEFZgx9Yo9a2Zacn6t0IXTHBT9fyek5jV/enDiO+8qUkf3Y0yAf\n0LeJF2IklE+Htw5uq1yJWYZxcfFiBCpOyB0RvX8GVs1/bfOAPAlIZumkRWCMGCn0\nOj05xXqU8WyKjQMfdJONP1Zx84OFikGp8ll9lpMf2ZugEVU=\n-----END CERTIFICATE-----",
                "common_name": "C=US,O=Google\\, Inc,CN=Google Cloud SQL Server CA,dnQualifier=3b30153b-a6db-49d9-84b8-2e000c588bb0",
                "create_time": "2025-01-22T05:37:13Z",
                "expiration_time": "2035-01-20T05:38:13Z",
                "sha1_fingerprint": "56e5b0ad3d2ca333a4cc3dfb7454722614ac883d"
              }
            ],
            "service_account_email_address": "p134982172036-kl2kon@gcp-sa-cloud-sql.iam.gserviceaccount.com",
            "settings": [
              {
                "activation_policy": "ALWAYS",
                "active_directory_config": [],
                "advanced_machine_features": [],
                "availability_type": "ZONAL",
                "backup_configuration": [
                  {
                    "backup_retention_settings": [
                      {
                        "retained_backups": 7,
                        "retention_unit": "COUNT"
                      }
                    ],
                    "binary_log_enabled": false,
                    "enabled": false,
                    "location": "",
                    "point_in_time_recovery_enabled": false,
                    "start_time": "17:00",
                    "transaction_log_retention_days": 7
                  }
                ],
                "collation": "",
                "connector_enforcement": "NOT_REQUIRED",
                "data_cache_config": [
                  {
                    "data_cache_enabled": false
                  }
                ],
                "database_flags": [],
                "deletion_protection_enabled": false,
                "deny_maintenance_period": [],
                "disk_autoresize": true,
                "disk_autoresize_limit": 0,
                "disk_size": 10,
                "disk_type": "PD_SSD",
                "edition": "ENTERPRISE",
                "enable_dataplex_integration": false,
                "enable_google_ml_integration": false,
                "insights_config": [],
                "ip_configuration": [
                  {
                    "allocated_ip_range": "",
                    "authorized_networks": [],
                    "enable_private_path_for_google_cloud_services": false,
                    "ipv4_enabled": false,
                    "private_network": "projects/peppy-arcadia-432311-g5/global/networks/gcp-dr-vpc",
                    "psc_config": [],
                    "server_ca_mode": "GOOGLE_MANAGED_INTERNAL_CA",
                    "server_ca_pool": "",
                    "ssl_mode": "ALLOW_UNENCRYPTED_AND_ENCRYPTED"
                  }
                ],
                "location_preference": [
                  {
                    "follow_gae_application": "",
                    "secondary_zone": "",
                    "zone": "asia-northeast3-c"
                  }
                ],
                "maintenance_window": [],
                "password_validation_policy": [],
                "pricing_plan": "PER_USE",
                "sql_server_audit_config": [],
                "tier": "db-f1-micro",
                "time_zone": "",
                "user_labels": {},
                "version": 1
              }
            ],
            "timeouts": null
          },
          "sensitive_attributes": [],
          "private": "eyJlMmJmYjczMC1lY2FhLTExZTYtOGY4OC0zNDM2M2JjN2M0YzAiOnsiY3JlYXRlIjo1NDAwMDAwMDAwMDAwLCJkZWxldGUiOjU0MDAwMDAwMDAwMDAsInVwZGF0ZSI6NTQwMDAwMDAwMDAwMH19",
          "dependencies": [
            "module.network.google_compute_global_address.private_ip_range",
            "module.network.google_compute_network.main_vpc",
            "module.network.google_compute_router.nat_router",
            "module.network.google_compute_router_nat.nat_config",
            "module.network.google_compute_subnetwork.private_subnet",
            "module.network.google_compute_subnetwork.public_subnet",
            "module.network.google_service_networking_connection.private_vpc_connection"
          ]
        }
      ]
    },
    {
      "module": "module.cloud_sql",
      "mode": "managed",
      "type": "google_sql_user",
      "name": "root_user",
      "provider": "provider[\"registry.terraform.io/hashicorp/google\"]",
      "instances": [
        {
          "schema_version": 1,
          "attributes": {
            "deletion_policy": null,
            "host": "%",
            "id": "root/%/mydb-instance",
            "instance": "mydb-instance",
            "name": "root",
            "password": "hi8857036",
            "password_policy": [],
            "project": "peppy-arcadia-432311-g5",
            "sql_server_user_details": [],
            "timeouts": null,
            "type": ""
          },
          "sensitive_attributes": [],
          "private": "eyJlMmJmYjczMC1lY2FhLTExZTYtOGY4OC0zNDM2M2JjN2M0YzAiOnsiY3JlYXRlIjo2MDAwMDAwMDAwMDAsImRlbGV0ZSI6NjAwMDAwMDAwMDAwLCJ1cGRhdGUiOjYwMDAwMDAwMDAwMH0sInNjaGVtYV92ZXJzaW9uIjoiMSJ9",
          "dependencies": [
            "module.cloud_sql.google_sql_database_instance.mysql_instance",
            "module.network.google_compute_global_address.private_ip_range",
            "module.network.google_compute_network.main_vpc",
            "module.network.google_compute_router.nat_router",
            "module.network.google_compute_router_nat.nat_config",
            "module.network.google_compute_subnetwork.private_subnet",
            "module.network.google_compute_subnetwork.public_subnet",
            "module.network.google_service_networking_connection.private_vpc_connection"
          ]
        }
      ]
    },
    {
      "module": "module.gke",
      "mode": "managed",
      "type": "google_container_cluster",
      "name": "gke_cluster",
      "provider": "provider[\"registry.terraform.io/hashicorp/google\"]",
      "instances": [
        {
          "schema_version": 2,
          "attributes": {
            "addons_config": [
              {
                "cloudrun_config": [],
                "config_connector_config": [],
                "dns_cache_config": [],
                "gce_persistent_disk_csi_driver_config": [
                  {
                    "enabled": true
                  }
                ],
                "gcp_filestore_csi_driver_config": [],
                "gcs_fuse_csi_driver_config": [],
                "gke_backup_agent_config": [],
                "horizontal_pod_autoscaling": [],
                "http_load_balancing": [],
                "network_policy_config": [
                  {
                    "disabled": true
                  }
                ],
                "parallelstore_csi_driver_config": [],
                "ray_operator_config": [],
                "stateful_ha_config": []
              }
            ],
            "allow_net_admin": null,
            "authenticator_groups_config": [],
            "binary_authorization": [
              {
                "enabled": false,
                "evaluation_mode": ""
              }
            ],
            "cluster_autoscaling": [
              {
                "auto_provisioning_defaults": [],
                "auto_provisioning_locations": [],
                "autoscaling_profile": "BALANCED",
                "enabled": false,
                "resource_limits": []
              }
            ],
            "cluster_ipv4_cidr": "10.4.0.0/14",
            "confidential_nodes": [],
            "control_plane_endpoints_config": [
              {
                "dns_endpoint_config": [
                  {
                    "allow_external_traffic": false,
                    "endpoint": "gke-4959548fc6d5454a91dd49f165b399e375fe-134982172036.asia-northeast3.gke.goog"
                  }
                ]
              }
            ],
            "cost_management_config": [],
            "database_encryption": [
              {
                "key_name": "",
                "state": "DECRYPTED"
              }
            ],
            "datapath_provider": "",
            "default_max_pods_per_node": 110,
            "default_snat_status": [
              {
                "disabled": false
              }
            ],
            "deletion_protection": false,
            "description": "",
            "dns_config": [],
            "effective_labels": {
              "goog-terraform-provisioned": "true"
            },
            "enable_autopilot": false,
            "enable_cilium_clusterwide_network_policy": false,
            "enable_fqdn_network_policy": false,
            "enable_intranode_visibility": false,
            "enable_k8s_beta_apis": [],
            "enable_kubernetes_alpha": false,
            "enable_l4_ilb_subsetting": false,
            "enable_legacy_abac": false,
            "enable_multi_networking": false,
            "enable_shielded_nodes": true,
            "enable_tpu": false,
            "endpoint": "34.47.74.114",
            "enterprise_config": [
              {
                "cluster_tier": "STANDARD",
                "desired_tier": ""
              }
            ],
            "fleet": [],
            "gateway_api_config": [],
            "id": "projects/peppy-arcadia-432311-g5/locations/asia-northeast3/clusters/gcp-dr-gke",
            "identity_service_config": [],
            "initial_node_count": 1,
            "ip_allocation_policy": [
              {
                "additional_pod_ranges_config": [],
                "cluster_ipv4_cidr_block": "10.4.0.0/14",
                "cluster_secondary_range_name": "pods",
                "pod_cidr_overprovision_config": [
                  {
                    "disabled": false
                  }
                ],
                "services_ipv4_cidr_block": "10.2.0.0/16",
                "services_secondary_range_name": "services",
                "stack_type": "IPV4"
              }
            ],
            "label_fingerprint": "78cdf2f6",
            "location": "asia-northeast3",
            "logging_config": [
              {
                "enable_components": [
                  "SYSTEM_COMPONENTS",
                  "WORKLOADS"
                ]
              }
            ],
            "logging_service": "logging.googleapis.com/kubernetes",
            "maintenance_policy": [],
            "master_auth": [
              {
                "client_certificate": "",
                "client_certificate_config": [
                  {
                    "issue_client_certificate": false
                  }
                ],
                "client_key": "",
                "cluster_ca_certificate": "LS0tLS1CRUdJTiBDRVJUSUZJQ0FURS0tLS0tCk1JSUVMRENDQXBTZ0F3SUJBZ0lRV3pWZWFEalN3V293c3c4Z2Q3b2NtVEFOQmdrcWhraUc5dzBCQVFzRkFEQXYKTVMwd0t3WURWUVFERXlSbU5XVTBaVE5rWVMweE1UTTFMVFEzTkdRdFltSmtNaTAzWlRRME5UQXdabUkxTWpndwpJQmNOTWpVd01USXlNRFEwTnpReVdoZ1BNakExTlRBeE1UVXdOVFEzTkRKYU1DOHhMVEFyQmdOVkJBTVRKR1kxClpUUmxNMlJoTFRFeE16VXRORGMwWkMxaVltUXlMVGRsTkRRMU1EQm1ZalV5T0RDQ0FhSXdEUVlKS29aSWh2Y04KQVFFQkJRQURnZ0dQQURDQ0FZb0NnZ0dCQU5qdDZ1YUtranhFUjlveEI0NVU5aDEwcDY1RHpzY2kwTVo2YU5zQgo5T1IxNk1mYmxaSnl4RVBmbmtTRHhvVkFrODJKNlpRUUFDdUd0ZlJ2MTJ4Tkc2Ri8xUmhidVBnRm93b1NIU3BFCjR0Nzh5Q3BZODBYTGJYak9XU1VqaXE3T3NxQXUxQ1ZJOFNXMmZvMmNvQ0FvVTRpYVZJRkdieE8rS2hIUHp1d3QKeS9jRVA2aEVheUw2SkE2NVZCT0RwWmdBYlpvdWk4Z3IrL3pHWU5BVURFcG0vTENDZlVsa1MvUmJSU2tqVUVCago0eTlBRE9UR2tXeWxCV09nQmRveUxxVkhkMnNJWWtVRzEra1dtWFdJNmY4SkRvVy9zRWZrdlBlektVV3BhTWwvCkcxZUNnTE54ZXhKMkdLV3ROWFJhcWd5WHcxSDQ1YlYvL3FLcXpQNnh1Z0cvMkJ0cXY2NWZ3aWN2aTJuSFFka0kKZENoN2VXeVp2Wm00ZWZwVXlXSU1NSlExdXhtbmhFS2pwSFV2WjBhZDByMW1SWENFeGswNmgwdGhSTDJqOERPUAptZUhKakRPd1h3ZmRTenhlZnRnUWFEYVlJalFqU0Y5ZUhJcXI0ZmRvUGtaay9admFpWWVKL1hMeXI5akNEdjFpCmRuc0JDNC9MR25pMTEzL1J4VWNBNEdWODd3SURBUUFCbzBJd1FEQU9CZ05WSFE4QkFmOEVCQU1DQWdRd0R3WUQKVlIwVEFRSC9CQVV3QXdFQi96QWRCZ05WSFE0RUZnUVVNMUpqQUNGcjhXamdORDNka2JPNHhTT3Bqc3N3RFFZSgpLb1pJaHZjTkFRRUxCUUFEZ2dHQkFGUUFzV3ZHM0gvTGtlNXhMWEFxaWZtTTZoM01NdGdYbkRoTFhHMU1EKzJMCi9KQTVtL1poQjcyY2pMY2dVNi93MlpQZHFmYzVhbUFkNG9GMXFZNXQzdERLUXJJY3hJUHRQS2JmbnFnL2xoa0kKVGJkaE5pWUd0ejMyVENaeGdhUGxIY2djak41d1puM0xjR3JYNU9jcU5XY1QzcXRBYUIwaU9tRHN5aVl2V0FxUQpjdThFMklERlJtSFg3aEM2MWVmTUJYNmM5ekNnTmdwaFZaVGNheVFBRjFjMTdrTHRldjY5K0N1TXpoWU1IU1RmCll3NXNCa3cwdzVjWlpOOFRXZXZtcWFnUXF6M09weXZ0NTE4TWdMaXM5am9lQUhCUnVWaTMyOCtxbVdNT1JJVGkKZVpPNFlVQVZXOHJpU0FPTEpxZTdjWi9BRXNKaWVScEwyRkt4eWdQR0loeTdSRGI3N1gwWS9pVzRJbThPcjdzRgo5L1FXRldlOFNHdnY0RDZDbklIc1d2akJTaTBTUUpuTUUzak1ITnM5bVBORDNDNDdMbkNvcjFsdEhGYmpCb3FzCnY2RHRTZWFIcEpLbkFhUS91VjNrb3gxVEpqbGFrWUxsMzZuK2NQb29peTZOMXdLZ1NNWnZFRGdxSWU3MWlGNlkKRUxIb2VRa1ZIRXZqRTNERlVQOEtsZz09Ci0tLS0tRU5EIENFUlRJRklDQVRFLS0tLS0K"
              }
            ],
            "master_authorized_networks_config": [],
            "master_version": "1.30.8-gke.1051000",
            "mesh_certificates": [],
            "min_master_version": null,
            "monitoring_config": [
              {
                "advanced_datapath_observability_config": [
                  {
                    "enable_metrics": false,
                    "enable_relay": false
                  }
                ],
                "enable_components": [
                  "SYSTEM_COMPONENTS",
                  "DAEMONSET",
                  "DEPLOYMENT",
                  "STATEFULSET",
                  "STORAGE",
                  "HPA",
                  "POD",
                  "CADVISOR",
                  "KUBELET"
                ],
                "managed_prometheus": [
                  {
                    "enabled": true
                  }
                ]
              }
            ],
            "monitoring_service": "monitoring.googleapis.com/kubernetes",
            "name": "gcp-dr-gke",
            "network": "projects/peppy-arcadia-432311-g5/global/networks/gcp-dr-vpc",
            "network_policy": [
              {
                "enabled": false,
                "provider": "PROVIDER_UNSPECIFIED"
              }
            ],
            "networking_mode": "VPC_NATIVE",
            "node_config": [
              {
                "advanced_machine_features": [],
                "boot_disk_kms_key": "",
                "confidential_nodes": [],
                "containerd_config": [],
                "disk_size_gb": 20,
                "disk_type": "pd-balanced",
                "effective_taints": [],
                "enable_confidential_storage": false,
                "ephemeral_storage_local_ssd_config": [],
                "fast_socket": [],
                "gcfs_config": [],
                "guest_accelerator": [],
                "gvnic": [],
                "host_maintenance_policy": [],
                "image_type": "COS_CONTAINERD",
                "kubelet_config": [
                  {
                    "cpu_cfs_quota": false,
                    "cpu_cfs_quota_period": "",
                    "cpu_manager_policy": "",
                    "insecure_kubelet_readonly_port_enabled": "TRUE",
                    "pod_pids_limit": 0
                  }
                ],
                "labels": {},
                "linux_node_config": [],
                "local_nvme_ssd_block_config": [],
                "local_ssd_count": 0,
                "local_ssd_encryption_mode": "",
                "logging_variant": "DEFAULT",
                "machine_type": "e2-medium",
                "metadata": {
                  "disable-legacy-endpoints": "true"
                },
                "min_cpu_platform": "",
                "node_group": "",
                "oauth_scopes": [
                  "https://www.googleapis.com/auth/cloud-platform"
                ],
                "preemptible": false,
                "reservation_affinity": [],
                "resource_labels": {},
                "resource_manager_tags": {},
                "secondary_boot_disks": [],
                "service_account": "default",
                "shielded_instance_config": [
                  {
                    "enable_integrity_monitoring": true,
                    "enable_secure_boot": false
                  }
                ],
                "sole_tenant_config": [],
                "spot": false,
                "storage_pools": [],
                "tags": [],
                "taint": [],
                "workload_metadata_config": []
              }
            ],
            "node_locations": [
              "asia-northeast3-a",
              "asia-northeast3-b",
              "asia-northeast3-c"
            ],
            "node_pool": [
              {
                "autoscaling": [],
                "initial_node_count": 2,
                "instance_group_urls": [
                  "https://www.googleapis.com/compute/v1/projects/peppy-arcadia-432311-g5/zones/asia-northeast3-a/instanceGroupManagers/gke-gcp-dr-gke-gcp-dr-gke-nodepool-f9568018-grp",
                  "https://www.googleapis.com/compute/v1/projects/peppy-arcadia-432311-g5/zones/asia-northeast3-b/instanceGroupManagers/gke-gcp-dr-gke-gcp-dr-gke-nodepool-68889999-grp"
                ],
                "managed_instance_group_urls": [
                  "https://www.googleapis.com/compute/v1/projects/peppy-arcadia-432311-g5/zones/asia-northeast3-a/instanceGroups/gke-gcp-dr-gke-gcp-dr-gke-nodepool-f9568018-grp",
                  "https://www.googleapis.com/compute/v1/projects/peppy-arcadia-432311-g5/zones/asia-northeast3-b/instanceGroups/gke-gcp-dr-gke-gcp-dr-gke-nodepool-68889999-grp"
                ],
                "management": [
                  {
                    "auto_repair": true,
                    "auto_upgrade": true
                  }
                ],
                "max_pods_per_node": 110,
                "name": "gcp-dr-gke-nodepool",
                "name_prefix": "",
                "network_config": [
                  {
                    "additional_node_network_configs": [],
                    "additional_pod_network_configs": [],
                    "create_pod_range": false,
                    "enable_private_nodes": false,
                    "network_performance_config": [],
                    "pod_cidr_overprovision_config": [],
                    "pod_ipv4_cidr_block": "10.4.0.0/14",
                    "pod_range": "pods"
                  }
                ],
                "node_config": [
                  {
                    "advanced_machine_features": [],
                    "boot_disk_kms_key": "",
                    "confidential_nodes": [],
                    "containerd_config": [],
                    "disk_size_gb": 20,
                    "disk_type": "pd-balanced",
                    "effective_taints": [],
                    "enable_confidential_storage": false,
                    "ephemeral_storage_local_ssd_config": [],
                    "fast_socket": [],
                    "gcfs_config": [],
                    "guest_accelerator": [],
                    "gvnic": [],
                    "host_maintenance_policy": [],
                    "image_type": "COS_CONTAINERD",
                    "kubelet_config": [
                      {
                        "cpu_cfs_quota": false,
                        "cpu_cfs_quota_period": "",
                        "cpu_manager_policy": "",
                        "insecure_kubelet_readonly_port_enabled": "TRUE",
                        "pod_pids_limit": 0
                      }
                    ],
                    "labels": {},
                    "linux_node_config": [],
                    "local_nvme_ssd_block_config": [],
                    "local_ssd_count": 0,
                    "local_ssd_encryption_mode": "",
                    "logging_variant": "DEFAULT",
                    "machine_type": "e2-medium",
                    "metadata": {
                      "disable-legacy-endpoints": "true"
                    },
                    "min_cpu_platform": "",
                    "node_group": "",
                    "oauth_scopes": [
                      "https://www.googleapis.com/auth/cloud-platform"
                    ],
                    "preemptible": false,
                    "reservation_affinity": [],
                    "resource_labels": {},
                    "resource_manager_tags": {},
                    "secondary_boot_disks": [],
                    "service_account": "default",
                    "shielded_instance_config": [
                      {
                        "enable_integrity_monitoring": true,
                        "enable_secure_boot": false
                      }
                    ],
                    "sole_tenant_config": [],
                    "spot": false,
                    "storage_pools": [],
                    "tags": [],
                    "taint": [],
                    "workload_metadata_config": []
                  }
                ],
                "node_count": 2,
                "node_locations": [
                  "asia-northeast3-a",
                  "asia-northeast3-b"
                ],
                "placement_policy": [],
                "queued_provisioning": [],
                "upgrade_settings": [
                  {
                    "blue_green_settings": [],
                    "max_surge": 1,
                    "max_unavailable": 0,
                    "strategy": "SURGE"
                  }
                ],
                "version": "1.30.8-gke.1051000"
              }
            ],
            "node_pool_auto_config": [],
            "node_pool_defaults": [
              {
                "node_config_defaults": [
                  {
                    "containerd_config": [],
                    "gcfs_config": [],
                    "insecure_kubelet_readonly_port_enabled": "FALSE",
                    "logging_variant": "DEFAULT"
                  }
                ]
              }
            ],
            "node_version": "1.30.8-gke.1051000",
            "notification_config": [
              {
                "pubsub": [
                  {
                    "enabled": false,
                    "filter": [],
                    "topic": ""
                  }
                ]
              }
            ],
            "operation": null,
            "private_cluster_config": [
              {
                "enable_private_endpoint": false,
                "enable_private_nodes": false,
                "master_global_access_config": [
                  {
                    "enabled": false
                  }
                ],
                "master_ipv4_cidr_block": "",
                "peering_name": "",
                "private_endpoint": "10.0.1.2",
                "private_endpoint_subnetwork": "",
                "public_endpoint": "34.47.74.114"
              }
            ],
            "private_ipv6_google_access": "",
            "project": "peppy-arcadia-432311-g5",
            "release_channel": [
              {
                "channel": "REGULAR"
              }
            ],
            "remove_default_node_pool": false,
            "resource_labels": {},
            "resource_usage_export_config": [],
            "secret_manager_config": [
              {
                "enabled": false
              }
            ],
            "security_posture_config": [
              {
                "mode": "BASIC",
                "vulnerability_mode": "VULNERABILITY_MODE_UNSPECIFIED"
              }
            ],
            "self_link": "https://container.googleapis.com/v1/projects/peppy-arcadia-432311-g5/locations/asia-northeast3/clusters/gcp-dr-gke",
            "service_external_ips_config": [
              {
                "enabled": false
              }
            ],
            "services_ipv4_cidr": "10.2.0.0/16",
            "subnetwork": "projects/peppy-arcadia-432311-g5/regions/asia-northeast3/subnetworks/private-subnet",
            "terraform_labels": {
              "goog-terraform-provisioned": "true"
            },
            "timeouts": null,
            "tpu_ipv4_cidr_block": "",
            "user_managed_keys_config": [],
            "vertical_pod_autoscaling": [],
            "workload_identity_config": []
          },
          "sensitive_attributes": [],
          "private": "eyJlMmJmYjczMC1lY2FhLTExZTYtOGY4OC0zNDM2M2JjN2M0YzAiOnsiY3JlYXRlIjoyNDAwMDAwMDAwMDAwLCJkZWxldGUiOjI0MDAwMDAwMDAwMDAsInJlYWQiOjI0MDAwMDAwMDAwMDAsInVwZGF0ZSI6MzYwMDAwMDAwMDAwMH0sInNjaGVtYV92ZXJzaW9uIjoiMiJ9",
          "dependencies": [
            "module.cloud_sql.google_sql_database.default_db",
            "module.cloud_sql.google_sql_database_instance.mysql_instance",
            "module.cloud_sql.google_sql_user.root_user",
            "module.network.google_compute_global_address.private_ip_range",
            "module.network.google_compute_network.main_vpc",
            "module.network.google_compute_router.nat_router",
            "module.network.google_compute_router_nat.nat_config",
            "module.network.google_compute_subnetwork.private_subnet",
            "module.network.google_compute_subnetwork.public_subnet",
            "module.network.google_service_networking_connection.private_vpc_connection"
          ]
        }
      ]
    },
    {
      "module": "module.gke",
      "mode": "managed",
      "type": "google_container_node_pool",
      "name": "primary_nodes",
      "provider": "provider[\"registry.terraform.io/hashicorp/google\"]",
      "instances": [
        {
          "schema_version": 1,
          "attributes": {
            "autoscaling": [],
            "cluster": "gcp-dr-gke",
            "id": "projects/peppy-arcadia-432311-g5/locations/asia-northeast3/clusters/gcp-dr-gke/nodePools/gcp-dr-gke-nodepool",
            "initial_node_count": 2,
            "instance_group_urls": [
              "https://www.googleapis.com/compute/v1/projects/peppy-arcadia-432311-g5/zones/asia-northeast3-a/instanceGroupManagers/gke-gcp-dr-gke-gcp-dr-gke-nodepool-f9568018-grp",
              "https://www.googleapis.com/compute/v1/projects/peppy-arcadia-432311-g5/zones/asia-northeast3-b/instanceGroupManagers/gke-gcp-dr-gke-gcp-dr-gke-nodepool-68889999-grp"
            ],
            "location": "asia-northeast3",
            "managed_instance_group_urls": [
              "https://www.googleapis.com/compute/v1/projects/peppy-arcadia-432311-g5/zones/asia-northeast3-a/instanceGroups/gke-gcp-dr-gke-gcp-dr-gke-nodepool-f9568018-grp",
              "https://www.googleapis.com/compute/v1/projects/peppy-arcadia-432311-g5/zones/asia-northeast3-b/instanceGroups/gke-gcp-dr-gke-gcp-dr-gke-nodepool-68889999-grp"
            ],
            "management": [
              {
                "auto_repair": true,
                "auto_upgrade": true
              }
            ],
            "max_pods_per_node": 110,
            "name": "gcp-dr-gke-nodepool",
            "name_prefix": "",
            "network_config": [
              {
                "additional_node_network_configs": [],
                "additional_pod_network_configs": [],
                "create_pod_range": false,
                "enable_private_nodes": false,
                "network_performance_config": [],
                "pod_cidr_overprovision_config": [],
                "pod_ipv4_cidr_block": "10.4.0.0/14",
                "pod_range": "pods"
              }
            ],
            "node_config": [
              {
                "advanced_machine_features": [],
                "boot_disk_kms_key": "",
                "confidential_nodes": [],
                "containerd_config": [],
                "disk_size_gb": 20,
                "disk_type": "pd-balanced",
                "effective_taints": [],
                "enable_confidential_storage": false,
                "ephemeral_storage_local_ssd_config": [],
                "fast_socket": [],
                "gcfs_config": [],
                "guest_accelerator": [],
                "gvnic": [],
                "host_maintenance_policy": [],
                "image_type": "COS_CONTAINERD",
                "kubelet_config": [
                  {
                    "cpu_cfs_quota": false,
                    "cpu_cfs_quota_period": "",
                    "cpu_manager_policy": "",
                    "insecure_kubelet_readonly_port_enabled": "TRUE",
                    "pod_pids_limit": 0
                  }
                ],
                "labels": {},
                "linux_node_config": [],
                "local_nvme_ssd_block_config": [],
                "local_ssd_count": 0,
                "local_ssd_encryption_mode": "",
                "logging_variant": "DEFAULT",
                "machine_type": "e2-medium",
                "metadata": {
                  "disable-legacy-endpoints": "true"
                },
                "min_cpu_platform": "",
                "node_group": "",
                "oauth_scopes": [
                  "https://www.googleapis.com/auth/cloud-platform"
                ],
                "preemptible": false,
                "reservation_affinity": [],
                "resource_labels": null,
                "resource_manager_tags": null,
                "secondary_boot_disks": [],
                "service_account": "default",
                "shielded_instance_config": [
                  {
                    "enable_integrity_monitoring": true,
                    "enable_secure_boot": false
                  }
                ],
                "sole_tenant_config": [],
                "spot": false,
                "storage_pools": null,
                "tags": null,
                "taint": [],
                "workload_metadata_config": []
              }
            ],
            "node_count": 2,
            "node_locations": [
              "asia-northeast3-a",
              "asia-northeast3-b"
            ],
            "operation": null,
            "placement_policy": [],
            "project": "peppy-arcadia-432311-g5",
            "queued_provisioning": [],
            "timeouts": null,
            "upgrade_settings": [
              {
                "blue_green_settings": [],
                "max_surge": 1,
                "max_unavailable": 0,
                "strategy": "SURGE"
              }
            ],
            "version": "1.30.8-gke.1051000"
          },
          "sensitive_attributes": [],
          "private": "eyJlMmJmYjczMC1lY2FhLTExZTYtOGY4OC0zNDM2M2JjN2M0YzAiOnsiY3JlYXRlIjoxODAwMDAwMDAwMDAwLCJkZWxldGUiOjE4MDAwMDAwMDAwMDAsInVwZGF0ZSI6MTgwMDAwMDAwMDAwMH0sInNjaGVtYV92ZXJzaW9uIjoiMSJ9",
          "dependencies": [
            "module.cloud_sql.google_sql_database.default_db",
            "module.cloud_sql.google_sql_database_instance.mysql_instance",
            "module.cloud_sql.google_sql_user.root_user",
            "module.gke.google_container_cluster.gke_cluster",
            "module.network.google_compute_global_address.private_ip_range",
            "module.network.google_compute_network.main_vpc",
            "module.network.google_compute_router.nat_router",
            "module.network.google_compute_router_nat.nat_config",
            "module.network.google_compute_subnetwork.private_subnet",
            "module.network.google_compute_subnetwork.public_subnet",
            "module.network.google_service_networking_connection.private_vpc_connection"
          ]
        }
      ]
    },
    {
      "module": "module.gke",
      "mode": "managed",
      "type": "null_resource",
      "name": "delete_default_node_pool",
      "provider": "provider[\"registry.terraform.io/hashicorp/null\"]",
      "instances": [
        {
          "schema_version": 0,
          "attributes": {
            "id": "8131265987569699734",
            "triggers": {
              "cluster_name": "gcp-dr-gke"
            }
          },
          "sensitive_attributes": [],
          "dependencies": [
            "module.cloud_sql.google_sql_database.default_db",
            "module.cloud_sql.google_sql_database_instance.mysql_instance",
            "module.cloud_sql.google_sql_user.root_user",
            "module.gke.google_container_cluster.gke_cluster",
            "module.gke.google_container_node_pool.primary_nodes",
            "module.network.google_compute_global_address.private_ip_range",
            "module.network.google_compute_network.main_vpc",
            "module.network.google_compute_router.nat_router",
            "module.network.google_compute_router_nat.nat_config",
            "module.network.google_compute_subnetwork.private_subnet",
            "module.network.google_compute_subnetwork.public_subnet",
            "module.network.google_service_networking_connection.private_vpc_connection"
          ]
        }
      ]
    },
    {
      "module": "module.k8s_deploy",
      "mode": "managed",
      "type": "helm_release",
      "name": "cert_manager",
      "provider": "provider[\"registry.terraform.io/hashicorp/helm\"]",
      "instances": [
        {
          "schema_version": 1,
          "attributes": {
            "atomic": false,
            "chart": "cert-manager",
            "cleanup_on_fail": false,
            "create_namespace": true,
            "dependency_update": false,
            "description": null,
            "devel": null,
            "disable_crd_hooks": false,
            "disable_openapi_validation": false,
            "disable_webhooks": false,
            "force_update": false,
            "id": "cert-manager",
            "keyring": null,
            "lint": false,
            "manifest": null,
            "max_history": 0,
            "metadata": [
              {
                "app_version": "v1.12.3",
                "chart": "cert-manager",
                "first_deployed": 1737525779,
                "last_deployed": 1737525779,
                "name": "cert-manager",
                "namespace": "cert-manager",
                "notes": "cert-manager v1.12.3 has been deployed successfully!\n\nIn order to begin issuing certificates, you will need to set up a ClusterIssuer\nor Issuer resource (for example, by creating a 'letsencrypt-staging' issuer).\n\nMore information on the different types of issuers and how to configure them\ncan be found in our documentation:\n\nhttps://cert-manager.io/docs/configuration/\n\nFor information on how to configure cert-manager to automatically provision\nCertificates for Ingress resources, take a look at the `ingress-shim`\ndocumentation:\n\nhttps://cert-manager.io/docs/usage/ingress/\n",
                "revision": 1,
                "values": "{\"installCRDs\":true}",
                "version": "v1.12.3"
              }
            ],
            "name": "cert-manager",
            "namespace": "cert-manager",
            "pass_credentials": false,
            "postrender": [],
            "recreate_pods": false,
            "render_subchart_notes": true,
            "replace": false,
            "repository": "https://charts.jetstack.io",
            "repository_ca_file": null,
            "repository_cert_file": null,
            "repository_key_file": null,
            "repository_password": null,
            "repository_username": null,
            "reset_values": false,
            "reuse_values": false,
            "set": [
              {
                "name": "installCRDs",
                "type": "",
                "value": "true"
              }
            ],
            "set_list": [],
            "set_sensitive": [],
            "skip_crds": false,
            "status": "deployed",
            "timeout": 300,
            "upgrade_install": null,
            "values": null,
            "verify": false,
            "version": "v1.12.3",
            "wait": true,
            "wait_for_jobs": false
          },
          "sensitive_attributes": [],
          "private": "eyJzY2hlbWFfdmVyc2lvbiI6IjEifQ==",
          "dependencies": [
            "data.google_client_config.default",
            "module.cloud_sql.google_sql_database.default_db",
            "module.cloud_sql.google_sql_database_instance.mysql_instance",
            "module.cloud_sql.google_sql_user.root_user",
            "module.gke.google_container_cluster.gke_cluster",
            "module.network.google_compute_global_address.private_ip_range",
            "module.network.google_compute_network.main_vpc",
            "module.network.google_compute_router.nat_router",
            "module.network.google_compute_router_nat.nat_config",
            "module.network.google_compute_subnetwork.private_subnet",
            "module.network.google_compute_subnetwork.public_subnet",
            "module.network.google_service_networking_connection.private_vpc_connection"
          ]
        }
      ]
    },
    {
      "module": "module.network",
      "mode": "managed",
      "type": "google_compute_global_address",
      "name": "private_ip_range",
      "provider": "provider[\"registry.terraform.io/hashicorp/google\"]",
      "instances": [
        {
          "schema_version": 0,
          "attributes": {
            "address": "10.3.0.0",
            "address_type": "INTERNAL",
            "creation_timestamp": "2025-01-21T21:34:15.548-08:00",
            "description": "",
            "effective_labels": {
              "goog-terraform-provisioned": "true"
            },
            "id": "projects/peppy-arcadia-432311-g5/global/addresses/cloudsql-private-ip-range",
            "ip_version": "",
            "label_fingerprint": "vezUS-42LLM=",
            "labels": {},
            "name": "cloudsql-private-ip-range",
            "network": "https://www.googleapis.com/compute/v1/projects/peppy-arcadia-432311-g5/global/networks/gcp-dr-vpc",
            "prefix_length": 16,
            "project": "peppy-arcadia-432311-g5",
            "purpose": "VPC_PEERING",
            "self_link": "https://www.googleapis.com/compute/v1/projects/peppy-arcadia-432311-g5/global/addresses/cloudsql-private-ip-range",
            "terraform_labels": {
              "goog-terraform-provisioned": "true"
            },
            "timeouts": null
          },
          "sensitive_attributes": [],
          "private": "eyJlMmJmYjczMC1lY2FhLTExZTYtOGY4OC0zNDM2M2JjN2M0YzAiOnsiY3JlYXRlIjoxMjAwMDAwMDAwMDAwLCJkZWxldGUiOjEyMDAwMDAwMDAwMDAsInVwZGF0ZSI6MTIwMDAwMDAwMDAwMH19",
          "dependencies": [
            "module.network.google_compute_network.main_vpc"
          ]
        }
      ]
    },
    {
      "module": "module.network",
      "mode": "managed",
      "type": "google_compute_network",
      "name": "main_vpc",
      "provider": "provider[\"registry.terraform.io/hashicorp/google\"]",
      "instances": [
        {
          "schema_version": 0,
          "attributes": {
            "auto_create_subnetworks": false,
            "bgp_always_compare_med": false,
            "bgp_best_path_selection_mode": "LEGACY",
            "bgp_inter_region_cost": "",
            "delete_default_routes_on_create": false,
            "description": "",
            "enable_ula_internal_ipv6": false,
            "gateway_ipv4": "",
            "id": "projects/peppy-arcadia-432311-g5/global/networks/gcp-dr-vpc",
            "internal_ipv6_range": "",
            "mtu": 0,
            "name": "gcp-dr-vpc",
            "network_firewall_policy_enforcement_order": "AFTER_CLASSIC_FIREWALL",
            "network_id": "8397217866348051886",
            "numeric_id": "8397217866348051886",
            "project": "peppy-arcadia-432311-g5",
            "routing_mode": "REGIONAL",
            "self_link": "https://www.googleapis.com/compute/v1/projects/peppy-arcadia-432311-g5/global/networks/gcp-dr-vpc",
            "timeouts": null
          },
          "sensitive_attributes": [],
          "private": "eyJlMmJmYjczMC1lY2FhLTExZTYtOGY4OC0zNDM2M2JjN2M0YzAiOnsiY3JlYXRlIjoxMjAwMDAwMDAwMDAwLCJkZWxldGUiOjEyMDAwMDAwMDAwMDAsInVwZGF0ZSI6MTIwMDAwMDAwMDAwMH19"
        }
      ]
    },
    {
      "module": "module.network",
      "mode": "managed",
      "type": "google_compute_router",
      "name": "nat_router",
      "provider": "provider[\"registry.terraform.io/hashicorp/google\"]",
      "instances": [
        {
          "schema_version": 0,
          "attributes": {
            "bgp": [],
            "creation_timestamp": "2025-01-21T21:34:15.772-08:00",
            "description": "",
            "encrypted_interconnect_router": false,
            "id": "projects/peppy-arcadia-432311-g5/regions/asia-northeast3/routers/nat-router",
            "name": "nat-router",
            "network": "https://www.googleapis.com/compute/v1/projects/peppy-arcadia-432311-g5/global/networks/gcp-dr-vpc",
            "project": "peppy-arcadia-432311-g5",
            "region": "asia-northeast3",
            "self_link": "https://www.googleapis.com/compute/v1/projects/peppy-arcadia-432311-g5/regions/asia-northeast3/routers/nat-router",
            "timeouts": null
          },
          "sensitive_attributes": [],
          "private": "eyJlMmJmYjczMC1lY2FhLTExZTYtOGY4OC0zNDM2M2JjN2M0YzAiOnsiY3JlYXRlIjoxMjAwMDAwMDAwMDAwLCJkZWxldGUiOjEyMDAwMDAwMDAwMDAsInVwZGF0ZSI6MTIwMDAwMDAwMDAwMH19",
          "dependencies": [
            "module.network.google_compute_network.main_vpc"
          ]
        }
      ]
    },
    {
      "module": "module.network",
      "mode": "managed",
      "type": "google_compute_router_nat",
      "name": "nat_config",
      "provider": "provider[\"registry.terraform.io/hashicorp/google\"]",
      "instances": [
        {
          "schema_version": 0,
          "attributes": {
            "auto_network_tier": "PREMIUM",
            "drain_nat_ips": [],
            "enable_dynamic_port_allocation": false,
            "enable_endpoint_independent_mapping": false,
            "endpoint_types": [
              "ENDPOINT_TYPE_VM"
            ],
            "icmp_idle_timeout_sec": 30,
            "id": "peppy-arcadia-432311-g5/asia-northeast3/nat-router/cloud-nat",
            "initial_nat_ips": null,
            "log_config": [],
            "max_ports_per_vm": 0,
            "min_ports_per_vm": 0,
            "name": "cloud-nat",
            "nat_ip_allocate_option": "AUTO_ONLY",
            "nat_ips": [],
            "project": "peppy-arcadia-432311-g5",
            "region": "asia-northeast3",
            "router": "nat-router",
            "rules": [],
            "source_subnetwork_ip_ranges_to_nat": "LIST_OF_SUBNETWORKS",
            "subnetwork": [
              {
                "name": "https://www.googleapis.com/compute/v1/projects/peppy-arcadia-432311-g5/regions/asia-northeast3/subnetworks/private-subnet",
                "secondary_ip_range_names": [],
                "source_ip_ranges_to_nat": [
                  "ALL_IP_RANGES"
                ]
              }
            ],
            "tcp_established_idle_timeout_sec": 1200,
            "tcp_time_wait_timeout_sec": 120,
            "tcp_transitory_idle_timeout_sec": 30,
            "timeouts": null,
            "udp_idle_timeout_sec": 30
          },
          "sensitive_attributes": [],
          "private": "eyJlMmJmYjczMC1lY2FhLTExZTYtOGY4OC0zNDM2M2JjN2M0YzAiOnsiY3JlYXRlIjoxMjAwMDAwMDAwMDAwLCJkZWxldGUiOjEyMDAwMDAwMDAwMDAsInVwZGF0ZSI6MTIwMDAwMDAwMDAwMH19",
          "dependencies": [
            "module.network.google_compute_network.main_vpc",
            "module.network.google_compute_router.nat_router",
            "module.network.google_compute_subnetwork.private_subnet"
          ]
        }
      ]
    },
    {
      "module": "module.network",
      "mode": "managed",
      "type": "google_compute_subnetwork",
      "name": "private_subnet",
      "provider": "provider[\"registry.terraform.io/hashicorp/google\"]",
      "instances": [
        {
          "schema_version": 0,
          "attributes": {
            "creation_timestamp": "2025-01-21T21:34:16.184-08:00",
            "description": "",
            "external_ipv6_prefix": "",
            "fingerprint": null,
            "gateway_address": "10.0.1.1",
            "id": "projects/peppy-arcadia-432311-g5/regions/asia-northeast3/subnetworks/private-subnet",
            "internal_ipv6_prefix": "",
            "ip_cidr_range": "10.0.1.0/24",
            "ipv6_access_type": "",
            "ipv6_cidr_range": "",
            "log_config": [],
            "name": "private-subnet",
            "network": "https://www.googleapis.com/compute/v1/projects/peppy-arcadia-432311-g5/global/networks/gcp-dr-vpc",
            "private_ip_google_access": true,
            "private_ipv6_google_access": "DISABLE_GOOGLE_ACCESS",
            "project": "peppy-arcadia-432311-g5",
            "purpose": "PRIVATE",
            "region": "asia-northeast3",
            "reserved_internal_range": "",
            "role": "",
            "secondary_ip_range": [
              {
                "ip_cidr_range": "10.4.0.0/14",
                "range_name": "pods",
                "reserved_internal_range": ""
              },
              {
                "ip_cidr_range": "10.2.0.0/16",
                "range_name": "services",
                "reserved_internal_range": ""
              }
            ],
            "self_link": "https://www.googleapis.com/compute/v1/projects/peppy-arcadia-432311-g5/regions/asia-northeast3/subnetworks/private-subnet",
            "send_secondary_ip_range_if_empty": null,
            "stack_type": "IPV4_ONLY",
            "subnetwork_id": 7975901958525238711,
            "timeouts": null
          },
          "sensitive_attributes": [],
          "private": "eyJlMmJmYjczMC1lY2FhLTExZTYtOGY4OC0zNDM2M2JjN2M0YzAiOnsiY3JlYXRlIjoxMjAwMDAwMDAwMDAwLCJkZWxldGUiOjEyMDAwMDAwMDAwMDAsInVwZGF0ZSI6MTIwMDAwMDAwMDAwMH19",
          "dependencies": [
            "module.network.google_compute_network.main_vpc"
          ]
        }
      ]
    },
    {
      "module": "module.network",
      "mode": "managed",
      "type": "google_compute_subnetwork",
      "name": "public_subnet",
      "provider": "provider[\"registry.terraform.io/hashicorp/google\"]",
      "instances": [
        {
          "schema_version": 0,
          "attributes": {
            "creation_timestamp": "2025-01-21T21:34:16.113-08:00",
            "description": "",
            "external_ipv6_prefix": "",
            "fingerprint": null,
            "gateway_address": "10.0.0.1",
            "id": "projects/peppy-arcadia-432311-g5/regions/asia-northeast3/subnetworks/public-subnet",
            "internal_ipv6_prefix": "",
            "ip_cidr_range": "10.0.0.0/24",
            "ipv6_access_type": "",
            "ipv6_cidr_range": "",
            "log_config": [],
            "name": "public-subnet",
            "network": "https://www.googleapis.com/compute/v1/projects/peppy-arcadia-432311-g5/global/networks/gcp-dr-vpc",
            "private_ip_google_access": false,
            "private_ipv6_google_access": "DISABLE_GOOGLE_ACCESS",
            "project": "peppy-arcadia-432311-g5",
            "purpose": "PRIVATE",
            "region": "asia-northeast3",
            "reserved_internal_range": "",
            "role": "",
            "secondary_ip_range": [],
            "self_link": "https://www.googleapis.com/compute/v1/projects/peppy-arcadia-432311-g5/regions/asia-northeast3/subnetworks/public-subnet",
            "send_secondary_ip_range_if_empty": null,
            "stack_type": "IPV4_ONLY",
            "subnetwork_id": 8765447252542832055,
            "timeouts": null
          },
          "sensitive_attributes": [],
          "private": "eyJlMmJmYjczMC1lY2FhLTExZTYtOGY4OC0zNDM2M2JjN2M0YzAiOnsiY3JlYXRlIjoxMjAwMDAwMDAwMDAwLCJkZWxldGUiOjEyMDAwMDAwMDAwMDAsInVwZGF0ZSI6MTIwMDAwMDAwMDAwMH19",
          "dependencies": [
            "module.network.google_compute_network.main_vpc"
          ]
        }
      ]
    },
    {
      "module": "module.network",
      "mode": "managed",
      "type": "google_service_networking_connection",
      "name": "private_vpc_connection",
      "provider": "provider[\"registry.terraform.io/hashicorp/google\"]",
      "instances": [
        {
          "schema_version": 0,
          "attributes": {
            "deletion_policy": null,
            "id": "https%3A%2F%2Fwww.googleapis.com%2Fcompute%2Fv1%2Fprojects%2Fpeppy-arcadia-432311-g5%2Fglobal%2Fnetworks%2Fgcp-dr-vpc:servicenetworking.googleapis.com",
            "network": "https://www.googleapis.com/compute/v1/projects/peppy-arcadia-432311-g5/global/networks/gcp-dr-vpc",
            "peering": "servicenetworking-googleapis-com",
            "reserved_peering_ranges": [
              "cloudsql-private-ip-range"
            ],
            "service": "servicenetworking.googleapis.com",
            "timeouts": null,
            "update_on_creation_fail": null
          },
          "sensitive_attributes": [],
          "private": "eyJlMmJmYjczMC1lY2FhLTExZTYtOGY4OC0zNDM2M2JjN2M0YzAiOnsiY3JlYXRlIjo2MDAwMDAwMDAwMDAsImRlbGV0ZSI6NjAwMDAwMDAwMDAwLCJ1cGRhdGUiOjYwMDAwMDAwMDAwMH19",
          "dependencies": [
            "module.network.google_compute_global_address.private_ip_range",
            "module.network.google_compute_network.main_vpc"
          ]
        }
      ]
    }
  ],
  "check_results": null
}
