{
  "version": 4,
  "terraform_version": "1.5.7",
  "serial": 46,
  "lineage": "5e8b9601-8136-a89b-34fa-21ce70af5059",
  "outputs": {},
  "resources": [
    {
      "mode": "data",
      "type": "google_client_config",
      "name": "default",
      "provider": "provider[\"registry.terraform.io/hashicorp/google\"]",
      "instances": [
        {
          "schema_version": 0,
          "attributes": {
            "access_token": "ya29.a0ARW5m77RiWj2r-3cV_NBK7DDoo--BkKKC5zRNOU3jAxAShHK9PPL8xIuW3uS5CQt-iigzoX0HbqWJ5Vjdg1xmYKyKHiJZIgG2DUNI-3niN0FRcP9wphPAwYCs8iwHTNJCz6qI4PgFQluZ2LMaSlJzk5JQ8iMo7be-dZva7NyVQaCgYKAesSARISFQHGX2Mi1u0KQV2i9-qTP63KxZ6UOQ0177",
            "default_labels": {},
            "id": "projects/peppy-arcadia-432311-g5/regions/asia-northeast3/zones/",
            "project": "peppy-arcadia-432311-g5",
            "region": "asia-northeast3",
            "zone": ""
          },
          "sensitive_attributes": []
        }
      ]
    },
    {
      "module": "module.cloud_sql",
      "mode": "managed",
      "type": "google_sql_database",
      "name": "default_db",
      "provider": "provider[\"registry.terraform.io/hashicorp/google\"]",
      "instances": [
        {
          "schema_version": 0,
          "attributes": {
            "charset": "utf8mb4",
            "collation": "utf8mb4_0900_ai_ci",
            "deletion_policy": "DELETE",
            "id": "projects/peppy-arcadia-432311-g5/instances/mydb-instance/databases/mydb",
            "instance": "mydb-instance",
            "name": "mydb",
            "project": "peppy-arcadia-432311-g5",
            "self_link": "https://sqladmin.googleapis.com/sql/v1beta4/projects/peppy-arcadia-432311-g5/instances/mydb-instance/databases/mydb",
            "timeouts": null
          },
          "sensitive_attributes": [],
          "private": "eyJlMmJmYjczMC1lY2FhLTExZTYtOGY4OC0zNDM2M2JjN2M0YzAiOnsiY3JlYXRlIjoxMjAwMDAwMDAwMDAwLCJkZWxldGUiOjEyMDAwMDAwMDAwMDAsInVwZGF0ZSI6MTIwMDAwMDAwMDAwMH19",
          "dependencies": [
            "module.cloud_sql.google_sql_database_instance.mysql_instance",
            "module.network.google_compute_global_address.private_ip_range",
            "module.network.google_compute_network.main_vpc",
            "module.network.google_compute_router.nat_router",
            "module.network.google_compute_router_nat.nat_config",
            "module.network.google_compute_subnetwork.private_subnet",
            "module.network.google_compute_subnetwork.public_subnet",
            "module.network.google_service_networking_connection.private_vpc_connection"
          ]
        }
      ]
    },
    {
      "module": "module.cloud_sql",
      "mode": "managed",
      "type": "google_sql_database_instance",
      "name": "mysql_instance",
      "provider": "provider[\"registry.terraform.io/hashicorp/google\"]",
      "instances": [
        {
          "schema_version": 0,
          "attributes": {
            "available_maintenance_versions": [],
            "clone": [],
            "connection_name": "peppy-arcadia-432311-g5:asia-northeast3:mydb-instance",
            "database_version": "MYSQL_8_0",
            "deletion_protection": false,
            "dns_name": "",
            "encryption_key_name": null,
            "first_ip_address": "10.3.0.21",
            "id": "mydb-instance",
            "instance_type": "CLOUD_SQL_INSTANCE",
            "ip_address": [
              {
                "ip_address": "10.3.0.21",
                "time_to_retire": "",
                "type": "PRIVATE"
              }
            ],
            "maintenance_version": "MYSQL_8_0_37.R20241208.01_00",
            "master_instance_name": "",
            "name": "mydb-instance",
            "private_ip_address": "10.3.0.21",
            "project": "peppy-arcadia-432311-g5",
            "psc_service_attachment_link": "",
            "public_ip_address": "",
            "region": "asia-northeast3",
            "replica_configuration": [],
            "replica_names": [],
            "replication_cluster": [
              {
                "dr_replica": false,
                "failover_dr_replica_name": ""
              }
            ],
            "restore_backup_context": [],
            "root_password": null,
            "self_link": "https://sqladmin.googleapis.com/sql/v1beta4/projects/peppy-arcadia-432311-g5/instances/mydb-instance",
            "server_ca_cert": [
              {
                "cert": "-----BEGIN CERTIFICATE-----\nMIIDfzCCAmegAwIBAgIBADANBgkqhkiG9w0BAQsFADB3MS0wKwYDVQQuEyQzYjMw\nMTUzYi1hNmRiLTQ5ZDktODRiOC0yZTAwMGM1ODhiYjAxIzAhBgNVBAMTGkdvb2ds\nZSBDbG91ZCBTUUwgU2VydmVyIENBMRQwEgYDVQQKEwtHb29nbGUsIEluYzELMAkG\nA1UEBhMCVVMwHhcNMjUwMTIyMDUzNzEzWhcNMzUwMTIwMDUzODEzWjB3MS0wKwYD\nVQQuEyQzYjMwMTUzYi1hNmRiLTQ5ZDktODRiOC0yZTAwMGM1ODhiYjAxIzAhBgNV\nBAMTGkdvb2dsZSBDbG91ZCBTUUwgU2VydmVyIENBMRQwEgYDVQQKEwtHb29nbGUs\nIEluYzELMAkGA1UEBhMCVVMwggEiMA0GCSqGSIb3DQEBAQUAA4IBDwAwggEKAoIB\nAQD2rAPnsp4E2paZFKewZfYioZl8JN+UurDcwDaPy9AF2LCAbF67+cqrei3Q+qZl\nD9GrkCYNTpI55h7tqvgi1/Hu6pYjrzYEtZE9VDzUbKYI0RusiYyXPaJS+cTMrtQv\n3YSGn4fFVPz9zZTuoeT00YXdQYYrsP9HuWNxBhXkNZxUre1t4ELG4TS0mb2pMoft\n6FOykfWLPxU/3gtYAWK4qtSJQqWG5gOIJL3WdLbxIf+TSZrij9GgLf2l+miTviKU\nt9ILhro5gTdxh92X+LPR+AChNFnesLIgVnNTx99ziG607Anf39xK0QMn/QJnYVQf\nKGYOFXOgPO9r3UnWL/Y5TkY3AgMBAAGjFjAUMBIGA1UdEwEB/wQIMAYBAf8CAQAw\nDQYJKoZIhvcNAQELBQADggEBALL/x6weSm1kR7SSwoZv9MAcVf2hFUtUJXn6DNL6\nj7RSd8xGjSasCsxhhJWEIcCHDT6pHKNCiNosdvRU0X8ttziI8ahhp2fliQHrEk4C\n85PAyTeZoffrq7qhlQL8X0ryRA2hmKjyI9PqYmcfxMPIbzsjiHUpR3wl8Iz00gNN\nS4xVhD5aSXFwdJEFZgx9Yo9a2Zacn6t0IXTHBT9fyek5jV/enDiO+8qUkf3Y0yAf\n0LeJF2IklE+Htw5uq1yJWYZxcfFiBCpOyB0RvX8GVs1/bfOAPAlIZumkRWCMGCn0\nOj05xXqU8WyKjQMfdJONP1Zx84OFikGp8ll9lpMf2ZugEVU=\n-----END CERTIFICATE-----",
                "common_name": "C=US,O=Google\\, Inc,CN=Google Cloud SQL Server CA,dnQualifier=3b30153b-a6db-49d9-84b8-2e000c588bb0",
                "create_time": "2025-01-22T05:37:13Z",
                "expiration_time": "2035-01-20T05:38:13Z",
                "sha1_fingerprint": "56e5b0ad3d2ca333a4cc3dfb7454722614ac883d"
              }
            ],
            "service_account_email_address": "p134982172036-kl2kon@gcp-sa-cloud-sql.iam.gserviceaccount.com",
            "settings": [
              {
                "activation_policy": "ALWAYS",
                "active_directory_config": [],
                "advanced_machine_features": [],
                "availability_type": "ZONAL",
                "backup_configuration": [
                  {
                    "backup_retention_settings": [
                      {
                        "retained_backups": 7,
                        "retention_unit": "COUNT"
                      }
                    ],
                    "binary_log_enabled": false,
                    "enabled": false,
                    "location": "",
                    "point_in_time_recovery_enabled": false,
                    "start_time": "17:00",
                    "transaction_log_retention_days": 7
                  }
                ],
                "collation": "",
                "connector_enforcement": "NOT_REQUIRED",
                "data_cache_config": [
                  {
                    "data_cache_enabled": false
                  }
                ],
                "database_flags": [],
                "deletion_protection_enabled": false,
                "deny_maintenance_period": [],
                "disk_autoresize": true,
                "disk_autoresize_limit": 0,
                "disk_size": 10,
                "disk_type": "PD_SSD",
                "edition": "ENTERPRISE",
                "enable_dataplex_integration": false,
                "enable_google_ml_integration": false,
                "insights_config": [],
                "ip_configuration": [
                  {
                    "allocated_ip_range": "",
                    "authorized_networks": [],
                    "enable_private_path_for_google_cloud_services": false,
                    "ipv4_enabled": false,
                    "private_network": "projects/peppy-arcadia-432311-g5/global/networks/gcp-dr-vpc",
                    "psc_config": [],
                    "server_ca_mode": "GOOGLE_MANAGED_INTERNAL_CA",
                    "server_ca_pool": "",
                    "ssl_mode": "ALLOW_UNENCRYPTED_AND_ENCRYPTED"
                  }
                ],
                "location_preference": [
                  {
                    "follow_gae_application": "",
                    "secondary_zone": "",
                    "zone": "asia-northeast3-c"
                  }
                ],
                "maintenance_window": [],
                "password_validation_policy": [],
                "pricing_plan": "PER_USE",
                "sql_server_audit_config": [],
                "tier": "db-f1-micro",
                "time_zone": "",
                "user_labels": {},
                "version": 2
              }
            ],
            "timeouts": null
          },
          "sensitive_attributes": [],
          "private": "eyJlMmJmYjczMC1lY2FhLTExZTYtOGY4OC0zNDM2M2JjN2M0YzAiOnsiY3JlYXRlIjo1NDAwMDAwMDAwMDAwLCJkZWxldGUiOjU0MDAwMDAwMDAwMDAsInVwZGF0ZSI6NTQwMDAwMDAwMDAwMH19",
          "dependencies": [
            "module.network.google_compute_global_address.private_ip_range",
            "module.network.google_compute_network.main_vpc",
            "module.network.google_compute_router.nat_router",
            "module.network.google_compute_router_nat.nat_config",
            "module.network.google_compute_subnetwork.private_subnet",
            "module.network.google_compute_subnetwork.public_subnet",
            "module.network.google_service_networking_connection.private_vpc_connection"
          ]
        }
      ]
    },
    {
      "module": "module.cloud_sql",
      "mode": "managed",
      "type": "google_sql_user",
      "name": "root_user",
      "provider": "provider[\"registry.terraform.io/hashicorp/google\"]",
      "instances": [
        {
          "schema_version": 1,
          "attributes": {
            "deletion_policy": null,
            "host": "%",
            "id": "root/%/mydb-instance",
            "instance": "mydb-instance",
            "name": "root",
            "password": "hi8857036",
            "password_policy": [],
            "project": "peppy-arcadia-432311-g5",
            "sql_server_user_details": [],
            "timeouts": null,
            "type": ""
          },
          "sensitive_attributes": [],
          "private": "eyJlMmJmYjczMC1lY2FhLTExZTYtOGY4OC0zNDM2M2JjN2M0YzAiOnsiY3JlYXRlIjo2MDAwMDAwMDAwMDAsImRlbGV0ZSI6NjAwMDAwMDAwMDAwLCJ1cGRhdGUiOjYwMDAwMDAwMDAwMH0sInNjaGVtYV92ZXJzaW9uIjoiMSJ9",
          "dependencies": [
            "module.cloud_sql.google_sql_database_instance.mysql_instance",
            "module.network.google_compute_global_address.private_ip_range",
            "module.network.google_compute_network.main_vpc",
            "module.network.google_compute_router.nat_router",
            "module.network.google_compute_router_nat.nat_config",
            "module.network.google_compute_subnetwork.private_subnet",
            "module.network.google_compute_subnetwork.public_subnet",
            "module.network.google_service_networking_connection.private_vpc_connection"
          ]
        }
      ]
    },
    {
      "module": "module.gke",
      "mode": "managed",
      "type": "google_container_cluster",
      "name": "gke_cluster",
      "provider": "provider[\"registry.terraform.io/hashicorp/google\"]",
      "instances": [
        {
          "schema_version": 2,
          "attributes": {
            "addons_config": [
              {
                "cloudrun_config": [],
                "config_connector_config": [],
                "dns_cache_config": [],
                "gce_persistent_disk_csi_driver_config": [
                  {
                    "enabled": true
                  }
                ],
                "gcp_filestore_csi_driver_config": [],
                "gcs_fuse_csi_driver_config": [],
                "gke_backup_agent_config": [],
                "horizontal_pod_autoscaling": [],
                "http_load_balancing": [],
                "network_policy_config": [
                  {
                    "disabled": true
                  }
                ],
                "parallelstore_csi_driver_config": [],
                "ray_operator_config": [],
                "stateful_ha_config": []
              }
            ],
            "allow_net_admin": null,
            "authenticator_groups_config": [],
            "binary_authorization": [
              {
                "enabled": false,
                "evaluation_mode": ""
              }
            ],
            "cluster_autoscaling": [
              {
                "auto_provisioning_defaults": [],
                "auto_provisioning_locations": [],
                "autoscaling_profile": "BALANCED",
                "enabled": false,
                "resource_limits": []
              }
            ],
            "cluster_ipv4_cidr": "10.4.0.0/14",
            "confidential_nodes": [],
            "control_plane_endpoints_config": [
              {
                "dns_endpoint_config": [
                  {
                    "allow_external_traffic": false,
                    "endpoint": "gke-4959548fc6d5454a91dd49f165b399e375fe-134982172036.asia-northeast3.gke.goog"
                  }
                ]
              }
            ],
            "cost_management_config": [],
            "database_encryption": [
              {
                "key_name": "",
                "state": "DECRYPTED"
              }
            ],
            "datapath_provider": "",
            "default_max_pods_per_node": 110,
            "default_snat_status": [
              {
                "disabled": false
              }
            ],
            "deletion_protection": false,
            "description": "",
            "dns_config": [],
            "effective_labels": {
              "goog-terraform-provisioned": "true"
            },
            "enable_autopilot": false,
            "enable_cilium_clusterwide_network_policy": false,
            "enable_fqdn_network_policy": false,
            "enable_intranode_visibility": false,
            "enable_k8s_beta_apis": [],
            "enable_kubernetes_alpha": false,
            "enable_l4_ilb_subsetting": false,
            "enable_legacy_abac": false,
            "enable_multi_networking": false,
            "enable_shielded_nodes": true,
            "enable_tpu": false,
            "endpoint": "34.47.74.114",
            "enterprise_config": [
              {
                "cluster_tier": "STANDARD",
                "desired_tier": ""
              }
            ],
            "fleet": [],
            "gateway_api_config": [],
            "id": "projects/peppy-arcadia-432311-g5/locations/asia-northeast3/clusters/gcp-dr-gke",
            "identity_service_config": [],
            "initial_node_count": 1,
            "ip_allocation_policy": [
              {
                "additional_pod_ranges_config": [],
                "cluster_ipv4_cidr_block": "10.4.0.0/14",
                "cluster_secondary_range_name": "pods",
                "pod_cidr_overprovision_config": [
                  {
                    "disabled": false
                  }
                ],
                "services_ipv4_cidr_block": "10.2.0.0/16",
                "services_secondary_range_name": "services",
                "stack_type": "IPV4"
              }
            ],
            "label_fingerprint": "78cdf2f6",
            "location": "asia-northeast3",
            "logging_config": [
              {
                "enable_components": [
                  "SYSTEM_COMPONENTS",
                  "WORKLOADS"
                ]
              }
            ],
            "logging_service": "logging.googleapis.com/kubernetes",
            "maintenance_policy": [],
            "master_auth": [
              {
                "client_certificate": "",
                "client_certificate_config": [
                  {
                    "issue_client_certificate": false
                  }
                ],
                "client_key": "",
                "cluster_ca_certificate": "LS0tLS1CRUdJTiBDRVJUSUZJQ0FURS0tLS0tCk1JSUVMRENDQXBTZ0F3SUJBZ0lRV3pWZWFEalN3V293c3c4Z2Q3b2NtVEFOQmdrcWhraUc5dzBCQVFzRkFEQXYKTVMwd0t3WURWUVFERXlSbU5XVTBaVE5rWVMweE1UTTFMVFEzTkdRdFltSmtNaTAzWlRRME5UQXdabUkxTWpndwpJQmNOTWpVd01USXlNRFEwTnpReVdoZ1BNakExTlRBeE1UVXdOVFEzTkRKYU1DOHhMVEFyQmdOVkJBTVRKR1kxClpUUmxNMlJoTFRFeE16VXRORGMwWkMxaVltUXlMVGRsTkRRMU1EQm1ZalV5T0RDQ0FhSXdEUVlKS29aSWh2Y04KQVFFQkJRQURnZ0dQQURDQ0FZb0NnZ0dCQU5qdDZ1YUtranhFUjlveEI0NVU5aDEwcDY1RHpzY2kwTVo2YU5zQgo5T1IxNk1mYmxaSnl4RVBmbmtTRHhvVkFrODJKNlpRUUFDdUd0ZlJ2MTJ4Tkc2Ri8xUmhidVBnRm93b1NIU3BFCjR0Nzh5Q3BZODBYTGJYak9XU1VqaXE3T3NxQXUxQ1ZJOFNXMmZvMmNvQ0FvVTRpYVZJRkdieE8rS2hIUHp1d3QKeS9jRVA2aEVheUw2SkE2NVZCT0RwWmdBYlpvdWk4Z3IrL3pHWU5BVURFcG0vTENDZlVsa1MvUmJSU2tqVUVCago0eTlBRE9UR2tXeWxCV09nQmRveUxxVkhkMnNJWWtVRzEra1dtWFdJNmY4SkRvVy9zRWZrdlBlektVV3BhTWwvCkcxZUNnTE54ZXhKMkdLV3ROWFJhcWd5WHcxSDQ1YlYvL3FLcXpQNnh1Z0cvMkJ0cXY2NWZ3aWN2aTJuSFFka0kKZENoN2VXeVp2Wm00ZWZwVXlXSU1NSlExdXhtbmhFS2pwSFV2WjBhZDByMW1SWENFeGswNmgwdGhSTDJqOERPUAptZUhKakRPd1h3ZmRTenhlZnRnUWFEYVlJalFqU0Y5ZUhJcXI0ZmRvUGtaay9admFpWWVKL1hMeXI5akNEdjFpCmRuc0JDNC9MR25pMTEzL1J4VWNBNEdWODd3SURBUUFCbzBJd1FEQU9CZ05WSFE4QkFmOEVCQU1DQWdRd0R3WUQKVlIwVEFRSC9CQVV3QXdFQi96QWRCZ05WSFE0RUZnUVVNMUpqQUNGcjhXamdORDNka2JPNHhTT3Bqc3N3RFFZSgpLb1pJaHZjTkFRRUxCUUFEZ2dHQkFGUUFzV3ZHM0gvTGtlNXhMWEFxaWZtTTZoM01NdGdYbkRoTFhHMU1EKzJMCi9KQTVtL1poQjcyY2pMY2dVNi93MlpQZHFmYzVhbUFkNG9GMXFZNXQzdERLUXJJY3hJUHRQS2JmbnFnL2xoa0kKVGJkaE5pWUd0ejMyVENaeGdhUGxIY2djak41d1puM0xjR3JYNU9jcU5XY1QzcXRBYUIwaU9tRHN5aVl2V0FxUQpjdThFMklERlJtSFg3aEM2MWVmTUJYNmM5ekNnTmdwaFZaVGNheVFBRjFjMTdrTHRldjY5K0N1TXpoWU1IU1RmCll3NXNCa3cwdzVjWlpOOFRXZXZtcWFnUXF6M09weXZ0NTE4TWdMaXM5am9lQUhCUnVWaTMyOCtxbVdNT1JJVGkKZVpPNFlVQVZXOHJpU0FPTEpxZTdjWi9BRXNKaWVScEwyRkt4eWdQR0loeTdSRGI3N1gwWS9pVzRJbThPcjdzRgo5L1FXRldlOFNHdnY0RDZDbklIc1d2akJTaTBTUUpuTUUzak1ITnM5bVBORDNDNDdMbkNvcjFsdEhGYmpCb3FzCnY2RHRTZWFIcEpLbkFhUS91VjNrb3gxVEpqbGFrWUxsMzZuK2NQb29peTZOMXdLZ1NNWnZFRGdxSWU3MWlGNlkKRUxIb2VRa1ZIRXZqRTNERlVQOEtsZz09Ci0tLS0tRU5EIENFUlRJRklDQVRFLS0tLS0K"
              }
            ],
            "master_authorized_networks_config": [],
            "master_version": "1.30.8-gke.1051000",
            "mesh_certificates": [],
            "min_master_version": null,
            "monitoring_config": [
              {
                "advanced_datapath_observability_config": [
                  {
                    "enable_metrics": false,
                    "enable_relay": false
                  }
                ],
                "enable_components": [
                  "SYSTEM_COMPONENTS",
                  "DAEMONSET",
                  "DEPLOYMENT",
                  "STATEFULSET",
                  "STORAGE",
                  "HPA",
                  "POD",
                  "CADVISOR",
                  "KUBELET"
                ],
                "managed_prometheus": [
                  {
                    "enabled": true
                  }
                ]
              }
            ],
            "monitoring_service": "monitoring.googleapis.com/kubernetes",
            "name": "gcp-dr-gke",
            "network": "projects/peppy-arcadia-432311-g5/global/networks/gcp-dr-vpc",
            "network_policy": [
              {
                "enabled": false,
                "provider": "PROVIDER_UNSPECIFIED"
              }
            ],
            "networking_mode": "VPC_NATIVE",
            "node_config": [
              {
                "advanced_machine_features": [],
                "boot_disk_kms_key": "",
                "confidential_nodes": [],
                "containerd_config": [],
                "disk_size_gb": 20,
                "disk_type": "pd-balanced",
                "effective_taints": [],
                "enable_confidential_storage": false,
                "ephemeral_storage_local_ssd_config": [],
                "fast_socket": [],
                "gcfs_config": [],
                "guest_accelerator": [],
                "gvnic": [],
                "host_maintenance_policy": [],
                "image_type": "COS_CONTAINERD",
                "kubelet_config": [
                  {
                    "cpu_cfs_quota": false,
                    "cpu_cfs_quota_period": "",
                    "cpu_manager_policy": "",
                    "insecure_kubelet_readonly_port_enabled": "TRUE",
                    "pod_pids_limit": 0
                  }
                ],
                "labels": {},
                "linux_node_config": [],
                "local_nvme_ssd_block_config": [],
                "local_ssd_count": 0,
                "local_ssd_encryption_mode": "",
                "logging_variant": "DEFAULT",
                "machine_type": "e2-medium",
                "metadata": {
                  "disable-legacy-endpoints": "true"
                },
                "min_cpu_platform": "",
                "node_group": "",
                "oauth_scopes": [
                  "https://www.googleapis.com/auth/cloud-platform"
                ],
                "preemptible": false,
                "reservation_affinity": [],
                "resource_labels": {},
                "resource_manager_tags": {},
                "secondary_boot_disks": [],
                "service_account": "default",
                "shielded_instance_config": [
                  {
                    "enable_integrity_monitoring": true,
                    "enable_secure_boot": false
                  }
                ],
                "sole_tenant_config": [],
                "spot": false,
                "storage_pools": [],
                "tags": [],
                "taint": [],
                "workload_metadata_config": []
              }
            ],
            "node_locations": [
              "asia-northeast3-a",
              "asia-northeast3-b",
              "asia-northeast3-c"
            ],
            "node_pool": [
              {
                "autoscaling": [],
                "initial_node_count": 2,
                "instance_group_urls": [
                  "https://www.googleapis.com/compute/v1/projects/peppy-arcadia-432311-g5/zones/asia-northeast3-a/instanceGroupManagers/gke-gcp-dr-gke-gcp-dr-gke-nodepool-f9568018-grp",
                  "https://www.googleapis.com/compute/v1/projects/peppy-arcadia-432311-g5/zones/asia-northeast3-b/instanceGroupManagers/gke-gcp-dr-gke-gcp-dr-gke-nodepool-68889999-grp"
                ],
                "managed_instance_group_urls": [
                  "https://www.googleapis.com/compute/v1/projects/peppy-arcadia-432311-g5/zones/asia-northeast3-a/instanceGroups/gke-gcp-dr-gke-gcp-dr-gke-nodepool-f9568018-grp",
                  "https://www.googleapis.com/compute/v1/projects/peppy-arcadia-432311-g5/zones/asia-northeast3-b/instanceGroups/gke-gcp-dr-gke-gcp-dr-gke-nodepool-68889999-grp"
                ],
                "management": [
                  {
                    "auto_repair": true,
                    "auto_upgrade": true
                  }
                ],
                "max_pods_per_node": 110,
                "name": "gcp-dr-gke-nodepool",
                "name_prefix": "",
                "network_config": [
                  {
                    "additional_node_network_configs": [],
                    "additional_pod_network_configs": [],
                    "create_pod_range": false,
                    "enable_private_nodes": false,
                    "network_performance_config": [],
                    "pod_cidr_overprovision_config": [],
                    "pod_ipv4_cidr_block": "10.4.0.0/14",
                    "pod_range": "pods"
                  }
                ],
                "node_config": [
                  {
                    "advanced_machine_features": [],
                    "boot_disk_kms_key": "",
                    "confidential_nodes": [],
                    "containerd_config": [],
                    "disk_size_gb": 20,
                    "disk_type": "pd-balanced",
                    "effective_taints": [],
                    "enable_confidential_storage": false,
                    "ephemeral_storage_local_ssd_config": [],
                    "fast_socket": [],
                    "gcfs_config": [],
                    "guest_accelerator": [],
                    "gvnic": [],
                    "host_maintenance_policy": [],
                    "image_type": "COS_CONTAINERD",
                    "kubelet_config": [
                      {
                        "cpu_cfs_quota": false,
                        "cpu_cfs_quota_period": "",
                        "cpu_manager_policy": "",
                        "insecure_kubelet_readonly_port_enabled": "TRUE",
                        "pod_pids_limit": 0
                      }
                    ],
                    "labels": {},
                    "linux_node_config": [],
                    "local_nvme_ssd_block_config": [],
                    "local_ssd_count": 0,
                    "local_ssd_encryption_mode": "",
                    "logging_variant": "DEFAULT",
                    "machine_type": "e2-medium",
                    "metadata": {
                      "disable-legacy-endpoints": "true"
                    },
                    "min_cpu_platform": "",
                    "node_group": "",
                    "oauth_scopes": [
                      "https://www.googleapis.com/auth/cloud-platform"
                    ],
                    "preemptible": false,
                    "reservation_affinity": [],
                    "resource_labels": {},
                    "resource_manager_tags": {},
                    "secondary_boot_disks": [],
                    "service_account": "default",
                    "shielded_instance_config": [
                      {
                        "enable_integrity_monitoring": true,
                        "enable_secure_boot": false
                      }
                    ],
                    "sole_tenant_config": [],
                    "spot": false,
                    "storage_pools": [],
                    "tags": [],
                    "taint": [],
                    "workload_metadata_config": []
                  }
                ],
                "node_count": 2,
                "node_locations": [
                  "asia-northeast3-a",
                  "asia-northeast3-b"
                ],
                "placement_policy": [],
                "queued_provisioning": [],
                "upgrade_settings": [
                  {
                    "blue_green_settings": [],
                    "max_surge": 1,
                    "max_unavailable": 0,
                    "strategy": "SURGE"
                  }
                ],
                "version": "1.30.8-gke.1051000"
              }
            ],
            "node_pool_auto_config": [],
            "node_pool_defaults": [
              {
                "node_config_defaults": [
                  {
                    "containerd_config": [],
                    "gcfs_config": [],
                    "insecure_kubelet_readonly_port_enabled": "FALSE",
                    "logging_variant": "DEFAULT"
                  }
                ]
              }
            ],
            "node_version": "1.30.8-gke.1051000",
            "notification_config": [
              {
                "pubsub": [
                  {
                    "enabled": false,
                    "filter": [],
                    "topic": ""
                  }
                ]
              }
            ],
            "operation": null,
            "private_cluster_config": [
              {
                "enable_private_endpoint": false,
                "enable_private_nodes": false,
                "master_global_access_config": [
                  {
                    "enabled": false
                  }
                ],
                "master_ipv4_cidr_block": "",
                "peering_name": "",
                "private_endpoint": "10.0.1.2",
                "private_endpoint_subnetwork": "",
                "public_endpoint": "34.47.74.114"
              }
            ],
            "private_ipv6_google_access": "",
            "project": "peppy-arcadia-432311-g5",
            "release_channel": [
              {
                "channel": "REGULAR"
              }
            ],
            "remove_default_node_pool": false,
            "resource_labels": {},
            "resource_usage_export_config": [],
            "secret_manager_config": [
              {
                "enabled": false
              }
            ],
            "security_posture_config": [
              {
                "mode": "BASIC",
                "vulnerability_mode": "VULNERABILITY_MODE_UNSPECIFIED"
              }
            ],
            "self_link": "https://container.googleapis.com/v1/projects/peppy-arcadia-432311-g5/locations/asia-northeast3/clusters/gcp-dr-gke",
            "service_external_ips_config": [
              {
                "enabled": false
              }
            ],
            "services_ipv4_cidr": "10.2.0.0/16",
            "subnetwork": "projects/peppy-arcadia-432311-g5/regions/asia-northeast3/subnetworks/private-subnet",
            "terraform_labels": {
              "goog-terraform-provisioned": "true"
            },
            "timeouts": null,
            "tpu_ipv4_cidr_block": "",
            "user_managed_keys_config": [],
            "vertical_pod_autoscaling": [],
            "workload_identity_config": []
          },
          "sensitive_attributes": [],
          "private": "eyJlMmJmYjczMC1lY2FhLTExZTYtOGY4OC0zNDM2M2JjN2M0YzAiOnsiY3JlYXRlIjoyNDAwMDAwMDAwMDAwLCJkZWxldGUiOjI0MDAwMDAwMDAwMDAsInJlYWQiOjI0MDAwMDAwMDAwMDAsInVwZGF0ZSI6MzYwMDAwMDAwMDAwMH0sInNjaGVtYV92ZXJzaW9uIjoiMiJ9",
          "dependencies": [
            "module.cloud_sql.google_sql_database.default_db",
            "module.cloud_sql.google_sql_database_instance.mysql_instance",
            "module.cloud_sql.google_sql_user.root_user",
            "module.network.google_compute_global_address.private_ip_range",
            "module.network.google_compute_network.main_vpc",
            "module.network.google_compute_router.nat_router",
            "module.network.google_compute_router_nat.nat_config",
            "module.network.google_compute_subnetwork.private_subnet",
            "module.network.google_compute_subnetwork.public_subnet",
            "module.network.google_service_networking_connection.private_vpc_connection"
          ]
        }
      ]
    },
    {
      "module": "module.gke",
      "mode": "managed",
      "type": "google_container_node_pool",
      "name": "primary_nodes",
      "provider": "provider[\"registry.terraform.io/hashicorp/google\"]",
      "instances": [
        {
          "schema_version": 1,
          "attributes": {
            "autoscaling": [],
            "cluster": "gcp-dr-gke",
            "id": "projects/peppy-arcadia-432311-g5/locations/asia-northeast3/clusters/gcp-dr-gke/nodePools/gcp-dr-gke-nodepool",
            "initial_node_count": 2,
            "instance_group_urls": [
              "https://www.googleapis.com/compute/v1/projects/peppy-arcadia-432311-g5/zones/asia-northeast3-a/instanceGroupManagers/gke-gcp-dr-gke-gcp-dr-gke-nodepool-f9568018-grp",
              "https://www.googleapis.com/compute/v1/projects/peppy-arcadia-432311-g5/zones/asia-northeast3-b/instanceGroupManagers/gke-gcp-dr-gke-gcp-dr-gke-nodepool-68889999-grp"
            ],
            "location": "asia-northeast3",
            "managed_instance_group_urls": [
              "https://www.googleapis.com/compute/v1/projects/peppy-arcadia-432311-g5/zones/asia-northeast3-a/instanceGroups/gke-gcp-dr-gke-gcp-dr-gke-nodepool-f9568018-grp",
              "https://www.googleapis.com/compute/v1/projects/peppy-arcadia-432311-g5/zones/asia-northeast3-b/instanceGroups/gke-gcp-dr-gke-gcp-dr-gke-nodepool-68889999-grp"
            ],
            "management": [
              {
                "auto_repair": true,
                "auto_upgrade": true
              }
            ],
            "max_pods_per_node": 110,
            "name": "gcp-dr-gke-nodepool",
            "name_prefix": "",
            "network_config": [
              {
                "additional_node_network_configs": [],
                "additional_pod_network_configs": [],
                "create_pod_range": false,
                "enable_private_nodes": false,
                "network_performance_config": [],
                "pod_cidr_overprovision_config": [],
                "pod_ipv4_cidr_block": "10.4.0.0/14",
                "pod_range": "pods"
              }
            ],
            "node_config": [
              {
                "advanced_machine_features": [],
                "boot_disk_kms_key": "",
                "confidential_nodes": [],
                "containerd_config": [],
                "disk_size_gb": 20,
                "disk_type": "pd-balanced",
                "effective_taints": [],
                "enable_confidential_storage": false,
                "ephemeral_storage_local_ssd_config": [],
                "fast_socket": [],
                "gcfs_config": [],
                "guest_accelerator": [],
                "gvnic": [],
                "host_maintenance_policy": [],
                "image_type": "COS_CONTAINERD",
                "kubelet_config": [
                  {
                    "cpu_cfs_quota": false,
                    "cpu_cfs_quota_period": "",
                    "cpu_manager_policy": "",
                    "insecure_kubelet_readonly_port_enabled": "TRUE",
                    "pod_pids_limit": 0
                  }
                ],
                "labels": {},
                "linux_node_config": [],
                "local_nvme_ssd_block_config": [],
                "local_ssd_count": 0,
                "local_ssd_encryption_mode": "",
                "logging_variant": "DEFAULT",
                "machine_type": "e2-medium",
                "metadata": {
                  "disable-legacy-endpoints": "true"
                },
                "min_cpu_platform": "",
                "node_group": "",
                "oauth_scopes": [
                  "https://www.googleapis.com/auth/cloud-platform"
                ],
                "preemptible": false,
                "reservation_affinity": [],
                "resource_labels": {},
                "resource_manager_tags": {},
                "secondary_boot_disks": [],
                "service_account": "default",
                "shielded_instance_config": [
                  {
                    "enable_integrity_monitoring": true,
                    "enable_secure_boot": false
                  }
                ],
                "sole_tenant_config": [],
                "spot": false,
                "storage_pools": [],
                "tags": [],
                "taint": [],
                "workload_metadata_config": []
              }
            ],
            "node_count": 2,
            "node_locations": [
              "asia-northeast3-a",
              "asia-northeast3-b"
            ],
            "operation": null,
            "placement_policy": [],
            "project": "peppy-arcadia-432311-g5",
            "queued_provisioning": [],
            "timeouts": null,
            "upgrade_settings": [
              {
                "blue_green_settings": [],
                "max_surge": 1,
                "max_unavailable": 0,
                "strategy": "SURGE"
              }
            ],
            "version": "1.30.8-gke.1051000"
          },
          "sensitive_attributes": [],
          "private": "eyJlMmJmYjczMC1lY2FhLTExZTYtOGY4OC0zNDM2M2JjN2M0YzAiOnsiY3JlYXRlIjoxODAwMDAwMDAwMDAwLCJkZWxldGUiOjE4MDAwMDAwMDAwMDAsInVwZGF0ZSI6MTgwMDAwMDAwMDAwMH0sInNjaGVtYV92ZXJzaW9uIjoiMSJ9",
          "dependencies": [
            "module.cloud_sql.google_sql_database.default_db",
            "module.cloud_sql.google_sql_database_instance.mysql_instance",
            "module.cloud_sql.google_sql_user.root_user",
            "module.gke.google_container_cluster.gke_cluster",
            "module.network.google_compute_global_address.private_ip_range",
            "module.network.google_compute_network.main_vpc",
            "module.network.google_compute_router.nat_router",
            "module.network.google_compute_router_nat.nat_config",
            "module.network.google_compute_subnetwork.private_subnet",
            "module.network.google_compute_subnetwork.public_subnet",
            "module.network.google_service_networking_connection.private_vpc_connection"
          ]
        }
      ]
    },
    {
      "module": "module.gke",
      "mode": "managed",
      "type": "null_resource",
      "name": "delete_default_node_pool",
      "provider": "provider[\"registry.terraform.io/hashicorp/null\"]",
      "instances": [
        {
          "schema_version": 0,
          "attributes": {
            "id": "8131265987569699734",
            "triggers": {
              "cluster_name": "gcp-dr-gke"
            }
          },
          "sensitive_attributes": [],
          "dependencies": [
            "module.cloud_sql.google_sql_database.default_db",
            "module.cloud_sql.google_sql_database_instance.mysql_instance",
            "module.cloud_sql.google_sql_user.root_user",
            "module.gke.google_container_cluster.gke_cluster",
            "module.gke.google_container_node_pool.primary_nodes",
            "module.network.google_compute_global_address.private_ip_range",
            "module.network.google_compute_network.main_vpc",
            "module.network.google_compute_router.nat_router",
            "module.network.google_compute_router_nat.nat_config",
            "module.network.google_compute_subnetwork.private_subnet",
            "module.network.google_compute_subnetwork.public_subnet",
            "module.network.google_service_networking_connection.private_vpc_connection"
          ]
        }
      ]
    },
    {
      "module": "module.k8s_deploy",
      "mode": "managed",
      "type": "google_compute_global_address",
      "name": "ingress_static_ip",
      "provider": "provider[\"registry.terraform.io/hashicorp/google\"]",
      "instances": [
        {
          "schema_version": 0,
          "attributes": {
            "address": "34.36.187.79",
            "address_type": "EXTERNAL",
            "creation_timestamp": "2025-01-21T22:08:28.240-08:00",
            "description": "",
            "effective_labels": {
              "goog-terraform-provisioned": "true"
            },
            "id": "projects/peppy-arcadia-432311-g5/global/addresses/my-ingress-ip",
            "ip_version": "",
            "label_fingerprint": "vezUS-42LLM=",
            "labels": null,
            "name": "my-ingress-ip",
            "network": "",
            "prefix_length": 0,
            "project": "peppy-arcadia-432311-g5",
            "purpose": "",
            "self_link": "https://www.googleapis.com/compute/v1/projects/peppy-arcadia-432311-g5/global/addresses/my-ingress-ip",
            "terraform_labels": {
              "goog-terraform-provisioned": "true"
            },
            "timeouts": null
          },
          "sensitive_attributes": [],
          "private": "eyJlMmJmYjczMC1lY2FhLTExZTYtOGY4OC0zNDM2M2JjN2M0YzAiOnsiY3JlYXRlIjoxMjAwMDAwMDAwMDAwLCJkZWxldGUiOjEyMDAwMDAwMDAwMDAsInVwZGF0ZSI6MTIwMDAwMDAwMDAwMH19"
        }
      ]
    },
    {
      "module": "module.k8s_deploy",
      "mode": "managed",
      "type": "helm_release",
      "name": "cert_manager",
      "provider": "provider[\"registry.terraform.io/hashicorp/helm\"]",
      "instances": [
        {
          "schema_version": 1,
          "attributes": {
            "atomic": false,
            "chart": "cert-manager",
            "cleanup_on_fail": false,
            "create_namespace": true,
            "dependency_update": false,
            "description": null,
            "devel": null,
            "disable_crd_hooks": false,
            "disable_openapi_validation": false,
            "disable_webhooks": false,
            "force_update": false,
            "id": "cert-manager",
            "keyring": null,
            "lint": false,
            "manifest": null,
            "max_history": 0,
            "metadata": [
              {
                "app_version": "v1.12.3",
                "chart": "cert-manager",
                "first_deployed": 1737525779,
                "last_deployed": 1737525779,
                "name": "cert-manager",
                "namespace": "cert-manager",
                "notes": "cert-manager v1.12.3 has been deployed successfully!\n\nIn order to begin issuing certificates, you will need to set up a ClusterIssuer\nor Issuer resource (for example, by creating a 'letsencrypt-staging' issuer).\n\nMore information on the different types of issuers and how to configure them\ncan be found in our documentation:\n\nhttps://cert-manager.io/docs/configuration/\n\nFor information on how to configure cert-manager to automatically provision\nCertificates for Ingress resources, take a look at the `ingress-shim`\ndocumentation:\n\nhttps://cert-manager.io/docs/usage/ingress/\n",
                "revision": 1,
                "values": "{\"installCRDs\":true}",
                "version": "v1.12.3"
              }
            ],
            "name": "cert-manager",
            "namespace": "cert-manager",
            "pass_credentials": false,
            "postrender": [],
            "recreate_pods": false,
            "render_subchart_notes": true,
            "replace": false,
            "repository": "https://charts.jetstack.io",
            "repository_ca_file": null,
            "repository_cert_file": null,
            "repository_key_file": null,
            "repository_password": null,
            "repository_username": null,
            "reset_values": false,
            "reuse_values": false,
            "set": [
              {
                "name": "installCRDs",
                "type": "",
                "value": "true"
              }
            ],
            "set_list": [],
            "set_sensitive": [],
            "skip_crds": false,
            "status": "deployed",
            "timeout": 300,
            "upgrade_install": null,
            "values": null,
            "verify": false,
            "version": "v1.12.3",
            "wait": true,
            "wait_for_jobs": false
          },
          "sensitive_attributes": [],
          "private": "eyJzY2hlbWFfdmVyc2lvbiI6IjEifQ==",
          "dependencies": [
            "data.google_client_config.default",
            "module.cloud_sql.google_sql_database.default_db",
            "module.cloud_sql.google_sql_database_instance.mysql_instance",
            "module.cloud_sql.google_sql_user.root_user",
            "module.gke.google_container_cluster.gke_cluster",
            "module.network.google_compute_global_address.private_ip_range",
            "module.network.google_compute_network.main_vpc",
            "module.network.google_compute_router.nat_router",
            "module.network.google_compute_router_nat.nat_config",
            "module.network.google_compute_subnetwork.private_subnet",
            "module.network.google_compute_subnetwork.public_subnet",
            "module.network.google_service_networking_connection.private_vpc_connection"
          ]
        }
      ]
    },
    {
      "module": "module.k8s_deploy",
      "mode": "managed",
      "type": "kubernetes_deployment",
      "name": "app_one",
      "provider": "provider[\"registry.terraform.io/hashicorp/kubernetes\"]",
      "instances": [
        {
          "schema_version": 1,
          "attributes": {
            "id": "default/app-one",
            "metadata": [
              {
                "annotations": null,
                "generate_name": "",
                "generation": 1,
                "labels": null,
                "name": "app-one",
                "namespace": "default",
                "resource_version": "13355",
                "uid": "1d412765-e1a3-4e58-8c82-87f22a5c69ad"
              }
            ],
            "spec": [
              {
                "min_ready_seconds": 0,
                "paused": false,
                "progress_deadline_seconds": 600,
                "replicas": "2",
                "revision_history_limit": 10,
                "selector": [
                  {
                    "match_expressions": [],
                    "match_labels": {
                      "app": "app-one"
                    }
                  }
                ],
                "strategy": [
                  {
                    "rolling_update": [
                      {
                        "max_surge": "25%",
                        "max_unavailable": "25%"
                      }
                    ],
                    "type": "RollingUpdate"
                  }
                ],
                "template": [
                  {
                    "metadata": [
                      {
                        "annotations": null,
                        "generate_name": "",
                        "generation": 0,
                        "labels": {
                          "app": "app-one"
                        },
                        "name": "",
                        "namespace": "",
                        "resource_version": "",
                        "uid": ""
                      }
                    ],
                    "spec": [
                      {
                        "active_deadline_seconds": 0,
                        "affinity": [],
                        "automount_service_account_token": true,
                        "container": [
                          {
                            "args": null,
                            "command": null,
                            "env": [
                              {
                                "name": "DB_HOST",
                                "value": "10.3.0.21",
                                "value_from": []
                              },
                              {
                                "name": "DB_USER",
                                "value": "root",
                                "value_from": []
                              },
                              {
                                "name": "DB_PASSWORD",
                                "value": "hi8857036",
                                "value_from": []
                              },
                              {
                                "name": "DB_NAME",
                                "value": "mydb",
                                "value_from": []
                              }
                            ],
                            "env_from": [],
                            "image": "asia-northeast3-docker.pkg.dev/peppy-arcadia-432311-g5/app-images/user-registration-service:latest",
                            "image_pull_policy": "Always",
                            "lifecycle": [],
                            "liveness_probe": [
                              {
                                "exec": [],
                                "failure_threshold": 3,
                                "grpc": [],
                                "http_get": [
                                  {
                                    "host": "",
                                    "http_header": [],
                                    "path": "/healthz",
                                    "port": "5000",
                                    "scheme": "HTTP"
                                  }
                                ],
                                "initial_delay_seconds": 5,
                                "period_seconds": 10,
                                "success_threshold": 1,
                                "tcp_socket": [],
                                "timeout_seconds": 1
                              }
                            ],
                            "name": "app-one-container",
                            "port": [
                              {
                                "container_port": 5000,
                                "host_ip": "",
                                "host_port": 0,
                                "name": "",
                                "protocol": "TCP"
                              }
                            ],
                            "readiness_probe": [
                              {
                                "exec": [],
                                "failure_threshold": 3,
                                "grpc": [],
                                "http_get": [
                                  {
                                    "host": "",
                                    "http_header": [],
                                    "path": "/healthz",
                                    "port": "5000",
                                    "scheme": "HTTP"
                                  }
                                ],
                                "initial_delay_seconds": 5,
                                "period_seconds": 10,
                                "success_threshold": 1,
                                "tcp_socket": [],
                                "timeout_seconds": 1
                              }
                            ],
                            "resources": [
                              {
                                "limits": {},
                                "requests": {}
                              }
                            ],
                            "security_context": [],
                            "startup_probe": [],
                            "stdin": false,
                            "stdin_once": false,
                            "termination_message_path": "/dev/termination-log",
                            "termination_message_policy": "File",
                            "tty": false,
                            "volume_device": [],
                            "volume_mount": [],
                            "working_dir": ""
                          }
                        ],
                        "dns_config": [],
                        "dns_policy": "ClusterFirst",
                        "enable_service_links": true,
                        "host_aliases": [],
                        "host_ipc": false,
                        "host_network": false,
                        "host_pid": false,
                        "hostname": "",
                        "image_pull_secrets": [
                          {
                            "name": "artifact-registry-key"
                          }
                        ],
                        "init_container": [],
                        "node_name": "",
                        "node_selector": null,
                        "os": [],
                        "priority_class_name": "",
                        "readiness_gate": [],
                        "restart_policy": "Always",
                        "runtime_class_name": "",
                        "scheduler_name": "default-scheduler",
                        "security_context": [],
                        "service_account_name": "",
                        "share_process_namespace": false,
                        "subdomain": "",
                        "termination_grace_period_seconds": 30,
                        "toleration": [],
                        "topology_spread_constraint": [],
                        "volume": []
                      }
                    ]
                  }
                ]
              }
            ],
            "timeouts": null,
            "wait_for_rollout": true
          },
          "sensitive_attributes": [],
          "private": "eyJlMmJmYjczMC1lY2FhLTExZTYtOGY4OC0zNDM2M2JjN2M0YzAiOnsiY3JlYXRlIjo2MDAwMDAwMDAwMDAsImRlbGV0ZSI6NjAwMDAwMDAwMDAwLCJ1cGRhdGUiOjYwMDAwMDAwMDAwMH0sInNjaGVtYV92ZXJzaW9uIjoiMSJ9",
          "dependencies": [
            "data.google_client_config.default",
            "module.cloud_sql.google_sql_database.default_db",
            "module.cloud_sql.google_sql_database_instance.mysql_instance",
            "module.cloud_sql.google_sql_user.root_user",
            "module.gke.google_container_cluster.gke_cluster",
            "module.network.google_compute_global_address.private_ip_range",
            "module.network.google_compute_network.main_vpc",
            "module.network.google_compute_router.nat_router",
            "module.network.google_compute_router_nat.nat_config",
            "module.network.google_compute_subnetwork.private_subnet",
            "module.network.google_compute_subnetwork.public_subnet",
            "module.network.google_service_networking_connection.private_vpc_connection"
          ]
        }
      ]
    },
    {
      "module": "module.k8s_deploy",
      "mode": "managed",
      "type": "kubernetes_deployment",
      "name": "app_two",
      "provider": "provider[\"registry.terraform.io/hashicorp/kubernetes\"]",
      "instances": [
        {
          "schema_version": 1,
          "attributes": {
            "id": "default/app-two",
            "metadata": [
              {
                "annotations": null,
                "generate_name": "",
                "generation": 1,
                "labels": null,
                "name": "app-two",
                "namespace": "default",
                "resource_version": "13351",
                "uid": "556540e0-fae8-4d97-b7be-bfbff3248185"
              }
            ],
            "spec": [
              {
                "min_ready_seconds": 0,
                "paused": false,
                "progress_deadline_seconds": 600,
                "replicas": "2",
                "revision_history_limit": 10,
                "selector": [
                  {
                    "match_expressions": [],
                    "match_labels": {
                      "app": "app-two"
                    }
                  }
                ],
                "strategy": [
                  {
                    "rolling_update": [
                      {
                        "max_surge": "25%",
                        "max_unavailable": "25%"
                      }
                    ],
                    "type": "RollingUpdate"
                  }
                ],
                "template": [
                  {
                    "metadata": [
                      {
                        "annotations": null,
                        "generate_name": "",
                        "generation": 0,
                        "labels": {
                          "app": "app-two"
                        },
                        "name": "",
                        "namespace": "",
                        "resource_version": "",
                        "uid": ""
                      }
                    ],
                    "spec": [
                      {
                        "active_deadline_seconds": 0,
                        "affinity": [],
                        "automount_service_account_token": true,
                        "container": [
                          {
                            "args": null,
                            "command": null,
                            "env": [
                              {
                                "name": "DB_HOST",
                                "value": "10.3.0.21",
                                "value_from": []
                              },
                              {
                                "name": "DB_USER",
                                "value": "root",
                                "value_from": []
                              },
                              {
                                "name": "DB_PASSWORD",
                                "value": "hi8857036",
                                "value_from": []
                              },
                              {
                                "name": "DB_NAME",
                                "value": "mydb",
                                "value_from": []
                              }
                            ],
                            "env_from": [],
                            "image": "asia-northeast3-docker.pkg.dev/peppy-arcadia-432311-g5/app-images/user-registration-service:latest",
                            "image_pull_policy": "Always",
                            "lifecycle": [],
                            "liveness_probe": [
                              {
                                "exec": [],
                                "failure_threshold": 3,
                                "grpc": [],
                                "http_get": [
                                  {
                                    "host": "",
                                    "http_header": [],
                                    "path": "/healthz",
                                    "port": "5000",
                                    "scheme": "HTTP"
                                  }
                                ],
                                "initial_delay_seconds": 5,
                                "period_seconds": 10,
                                "success_threshold": 1,
                                "tcp_socket": [],
                                "timeout_seconds": 1
                              }
                            ],
                            "name": "app-two-container",
                            "port": [
                              {
                                "container_port": 5000,
                                "host_ip": "",
                                "host_port": 0,
                                "name": "",
                                "protocol": "TCP"
                              }
                            ],
                            "readiness_probe": [
                              {
                                "exec": [],
                                "failure_threshold": 3,
                                "grpc": [],
                                "http_get": [
                                  {
                                    "host": "",
                                    "http_header": [],
                                    "path": "/healthz",
                                    "port": "5000",
                                    "scheme": "HTTP"
                                  }
                                ],
                                "initial_delay_seconds": 5,
                                "period_seconds": 10,
                                "success_threshold": 1,
                                "tcp_socket": [],
                                "timeout_seconds": 1
                              }
                            ],
                            "resources": [
                              {
                                "limits": {},
                                "requests": {}
                              }
                            ],
                            "security_context": [],
                            "startup_probe": [],
                            "stdin": false,
                            "stdin_once": false,
                            "termination_message_path": "/dev/termination-log",
                            "termination_message_policy": "File",
                            "tty": false,
                            "volume_device": [],
                            "volume_mount": [],
                            "working_dir": ""
                          }
                        ],
                        "dns_config": [],
                        "dns_policy": "ClusterFirst",
                        "enable_service_links": true,
                        "host_aliases": [],
                        "host_ipc": false,
                        "host_network": false,
                        "host_pid": false,
                        "hostname": "",
                        "image_pull_secrets": [
                          {
                            "name": "artifact-registry-key"
                          }
                        ],
                        "init_container": [],
                        "node_name": "",
                        "node_selector": null,
                        "os": [],
                        "priority_class_name": "",
                        "readiness_gate": [],
                        "restart_policy": "Always",
                        "runtime_class_name": "",
                        "scheduler_name": "default-scheduler",
                        "security_context": [],
                        "service_account_name": "",
                        "share_process_namespace": false,
                        "subdomain": "",
                        "termination_grace_period_seconds": 30,
                        "toleration": [],
                        "topology_spread_constraint": [],
                        "volume": []
                      }
                    ]
                  }
                ]
              }
            ],
            "timeouts": null,
            "wait_for_rollout": true
          },
          "sensitive_attributes": [],
          "private": "eyJlMmJmYjczMC1lY2FhLTExZTYtOGY4OC0zNDM2M2JjN2M0YzAiOnsiY3JlYXRlIjo2MDAwMDAwMDAwMDAsImRlbGV0ZSI6NjAwMDAwMDAwMDAwLCJ1cGRhdGUiOjYwMDAwMDAwMDAwMH0sInNjaGVtYV92ZXJzaW9uIjoiMSJ9",
          "dependencies": [
            "data.google_client_config.default",
            "module.cloud_sql.google_sql_database.default_db",
            "module.cloud_sql.google_sql_database_instance.mysql_instance",
            "module.cloud_sql.google_sql_user.root_user",
            "module.gke.google_container_cluster.gke_cluster",
            "module.network.google_compute_global_address.private_ip_range",
            "module.network.google_compute_network.main_vpc",
            "module.network.google_compute_router.nat_router",
            "module.network.google_compute_router_nat.nat_config",
            "module.network.google_compute_subnetwork.private_subnet",
            "module.network.google_compute_subnetwork.public_subnet",
            "module.network.google_service_networking_connection.private_vpc_connection"
          ]
        }
      ]
    },
    {
      "module": "module.k8s_deploy",
      "mode": "managed",
      "type": "kubernetes_ingress_v1",
      "name": "app_ingress",
      "provider": "provider[\"registry.terraform.io/hashicorp/kubernetes\"]",
      "instances": [
        {
          "schema_version": 0,
          "attributes": {
            "id": "default/app-ingress",
            "metadata": [
              {
                "annotations": {
                  "cert-manager.io/cluster-issuer": "letsencrypt-prod",
                  "cloud.google.com/neg": "{\"ingress\": true}",
                  "ingress.kubernetes.io/backends": "true",
                  "kubernetes.io/ingress.allow-http": "true",
                  "kubernetes.io/ingress.class": "gce",
                  "kubernetes.io/ingress.global-static-ip-name": "my-ingress-ip"
                },
                "generate_name": "",
                "generation": 1,
                "labels": null,
                "name": "app-ingress",
                "namespace": "default",
                "resource_version": "13225",
                "uid": "f48e0e62-276f-4dd4-9eed-d9e5170511b8"
              }
            ],
            "spec": [
              {
                "default_backend": [],
                "ingress_class_name": "",
                "rule": [
                  {
                    "host": "api.ljhun.shop",
                    "http": [
                      {
                        "path": [
                          {
                            "backend": [
                              {
                                "resource": [],
                                "service": [
                                  {
                                    "name": "app-one-service",
                                    "port": [
                                      {
                                        "name": "",
                                        "number": 80
                                      }
                                    ]
                                  }
                                ]
                              }
                            ],
                            "path": "/app-one/register",
                            "path_type": "Prefix"
                          },
                          {
                            "backend": [
                              {
                                "resource": [],
                                "service": [
                                  {
                                    "name": "app-two-service",
                                    "port": [
                                      {
                                        "name": "",
                                        "number": 80
                                      }
                                    ]
                                  }
                                ]
                              }
                            ],
                            "path": "/app-two/login",
                            "path_type": "Prefix"
                          },
                          {
                            "backend": [
                              {
                                "resource": [],
                                "service": [
                                  {
                                    "name": "app-two-service",
                                    "port": [
                                      {
                                        "name": "",
                                        "number": 80
                                      }
                                    ]
                                  }
                                ]
                              }
                            ],
                            "path": "/healthz",
                            "path_type": "Prefix"
                          }
                        ]
                      }
                    ]
                  }
                ],
                "tls": [
                  {
                    "hosts": [
                      "api.ljhun.shop"
                    ],
                    "secret_name": "app-ingress-tls"
                  }
                ]
              }
            ],
            "status": [
              {
                "load_balancer": [
                  {
                    "ingress": []
                  }
                ]
              }
            ],
            "timeouts": null,
            "wait_for_load_balancer": null
          },
          "sensitive_attributes": [],
          "private": "eyJlMmJmYjczMC1lY2FhLTExZTYtOGY4OC0zNDM2M2JjN2M0YzAiOnsiY3JlYXRlIjoxMjAwMDAwMDAwMDAwLCJkZWxldGUiOjEyMDAwMDAwMDAwMDB9fQ==",
          "dependencies": [
            "data.google_client_config.default",
            "module.cloud_sql.google_sql_database.default_db",
            "module.cloud_sql.google_sql_database_instance.mysql_instance",
            "module.cloud_sql.google_sql_user.root_user",
            "module.gke.google_container_cluster.gke_cluster",
            "module.k8s_deploy.google_compute_global_address.ingress_static_ip",
            "module.k8s_deploy.kubernetes_service.app_one_service",
            "module.k8s_deploy.kubernetes_service.app_two_service",
            "module.network.google_compute_global_address.private_ip_range",
            "module.network.google_compute_network.main_vpc",
            "module.network.google_compute_router.nat_router",
            "module.network.google_compute_router_nat.nat_config",
            "module.network.google_compute_subnetwork.private_subnet",
            "module.network.google_compute_subnetwork.public_subnet",
            "module.network.google_service_networking_connection.private_vpc_connection"
          ]
        }
      ]
    },
    {
      "module": "module.k8s_deploy",
      "mode": "managed",
      "type": "kubernetes_job",
      "name": "db_init_job",
      "provider": "provider[\"registry.terraform.io/hashicorp/kubernetes\"]",
      "instances": [
        {
          "schema_version": 1,
          "attributes": {
            "id": "default/db-init-job",
            "metadata": [
              {
                "annotations": null,
                "generate_name": "",
                "generation": 0,
                "labels": {},
                "name": "db-init-job",
                "namespace": "default",
                "resource_version": "",
                "uid": ""
              }
            ],
            "spec": [
              {
                "active_deadline_seconds": 0,
                "backoff_limit": 3,
                "backoff_limit_per_index": 0,
                "completion_mode": "",
                "completions": 1,
                "manual_selector": false,
                "max_failed_indexes": 0,
                "parallelism": 1,
                "pod_failure_policy": [],
                "selector": [],
                "template": [
                  {
                    "metadata": [
                      {
                        "annotations": null,
                        "generate_name": "",
                        "generation": 0,
                        "labels": {
                          "job": "db-init"
                        },
                        "name": "",
                        "resource_version": "",
                        "uid": ""
                      }
                    ],
                    "spec": [
                      {
                        "active_deadline_seconds": 0,
                        "affinity": [],
                        "automount_service_account_token": true,
                        "container": [
                          {
                            "args": null,
                            "command": [
                              "sh",
                              "-c",
                              "              mysql -h 10.3.0.21 -u root -phi8857036 -e \"\n              CREATE DATABASE IF NOT EXISTS mydb;\n              USE mydb;\n              CREATE TABLE IF NOT EXISTS users (\n                id INT AUTO_INCREMENT PRIMARY KEY,\n                username VARCHAR(50) NOT NULL,\n                password VARCHAR(100) NOT NULL,\n                email VARCHAR(100) NOT NULL\n              );\n              \"\n"
                            ],
                            "env": [],
                            "env_from": [],
                            "image": "mysql:8.0",
                            "image_pull_policy": "",
                            "lifecycle": [],
                            "liveness_probe": [],
                            "name": "db-init-container",
                            "port": [],
                            "readiness_probe": [],
                            "resources": [],
                            "security_context": [],
                            "startup_probe": [],
                            "stdin": false,
                            "stdin_once": false,
                            "termination_message_path": "/dev/termination-log",
                            "termination_message_policy": "",
                            "tty": false,
                            "volume_device": [],
                            "volume_mount": [],
                            "working_dir": ""
                          }
                        ],
                        "dns_config": [],
                        "dns_policy": "ClusterFirst",
                        "enable_service_links": true,
                        "host_aliases": [],
                        "host_ipc": false,
                        "host_network": false,
                        "host_pid": false,
                        "hostname": "",
                        "image_pull_secrets": [],
                        "init_container": [],
                        "node_name": "",
                        "node_selector": null,
                        "os": [],
                        "priority_class_name": "",
                        "readiness_gate": [],
                        "restart_policy": "Never",
                        "runtime_class_name": "",
                        "scheduler_name": "",
                        "security_context": [],
                        "service_account_name": "",
                        "share_process_namespace": false,
                        "subdomain": "",
                        "termination_grace_period_seconds": 30,
                        "toleration": [],
                        "topology_spread_constraint": [],
                        "volume": []
                      }
                    ]
                  }
                ],
                "ttl_seconds_after_finished": ""
              }
            ],
            "timeouts": null,
            "wait_for_completion": true
          },
          "sensitive_attributes": [],
          "private": "eyJlMmJmYjczMC1lY2FhLTExZTYtOGY4OC0zNDM2M2JjN2M0YzAiOnsiY3JlYXRlIjo2MDAwMDAwMDAwMCwiZGVsZXRlIjo2MDAwMDAwMDAwMCwidXBkYXRlIjo2MDAwMDAwMDAwMH0sInNjaGVtYV92ZXJzaW9uIjoiMSJ9",
          "dependencies": [
            "data.google_client_config.default",
            "module.cloud_sql.google_sql_database.default_db",
            "module.cloud_sql.google_sql_database_instance.mysql_instance",
            "module.cloud_sql.google_sql_user.root_user",
            "module.gke.google_container_cluster.gke_cluster",
            "module.network.google_compute_global_address.private_ip_range",
            "module.network.google_compute_network.main_vpc",
            "module.network.google_compute_router.nat_router",
            "module.network.google_compute_router_nat.nat_config",
            "module.network.google_compute_subnetwork.private_subnet",
            "module.network.google_compute_subnetwork.public_subnet",
            "module.network.google_service_networking_connection.private_vpc_connection"
          ]
        }
      ]
    },
    {
      "module": "module.k8s_deploy",
      "mode": "managed",
      "type": "kubernetes_manifest",
      "name": "app_ingress_certificate",
      "provider": "provider[\"registry.terraform.io/hashicorp/kubernetes\"]",
      "instances": [
        {
          "schema_version": 1,
          "attributes": {
            "computed_fields": null,
            "field_manager": [],
            "manifest": {
              "value": {
                "apiVersion": "cert-manager.io/v1",
                "kind": "Certificate",
                "metadata": {
                  "name": "app-ingress-certificate",
                  "namespace": "default"
                },
                "spec": {
                  "dnsNames": [
                    "api.ljhun.shop"
                  ],
                  "issuerRef": {
                    "kind": "ClusterIssuer",
                    "name": "letsencrypt-prod"
                  },
                  "secretName": "app-ingress-tls"
                }
              },
              "type": [
                "object",
                {
                  "apiVersion": "string",
                  "kind": "string",
                  "metadata": [
                    "object",
                    {
                      "name": "string",
                      "namespace": "string"
                    }
                  ],
                  "spec": [
                    "object",
                    {
                      "dnsNames": [
                        "tuple",
                        [
                          "string"
                        ]
                      ],
                      "issuerRef": [
                        "object",
                        {
                          "kind": "string",
                          "name": "string"
                        }
                      ],
                      "secretName": "string"
                    }
                  ]
                }
              ]
            },
            "object": {
              "value": {
                "apiVersion": "cert-manager.io/v1",
                "kind": "Certificate",
                "metadata": {
                  "annotations": null,
                  "creationTimestamp": null,
                  "deletionGracePeriodSeconds": null,
                  "deletionTimestamp": null,
                  "finalizers": null,
                  "generateName": null,
                  "generation": null,
                  "labels": null,
                  "managedFields": null,
                  "name": "app-ingress-certificate",
                  "namespace": "default",
                  "ownerReferences": null,
                  "resourceVersion": null,
                  "selfLink": null,
                  "uid": null
                },
                "spec": {
                  "additionalOutputFormats": null,
                  "commonName": null,
                  "dnsNames": [
                    "api.ljhun.shop"
                  ],
                  "duration": null,
                  "emailAddresses": null,
                  "encodeUsagesInRequest": null,
                  "ipAddresses": null,
                  "isCA": null,
                  "issuerRef": {
                    "group": null,
                    "kind": "ClusterIssuer",
                    "name": "letsencrypt-prod"
                  },
                  "keystores": {
                    "jks": {
                      "create": null,
                      "passwordSecretRef": {
                        "key": null,
                        "name": null
                      }
                    },
                    "pkcs12": {
                      "create": null,
                      "passwordSecretRef": {
                        "key": null,
                        "name": null
                      }
                    }
                  },
                  "literalSubject": null,
                  "privateKey": {
                    "algorithm": null,
                    "encoding": null,
                    "rotationPolicy": null,
                    "size": null
                  },
                  "renewBefore": null,
                  "revisionHistoryLimit": null,
                  "secretName": "app-ingress-tls",
                  "secretTemplate": {
                    "annotations": null,
                    "labels": null
                  },
                  "subject": {
                    "countries": null,
                    "localities": null,
                    "organizationalUnits": null,
                    "organizations": null,
                    "postalCodes": null,
                    "provinces": null,
                    "serialNumber": null,
                    "streetAddresses": null
                  },
                  "uris": null,
                  "usages": null
                }
              },
              "type": [
                "object",
                {
                  "apiVersion": "string",
                  "kind": "string",
                  "metadata": [
                    "object",
                    {
                      "annotations": [
                        "map",
                        "string"
                      ],
                      "creationTimestamp": "string",
                      "deletionGracePeriodSeconds": "number",
                      "deletionTimestamp": "string",
                      "finalizers": [
                        "list",
                        "string"
                      ],
                      "generateName": "string",
                      "generation": "number",
                      "labels": [
                        "map",
                        "string"
                      ],
                      "managedFields": [
                        "tuple",
                        [
                          [
                            "object",
                            {
                              "apiVersion": "string",
                              "fieldsType": "string",
                              "fieldsV1": "dynamic",
                              "manager": "string",
                              "operation": "string",
                              "subresource": "string",
                              "time": "string"
                            }
                          ]
                        ]
                      ],
                      "name": "string",
                      "namespace": "string",
                      "ownerReferences": [
                        "list",
                        [
                          "object",
                          {
                            "apiVersion": "string",
                            "blockOwnerDeletion": "bool",
                            "controller": "bool",
                            "kind": "string",
                            "name": "string",
                            "uid": "string"
                          }
                        ]
                      ],
                      "resourceVersion": "string",
                      "selfLink": "string",
                      "uid": "string"
                    }
                  ],
                  "spec": [
                    "object",
                    {
                      "additionalOutputFormats": [
                        "list",
                        [
                          "object",
                          {
                            "type": "string"
                          }
                        ]
                      ],
                      "commonName": "string",
                      "dnsNames": [
                        "list",
                        "string"
                      ],
                      "duration": "string",
                      "emailAddresses": [
                        "list",
                        "string"
                      ],
                      "encodeUsagesInRequest": "bool",
                      "ipAddresses": [
                        "list",
                        "string"
                      ],
                      "isCA": "bool",
                      "issuerRef": [
                        "object",
                        {
                          "group": "string",
                          "kind": "string",
                          "name": "string"
                        }
                      ],
                      "keystores": [
                        "object",
                        {
                          "jks": [
                            "object",
                            {
                              "create": "bool",
                              "passwordSecretRef": [
                                "object",
                                {
                                  "key": "string",
                                  "name": "string"
                                }
                              ]
                            }
                          ],
                          "pkcs12": [
                            "object",
                            {
                              "create": "bool",
                              "passwordSecretRef": [
                                "object",
                                {
                                  "key": "string",
                                  "name": "string"
                                }
                              ]
                            }
                          ]
                        }
                      ],
                      "literalSubject": "string",
                      "privateKey": [
                        "object",
                        {
                          "algorithm": "string",
                          "encoding": "string",
                          "rotationPolicy": "string",
                          "size": "number"
                        }
                      ],
                      "renewBefore": "string",
                      "revisionHistoryLimit": "number",
                      "secretName": "string",
                      "secretTemplate": [
                        "object",
                        {
                          "annotations": [
                            "map",
                            "string"
                          ],
                          "labels": [
                            "map",
                            "string"
                          ]
                        }
                      ],
                      "subject": [
                        "object",
                        {
                          "countries": [
                            "list",
                            "string"
                          ],
                          "localities": [
                            "list",
                            "string"
                          ],
                          "organizationalUnits": [
                            "list",
                            "string"
                          ],
                          "organizations": [
                            "list",
                            "string"
                          ],
                          "postalCodes": [
                            "list",
                            "string"
                          ],
                          "provinces": [
                            "list",
                            "string"
                          ],
                          "serialNumber": "string",
                          "streetAddresses": [
                            "list",
                            "string"
                          ]
                        }
                      ],
                      "uris": [
                        "list",
                        "string"
                      ],
                      "usages": [
                        "list",
                        "string"
                      ]
                    }
                  ]
                }
              ]
            },
            "timeouts": [],
            "wait": [],
            "wait_for": null
          },
          "sensitive_attributes": [],
          "dependencies": [
            "data.google_client_config.default",
            "module.cloud_sql.google_sql_database.default_db",
            "module.cloud_sql.google_sql_database_instance.mysql_instance",
            "module.cloud_sql.google_sql_user.root_user",
            "module.gke.google_container_cluster.gke_cluster",
            "module.k8s_deploy.helm_release.cert_manager",
            "module.k8s_deploy.kubernetes_manifest.letsencrypt_prod_issuer",
            "module.network.google_compute_global_address.private_ip_range",
            "module.network.google_compute_network.main_vpc",
            "module.network.google_compute_router.nat_router",
            "module.network.google_compute_router_nat.nat_config",
            "module.network.google_compute_subnetwork.private_subnet",
            "module.network.google_compute_subnetwork.public_subnet",
            "module.network.google_service_networking_connection.private_vpc_connection"
          ]
        }
      ]
    },
    {
      "module": "module.k8s_deploy",
      "mode": "managed",
      "type": "kubernetes_manifest",
      "name": "letsencrypt_prod_issuer",
      "provider": "provider[\"registry.terraform.io/hashicorp/kubernetes\"]",
      "instances": [
        {
          "schema_version": 1,
          "attributes": {
            "computed_fields": null,
            "field_manager": [],
            "manifest": {
              "value": {
                "apiVersion": "cert-manager.io/v1",
                "kind": "ClusterIssuer",
                "metadata": {
                  "name": "letsencrypt-prod"
                },
                "spec": {
                  "acme": {
                    "email": "1201ljhun@gmail.com",
                    "privateKeySecretRef": {
                      "name": "letsencrypt-prod-key"
                    },
                    "server": "https://acme-v02.api.letsencrypt.org/directory",
                    "solvers": [
                      {
                        "http01": {
                          "ingress": {
                            "class": "gce",
                            "podTemplate": {
                              "spec": {
                                "nodeSelector": {
                                  "cloud.google.com/gke-nodepool": "gcp-dr-gke-nodepool"
                                }
                              }
                            },
                            "serviceType": "NodePort"
                          }
                        }
                      }
                    ]
                  }
                }
              },
              "type": [
                "object",
                {
                  "apiVersion": "string",
                  "kind": "string",
                  "metadata": [
                    "object",
                    {
                      "name": "string"
                    }
                  ],
                  "spec": [
                    "object",
                    {
                      "acme": [
                        "object",
                        {
                          "email": "string",
                          "privateKeySecretRef": [
                            "object",
                            {
                              "name": "string"
                            }
                          ],
                          "server": "string",
                          "solvers": [
                            "tuple",
                            [
                              [
                                "object",
                                {
                                  "http01": [
                                    "object",
                                    {
                                      "ingress": [
                                        "object",
                                        {
                                          "class": "string",
                                          "podTemplate": [
                                            "object",
                                            {
                                              "spec": [
                                                "object",
                                                {
                                                  "nodeSelector": [
                                                    "object",
                                                    {
                                                      "cloud.google.com/gke-nodepool": "string"
                                                    }
                                                  ]
                                                }
                                              ]
                                            }
                                          ],
                                          "serviceType": "string"
                                        }
                                      ]
                                    }
                                  ]
                                }
                              ]
                            ]
                          ]
                        }
                      ]
                    }
                  ]
                }
              ]
            },
            "object": {
              "value": {
                "apiVersion": "cert-manager.io/v1",
                "kind": "ClusterIssuer",
                "metadata": {
                  "annotations": null,
                  "creationTimestamp": null,
                  "deletionGracePeriodSeconds": null,
                  "deletionTimestamp": null,
                  "finalizers": null,
                  "generateName": null,
                  "generation": null,
                  "labels": null,
                  "managedFields": null,
                  "name": "letsencrypt-prod",
                  "namespace": null,
                  "ownerReferences": null,
                  "resourceVersion": null,
                  "selfLink": null,
                  "uid": null
                },
                "spec": {
                  "acme": {
                    "caBundle": null,
                    "disableAccountKeyGeneration": null,
                    "email": "1201ljhun@gmail.com",
                    "enableDurationFeature": null,
                    "externalAccountBinding": {
                      "keyAlgorithm": null,
                      "keyID": null,
                      "keySecretRef": {
                        "key": null,
                        "name": null
                      }
                    },
                    "preferredChain": "",
                    "privateKeySecretRef": {
                      "key": null,
                      "name": "letsencrypt-prod-key"
                    },
                    "server": "https://acme-v02.api.letsencrypt.org/directory",
                    "skipTLSVerify": null,
                    "solvers": [
                      {
                        "dns01": {
                          "acmeDNS": {
                            "accountSecretRef": {
                              "key": null,
                              "name": null
                            },
                            "host": null
                          },
                          "akamai": {
                            "accessTokenSecretRef": {
                              "key": null,
                              "name": null
                            },
                            "clientSecretSecretRef": {
                              "key": null,
                              "name": null
                            },
                            "clientTokenSecretRef": {
                              "key": null,
                              "name": null
                            },
                            "serviceConsumerDomain": null
                          },
                          "azureDNS": {
                            "clientID": null,
                            "clientSecretSecretRef": {
                              "key": null,
                              "name": null
                            },
                            "environment": null,
                            "hostedZoneName": null,
                            "managedIdentity": {
                              "clientID": null,
                              "resourceID": null
                            },
                            "resourceGroupName": null,
                            "subscriptionID": null,
                            "tenantID": null
                          },
                          "cloudDNS": {
                            "hostedZoneName": null,
                            "project": null,
                            "serviceAccountSecretRef": {
                              "key": null,
                              "name": null
                            }
                          },
                          "cloudflare": {
                            "apiKeySecretRef": {
                              "key": null,
                              "name": null
                            },
                            "apiTokenSecretRef": {
                              "key": null,
                              "name": null
                            },
                            "email": null
                          },
                          "cnameStrategy": null,
                          "digitalocean": {
                            "tokenSecretRef": {
                              "key": null,
                              "name": null
                            }
                          },
                          "rfc2136": {
                            "nameserver": null,
                            "tsigAlgorithm": null,
                            "tsigKeyName": null,
                            "tsigSecretSecretRef": {
                              "key": null,
                              "name": null
                            }
                          },
                          "route53": {
                            "accessKeyID": null,
                            "accessKeyIDSecretRef": {
                              "key": null,
                              "name": null
                            },
                            "hostedZoneID": null,
                            "region": null,
                            "role": null,
                            "secretAccessKeySecretRef": {
                              "key": null,
                              "name": null
                            }
                          },
                          "webhook": {
                            "config": null,
                            "groupName": null,
                            "solverName": null
                          }
                        },
                        "http01": {
                          "gatewayHTTPRoute": {
                            "labels": null,
                            "parentRefs": null,
                            "serviceType": null
                          },
                          "ingress": {
                            "class": "gce",
                            "ingressClassName": null,
                            "ingressTemplate": {
                              "metadata": {
                                "annotations": null,
                                "labels": null
                              }
                            },
                            "name": null,
                            "podTemplate": {
                              "metadata": {
                                "annotations": null,
                                "labels": null
                              },
                              "spec": {
                                "affinity": {
                                  "nodeAffinity": {
                                    "preferredDuringSchedulingIgnoredDuringExecution": null,
                                    "requiredDuringSchedulingIgnoredDuringExecution": {
                                      "nodeSelectorTerms": null
                                    }
                                  },
                                  "podAffinity": {
                                    "preferredDuringSchedulingIgnoredDuringExecution": null,
                                    "requiredDuringSchedulingIgnoredDuringExecution": null
                                  },
                                  "podAntiAffinity": {
                                    "preferredDuringSchedulingIgnoredDuringExecution": null,
                                    "requiredDuringSchedulingIgnoredDuringExecution": null
                                  }
                                },
                                "imagePullSecrets": null,
                                "nodeSelector": {
                                  "cloud.google.com/gke-nodepool": "gcp-dr-gke-nodepool"
                                },
                                "priorityClassName": null,
                                "serviceAccountName": null,
                                "tolerations": null
                              }
                            },
                            "serviceType": "NodePort"
                          }
                        },
                        "selector": {
                          "dnsNames": null,
                          "dnsZones": null,
                          "matchLabels": null
                        }
                      }
                    ]
                  },
                  "ca": {
                    "crlDistributionPoints": null,
                    "ocspServers": null,
                    "secretName": null
                  },
                  "selfSigned": {
                    "crlDistributionPoints": null
                  },
                  "vault": {
                    "auth": {
                      "appRole": {
                        "path": null,
                        "roleId": null,
                        "secretRef": {
                          "key": null,
                          "name": null
                        }
                      },
                      "kubernetes": {
                        "mountPath": null,
                        "role": null,
                        "secretRef": {
                          "key": null,
                          "name": null
                        },
                        "serviceAccountRef": {
                          "name": null
                        }
                      },
                      "tokenSecretRef": {
                        "key": null,
                        "name": null
                      }
                    },
                    "caBundle": null,
                    "caBundleSecretRef": {
                      "key": null,
                      "name": null
                    },
                    "namespace": null,
                    "path": null,
                    "server": null
                  },
                  "venafi": {
                    "cloud": {
                      "apiTokenSecretRef": {
                        "key": null,
                        "name": null
                      },
                      "url": null
                    },
                    "tpp": {
                      "caBundle": null,
                      "credentialsRef": {
                        "name": null
                      },
                      "url": null
                    },
                    "zone": null
                  }
                }
              },
              "type": [
                "object",
                {
                  "apiVersion": "string",
                  "kind": "string",
                  "metadata": [
                    "object",
                    {
                      "annotations": [
                        "map",
                        "string"
                      ],
                      "creationTimestamp": "string",
                      "deletionGracePeriodSeconds": "number",
                      "deletionTimestamp": "string",
                      "finalizers": [
                        "list",
                        "string"
                      ],
                      "generateName": "string",
                      "generation": "number",
                      "labels": [
                        "map",
                        "string"
                      ],
                      "managedFields": [
                        "tuple",
                        [
                          [
                            "object",
                            {
                              "apiVersion": "string",
                              "fieldsType": "string",
                              "fieldsV1": "dynamic",
                              "manager": "string",
                              "operation": "string",
                              "subresource": "string",
                              "time": "string"
                            }
                          ]
                        ]
                      ],
                      "name": "string",
                      "namespace": "string",
                      "ownerReferences": [
                        "list",
                        [
                          "object",
                          {
                            "apiVersion": "string",
                            "blockOwnerDeletion": "bool",
                            "controller": "bool",
                            "kind": "string",
                            "name": "string",
                            "uid": "string"
                          }
                        ]
                      ],
                      "resourceVersion": "string",
                      "selfLink": "string",
                      "uid": "string"
                    }
                  ],
                  "spec": [
                    "object",
                    {
                      "acme": [
                        "object",
                        {
                          "caBundle": "string",
                          "disableAccountKeyGeneration": "bool",
                          "email": "string",
                          "enableDurationFeature": "bool",
                          "externalAccountBinding": [
                            "object",
                            {
                              "keyAlgorithm": "string",
                              "keyID": "string",
                              "keySecretRef": [
                                "object",
                                {
                                  "key": "string",
                                  "name": "string"
                                }
                              ]
                            }
                          ],
                          "preferredChain": "string",
                          "privateKeySecretRef": [
                            "object",
                            {
                              "key": "string",
                              "name": "string"
                            }
                          ],
                          "server": "string",
                          "skipTLSVerify": "bool",
                          "solvers": [
                            "tuple",
                            [
                              [
                                "object",
                                {
                                  "dns01": [
                                    "object",
                                    {
                                      "acmeDNS": [
                                        "object",
                                        {
                                          "accountSecretRef": [
                                            "object",
                                            {
                                              "key": "string",
                                              "name": "string"
                                            }
                                          ],
                                          "host": "string"
                                        }
                                      ],
                                      "akamai": [
                                        "object",
                                        {
                                          "accessTokenSecretRef": [
                                            "object",
                                            {
                                              "key": "string",
                                              "name": "string"
                                            }
                                          ],
                                          "clientSecretSecretRef": [
                                            "object",
                                            {
                                              "key": "string",
                                              "name": "string"
                                            }
                                          ],
                                          "clientTokenSecretRef": [
                                            "object",
                                            {
                                              "key": "string",
                                              "name": "string"
                                            }
                                          ],
                                          "serviceConsumerDomain": "string"
                                        }
                                      ],
                                      "azureDNS": [
                                        "object",
                                        {
                                          "clientID": "string",
                                          "clientSecretSecretRef": [
                                            "object",
                                            {
                                              "key": "string",
                                              "name": "string"
                                            }
                                          ],
                                          "environment": "string",
                                          "hostedZoneName": "string",
                                          "managedIdentity": [
                                            "object",
                                            {
                                              "clientID": "string",
                                              "resourceID": "string"
                                            }
                                          ],
                                          "resourceGroupName": "string",
                                          "subscriptionID": "string",
                                          "tenantID": "string"
                                        }
                                      ],
                                      "cloudDNS": [
                                        "object",
                                        {
                                          "hostedZoneName": "string",
                                          "project": "string",
                                          "serviceAccountSecretRef": [
                                            "object",
                                            {
                                              "key": "string",
                                              "name": "string"
                                            }
                                          ]
                                        }
                                      ],
                                      "cloudflare": [
                                        "object",
                                        {
                                          "apiKeySecretRef": [
                                            "object",
                                            {
                                              "key": "string",
                                              "name": "string"
                                            }
                                          ],
                                          "apiTokenSecretRef": [
                                            "object",
                                            {
                                              "key": "string",
                                              "name": "string"
                                            }
                                          ],
                                          "email": "string"
                                        }
                                      ],
                                      "cnameStrategy": "string",
                                      "digitalocean": [
                                        "object",
                                        {
                                          "tokenSecretRef": [
                                            "object",
                                            {
                                              "key": "string",
                                              "name": "string"
                                            }
                                          ]
                                        }
                                      ],
                                      "rfc2136": [
                                        "object",
                                        {
                                          "nameserver": "string",
                                          "tsigAlgorithm": "string",
                                          "tsigKeyName": "string",
                                          "tsigSecretSecretRef": [
                                            "object",
                                            {
                                              "key": "string",
                                              "name": "string"
                                            }
                                          ]
                                        }
                                      ],
                                      "route53": [
                                        "object",
                                        {
                                          "accessKeyID": "string",
                                          "accessKeyIDSecretRef": [
                                            "object",
                                            {
                                              "key": "string",
                                              "name": "string"
                                            }
                                          ],
                                          "hostedZoneID": "string",
                                          "region": "string",
                                          "role": "string",
                                          "secretAccessKeySecretRef": [
                                            "object",
                                            {
                                              "key": "string",
                                              "name": "string"
                                            }
                                          ]
                                        }
                                      ],
                                      "webhook": [
                                        "object",
                                        {
                                          "config": "dynamic",
                                          "groupName": "string",
                                          "solverName": "string"
                                        }
                                      ]
                                    }
                                  ],
                                  "http01": [
                                    "object",
                                    {
                                      "gatewayHTTPRoute": [
                                        "object",
                                        {
                                          "labels": [
                                            "map",
                                            "string"
                                          ],
                                          "parentRefs": [
                                            "list",
                                            [
                                              "object",
                                              {
                                                "group": "string",
                                                "kind": "string",
                                                "name": "string",
                                                "namespace": "string",
                                                "port": "number",
                                                "sectionName": "string"
                                              }
                                            ]
                                          ],
                                          "serviceType": "string"
                                        }
                                      ],
                                      "ingress": [
                                        "object",
                                        {
                                          "class": "string",
                                          "ingressClassName": "string",
                                          "ingressTemplate": [
                                            "object",
                                            {
                                              "metadata": [
                                                "object",
                                                {
                                                  "annotations": [
                                                    "map",
                                                    "string"
                                                  ],
                                                  "labels": [
                                                    "map",
                                                    "string"
                                                  ]
                                                }
                                              ]
                                            }
                                          ],
                                          "name": "string",
                                          "podTemplate": [
                                            "object",
                                            {
                                              "metadata": [
                                                "object",
                                                {
                                                  "annotations": [
                                                    "map",
                                                    "string"
                                                  ],
                                                  "labels": [
                                                    "map",
                                                    "string"
                                                  ]
                                                }
                                              ],
                                              "spec": [
                                                "object",
                                                {
                                                  "affinity": [
                                                    "object",
                                                    {
                                                      "nodeAffinity": [
                                                        "object",
                                                        {
                                                          "preferredDuringSchedulingIgnoredDuringExecution": [
                                                            "list",
                                                            [
                                                              "object",
                                                              {
                                                                "preference": [
                                                                  "object",
                                                                  {
                                                                    "matchExpressions": [
                                                                      "list",
                                                                      [
                                                                        "object",
                                                                        {
                                                                          "key": "string",
                                                                          "operator": "string",
                                                                          "values": [
                                                                            "list",
                                                                            "string"
                                                                          ]
                                                                        }
                                                                      ]
                                                                    ],
                                                                    "matchFields": [
                                                                      "list",
                                                                      [
                                                                        "object",
                                                                        {
                                                                          "key": "string",
                                                                          "operator": "string",
                                                                          "values": [
                                                                            "list",
                                                                            "string"
                                                                          ]
                                                                        }
                                                                      ]
                                                                    ]
                                                                  }
                                                                ],
                                                                "weight": "number"
                                                              }
                                                            ]
                                                          ],
                                                          "requiredDuringSchedulingIgnoredDuringExecution": [
                                                            "object",
                                                            {
                                                              "nodeSelectorTerms": [
                                                                "list",
                                                                [
                                                                  "object",
                                                                  {
                                                                    "matchExpressions": [
                                                                      "list",
                                                                      [
                                                                        "object",
                                                                        {
                                                                          "key": "string",
                                                                          "operator": "string",
                                                                          "values": [
                                                                            "list",
                                                                            "string"
                                                                          ]
                                                                        }
                                                                      ]
                                                                    ],
                                                                    "matchFields": [
                                                                      "list",
                                                                      [
                                                                        "object",
                                                                        {
                                                                          "key": "string",
                                                                          "operator": "string",
                                                                          "values": [
                                                                            "list",
                                                                            "string"
                                                                          ]
                                                                        }
                                                                      ]
                                                                    ]
                                                                  }
                                                                ]
                                                              ]
                                                            }
                                                          ]
                                                        }
                                                      ],
                                                      "podAffinity": [
                                                        "object",
                                                        {
                                                          "preferredDuringSchedulingIgnoredDuringExecution": [
                                                            "list",
                                                            [
                                                              "object",
                                                              {
                                                                "podAffinityTerm": [
                                                                  "object",
                                                                  {
                                                                    "labelSelector": [
                                                                      "object",
                                                                      {
                                                                        "matchExpressions": [
                                                                          "list",
                                                                          [
                                                                            "object",
                                                                            {
                                                                              "key": "string",
                                                                              "operator": "string",
                                                                              "values": [
                                                                                "list",
                                                                                "string"
                                                                              ]
                                                                            }
                                                                          ]
                                                                        ],
                                                                        "matchLabels": [
                                                                          "map",
                                                                          "string"
                                                                        ]
                                                                      }
                                                                    ],
                                                                    "namespaceSelector": [
                                                                      "object",
                                                                      {
                                                                        "matchExpressions": [
                                                                          "list",
                                                                          [
                                                                            "object",
                                                                            {
                                                                              "key": "string",
                                                                              "operator": "string",
                                                                              "values": [
                                                                                "list",
                                                                                "string"
                                                                              ]
                                                                            }
                                                                          ]
                                                                        ],
                                                                        "matchLabels": [
                                                                          "map",
                                                                          "string"
                                                                        ]
                                                                      }
                                                                    ],
                                                                    "namespaces": [
                                                                      "list",
                                                                      "string"
                                                                    ],
                                                                    "topologyKey": "string"
                                                                  }
                                                                ],
                                                                "weight": "number"
                                                              }
                                                            ]
                                                          ],
                                                          "requiredDuringSchedulingIgnoredDuringExecution": [
                                                            "list",
                                                            [
                                                              "object",
                                                              {
                                                                "labelSelector": [
                                                                  "object",
                                                                  {
                                                                    "matchExpressions": [
                                                                      "list",
                                                                      [
                                                                        "object",
                                                                        {
                                                                          "key": "string",
                                                                          "operator": "string",
                                                                          "values": [
                                                                            "list",
                                                                            "string"
                                                                          ]
                                                                        }
                                                                      ]
                                                                    ],
                                                                    "matchLabels": [
                                                                      "map",
                                                                      "string"
                                                                    ]
                                                                  }
                                                                ],
                                                                "namespaceSelector": [
                                                                  "object",
                                                                  {
                                                                    "matchExpressions": [
                                                                      "list",
                                                                      [
                                                                        "object",
                                                                        {
                                                                          "key": "string",
                                                                          "operator": "string",
                                                                          "values": [
                                                                            "list",
                                                                            "string"
                                                                          ]
                                                                        }
                                                                      ]
                                                                    ],
                                                                    "matchLabels": [
                                                                      "map",
                                                                      "string"
                                                                    ]
                                                                  }
                                                                ],
                                                                "namespaces": [
                                                                  "list",
                                                                  "string"
                                                                ],
                                                                "topologyKey": "string"
                                                              }
                                                            ]
                                                          ]
                                                        }
                                                      ],
                                                      "podAntiAffinity": [
                                                        "object",
                                                        {
                                                          "preferredDuringSchedulingIgnoredDuringExecution": [
                                                            "list",
                                                            [
                                                              "object",
                                                              {
                                                                "podAffinityTerm": [
                                                                  "object",
                                                                  {
                                                                    "labelSelector": [
                                                                      "object",
                                                                      {
                                                                        "matchExpressions": [
                                                                          "list",
                                                                          [
                                                                            "object",
                                                                            {
                                                                              "key": "string",
                                                                              "operator": "string",
                                                                              "values": [
                                                                                "list",
                                                                                "string"
                                                                              ]
                                                                            }
                                                                          ]
                                                                        ],
                                                                        "matchLabels": [
                                                                          "map",
                                                                          "string"
                                                                        ]
                                                                      }
                                                                    ],
                                                                    "namespaceSelector": [
                                                                      "object",
                                                                      {
                                                                        "matchExpressions": [
                                                                          "list",
                                                                          [
                                                                            "object",
                                                                            {
                                                                              "key": "string",
                                                                              "operator": "string",
                                                                              "values": [
                                                                                "list",
                                                                                "string"
                                                                              ]
                                                                            }
                                                                          ]
                                                                        ],
                                                                        "matchLabels": [
                                                                          "map",
                                                                          "string"
                                                                        ]
                                                                      }
                                                                    ],
                                                                    "namespaces": [
                                                                      "list",
                                                                      "string"
                                                                    ],
                                                                    "topologyKey": "string"
                                                                  }
                                                                ],
                                                                "weight": "number"
                                                              }
                                                            ]
                                                          ],
                                                          "requiredDuringSchedulingIgnoredDuringExecution": [
                                                            "list",
                                                            [
                                                              "object",
                                                              {
                                                                "labelSelector": [
                                                                  "object",
                                                                  {
                                                                    "matchExpressions": [
                                                                      "list",
                                                                      [
                                                                        "object",
                                                                        {
                                                                          "key": "string",
                                                                          "operator": "string",
                                                                          "values": [
                                                                            "list",
                                                                            "string"
                                                                          ]
                                                                        }
                                                                      ]
                                                                    ],
                                                                    "matchLabels": [
                                                                      "map",
                                                                      "string"
                                                                    ]
                                                                  }
                                                                ],
                                                                "namespaceSelector": [
                                                                  "object",
                                                                  {
                                                                    "matchExpressions": [
                                                                      "list",
                                                                      [
                                                                        "object",
                                                                        {
                                                                          "key": "string",
                                                                          "operator": "string",
                                                                          "values": [
                                                                            "list",
                                                                            "string"
                                                                          ]
                                                                        }
                                                                      ]
                                                                    ],
                                                                    "matchLabels": [
                                                                      "map",
                                                                      "string"
                                                                    ]
                                                                  }
                                                                ],
                                                                "namespaces": [
                                                                  "list",
                                                                  "string"
                                                                ],
                                                                "topologyKey": "string"
                                                              }
                                                            ]
                                                          ]
                                                        }
                                                      ]
                                                    }
                                                  ],
                                                  "imagePullSecrets": [
                                                    "list",
                                                    [
                                                      "object",
                                                      {
                                                        "name": "string"
                                                      }
                                                    ]
                                                  ],
                                                  "nodeSelector": [
                                                    "map",
                                                    "string"
                                                  ],
                                                  "priorityClassName": "string",
                                                  "serviceAccountName": "string",
                                                  "tolerations": [
                                                    "list",
                                                    [
                                                      "object",
                                                      {
                                                        "effect": "string",
                                                        "key": "string",
                                                        "operator": "string",
                                                        "tolerationSeconds": "number",
                                                        "value": "string"
                                                      }
                                                    ]
                                                  ]
                                                }
                                              ]
                                            }
                                          ],
                                          "serviceType": "string"
                                        }
                                      ]
                                    }
                                  ],
                                  "selector": [
                                    "object",
                                    {
                                      "dnsNames": [
                                        "list",
                                        "string"
                                      ],
                                      "dnsZones": [
                                        "list",
                                        "string"
                                      ],
                                      "matchLabels": [
                                        "map",
                                        "string"
                                      ]
                                    }
                                  ]
                                }
                              ]
                            ]
                          ]
                        }
                      ],
                      "ca": [
                        "object",
                        {
                          "crlDistributionPoints": [
                            "list",
                            "string"
                          ],
                          "ocspServers": [
                            "list",
                            "string"
                          ],
                          "secretName": "string"
                        }
                      ],
                      "selfSigned": [
                        "object",
                        {
                          "crlDistributionPoints": [
                            "list",
                            "string"
                          ]
                        }
                      ],
                      "vault": [
                        "object",
                        {
                          "auth": [
                            "object",
                            {
                              "appRole": [
                                "object",
                                {
                                  "path": "string",
                                  "roleId": "string",
                                  "secretRef": [
                                    "object",
                                    {
                                      "key": "string",
                                      "name": "string"
                                    }
                                  ]
                                }
                              ],
                              "kubernetes": [
                                "object",
                                {
                                  "mountPath": "string",
                                  "role": "string",
                                  "secretRef": [
                                    "object",
                                    {
                                      "key": "string",
                                      "name": "string"
                                    }
                                  ],
                                  "serviceAccountRef": [
                                    "object",
                                    {
                                      "name": "string"
                                    }
                                  ]
                                }
                              ],
                              "tokenSecretRef": [
                                "object",
                                {
                                  "key": "string",
                                  "name": "string"
                                }
                              ]
                            }
                          ],
                          "caBundle": "string",
                          "caBundleSecretRef": [
                            "object",
                            {
                              "key": "string",
                              "name": "string"
                            }
                          ],
                          "namespace": "string",
                          "path": "string",
                          "server": "string"
                        }
                      ],
                      "venafi": [
                        "object",
                        {
                          "cloud": [
                            "object",
                            {
                              "apiTokenSecretRef": [
                                "object",
                                {
                                  "key": "string",
                                  "name": "string"
                                }
                              ],
                              "url": "string"
                            }
                          ],
                          "tpp": [
                            "object",
                            {
                              "caBundle": "string",
                              "credentialsRef": [
                                "object",
                                {
                                  "name": "string"
                                }
                              ],
                              "url": "string"
                            }
                          ],
                          "zone": "string"
                        }
                      ]
                    }
                  ]
                }
              ]
            },
            "timeouts": [],
            "wait": [],
            "wait_for": null
          },
          "sensitive_attributes": [],
          "dependencies": [
            "data.google_client_config.default",
            "module.cloud_sql.google_sql_database.default_db",
            "module.cloud_sql.google_sql_database_instance.mysql_instance",
            "module.cloud_sql.google_sql_user.root_user",
            "module.gke.google_container_cluster.gke_cluster",
            "module.k8s_deploy.helm_release.cert_manager",
            "module.network.google_compute_global_address.private_ip_range",
            "module.network.google_compute_network.main_vpc",
            "module.network.google_compute_router.nat_router",
            "module.network.google_compute_router_nat.nat_config",
            "module.network.google_compute_subnetwork.private_subnet",
            "module.network.google_compute_subnetwork.public_subnet",
            "module.network.google_service_networking_connection.private_vpc_connection"
          ]
        }
      ]
    },
    {
      "module": "module.k8s_deploy",
      "mode": "managed",
      "type": "kubernetes_service",
      "name": "app_one_service",
      "provider": "provider[\"registry.terraform.io/hashicorp/kubernetes\"]",
      "instances": [
        {
          "schema_version": 1,
          "attributes": {
            "id": "default/app-one-service",
            "metadata": [
              {
                "annotations": {
                  "cloud.google.com/neg": "{\"exposed_ports\": {\"80\":{}}}",
                  "cloud.google.com/neg-status": "{\"network_endpoint_groups\":{\"80\":\"k8s1-06cf3ec3-default-app-one-service-80-6f7b41d8\"},\"zones\":[\"asia-northeast3-a\",\"asia-northeast3-b\"]}"
                },
                "generate_name": "",
                "generation": 0,
                "labels": null,
                "name": "app-one-service",
                "namespace": "default",
                "resource_version": "12965",
                "uid": "bd8ffe59-bc5a-4835-bab6-0ea879de7883"
              }
            ],
            "spec": [
              {
                "allocate_load_balancer_node_ports": true,
                "cluster_ip": "10.2.245.113",
                "cluster_ips": [
                  "10.2.245.113"
                ],
                "external_ips": null,
                "external_name": "",
                "external_traffic_policy": "Cluster",
                "health_check_node_port": 0,
                "internal_traffic_policy": "Cluster",
                "ip_families": [
                  "IPv4"
                ],
                "ip_family_policy": "SingleStack",
                "load_balancer_class": "",
                "load_balancer_ip": "",
                "load_balancer_source_ranges": null,
                "port": [
                  {
                    "app_protocol": "",
                    "name": "",
                    "node_port": 31802,
                    "port": 80,
                    "protocol": "TCP",
                    "target_port": "5000"
                  }
                ],
                "publish_not_ready_addresses": false,
                "selector": {
                  "app": "app-one"
                },
                "session_affinity": "None",
                "session_affinity_config": [],
                "type": "NodePort"
              }
            ],
            "status": [
              {
                "load_balancer": [
                  {
                    "ingress": []
                  }
                ]
              }
            ],
            "timeouts": null,
            "wait_for_load_balancer": true
          },
          "sensitive_attributes": [],
          "private": "eyJlMmJmYjczMC1lY2FhLTExZTYtOGY4OC0zNDM2M2JjN2M0YzAiOnsiY3JlYXRlIjo2MDAwMDAwMDAwMDB9LCJzY2hlbWFfdmVyc2lvbiI6IjEifQ==",
          "dependencies": [
            "data.google_client_config.default",
            "module.cloud_sql.google_sql_database.default_db",
            "module.cloud_sql.google_sql_database_instance.mysql_instance",
            "module.cloud_sql.google_sql_user.root_user",
            "module.gke.google_container_cluster.gke_cluster",
            "module.network.google_compute_global_address.private_ip_range",
            "module.network.google_compute_network.main_vpc",
            "module.network.google_compute_router.nat_router",
            "module.network.google_compute_router_nat.nat_config",
            "module.network.google_compute_subnetwork.private_subnet",
            "module.network.google_compute_subnetwork.public_subnet",
            "module.network.google_service_networking_connection.private_vpc_connection"
          ]
        }
      ]
    },
    {
      "module": "module.k8s_deploy",
      "mode": "managed",
      "type": "kubernetes_service",
      "name": "app_two_service",
      "provider": "provider[\"registry.terraform.io/hashicorp/kubernetes\"]",
      "instances": [
        {
          "schema_version": 1,
          "attributes": {
            "id": "default/app-two-service",
            "metadata": [
              {
                "annotations": {
                  "cloud.google.com/neg": "{\"exposed_ports\": {\"80\":{}}}",
                  "cloud.google.com/neg-status": "{\"network_endpoint_groups\":{\"80\":\"k8s1-06cf3ec3-default-app-two-service-80-c7e83305\"},\"zones\":[\"asia-northeast3-a\",\"asia-northeast3-b\"]}"
                },
                "generate_name": "",
                "generation": 0,
                "labels": null,
                "name": "app-two-service",
                "namespace": "default",
                "resource_version": "12961",
                "uid": "1ce11a33-e910-40dc-85d8-b507a90eb339"
              }
            ],
            "spec": [
              {
                "allocate_load_balancer_node_ports": true,
                "cluster_ip": "10.2.64.103",
                "cluster_ips": [
                  "10.2.64.103"
                ],
                "external_ips": null,
                "external_name": "",
                "external_traffic_policy": "Cluster",
                "health_check_node_port": 0,
                "internal_traffic_policy": "Cluster",
                "ip_families": [
                  "IPv4"
                ],
                "ip_family_policy": "SingleStack",
                "load_balancer_class": "",
                "load_balancer_ip": "",
                "load_balancer_source_ranges": null,
                "port": [
                  {
                    "app_protocol": "",
                    "name": "",
                    "node_port": 32683,
                    "port": 80,
                    "protocol": "TCP",
                    "target_port": "5000"
                  }
                ],
                "publish_not_ready_addresses": false,
                "selector": {
                  "app": "app-two"
                },
                "session_affinity": "None",
                "session_affinity_config": [],
                "type": "NodePort"
              }
            ],
            "status": [
              {
                "load_balancer": [
                  {
                    "ingress": []
                  }
                ]
              }
            ],
            "timeouts": null,
            "wait_for_load_balancer": true
          },
          "sensitive_attributes": [],
          "private": "eyJlMmJmYjczMC1lY2FhLTExZTYtOGY4OC0zNDM2M2JjN2M0YzAiOnsiY3JlYXRlIjo2MDAwMDAwMDAwMDB9LCJzY2hlbWFfdmVyc2lvbiI6IjEifQ==",
          "dependencies": [
            "data.google_client_config.default",
            "module.cloud_sql.google_sql_database.default_db",
            "module.cloud_sql.google_sql_database_instance.mysql_instance",
            "module.cloud_sql.google_sql_user.root_user",
            "module.gke.google_container_cluster.gke_cluster",
            "module.network.google_compute_global_address.private_ip_range",
            "module.network.google_compute_network.main_vpc",
            "module.network.google_compute_router.nat_router",
            "module.network.google_compute_router_nat.nat_config",
            "module.network.google_compute_subnetwork.private_subnet",
            "module.network.google_compute_subnetwork.public_subnet",
            "module.network.google_service_networking_connection.private_vpc_connection"
          ]
        }
      ]
    },
    {
      "module": "module.network",
      "mode": "managed",
      "type": "google_compute_global_address",
      "name": "private_ip_range",
      "provider": "provider[\"registry.terraform.io/hashicorp/google\"]",
      "instances": [
        {
          "schema_version": 0,
          "attributes": {
            "address": "10.3.0.0",
            "address_type": "INTERNAL",
            "creation_timestamp": "2025-01-21T21:34:15.548-08:00",
            "description": "",
            "effective_labels": {
              "goog-terraform-provisioned": "true"
            },
            "id": "projects/peppy-arcadia-432311-g5/global/addresses/cloudsql-private-ip-range",
            "ip_version": "",
            "label_fingerprint": "vezUS-42LLM=",
            "labels": {},
            "name": "cloudsql-private-ip-range",
            "network": "https://www.googleapis.com/compute/v1/projects/peppy-arcadia-432311-g5/global/networks/gcp-dr-vpc",
            "prefix_length": 16,
            "project": "peppy-arcadia-432311-g5",
            "purpose": "VPC_PEERING",
            "self_link": "https://www.googleapis.com/compute/v1/projects/peppy-arcadia-432311-g5/global/addresses/cloudsql-private-ip-range",
            "terraform_labels": {
              "goog-terraform-provisioned": "true"
            },
            "timeouts": null
          },
          "sensitive_attributes": [],
          "private": "eyJlMmJmYjczMC1lY2FhLTExZTYtOGY4OC0zNDM2M2JjN2M0YzAiOnsiY3JlYXRlIjoxMjAwMDAwMDAwMDAwLCJkZWxldGUiOjEyMDAwMDAwMDAwMDAsInVwZGF0ZSI6MTIwMDAwMDAwMDAwMH19",
          "dependencies": [
            "module.network.google_compute_network.main_vpc"
          ]
        }
      ]
    },
    {
      "module": "module.network",
      "mode": "managed",
      "type": "google_compute_network",
      "name": "main_vpc",
      "provider": "provider[\"registry.terraform.io/hashicorp/google\"]",
      "instances": [
        {
          "schema_version": 0,
          "attributes": {
            "auto_create_subnetworks": false,
            "bgp_always_compare_med": false,
            "bgp_best_path_selection_mode": "LEGACY",
            "bgp_inter_region_cost": "",
            "delete_default_routes_on_create": false,
            "description": "",
            "enable_ula_internal_ipv6": false,
            "gateway_ipv4": "",
            "id": "projects/peppy-arcadia-432311-g5/global/networks/gcp-dr-vpc",
            "internal_ipv6_range": "",
            "mtu": 0,
            "name": "gcp-dr-vpc",
            "network_firewall_policy_enforcement_order": "AFTER_CLASSIC_FIREWALL",
            "network_id": "8397217866348051886",
            "numeric_id": "8397217866348051886",
            "project": "peppy-arcadia-432311-g5",
            "routing_mode": "REGIONAL",
            "self_link": "https://www.googleapis.com/compute/v1/projects/peppy-arcadia-432311-g5/global/networks/gcp-dr-vpc",
            "timeouts": null
          },
          "sensitive_attributes": [],
          "private": "eyJlMmJmYjczMC1lY2FhLTExZTYtOGY4OC0zNDM2M2JjN2M0YzAiOnsiY3JlYXRlIjoxMjAwMDAwMDAwMDAwLCJkZWxldGUiOjEyMDAwMDAwMDAwMDAsInVwZGF0ZSI6MTIwMDAwMDAwMDAwMH19"
        }
      ]
    },
    {
      "module": "module.network",
      "mode": "managed",
      "type": "google_compute_router",
      "name": "nat_router",
      "provider": "provider[\"registry.terraform.io/hashicorp/google\"]",
      "instances": [
        {
          "schema_version": 0,
          "attributes": {
            "bgp": [],
            "creation_timestamp": "2025-01-21T21:34:15.772-08:00",
            "description": "",
            "encrypted_interconnect_router": false,
            "id": "projects/peppy-arcadia-432311-g5/regions/asia-northeast3/routers/nat-router",
            "name": "nat-router",
            "network": "https://www.googleapis.com/compute/v1/projects/peppy-arcadia-432311-g5/global/networks/gcp-dr-vpc",
            "project": "peppy-arcadia-432311-g5",
            "region": "asia-northeast3",
            "self_link": "https://www.googleapis.com/compute/v1/projects/peppy-arcadia-432311-g5/regions/asia-northeast3/routers/nat-router",
            "timeouts": null
          },
          "sensitive_attributes": [],
          "private": "eyJlMmJmYjczMC1lY2FhLTExZTYtOGY4OC0zNDM2M2JjN2M0YzAiOnsiY3JlYXRlIjoxMjAwMDAwMDAwMDAwLCJkZWxldGUiOjEyMDAwMDAwMDAwMDAsInVwZGF0ZSI6MTIwMDAwMDAwMDAwMH19",
          "dependencies": [
            "module.network.google_compute_network.main_vpc"
          ]
        }
      ]
    },
    {
      "module": "module.network",
      "mode": "managed",
      "type": "google_compute_router_nat",
      "name": "nat_config",
      "provider": "provider[\"registry.terraform.io/hashicorp/google\"]",
      "instances": [
        {
          "schema_version": 0,
          "attributes": {
            "auto_network_tier": "PREMIUM",
            "drain_nat_ips": [],
            "enable_dynamic_port_allocation": false,
            "enable_endpoint_independent_mapping": false,
            "endpoint_types": [
              "ENDPOINT_TYPE_VM"
            ],
            "icmp_idle_timeout_sec": 30,
            "id": "peppy-arcadia-432311-g5/asia-northeast3/nat-router/cloud-nat",
            "initial_nat_ips": null,
            "log_config": [],
            "max_ports_per_vm": 0,
            "min_ports_per_vm": 0,
            "name": "cloud-nat",
            "nat_ip_allocate_option": "AUTO_ONLY",
            "nat_ips": [],
            "project": "peppy-arcadia-432311-g5",
            "region": "asia-northeast3",
            "router": "nat-router",
            "rules": [],
            "source_subnetwork_ip_ranges_to_nat": "LIST_OF_SUBNETWORKS",
            "subnetwork": [
              {
                "name": "https://www.googleapis.com/compute/v1/projects/peppy-arcadia-432311-g5/regions/asia-northeast3/subnetworks/private-subnet",
                "secondary_ip_range_names": [],
                "source_ip_ranges_to_nat": [
                  "ALL_IP_RANGES"
                ]
              }
            ],
            "tcp_established_idle_timeout_sec": 1200,
            "tcp_time_wait_timeout_sec": 120,
            "tcp_transitory_idle_timeout_sec": 30,
            "timeouts": null,
            "udp_idle_timeout_sec": 30
          },
          "sensitive_attributes": [],
          "private": "eyJlMmJmYjczMC1lY2FhLTExZTYtOGY4OC0zNDM2M2JjN2M0YzAiOnsiY3JlYXRlIjoxMjAwMDAwMDAwMDAwLCJkZWxldGUiOjEyMDAwMDAwMDAwMDAsInVwZGF0ZSI6MTIwMDAwMDAwMDAwMH19",
          "dependencies": [
            "module.network.google_compute_network.main_vpc",
            "module.network.google_compute_router.nat_router",
            "module.network.google_compute_subnetwork.private_subnet"
          ]
        }
      ]
    },
    {
      "module": "module.network",
      "mode": "managed",
      "type": "google_compute_subnetwork",
      "name": "private_subnet",
      "provider": "provider[\"registry.terraform.io/hashicorp/google\"]",
      "instances": [
        {
          "schema_version": 0,
          "attributes": {
            "creation_timestamp": "2025-01-21T21:34:16.184-08:00",
            "description": "",
            "external_ipv6_prefix": "",
            "fingerprint": null,
            "gateway_address": "10.0.1.1",
            "id": "projects/peppy-arcadia-432311-g5/regions/asia-northeast3/subnetworks/private-subnet",
            "internal_ipv6_prefix": "",
            "ip_cidr_range": "10.0.1.0/24",
            "ipv6_access_type": "",
            "ipv6_cidr_range": "",
            "log_config": [],
            "name": "private-subnet",
            "network": "https://www.googleapis.com/compute/v1/projects/peppy-arcadia-432311-g5/global/networks/gcp-dr-vpc",
            "private_ip_google_access": true,
            "private_ipv6_google_access": "DISABLE_GOOGLE_ACCESS",
            "project": "peppy-arcadia-432311-g5",
            "purpose": "PRIVATE",
            "region": "asia-northeast3",
            "reserved_internal_range": "",
            "role": "",
            "secondary_ip_range": [
              {
                "ip_cidr_range": "10.4.0.0/14",
                "range_name": "pods",
                "reserved_internal_range": ""
              },
              {
                "ip_cidr_range": "10.2.0.0/16",
                "range_name": "services",
                "reserved_internal_range": ""
              }
            ],
            "self_link": "https://www.googleapis.com/compute/v1/projects/peppy-arcadia-432311-g5/regions/asia-northeast3/subnetworks/private-subnet",
            "send_secondary_ip_range_if_empty": null,
            "stack_type": "IPV4_ONLY",
            "subnetwork_id": 7975901958525238711,
            "timeouts": null
          },
          "sensitive_attributes": [],
          "private": "eyJlMmJmYjczMC1lY2FhLTExZTYtOGY4OC0zNDM2M2JjN2M0YzAiOnsiY3JlYXRlIjoxMjAwMDAwMDAwMDAwLCJkZWxldGUiOjEyMDAwMDAwMDAwMDAsInVwZGF0ZSI6MTIwMDAwMDAwMDAwMH19",
          "dependencies": [
            "module.network.google_compute_network.main_vpc"
          ]
        }
      ]
    },
    {
      "module": "module.network",
      "mode": "managed",
      "type": "google_compute_subnetwork",
      "name": "public_subnet",
      "provider": "provider[\"registry.terraform.io/hashicorp/google\"]",
      "instances": [
        {
          "schema_version": 0,
          "attributes": {
            "creation_timestamp": "2025-01-21T21:34:16.113-08:00",
            "description": "",
            "external_ipv6_prefix": "",
            "fingerprint": null,
            "gateway_address": "10.0.0.1",
            "id": "projects/peppy-arcadia-432311-g5/regions/asia-northeast3/subnetworks/public-subnet",
            "internal_ipv6_prefix": "",
            "ip_cidr_range": "10.0.0.0/24",
            "ipv6_access_type": "",
            "ipv6_cidr_range": "",
            "log_config": [],
            "name": "public-subnet",
            "network": "https://www.googleapis.com/compute/v1/projects/peppy-arcadia-432311-g5/global/networks/gcp-dr-vpc",
            "private_ip_google_access": false,
            "private_ipv6_google_access": "DISABLE_GOOGLE_ACCESS",
            "project": "peppy-arcadia-432311-g5",
            "purpose": "PRIVATE",
            "region": "asia-northeast3",
            "reserved_internal_range": "",
            "role": "",
            "secondary_ip_range": [],
            "self_link": "https://www.googleapis.com/compute/v1/projects/peppy-arcadia-432311-g5/regions/asia-northeast3/subnetworks/public-subnet",
            "send_secondary_ip_range_if_empty": null,
            "stack_type": "IPV4_ONLY",
            "subnetwork_id": 8765447252542832055,
            "timeouts": null
          },
          "sensitive_attributes": [],
          "private": "eyJlMmJmYjczMC1lY2FhLTExZTYtOGY4OC0zNDM2M2JjN2M0YzAiOnsiY3JlYXRlIjoxMjAwMDAwMDAwMDAwLCJkZWxldGUiOjEyMDAwMDAwMDAwMDAsInVwZGF0ZSI6MTIwMDAwMDAwMDAwMH19",
          "dependencies": [
            "module.network.google_compute_network.main_vpc"
          ]
        }
      ]
    },
    {
      "module": "module.network",
      "mode": "managed",
      "type": "google_service_networking_connection",
      "name": "private_vpc_connection",
      "provider": "provider[\"registry.terraform.io/hashicorp/google\"]",
      "instances": [
        {
          "schema_version": 0,
          "attributes": {
            "deletion_policy": null,
            "id": "https%3A%2F%2Fwww.googleapis.com%2Fcompute%2Fv1%2Fprojects%2Fpeppy-arcadia-432311-g5%2Fglobal%2Fnetworks%2Fgcp-dr-vpc:servicenetworking.googleapis.com",
            "network": "https://www.googleapis.com/compute/v1/projects/peppy-arcadia-432311-g5/global/networks/gcp-dr-vpc",
            "peering": "servicenetworking-googleapis-com",
            "reserved_peering_ranges": [
              "cloudsql-private-ip-range"
            ],
            "service": "servicenetworking.googleapis.com",
            "timeouts": null,
            "update_on_creation_fail": null
          },
          "sensitive_attributes": [],
          "private": "eyJlMmJmYjczMC1lY2FhLTExZTYtOGY4OC0zNDM2M2JjN2M0YzAiOnsiY3JlYXRlIjo2MDAwMDAwMDAwMDAsImRlbGV0ZSI6NjAwMDAwMDAwMDAwLCJ1cGRhdGUiOjYwMDAwMDAwMDAwMH19",
          "dependencies": [
            "module.network.google_compute_global_address.private_ip_range",
            "module.network.google_compute_network.main_vpc"
          ]
        }
      ]
    },
    {
      "module": "module.route53",
      "mode": "data",
      "type": "aws_route53_zone",
      "name": "main_zone",
      "provider": "module.route53.provider[\"registry.terraform.io/hashicorp/aws\"]",
      "instances": [
        {
          "schema_version": 0,
          "attributes": {
            "arn": "arn:aws:route53:::hostedzone/Z003422921ZWRSU9KTPP7",
            "caller_reference": "19886be2-6406-4c4d-9c54-8924618ea1d0",
            "comment": "",
            "id": "Z003422921ZWRSU9KTPP7",
            "linked_service_description": null,
            "linked_service_principal": null,
            "name": "ljhun.shop",
            "name_servers": [
              "ns-1566.awsdns-03.co.uk",
              "ns-1122.awsdns-12.org",
              "ns-98.awsdns-12.com",
              "ns-901.awsdns-48.net"
            ],
            "primary_name_server": "ns-1566.awsdns-03.co.uk",
            "private_zone": false,
            "resource_record_set_count": 4,
            "tags": {},
            "vpc_id": null,
            "zone_id": "Z003422921ZWRSU9KTPP7"
          },
          "sensitive_attributes": []
        }
      ]
    },
    {
      "module": "module.route53",
      "mode": "managed",
      "type": "aws_route53_record",
      "name": "a_record",
      "provider": "module.route53.provider[\"registry.terraform.io/hashicorp/aws\"]",
      "instances": [
        {
          "schema_version": 2,
          "attributes": {
            "alias": [],
            "allow_overwrite": null,
            "cidr_routing_policy": [],
            "failover_routing_policy": [],
            "fqdn": "ljhun.shop",
            "geolocation_routing_policy": [],
            "geoproximity_routing_policy": [],
            "health_check_id": "",
            "id": "Z003422921ZWRSU9KTPP7_ljhun.shop_A",
            "latency_routing_policy": [],
            "multivalue_answer_routing_policy": false,
            "name": "ljhun.shop",
            "records": [
              "34.8.157.92"
            ],
            "set_identifier": "",
            "ttl": 300,
            "type": "A",
            "weighted_routing_policy": [],
            "zone_id": "Z003422921ZWRSU9KTPP7"
          },
          "sensitive_attributes": [],
          "private": "eyJzY2hlbWFfdmVyc2lvbiI6IjIifQ==",
          "dependencies": [
            "data.google_client_config.default",
            "module.cloud_sql.google_sql_database.default_db",
            "module.cloud_sql.google_sql_database_instance.mysql_instance",
            "module.cloud_sql.google_sql_user.root_user",
            "module.gke.google_container_cluster.gke_cluster",
            "module.gke.google_container_node_pool.primary_nodes",
            "module.gke.null_resource.delete_default_node_pool",
            "module.k8s_deploy.google_compute_global_address.ingress_static_ip",
            "module.k8s_deploy.helm_release.cert_manager",
            "module.k8s_deploy.kubernetes_deployment.app_one",
            "module.k8s_deploy.kubernetes_deployment.app_two",
            "module.k8s_deploy.kubernetes_ingress_v1.app_ingress",
            "module.k8s_deploy.kubernetes_job.db_init_job",
            "module.k8s_deploy.kubernetes_manifest.app_ingress_certificate",
            "module.k8s_deploy.kubernetes_manifest.letsencrypt_prod_issuer",
            "module.k8s_deploy.kubernetes_service.app_one_service",
            "module.k8s_deploy.kubernetes_service.app_two_service",
            "module.network.google_compute_global_address.private_ip_range",
            "module.network.google_compute_network.main_vpc",
            "module.network.google_compute_router.nat_router",
            "module.network.google_compute_router_nat.nat_config",
            "module.network.google_compute_subnetwork.private_subnet",
            "module.network.google_compute_subnetwork.public_subnet",
            "module.network.google_service_networking_connection.private_vpc_connection",
            "module.route53.data.aws_route53_zone.main_zone",
            "module.storage_and_lb.google_compute_backend_bucket.gcs_backend",
            "module.storage_and_lb.google_compute_global_forwarding_rule.https_rule",
            "module.storage_and_lb.google_compute_managed_ssl_certificate.lb_cert",
            "module.storage_and_lb.google_compute_target_https_proxy.https_proxy",
            "module.storage_and_lb.google_compute_url_map.lb_url_map",
            "module.storage_and_lb.google_storage_bucket.frontend_bucket"
          ]
        }
      ]
    },
    {
      "module": "module.route53",
      "mode": "managed",
      "type": "aws_route53_record",
      "name": "api_a_record",
      "provider": "module.route53.provider[\"registry.terraform.io/hashicorp/aws\"]",
      "instances": [
        {
          "schema_version": 2,
          "attributes": {
            "alias": [],
            "allow_overwrite": null,
            "cidr_routing_policy": [],
            "failover_routing_policy": [],
            "fqdn": "api.ljhun.shop",
            "geolocation_routing_policy": [],
            "geoproximity_routing_policy": [],
            "health_check_id": "",
            "id": "Z003422921ZWRSU9KTPP7_api.ljhun.shop_A",
            "latency_routing_policy": [],
            "multivalue_answer_routing_policy": false,
            "name": "api.ljhun.shop",
            "records": [
              "34.36.187.79"
            ],
            "set_identifier": "",
            "ttl": 300,
            "type": "A",
            "weighted_routing_policy": [],
            "zone_id": "Z003422921ZWRSU9KTPP7"
          },
          "sensitive_attributes": [],
          "private": "eyJzY2hlbWFfdmVyc2lvbiI6IjIifQ==",
          "dependencies": [
            "module.k8s_deploy.google_compute_global_address.ingress_static_ip",
            "module.route53.data.aws_route53_zone.main_zone"
          ]
        }
      ]
    },
    {
      "module": "module.route53",
      "mode": "managed",
      "type": "aws_route53_record",
      "name": "www_a_record",
      "provider": "module.route53.provider[\"registry.terraform.io/hashicorp/aws\"]",
      "instances": [
        {
          "schema_version": 2,
          "attributes": {
            "alias": [],
            "allow_overwrite": null,
            "cidr_routing_policy": [],
            "failover_routing_policy": [],
            "fqdn": "www.ljhun.shop",
            "geolocation_routing_policy": [],
            "geoproximity_routing_policy": [],
            "health_check_id": "",
            "id": "Z003422921ZWRSU9KTPP7_www.ljhun.shop_A",
            "latency_routing_policy": [],
            "multivalue_answer_routing_policy": false,
            "name": "www.ljhun.shop",
            "records": [
              "34.8.157.92"
            ],
            "set_identifier": "",
            "ttl": 300,
            "type": "A",
            "weighted_routing_policy": [],
            "zone_id": "Z003422921ZWRSU9KTPP7"
          },
          "sensitive_attributes": [],
          "private": "eyJzY2hlbWFfdmVyc2lvbiI6IjIifQ==",
          "dependencies": [
            "data.google_client_config.default",
            "module.cloud_sql.google_sql_database.default_db",
            "module.cloud_sql.google_sql_database_instance.mysql_instance",
            "module.cloud_sql.google_sql_user.root_user",
            "module.gke.google_container_cluster.gke_cluster",
            "module.gke.google_container_node_pool.primary_nodes",
            "module.gke.null_resource.delete_default_node_pool",
            "module.k8s_deploy.google_compute_global_address.ingress_static_ip",
            "module.k8s_deploy.helm_release.cert_manager",
            "module.k8s_deploy.kubernetes_deployment.app_one",
            "module.k8s_deploy.kubernetes_deployment.app_two",
            "module.k8s_deploy.kubernetes_ingress_v1.app_ingress",
            "module.k8s_deploy.kubernetes_job.db_init_job",
            "module.k8s_deploy.kubernetes_manifest.app_ingress_certificate",
            "module.k8s_deploy.kubernetes_manifest.letsencrypt_prod_issuer",
            "module.k8s_deploy.kubernetes_service.app_one_service",
            "module.k8s_deploy.kubernetes_service.app_two_service",
            "module.network.google_compute_global_address.private_ip_range",
            "module.network.google_compute_network.main_vpc",
            "module.network.google_compute_router.nat_router",
            "module.network.google_compute_router_nat.nat_config",
            "module.network.google_compute_subnetwork.private_subnet",
            "module.network.google_compute_subnetwork.public_subnet",
            "module.network.google_service_networking_connection.private_vpc_connection",
            "module.route53.data.aws_route53_zone.main_zone",
            "module.storage_and_lb.google_compute_backend_bucket.gcs_backend",
            "module.storage_and_lb.google_compute_global_forwarding_rule.https_rule",
            "module.storage_and_lb.google_compute_managed_ssl_certificate.lb_cert",
            "module.storage_and_lb.google_compute_target_https_proxy.https_proxy",
            "module.storage_and_lb.google_compute_url_map.lb_url_map",
            "module.storage_and_lb.google_storage_bucket.frontend_bucket"
          ]
        }
      ]
    },
    {
      "module": "module.storage_and_lb",
      "mode": "managed",
      "type": "google_compute_backend_bucket",
      "name": "gcs_backend",
      "provider": "provider[\"registry.terraform.io/hashicorp/google\"]",
      "instances": [
        {
          "schema_version": 0,
          "attributes": {
            "bucket_name": "shoppingwebfrontend-gcp",
            "cdn_policy": [
              {
                "bypass_cache_on_request_headers": [],
                "cache_key_policy": [],
                "cache_mode": "CACHE_ALL_STATIC",
                "client_ttl": 3600,
                "default_ttl": 3600,
                "max_ttl": 86400,
                "negative_caching": true,
                "negative_caching_policy": [],
                "request_coalescing": true,
                "serve_while_stale": 86400,
                "signed_url_cache_max_age_sec": 0
              }
            ],
            "compression_mode": "",
            "creation_timestamp": "2025-01-21T22:09:05.318-08:00",
            "custom_response_headers": null,
            "description": "",
            "edge_security_policy": "",
            "enable_cdn": true,
            "id": "projects/peppy-arcadia-432311-g5/global/backendBuckets/gcs-backend",
            "name": "gcs-backend",
            "project": "peppy-arcadia-432311-g5",
            "self_link": "https://www.googleapis.com/compute/v1/projects/peppy-arcadia-432311-g5/global/backendBuckets/gcs-backend",
            "timeouts": null
          },
          "sensitive_attributes": [],
          "private": "eyJlMmJmYjczMC1lY2FhLTExZTYtOGY4OC0zNDM2M2JjN2M0YzAiOnsiY3JlYXRlIjoxMjAwMDAwMDAwMDAwLCJkZWxldGUiOjEyMDAwMDAwMDAwMDAsInVwZGF0ZSI6MTIwMDAwMDAwMDAwMH19",
          "dependencies": [
            "data.google_client_config.default",
            "module.cloud_sql.google_sql_database.default_db",
            "module.cloud_sql.google_sql_database_instance.mysql_instance",
            "module.cloud_sql.google_sql_user.root_user",
            "module.gke.google_container_cluster.gke_cluster",
            "module.gke.google_container_node_pool.primary_nodes",
            "module.gke.null_resource.delete_default_node_pool",
            "module.k8s_deploy.google_compute_global_address.ingress_static_ip",
            "module.k8s_deploy.helm_release.cert_manager",
            "module.k8s_deploy.kubernetes_deployment.app_one",
            "module.k8s_deploy.kubernetes_deployment.app_two",
            "module.k8s_deploy.kubernetes_ingress_v1.app_ingress",
            "module.k8s_deploy.kubernetes_job.db_init_job",
            "module.k8s_deploy.kubernetes_manifest.app_ingress_certificate",
            "module.k8s_deploy.kubernetes_manifest.letsencrypt_prod_issuer",
            "module.k8s_deploy.kubernetes_service.app_one_service",
            "module.k8s_deploy.kubernetes_service.app_two_service",
            "module.network.google_compute_global_address.private_ip_range",
            "module.network.google_compute_network.main_vpc",
            "module.network.google_compute_router.nat_router",
            "module.network.google_compute_router_nat.nat_config",
            "module.network.google_compute_subnetwork.private_subnet",
            "module.network.google_compute_subnetwork.public_subnet",
            "module.network.google_service_networking_connection.private_vpc_connection",
            "module.storage_and_lb.google_storage_bucket.frontend_bucket"
          ]
        }
      ]
    },
    {
      "module": "module.storage_and_lb",
      "mode": "managed",
      "type": "google_compute_global_forwarding_rule",
      "name": "http_rule",
      "provider": "provider[\"registry.terraform.io/hashicorp/google\"]",
      "instances": [
        {
          "schema_version": 0,
          "attributes": {
            "base_forwarding_rule": "",
            "description": "",
            "effective_labels": {},
            "forwarding_rule_id": 3632067946265523529,
            "id": "projects/peppy-arcadia-432311-g5/global/forwardingRules/lb-http-forwarding-rule",
            "ip_address": "34.8.254.73",
            "ip_protocol": "TCP",
            "ip_version": "",
            "label_fingerprint": "42WmSpB8rSM=",
            "labels": null,
            "load_balancing_scheme": "EXTERNAL",
            "metadata_filters": [],
            "name": "lb-http-forwarding-rule",
            "network": "",
            "network_tier": "PREMIUM",
            "no_automate_dns_zone": null,
            "port_range": "80-80",
            "project": "peppy-arcadia-432311-g5",
            "psc_connection_id": "",
            "psc_connection_status": "",
            "self_link": "https://www.googleapis.com/compute/v1/projects/peppy-arcadia-432311-g5/global/forwardingRules/lb-http-forwarding-rule",
            "service_directory_registrations": [],
            "source_ip_ranges": null,
            "subnetwork": "",
            "target": "https://www.googleapis.com/compute/v1/projects/peppy-arcadia-432311-g5/global/targetHttpProxies/lb-http-proxy",
            "terraform_labels": {},
            "timeouts": null
          },
          "sensitive_attributes": [],
          "private": "eyJlMmJmYjczMC1lY2FhLTExZTYtOGY4OC0zNDM2M2JjN2M0YzAiOnsiY3JlYXRlIjoxMjAwMDAwMDAwMDAwLCJkZWxldGUiOjEyMDAwMDAwMDAwMDAsInVwZGF0ZSI6MTIwMDAwMDAwMDAwMH19",
          "dependencies": [
            "data.google_client_config.default",
            "module.cloud_sql.google_sql_database.default_db",
            "module.cloud_sql.google_sql_database_instance.mysql_instance",
            "module.cloud_sql.google_sql_user.root_user",
            "module.gke.google_container_cluster.gke_cluster",
            "module.gke.google_container_node_pool.primary_nodes",
            "module.gke.null_resource.delete_default_node_pool",
            "module.k8s_deploy.google_compute_global_address.ingress_static_ip",
            "module.k8s_deploy.helm_release.cert_manager",
            "module.k8s_deploy.kubernetes_deployment.app_one",
            "module.k8s_deploy.kubernetes_deployment.app_two",
            "module.k8s_deploy.kubernetes_ingress_v1.app_ingress",
            "module.k8s_deploy.kubernetes_job.db_init_job",
            "module.k8s_deploy.kubernetes_manifest.app_ingress_certificate",
            "module.k8s_deploy.kubernetes_manifest.letsencrypt_prod_issuer",
            "module.k8s_deploy.kubernetes_service.app_one_service",
            "module.k8s_deploy.kubernetes_service.app_two_service",
            "module.network.google_compute_global_address.private_ip_range",
            "module.network.google_compute_network.main_vpc",
            "module.network.google_compute_router.nat_router",
            "module.network.google_compute_router_nat.nat_config",
            "module.network.google_compute_subnetwork.private_subnet",
            "module.network.google_compute_subnetwork.public_subnet",
            "module.network.google_service_networking_connection.private_vpc_connection",
            "module.storage_and_lb.google_compute_backend_bucket.gcs_backend",
            "module.storage_and_lb.google_compute_target_http_proxy.http_proxy",
            "module.storage_and_lb.google_compute_url_map.lb_url_map",
            "module.storage_and_lb.google_storage_bucket.frontend_bucket"
          ]
        }
      ]
    },
    {
      "module": "module.storage_and_lb",
      "mode": "managed",
      "type": "google_compute_global_forwarding_rule",
      "name": "https_rule",
      "provider": "provider[\"registry.terraform.io/hashicorp/google\"]",
      "instances": [
        {
          "schema_version": 0,
          "attributes": {
            "base_forwarding_rule": "",
            "description": "",
            "effective_labels": {},
            "forwarding_rule_id": 4044467063895176521,
            "id": "projects/peppy-arcadia-432311-g5/global/forwardingRules/lb-https-forwarding-rule",
            "ip_address": "34.8.157.92",
            "ip_protocol": "TCP",
            "ip_version": "",
            "label_fingerprint": "42WmSpB8rSM=",
            "labels": null,
            "load_balancing_scheme": "EXTERNAL",
            "metadata_filters": [],
            "name": "lb-https-forwarding-rule",
            "network": "",
            "network_tier": "PREMIUM",
            "no_automate_dns_zone": null,
            "port_range": "443-443",
            "project": "peppy-arcadia-432311-g5",
            "psc_connection_id": "",
            "psc_connection_status": "",
            "self_link": "https://www.googleapis.com/compute/v1/projects/peppy-arcadia-432311-g5/global/forwardingRules/lb-https-forwarding-rule",
            "service_directory_registrations": [],
            "source_ip_ranges": null,
            "subnetwork": "",
            "target": "https://www.googleapis.com/compute/v1/projects/peppy-arcadia-432311-g5/global/targetHttpsProxies/lb-https-proxy",
            "terraform_labels": {},
            "timeouts": null
          },
          "sensitive_attributes": [],
          "private": "eyJlMmJmYjczMC1lY2FhLTExZTYtOGY4OC0zNDM2M2JjN2M0YzAiOnsiY3JlYXRlIjoxMjAwMDAwMDAwMDAwLCJkZWxldGUiOjEyMDAwMDAwMDAwMDAsInVwZGF0ZSI6MTIwMDAwMDAwMDAwMH19",
          "dependencies": [
            "data.google_client_config.default",
            "module.cloud_sql.google_sql_database.default_db",
            "module.cloud_sql.google_sql_database_instance.mysql_instance",
            "module.cloud_sql.google_sql_user.root_user",
            "module.gke.google_container_cluster.gke_cluster",
            "module.gke.google_container_node_pool.primary_nodes",
            "module.gke.null_resource.delete_default_node_pool",
            "module.k8s_deploy.google_compute_global_address.ingress_static_ip",
            "module.k8s_deploy.helm_release.cert_manager",
            "module.k8s_deploy.kubernetes_deployment.app_one",
            "module.k8s_deploy.kubernetes_deployment.app_two",
            "module.k8s_deploy.kubernetes_ingress_v1.app_ingress",
            "module.k8s_deploy.kubernetes_job.db_init_job",
            "module.k8s_deploy.kubernetes_manifest.app_ingress_certificate",
            "module.k8s_deploy.kubernetes_manifest.letsencrypt_prod_issuer",
            "module.k8s_deploy.kubernetes_service.app_one_service",
            "module.k8s_deploy.kubernetes_service.app_two_service",
            "module.network.google_compute_global_address.private_ip_range",
            "module.network.google_compute_network.main_vpc",
            "module.network.google_compute_router.nat_router",
            "module.network.google_compute_router_nat.nat_config",
            "module.network.google_compute_subnetwork.private_subnet",
            "module.network.google_compute_subnetwork.public_subnet",
            "module.network.google_service_networking_connection.private_vpc_connection",
            "module.storage_and_lb.google_compute_backend_bucket.gcs_backend",
            "module.storage_and_lb.google_compute_managed_ssl_certificate.lb_cert",
            "module.storage_and_lb.google_compute_target_https_proxy.https_proxy",
            "module.storage_and_lb.google_compute_url_map.lb_url_map",
            "module.storage_and_lb.google_storage_bucket.frontend_bucket"
          ]
        }
      ]
    },
    {
      "module": "module.storage_and_lb",
      "mode": "managed",
      "type": "google_compute_managed_ssl_certificate",
      "name": "lb_cert",
      "provider": "provider[\"registry.terraform.io/hashicorp/google\"]",
      "instances": [
        {
          "schema_version": 0,
          "attributes": {
            "certificate_id": 1331090258824869264,
            "creation_timestamp": "2025-01-21T22:09:03.295-08:00",
            "description": "",
            "expire_time": "",
            "id": "projects/peppy-arcadia-432311-g5/global/sslCertificates/lb-managed-cert",
            "managed": [
              {
                "domains": [
                  "ljhun.shop",
                  "www.ljhun.shop"
                ]
              }
            ],
            "name": "lb-managed-cert",
            "project": "peppy-arcadia-432311-g5",
            "self_link": "https://www.googleapis.com/compute/v1/projects/peppy-arcadia-432311-g5/global/sslCertificates/lb-managed-cert",
            "subject_alternative_names": [],
            "timeouts": null,
            "type": "MANAGED"
          },
          "sensitive_attributes": [],
          "private": "eyJlMmJmYjczMC1lY2FhLTExZTYtOGY4OC0zNDM2M2JjN2M0YzAiOnsiY3JlYXRlIjoxODAwMDAwMDAwMDAwLCJkZWxldGUiOjE4MDAwMDAwMDAwMDB9fQ==",
          "dependencies": [
            "data.google_client_config.default",
            "module.cloud_sql.google_sql_database.default_db",
            "module.cloud_sql.google_sql_database_instance.mysql_instance",
            "module.cloud_sql.google_sql_user.root_user",
            "module.gke.google_container_cluster.gke_cluster",
            "module.gke.google_container_node_pool.primary_nodes",
            "module.gke.null_resource.delete_default_node_pool",
            "module.k8s_deploy.google_compute_global_address.ingress_static_ip",
            "module.k8s_deploy.helm_release.cert_manager",
            "module.k8s_deploy.kubernetes_deployment.app_one",
            "module.k8s_deploy.kubernetes_deployment.app_two",
            "module.k8s_deploy.kubernetes_ingress_v1.app_ingress",
            "module.k8s_deploy.kubernetes_job.db_init_job",
            "module.k8s_deploy.kubernetes_manifest.app_ingress_certificate",
            "module.k8s_deploy.kubernetes_manifest.letsencrypt_prod_issuer",
            "module.k8s_deploy.kubernetes_service.app_one_service",
            "module.k8s_deploy.kubernetes_service.app_two_service",
            "module.network.google_compute_global_address.private_ip_range",
            "module.network.google_compute_network.main_vpc",
            "module.network.google_compute_router.nat_router",
            "module.network.google_compute_router_nat.nat_config",
            "module.network.google_compute_subnetwork.private_subnet",
            "module.network.google_compute_subnetwork.public_subnet",
            "module.network.google_service_networking_connection.private_vpc_connection"
          ]
        }
      ]
    },
    {
      "module": "module.storage_and_lb",
      "mode": "managed",
      "type": "google_compute_target_http_proxy",
      "name": "http_proxy",
      "provider": "provider[\"registry.terraform.io/hashicorp/google\"]",
      "instances": [
        {
          "schema_version": 0,
          "attributes": {
            "creation_timestamp": "2025-01-21T22:09:30.422-08:00",
            "description": "",
            "http_keep_alive_timeout_sec": 0,
            "id": "projects/peppy-arcadia-432311-g5/global/targetHttpProxies/lb-http-proxy",
            "name": "lb-http-proxy",
            "project": "peppy-arcadia-432311-g5",
            "proxy_bind": false,
            "proxy_id": 5473336094101419381,
            "self_link": "https://www.googleapis.com/compute/v1/projects/peppy-arcadia-432311-g5/global/targetHttpProxies/lb-http-proxy",
            "timeouts": null,
            "url_map": "https://www.googleapis.com/compute/v1/projects/peppy-arcadia-432311-g5/global/urlMaps/lb-url-map"
          },
          "sensitive_attributes": [],
          "private": "eyJlMmJmYjczMC1lY2FhLTExZTYtOGY4OC0zNDM2M2JjN2M0YzAiOnsiY3JlYXRlIjoxMjAwMDAwMDAwMDAwLCJkZWxldGUiOjEyMDAwMDAwMDAwMDAsInVwZGF0ZSI6MTIwMDAwMDAwMDAwMH19",
          "dependencies": [
            "data.google_client_config.default",
            "module.cloud_sql.google_sql_database.default_db",
            "module.cloud_sql.google_sql_database_instance.mysql_instance",
            "module.cloud_sql.google_sql_user.root_user",
            "module.gke.google_container_cluster.gke_cluster",
            "module.gke.google_container_node_pool.primary_nodes",
            "module.gke.null_resource.delete_default_node_pool",
            "module.k8s_deploy.google_compute_global_address.ingress_static_ip",
            "module.k8s_deploy.helm_release.cert_manager",
            "module.k8s_deploy.kubernetes_deployment.app_one",
            "module.k8s_deploy.kubernetes_deployment.app_two",
            "module.k8s_deploy.kubernetes_ingress_v1.app_ingress",
            "module.k8s_deploy.kubernetes_job.db_init_job",
            "module.k8s_deploy.kubernetes_manifest.app_ingress_certificate",
            "module.k8s_deploy.kubernetes_manifest.letsencrypt_prod_issuer",
            "module.k8s_deploy.kubernetes_service.app_one_service",
            "module.k8s_deploy.kubernetes_service.app_two_service",
            "module.network.google_compute_global_address.private_ip_range",
            "module.network.google_compute_network.main_vpc",
            "module.network.google_compute_router.nat_router",
            "module.network.google_compute_router_nat.nat_config",
            "module.network.google_compute_subnetwork.private_subnet",
            "module.network.google_compute_subnetwork.public_subnet",
            "module.network.google_service_networking_connection.private_vpc_connection",
            "module.storage_and_lb.google_compute_backend_bucket.gcs_backend",
            "module.storage_and_lb.google_compute_url_map.lb_url_map",
            "module.storage_and_lb.google_storage_bucket.frontend_bucket"
          ]
        }
      ]
    },
    {
      "module": "module.storage_and_lb",
      "mode": "managed",
      "type": "google_compute_target_https_proxy",
      "name": "https_proxy",
      "provider": "provider[\"registry.terraform.io/hashicorp/google\"]",
      "instances": [
        {
          "schema_version": 0,
          "attributes": {
            "certificate_manager_certificates": null,
            "certificate_map": "",
            "creation_timestamp": "2025-01-21T22:09:30.336-08:00",
            "description": "",
            "http_keep_alive_timeout_sec": 0,
            "id": "projects/peppy-arcadia-432311-g5/global/targetHttpsProxies/lb-https-proxy",
            "name": "lb-https-proxy",
            "project": "peppy-arcadia-432311-g5",
            "proxy_bind": false,
            "proxy_id": 544123615927154037,
            "quic_override": "NONE",
            "self_link": "https://www.googleapis.com/compute/v1/projects/peppy-arcadia-432311-g5/global/targetHttpsProxies/lb-https-proxy",
            "server_tls_policy": "",
            "ssl_certificates": [
              "https://www.googleapis.com/compute/v1/projects/peppy-arcadia-432311-g5/global/sslCertificates/lb-managed-cert"
            ],
            "ssl_policy": "",
            "timeouts": null,
            "tls_early_data": "DISABLED",
            "url_map": "https://www.googleapis.com/compute/v1/projects/peppy-arcadia-432311-g5/global/urlMaps/lb-url-map"
          },
          "sensitive_attributes": [],
          "private": "eyJlMmJmYjczMC1lY2FhLTExZTYtOGY4OC0zNDM2M2JjN2M0YzAiOnsiY3JlYXRlIjoxMjAwMDAwMDAwMDAwLCJkZWxldGUiOjEyMDAwMDAwMDAwMDAsInVwZGF0ZSI6MTIwMDAwMDAwMDAwMH19",
          "dependencies": [
            "data.google_client_config.default",
            "module.cloud_sql.google_sql_database.default_db",
            "module.cloud_sql.google_sql_database_instance.mysql_instance",
            "module.cloud_sql.google_sql_user.root_user",
            "module.gke.google_container_cluster.gke_cluster",
            "module.gke.google_container_node_pool.primary_nodes",
            "module.gke.null_resource.delete_default_node_pool",
            "module.k8s_deploy.google_compute_global_address.ingress_static_ip",
            "module.k8s_deploy.helm_release.cert_manager",
            "module.k8s_deploy.kubernetes_deployment.app_one",
            "module.k8s_deploy.kubernetes_deployment.app_two",
            "module.k8s_deploy.kubernetes_ingress_v1.app_ingress",
            "module.k8s_deploy.kubernetes_job.db_init_job",
            "module.k8s_deploy.kubernetes_manifest.app_ingress_certificate",
            "module.k8s_deploy.kubernetes_manifest.letsencrypt_prod_issuer",
            "module.k8s_deploy.kubernetes_service.app_one_service",
            "module.k8s_deploy.kubernetes_service.app_two_service",
            "module.network.google_compute_global_address.private_ip_range",
            "module.network.google_compute_network.main_vpc",
            "module.network.google_compute_router.nat_router",
            "module.network.google_compute_router_nat.nat_config",
            "module.network.google_compute_subnetwork.private_subnet",
            "module.network.google_compute_subnetwork.public_subnet",
            "module.network.google_service_networking_connection.private_vpc_connection",
            "module.storage_and_lb.google_compute_backend_bucket.gcs_backend",
            "module.storage_and_lb.google_compute_managed_ssl_certificate.lb_cert",
            "module.storage_and_lb.google_compute_url_map.lb_url_map",
            "module.storage_and_lb.google_storage_bucket.frontend_bucket"
          ]
        }
      ]
    },
    {
      "module": "module.storage_and_lb",
      "mode": "managed",
      "type": "google_compute_url_map",
      "name": "lb_url_map",
      "provider": "provider[\"registry.terraform.io/hashicorp/google\"]",
      "instances": [
        {
          "schema_version": 0,
          "attributes": {
            "creation_timestamp": "2025-01-21T22:09:18.194-08:00",
            "default_route_action": [],
            "default_service": "https://www.googleapis.com/compute/v1/projects/peppy-arcadia-432311-g5/global/backendBuckets/gcs-backend",
            "default_url_redirect": [],
            "description": "",
            "fingerprint": "7oO7HRlTJSY=",
            "header_action": [],
            "host_rule": [
              {
                "description": "",
                "hosts": [
                  "ljhun.shop",
                  "www.ljhun.shop"
                ],
                "path_matcher": "web-paths"
              }
            ],
            "id": "projects/peppy-arcadia-432311-g5/global/urlMaps/lb-url-map",
            "map_id": 275464263282013537,
            "name": "lb-url-map",
            "path_matcher": [
              {
                "default_route_action": [],
                "default_service": "https://www.googleapis.com/compute/v1/projects/peppy-arcadia-432311-g5/global/backendBuckets/gcs-backend",
                "default_url_redirect": [],
                "description": "",
                "header_action": [],
                "name": "web-paths",
                "path_rule": [
                  {
                    "paths": [
                      "/*"
                    ],
                    "route_action": [],
                    "service": "https://www.googleapis.com/compute/v1/projects/peppy-arcadia-432311-g5/global/backendBuckets/gcs-backend",
                    "url_redirect": []
                  }
                ],
                "route_rules": []
              }
            ],
            "project": "peppy-arcadia-432311-g5",
            "self_link": "https://www.googleapis.com/compute/v1/projects/peppy-arcadia-432311-g5/global/urlMaps/lb-url-map",
            "test": [],
            "timeouts": null
          },
          "sensitive_attributes": [],
          "private": "eyJlMmJmYjczMC1lY2FhLTExZTYtOGY4OC0zNDM2M2JjN2M0YzAiOnsiY3JlYXRlIjoxMjAwMDAwMDAwMDAwLCJkZWxldGUiOjEyMDAwMDAwMDAwMDAsInVwZGF0ZSI6MTIwMDAwMDAwMDAwMH19",
          "dependencies": [
            "data.google_client_config.default",
            "module.cloud_sql.google_sql_database.default_db",
            "module.cloud_sql.google_sql_database_instance.mysql_instance",
            "module.cloud_sql.google_sql_user.root_user",
            "module.gke.google_container_cluster.gke_cluster",
            "module.gke.google_container_node_pool.primary_nodes",
            "module.gke.null_resource.delete_default_node_pool",
            "module.k8s_deploy.google_compute_global_address.ingress_static_ip",
            "module.k8s_deploy.helm_release.cert_manager",
            "module.k8s_deploy.kubernetes_deployment.app_one",
            "module.k8s_deploy.kubernetes_deployment.app_two",
            "module.k8s_deploy.kubernetes_ingress_v1.app_ingress",
            "module.k8s_deploy.kubernetes_job.db_init_job",
            "module.k8s_deploy.kubernetes_manifest.app_ingress_certificate",
            "module.k8s_deploy.kubernetes_manifest.letsencrypt_prod_issuer",
            "module.k8s_deploy.kubernetes_service.app_one_service",
            "module.k8s_deploy.kubernetes_service.app_two_service",
            "module.network.google_compute_global_address.private_ip_range",
            "module.network.google_compute_network.main_vpc",
            "module.network.google_compute_router.nat_router",
            "module.network.google_compute_router_nat.nat_config",
            "module.network.google_compute_subnetwork.private_subnet",
            "module.network.google_compute_subnetwork.public_subnet",
            "module.network.google_service_networking_connection.private_vpc_connection",
            "module.storage_and_lb.google_compute_backend_bucket.gcs_backend",
            "module.storage_and_lb.google_storage_bucket.frontend_bucket"
          ]
        }
      ]
    },
    {
      "module": "module.storage_and_lb",
      "mode": "managed",
      "type": "google_storage_bucket",
      "name": "frontend_bucket",
      "provider": "provider[\"registry.terraform.io/hashicorp/google\"]",
      "instances": [
        {
          "schema_version": 3,
          "attributes": {
            "autoclass": [],
            "cors": [],
            "custom_placement_config": [],
            "default_event_based_hold": false,
            "effective_labels": {
              "goog-terraform-provisioned": "true"
            },
            "enable_object_retention": false,
            "encryption": [],
            "force_destroy": true,
            "hierarchical_namespace": [
              {
                "enabled": false
              }
            ],
            "id": "shoppingwebfrontend-gcp",
            "labels": null,
            "lifecycle_rule": [],
            "location": "ASIA-NORTHEAST3",
            "logging": [],
            "name": "shoppingwebfrontend-gcp",
            "project": "peppy-arcadia-432311-g5",
            "project_number": 134982172036,
            "public_access_prevention": "inherited",
            "requester_pays": false,
            "retention_policy": [],
            "rpo": null,
            "self_link": "https://www.googleapis.com/storage/v1/b/shoppingwebfrontend-gcp",
            "soft_delete_policy": [
              {
                "effective_time": "2025-01-22T06:09:04.391Z",
                "retention_duration_seconds": 604800
              }
            ],
            "storage_class": "STANDARD",
            "terraform_labels": {
              "goog-terraform-provisioned": "true"
            },
            "timeouts": null,
            "uniform_bucket_level_access": false,
            "url": "gs://shoppingwebfrontend-gcp",
            "versioning": [],
            "website": [
              {
                "main_page_suffix": "login.html",
                "not_found_page": "error.html"
              }
            ]
          },
          "sensitive_attributes": [],
          "private": "eyJlMmJmYjczMC1lY2FhLTExZTYtOGY4OC0zNDM2M2JjN2M0YzAiOnsiY3JlYXRlIjo2MDAwMDAwMDAwMDAsInJlYWQiOjI0MDAwMDAwMDAwMCwidXBkYXRlIjoyNDAwMDAwMDAwMDB9LCJzY2hlbWFfdmVyc2lvbiI6IjMifQ==",
          "dependencies": [
            "data.google_client_config.default",
            "module.cloud_sql.google_sql_database.default_db",
            "module.cloud_sql.google_sql_database_instance.mysql_instance",
            "module.cloud_sql.google_sql_user.root_user",
            "module.gke.google_container_cluster.gke_cluster",
            "module.gke.google_container_node_pool.primary_nodes",
            "module.gke.null_resource.delete_default_node_pool",
            "module.k8s_deploy.google_compute_global_address.ingress_static_ip",
            "module.k8s_deploy.helm_release.cert_manager",
            "module.k8s_deploy.kubernetes_deployment.app_one",
            "module.k8s_deploy.kubernetes_deployment.app_two",
            "module.k8s_deploy.kubernetes_ingress_v1.app_ingress",
            "module.k8s_deploy.kubernetes_job.db_init_job",
            "module.k8s_deploy.kubernetes_manifest.app_ingress_certificate",
            "module.k8s_deploy.kubernetes_manifest.letsencrypt_prod_issuer",
            "module.k8s_deploy.kubernetes_service.app_one_service",
            "module.k8s_deploy.kubernetes_service.app_two_service",
            "module.network.google_compute_global_address.private_ip_range",
            "module.network.google_compute_network.main_vpc",
            "module.network.google_compute_router.nat_router",
            "module.network.google_compute_router_nat.nat_config",
            "module.network.google_compute_subnetwork.private_subnet",
            "module.network.google_compute_subnetwork.public_subnet",
            "module.network.google_service_networking_connection.private_vpc_connection"
          ]
        }
      ]
    },
    {
      "module": "module.storage_and_lb",
      "mode": "managed",
      "type": "google_storage_bucket_iam_binding",
      "name": "all_users_read",
      "provider": "provider[\"registry.terraform.io/hashicorp/google\"]",
      "instances": [
        {
          "schema_version": 0,
          "attributes": {
            "bucket": "b/shoppingwebfrontend-gcp",
            "condition": [],
            "etag": "CAI=",
            "id": "b/shoppingwebfrontend-gcp/roles/storage.objectViewer",
            "members": [
              "allUsers"
            ],
            "role": "roles/storage.objectViewer"
          },
          "sensitive_attributes": [],
          "private": "bnVsbA==",
          "dependencies": [
            "data.google_client_config.default",
            "module.cloud_sql.google_sql_database.default_db",
            "module.cloud_sql.google_sql_database_instance.mysql_instance",
            "module.cloud_sql.google_sql_user.root_user",
            "module.gke.google_container_cluster.gke_cluster",
            "module.gke.google_container_node_pool.primary_nodes",
            "module.gke.null_resource.delete_default_node_pool",
            "module.k8s_deploy.google_compute_global_address.ingress_static_ip",
            "module.k8s_deploy.helm_release.cert_manager",
            "module.k8s_deploy.kubernetes_deployment.app_one",
            "module.k8s_deploy.kubernetes_deployment.app_two",
            "module.k8s_deploy.kubernetes_ingress_v1.app_ingress",
            "module.k8s_deploy.kubernetes_job.db_init_job",
            "module.k8s_deploy.kubernetes_manifest.app_ingress_certificate",
            "module.k8s_deploy.kubernetes_manifest.letsencrypt_prod_issuer",
            "module.k8s_deploy.kubernetes_service.app_one_service",
            "module.k8s_deploy.kubernetes_service.app_two_service",
            "module.network.google_compute_global_address.private_ip_range",
            "module.network.google_compute_network.main_vpc",
            "module.network.google_compute_router.nat_router",
            "module.network.google_compute_router_nat.nat_config",
            "module.network.google_compute_subnetwork.private_subnet",
            "module.network.google_compute_subnetwork.public_subnet",
            "module.network.google_service_networking_connection.private_vpc_connection",
            "module.storage_and_lb.google_storage_bucket.frontend_bucket"
          ]
        }
      ]
    },
    {
      "module": "module.storage_and_lb",
      "mode": "managed",
      "type": "google_storage_bucket_object",
      "name": "html_files",
      "provider": "provider[\"registry.terraform.io/hashicorp/google\"]",
      "instances": [
        {
          "index_key": "login.html",
          "schema_version": 0,
          "attributes": {
            "bucket": "shoppingwebfrontend-gcp",
            "cache_control": "",
            "content": null,
            "content_disposition": "",
            "content_encoding": "",
            "content_language": "",
            "content_type": "text/html",
            "crc32c": "6vLVKA==",
            "customer_encryption": [],
            "detect_md5hash": "EGB3cAyUl6ktiMXq8MwzAQ==",
            "event_based_hold": false,
            "generation": 1737526145209289,
            "id": "shoppingwebfrontend-gcp-login.html",
            "kms_key_name": "",
            "md5hash": "EGB3cAyUl6ktiMXq8MwzAQ==",
            "media_link": "https://storage.googleapis.com/download/storage/v1/b/shoppingwebfrontend-gcp/o/login.html?generation=1737526145209289\u0026alt=media",
            "metadata": null,
            "name": "login.html",
            "output_name": "login.html",
            "retention": [],
            "self_link": "https://www.googleapis.com/storage/v1/b/shoppingwebfrontend-gcp/o/login.html",
            "source": "../gcp-html/login.html",
            "storage_class": "STANDARD",
            "temporary_hold": false,
            "timeouts": null
          },
          "sensitive_attributes": [],
          "private": "eyJlMmJmYjczMC1lY2FhLTExZTYtOGY4OC0zNDM2M2JjN2M0YzAiOnsiY3JlYXRlIjoyNDAwMDAwMDAwMDAsImRlbGV0ZSI6MjQwMDAwMDAwMDAwLCJ1cGRhdGUiOjI0MDAwMDAwMDAwMH19",
          "dependencies": [
            "data.google_client_config.default",
            "module.cloud_sql.google_sql_database.default_db",
            "module.cloud_sql.google_sql_database_instance.mysql_instance",
            "module.cloud_sql.google_sql_user.root_user",
            "module.gke.google_container_cluster.gke_cluster",
            "module.gke.google_container_node_pool.primary_nodes",
            "module.gke.null_resource.delete_default_node_pool",
            "module.k8s_deploy.google_compute_global_address.ingress_static_ip",
            "module.k8s_deploy.helm_release.cert_manager",
            "module.k8s_deploy.kubernetes_deployment.app_one",
            "module.k8s_deploy.kubernetes_deployment.app_two",
            "module.k8s_deploy.kubernetes_ingress_v1.app_ingress",
            "module.k8s_deploy.kubernetes_job.db_init_job",
            "module.k8s_deploy.kubernetes_manifest.app_ingress_certificate",
            "module.k8s_deploy.kubernetes_manifest.letsencrypt_prod_issuer",
            "module.k8s_deploy.kubernetes_service.app_one_service",
            "module.k8s_deploy.kubernetes_service.app_two_service",
            "module.network.google_compute_global_address.private_ip_range",
            "module.network.google_compute_network.main_vpc",
            "module.network.google_compute_router.nat_router",
            "module.network.google_compute_router_nat.nat_config",
            "module.network.google_compute_subnetwork.private_subnet",
            "module.network.google_compute_subnetwork.public_subnet",
            "module.network.google_service_networking_connection.private_vpc_connection",
            "module.storage_and_lb.google_storage_bucket.frontend_bucket"
          ]
        },
        {
          "index_key": "main.html",
          "schema_version": 0,
          "attributes": {
            "bucket": "shoppingwebfrontend-gcp",
            "cache_control": "",
            "content": null,
            "content_disposition": "",
            "content_encoding": "",
            "content_language": "",
            "content_type": "text/html",
            "crc32c": "mIbSIw==",
            "customer_encryption": [],
            "detect_md5hash": "WzXjsnJNm+MfUuh+39h9xQ==",
            "event_based_hold": false,
            "generation": 1737526145208731,
            "id": "shoppingwebfrontend-gcp-main.html",
            "kms_key_name": "",
            "md5hash": "WzXjsnJNm+MfUuh+39h9xQ==",
            "media_link": "https://storage.googleapis.com/download/storage/v1/b/shoppingwebfrontend-gcp/o/main.html?generation=1737526145208731\u0026alt=media",
            "metadata": null,
            "name": "main.html",
            "output_name": "main.html",
            "retention": [],
            "self_link": "https://www.googleapis.com/storage/v1/b/shoppingwebfrontend-gcp/o/main.html",
            "source": "../gcp-html/main.html",
            "storage_class": "STANDARD",
            "temporary_hold": false,
            "timeouts": null
          },
          "sensitive_attributes": [],
          "private": "eyJlMmJmYjczMC1lY2FhLTExZTYtOGY4OC0zNDM2M2JjN2M0YzAiOnsiY3JlYXRlIjoyNDAwMDAwMDAwMDAsImRlbGV0ZSI6MjQwMDAwMDAwMDAwLCJ1cGRhdGUiOjI0MDAwMDAwMDAwMH19",
          "dependencies": [
            "data.google_client_config.default",
            "module.cloud_sql.google_sql_database.default_db",
            "module.cloud_sql.google_sql_database_instance.mysql_instance",
            "module.cloud_sql.google_sql_user.root_user",
            "module.gke.google_container_cluster.gke_cluster",
            "module.gke.google_container_node_pool.primary_nodes",
            "module.gke.null_resource.delete_default_node_pool",
            "module.k8s_deploy.google_compute_global_address.ingress_static_ip",
            "module.k8s_deploy.helm_release.cert_manager",
            "module.k8s_deploy.kubernetes_deployment.app_one",
            "module.k8s_deploy.kubernetes_deployment.app_two",
            "module.k8s_deploy.kubernetes_ingress_v1.app_ingress",
            "module.k8s_deploy.kubernetes_job.db_init_job",
            "module.k8s_deploy.kubernetes_manifest.app_ingress_certificate",
            "module.k8s_deploy.kubernetes_manifest.letsencrypt_prod_issuer",
            "module.k8s_deploy.kubernetes_service.app_one_service",
            "module.k8s_deploy.kubernetes_service.app_two_service",
            "module.network.google_compute_global_address.private_ip_range",
            "module.network.google_compute_network.main_vpc",
            "module.network.google_compute_router.nat_router",
            "module.network.google_compute_router_nat.nat_config",
            "module.network.google_compute_subnetwork.private_subnet",
            "module.network.google_compute_subnetwork.public_subnet",
            "module.network.google_service_networking_connection.private_vpc_connection",
            "module.storage_and_lb.google_storage_bucket.frontend_bucket"
          ]
        },
        {
          "index_key": "signup.html",
          "schema_version": 0,
          "attributes": {
            "bucket": "shoppingwebfrontend-gcp",
            "cache_control": "",
            "content": null,
            "content_disposition": "",
            "content_encoding": "",
            "content_language": "",
            "content_type": "text/html",
            "crc32c": "xluwFQ==",
            "customer_encryption": [],
            "detect_md5hash": "Edqdz1pcTnYJG/T6/3ykOw==",
            "event_based_hold": false,
            "generation": 1737526145208844,
            "id": "shoppingwebfrontend-gcp-signup.html",
            "kms_key_name": "",
            "md5hash": "Edqdz1pcTnYJG/T6/3ykOw==",
            "media_link": "https://storage.googleapis.com/download/storage/v1/b/shoppingwebfrontend-gcp/o/signup.html?generation=1737526145208844\u0026alt=media",
            "metadata": null,
            "name": "signup.html",
            "output_name": "signup.html",
            "retention": [],
            "self_link": "https://www.googleapis.com/storage/v1/b/shoppingwebfrontend-gcp/o/signup.html",
            "source": "../gcp-html/signup.html",
            "storage_class": "STANDARD",
            "temporary_hold": false,
            "timeouts": null
          },
          "sensitive_attributes": [],
          "private": "eyJlMmJmYjczMC1lY2FhLTExZTYtOGY4OC0zNDM2M2JjN2M0YzAiOnsiY3JlYXRlIjoyNDAwMDAwMDAwMDAsImRlbGV0ZSI6MjQwMDAwMDAwMDAwLCJ1cGRhdGUiOjI0MDAwMDAwMDAwMH19",
          "dependencies": [
            "data.google_client_config.default",
            "module.cloud_sql.google_sql_database.default_db",
            "module.cloud_sql.google_sql_database_instance.mysql_instance",
            "module.cloud_sql.google_sql_user.root_user",
            "module.gke.google_container_cluster.gke_cluster",
            "module.gke.google_container_node_pool.primary_nodes",
            "module.gke.null_resource.delete_default_node_pool",
            "module.k8s_deploy.google_compute_global_address.ingress_static_ip",
            "module.k8s_deploy.helm_release.cert_manager",
            "module.k8s_deploy.kubernetes_deployment.app_one",
            "module.k8s_deploy.kubernetes_deployment.app_two",
            "module.k8s_deploy.kubernetes_ingress_v1.app_ingress",
            "module.k8s_deploy.kubernetes_job.db_init_job",
            "module.k8s_deploy.kubernetes_manifest.app_ingress_certificate",
            "module.k8s_deploy.kubernetes_manifest.letsencrypt_prod_issuer",
            "module.k8s_deploy.kubernetes_service.app_one_service",
            "module.k8s_deploy.kubernetes_service.app_two_service",
            "module.network.google_compute_global_address.private_ip_range",
            "module.network.google_compute_network.main_vpc",
            "module.network.google_compute_router.nat_router",
            "module.network.google_compute_router_nat.nat_config",
            "module.network.google_compute_subnetwork.private_subnet",
            "module.network.google_compute_subnetwork.public_subnet",
            "module.network.google_service_networking_connection.private_vpc_connection",
            "module.storage_and_lb.google_storage_bucket.frontend_bucket"
          ]
        }
      ]
    }
  ],
  "check_results": null
}
